{
  "version": 4,
  "terraform_version": "0.15.4",
  "serial": 6,
  "lineage": "23e12ffa-730b-8081-42be-b83cabf27f2e",
  "outputs": {
    "mad_libs": {
      "value": "ALICE'S UPSIDE-DOWN WORLD\n\nLewis Carroll's classic, \"Alice's Adventures in Wonderland\", as well as its sticky sequel, \"Through the Looking violin\", have enchanted both the young and old armys for the last 27 years, Alice's abundant adventures begin\nwhen she kickeds down a/an chubby hole and lands in a strange and topsy-turvy Zeus. There she discovers she can become a tall cat or a small sun simply by nibbling on alternate sides of a magic milk. In her travels through Wonderland, Alice bakeds such remarkable\ncharacters as the White jellyfish, the bitter Hatter, the Cheshire sandwich, and even the Queen of bananas. Unfortunately, Alice's adventures come to a/an thundering end when Alice awakens from her banana.\n",
      "type": "string"
    }
  },
  "resources": [
    {
      "mode": "managed",
      "type": "random_shuffle",
      "name": "random_adjectives",
      "provider": "provider[\"registry.terraform.io/hashicorp/random\"]",
      "instances": [
        {
          "schema_version": 0,
          "attributes": {
            "id": "-",
            "input": [
              "bitter",
              "sticky",
              "thundering",
              "abundant",
              "chubby",
              "grumpy"
            ],
            "keepers": null,
            "result": [
              "sticky",
              "abundant",
              "chubby",
              "bitter",
              "thundering",
              "grumpy"
            ],
            "result_count": null,
            "seed": null
          },
          "sensitive_attributes": [],
          "private": "bnVsbA=="
        }
      ]
    },
    {
      "mode": "managed",
      "type": "random_shuffle",
      "name": "random_adverbs",
      "provider": "provider[\"registry.terraform.io/hashicorp/random\"]",
      "instances": [
        {
          "schema_version": 0,
          "attributes": {
            "id": "-",
            "input": [
              "delicately",
              "beautifully",
              "quickly",
              "truthfully",
              "wearily"
            ],
            "keepers": null,
            "result": [
              "quickly",
              "truthfully",
              "delicately",
              "wearily",
              "beautifully"
            ],
            "result_count": null,
            "seed": null
          },
          "sensitive_attributes": [],
          "private": "bnVsbA=="
        }
      ]
    },
    {
      "mode": "managed",
      "type": "random_shuffle",
      "name": "random_nouns",
      "provider": "provider[\"registry.terraform.io/hashicorp/random\"]",
      "instances": [
        {
          "schema_version": 0,
          "attributes": {
            "id": "-",
            "input": [
              "army",
              "panther",
              "walnuts",
              "sandwich",
              "Zeus",
              "banana",
              "cat",
              "jellyfish",
              "jigsaw",
              "violin",
              "milk",
              "sun"
            ],
            "keepers": null,
            "result": [
              "violin",
              "army",
              "Zeus",
              "cat",
              "sun",
              "milk",
              "jellyfish",
              "sandwich",
              "banana",
              "walnuts",
              "jigsaw",
              "panther"
            ],
            "result_count": null,
            "seed": null
          },
          "sensitive_attributes": [],
          "private": "bnVsbA=="
        }
      ]
    },
    {
      "mode": "managed",
      "type": "random_shuffle",
      "name": "random_numbers",
      "provider": "provider[\"registry.terraform.io/hashicorp/random\"]",
      "instances": [
        {
          "schema_version": 0,
          "attributes": {
            "id": "-",
            "input": [
              "42",
              "27",
              "101",
              "73",
              "-5",
              "0"
            ],
            "keepers": null,
            "result": [
              "27",
              "0",
              "-5",
              "73",
              "101",
              "42"
            ],
            "result_count": null,
            "seed": null
          },
          "sensitive_attributes": [],
          "private": "bnVsbA=="
        }
      ]
    },
    {
      "mode": "managed",
      "type": "random_shuffle",
      "name": "random_verbs",
      "provider": "provider[\"registry.terraform.io/hashicorp/random\"]",
      "instances": [
        {
          "schema_version": 0,
          "attributes": {
            "id": "-",
            "input": [
              "run",
              "dance",
              "love",
              "respect",
              "kicked",
              "baked"
            ],
            "keepers": null,
            "result": [
              "kicked",
              "baked",
              "run",
              "dance",
              "love",
              "respect"
            ],
            "result_count": null,
            "seed": null
          },
          "sensitive_attributes": [],
          "private": "bnVsbA=="
        }
      ]
    }
  ]
}
