{
  "version": 4,
  "terraform_version": "0.15.4",
  "serial": 612,
  "lineage": "23e12ffa-730b-8081-42be-b83cabf27f2e",
  "outputs": {},
  "resources": [
    {
      "mode": "data",
      "type": "archive_file",
      "name": "mad_libs",
      "provider": "provider[\"registry.terraform.io/hashicorp/archive\"]",
      "instances": [
        {
          "schema_version": 0,
          "attributes": {
            "excludes": null,
            "id": "7832faae213a2693592d2299d4657d8b00cc6adb",
            "output_base64sha256": "4idSSdgfmFn/iJxCaNtAmj2WBArnwQBHvEbkLwP6G88=",
            "output_file_mode": null,
            "output_md5": "937a385dfe2e87c07dbe74acae6d5f73",
            "output_path": "/Users/alextanhongpin/Documents/architecture/terraform-in-action/03-functional-programming/madlibs.zip",
            "output_sha": "7832faae213a2693592d2299d4657d8b00cc6adb",
            "output_size": 51925,
            "source": [],
            "source_content": null,
            "source_content_filename": null,
            "source_dir": "./madlibs",
            "source_file": null,
            "type": "zip"
          },
          "sensitive_attributes": []
        }
      ]
    },
    {
      "mode": "managed",
      "type": "local_file",
      "name": "mad_libs",
      "provider": "provider[\"registry.terraform.io/hashicorp/local\"]",
      "instances": [
        {
          "index_key": 0,
          "schema_version": 0,
          "attributes": {
            "content": "ALICE'S UPSIDE-DOWN WORLD\n\nLewis Carroll's classic, \"Alice's Adventures in Wonderland\", as well as its BITTER sequel, \"Through the Looking VIOLIN\", have enchanted both the young and old MILKs for the last 27 years, Alice's THUNDERING adventures begin\nwhen she RUNs down a/an CHUBBY hole and lands in a strange and topsy-turvy PANTHER. There she discovers she can become a tall JELLYFISH or a small SUN simply by nibbling on alternate sides of a magic SANDWICH. In her travels through Wonderland, Alice RESPECTs such remarkable\ncharacters as the White BANANA, the ABUNDANT Hatter, the Cheshire ARMY, and even the Queen of WALNUTSs. Unfortunately, Alice's adventures come to a/an GRUMPY end when Alice awakens from her WALNUTS.\n",
            "content_base64": null,
            "directory_permission": "0777",
            "file_permission": "0777",
            "filename": "madlibs/madlibs-0.txt",
            "id": "b91ac9e1e08366d667ca65a18cf6a1ba9d2d55e7",
            "sensitive_content": null,
            "source": null
          },
          "sensitive_attributes": [],
          "private": "bnVsbA==",
          "dependencies": [
            "random_shuffle.random_adjectives",
            "random_shuffle.random_adverbs",
            "random_shuffle.random_nouns",
            "random_shuffle.random_numbers",
            "random_shuffle.random_verbs"
          ]
        },
        {
          "index_key": 1,
          "schema_version": 0,
          "attributes": {
            "content": "THE OBSERVATORY\n\nOut class when on a field trip to a STICKY observatory. It was located on top of a VIOLIN, and it looked like a giant CAT with a slit down its WALNUTS. We went inside and looked through a JIGSAW and were able to see SUNs in the sky that were millions of JELLYFISHs away. The men and women who RESPECT in the observatory are called SANDWICHs, and they are always watching for comets, eclipses, and shooting MILKs. An eclipse occurs when a PANTHER comes between the earth and the ARMY and everything\ngets ABUNDANT. Next week, we place to KICKED the Museum of Modern ZEUS.\n",
            "content_base64": null,
            "directory_permission": "0777",
            "file_permission": "0777",
            "filename": "madlibs/madlibs-1.txt",
            "id": "5c695fb5367bbbb3a16ecad1f36e9bfe9d2fb270",
            "sensitive_content": null,
            "source": null
          },
          "sensitive_attributes": [],
          "private": "bnVsbA==",
          "dependencies": [
            "random_shuffle.random_adjectives",
            "random_shuffle.random_adverbs",
            "random_shuffle.random_nouns",
            "random_shuffle.random_numbers",
            "random_shuffle.random_verbs"
          ]
        },
        {
          "index_key": 2,
          "schema_version": 0,
          "attributes": {
            "content": "HOW TO BE A PHOTOGRAPHER\n\nMany STICKY photographers make big money\nphotographing ZEUSs and beautiful CATs. They sell the prints to BITTER magazines or to agencies who use them in JIGSAW advertisements. To be a photographer, you have to have a VIOLIN camera. You also need an GRUMPY meter and filters and a special close-up PANTHER. Then you either hire professional CATs or go out and snap candid pictures of ordinary JELLYFISHs. But if you want to have a career, you must study very TRUTHFULLY for at least -5 years.\n",
            "content_base64": null,
            "directory_permission": "0777",
            "file_permission": "0777",
            "filename": "madlibs/madlibs-2.txt",
            "id": "3a1297d1d7bc567e091430a86e32d8763de06a97",
            "sensitive_content": null,
            "source": null
          },
          "sensitive_attributes": [],
          "private": "bnVsbA==",
          "dependencies": [
            "random_shuffle.random_adjectives",
            "random_shuffle.random_adverbs",
            "random_shuffle.random_nouns",
            "random_shuffle.random_numbers",
            "random_shuffle.random_verbs"
          ]
        },
        {
          "index_key": 3,
          "schema_version": 0,
          "attributes": {
            "content": "ALICE'S UPSIDE-DOWN WORLD\n\nLewis Carroll's classic, \"Alice's Adventures in Wonderland\", as well as its CHUBBY sequel, \"Through the Looking ARMY\", have enchanted both the young and old VIOLINs for the last 27 years, Alice's THUNDERING adventures begin\nwhen she BAKEDs down a/an STICKY hole and lands in a strange and topsy-turvy SANDWICH. There she discovers she can become a tall MILK or a small JELLYFISH simply by nibbling on alternate sides of a magic CAT. In her travels through Wonderland, Alice RUNs such remarkable\ncharacters as the White ZEUS, the BITTER Hatter, the Cheshire SUN, and even the Queen of BANANAs. Unfortunately, Alice's adventures come to a/an ABUNDANT end when Alice awakens from her BANANA.\n",
            "content_base64": null,
            "directory_permission": "0777",
            "file_permission": "0777",
            "filename": "madlibs/madlibs-3.txt",
            "id": "5f2688ffec4bd3897b3c1bd86119242d1417da7c",
            "sensitive_content": null,
            "source": null
          },
          "sensitive_attributes": [],
          "private": "bnVsbA==",
          "dependencies": [
            "random_shuffle.random_adjectives",
            "random_shuffle.random_adverbs",
            "random_shuffle.random_nouns",
            "random_shuffle.random_numbers",
            "random_shuffle.random_verbs"
          ]
        },
        {
          "index_key": 4,
          "schema_version": 0,
          "attributes": {
            "content": "THE OBSERVATORY\n\nOut class when on a field trip to a STICKY observatory. It was located on top of a SUN, and it looked like a giant PANTHER with a slit down its ZEUS. We went inside and looked through a MILK and were able to see VIOLINs in the sky that were millions of WALNUTSs away. The men and women who DANCE in the observatory are called BANANAs, and they are always watching for comets, eclipses, and shooting JELLYFISHs. An eclipse occurs when a CAT comes between the earth and the SANDWICH and everything\ngets THUNDERING. Next week, we place to BAKED the Museum of Modern JIGSAW.\n",
            "content_base64": null,
            "directory_permission": "0777",
            "file_permission": "0777",
            "filename": "madlibs/madlibs-4.txt",
            "id": "872564ecc15c0be390a1973ce376ca1aede4581b",
            "sensitive_content": null,
            "source": null
          },
          "sensitive_attributes": [],
          "private": "bnVsbA==",
          "dependencies": [
            "random_shuffle.random_adjectives",
            "random_shuffle.random_adverbs",
            "random_shuffle.random_nouns",
            "random_shuffle.random_numbers",
            "random_shuffle.random_verbs"
          ]
        },
        {
          "index_key": 5,
          "schema_version": 0,
          "attributes": {
            "content": "HOW TO BE A PHOTOGRAPHER\n\nMany CHUBBY photographers make big money\nphotographing VIOLINs and beautiful WALNUTSs. They sell the prints to THUNDERING magazines or to agencies who use them in PANTHER advertisements. To be a photographer, you have to have a BANANA camera. You also need an ABUNDANT meter and filters and a special close-up CAT. Then you either hire professional WALNUTSs or go out and snap candid pictures of ordinary SUNs. But if you want to have a career, you must study very DELICATELY for at least 73 years.\n",
            "content_base64": null,
            "directory_permission": "0777",
            "file_permission": "0777",
            "filename": "madlibs/madlibs-5.txt",
            "id": "2a1a67f0646ae8c13a1547999418d31c226a3456",
            "sensitive_content": null,
            "source": null
          },
          "sensitive_attributes": [],
          "private": "bnVsbA==",
          "dependencies": [
            "random_shuffle.random_adjectives",
            "random_shuffle.random_adverbs",
            "random_shuffle.random_nouns",
            "random_shuffle.random_numbers",
            "random_shuffle.random_verbs"
          ]
        },
        {
          "index_key": 6,
          "schema_version": 0,
          "attributes": {
            "content": "ALICE'S UPSIDE-DOWN WORLD\n\nLewis Carroll's classic, \"Alice's Adventures in Wonderland\", as well as its STICKY sequel, \"Through the Looking SANDWICH\", have enchanted both the young and old ZEUSs for the last 27 years, Alice's THUNDERING adventures begin\nwhen she DANCEs down a/an ABUNDANT hole and lands in a strange and topsy-turvy PANTHER. There she discovers she can become a tall BANANA or a small ARMY simply by nibbling on alternate sides of a magic JIGSAW. In her travels through Wonderland, Alice RESPECTs such remarkable\ncharacters as the White CAT, the GRUMPY Hatter, the Cheshire WALNUTS, and even the Queen of SUNs. Unfortunately, Alice's adventures come to a/an BITTER end when Alice awakens from her SUN.\n",
            "content_base64": null,
            "directory_permission": "0777",
            "file_permission": "0777",
            "filename": "madlibs/madlibs-6.txt",
            "id": "74f62b851029b794e7e0fabcd39ac9228912004a",
            "sensitive_content": null,
            "source": null
          },
          "sensitive_attributes": [],
          "private": "bnVsbA==",
          "dependencies": [
            "random_shuffle.random_adjectives",
            "random_shuffle.random_adverbs",
            "random_shuffle.random_nouns",
            "random_shuffle.random_numbers",
            "random_shuffle.random_verbs"
          ]
        },
        {
          "index_key": 7,
          "schema_version": 0,
          "attributes": {
            "content": "THE OBSERVATORY\n\nOut class when on a field trip to a CHUBBY observatory. It was located on top of a ZEUS, and it looked like a giant VIOLIN with a slit down its ARMY. We went inside and looked through a JELLYFISH and were able to see BANANAs in the sky that were millions of JIGSAWs away. The men and women who KICKED in the observatory are called MILKs, and they are always watching for comets, eclipses, and shooting SANDWICHs. An eclipse occurs when a SUN comes between the earth and the CAT and everything\ngets BITTER. Next week, we place to DANCE the Museum of Modern WALNUTS.\n",
            "content_base64": null,
            "directory_permission": "0777",
            "file_permission": "0777",
            "filename": "madlibs/madlibs-7.txt",
            "id": "79e00bcd262be5d9e84343c6c0c841a4b0755d9a",
            "sensitive_content": null,
            "source": null
          },
          "sensitive_attributes": [],
          "private": "bnVsbA==",
          "dependencies": [
            "random_shuffle.random_adjectives",
            "random_shuffle.random_adverbs",
            "random_shuffle.random_nouns",
            "random_shuffle.random_numbers",
            "random_shuffle.random_verbs"
          ]
        },
        {
          "index_key": 8,
          "schema_version": 0,
          "attributes": {
            "content": "HOW TO BE A PHOTOGRAPHER\n\nMany STICKY photographers make big money\nphotographing BANANAs and beautiful VIOLINs. They sell the prints to ABUNDANT magazines or to agencies who use them in SUN advertisements. To be a photographer, you have to have a SANDWICH camera. You also need an GRUMPY meter and filters and a special close-up JIGSAW. Then you either hire professional VIOLINs or go out and snap candid pictures of ordinary MILKs. But if you want to have a career, you must study very BEAUTIFULLY for at least 42 years.\n",
            "content_base64": null,
            "directory_permission": "0777",
            "file_permission": "0777",
            "filename": "madlibs/madlibs-8.txt",
            "id": "6f1f70cb1706fb955f3f4192ec2e0f483445afd5",
            "sensitive_content": null,
            "source": null
          },
          "sensitive_attributes": [],
          "private": "bnVsbA==",
          "dependencies": [
            "random_shuffle.random_adjectives",
            "random_shuffle.random_adverbs",
            "random_shuffle.random_nouns",
            "random_shuffle.random_numbers",
            "random_shuffle.random_verbs"
          ]
        },
        {
          "index_key": 9,
          "schema_version": 0,
          "attributes": {
            "content": "ALICE'S UPSIDE-DOWN WORLD\n\nLewis Carroll's classic, \"Alice's Adventures in Wonderland\", as well as its BITTER sequel, \"Through the Looking BANANA\", have enchanted both the young and old MILKs for the last 73 years, Alice's STICKY adventures begin\nwhen she DANCEs down a/an CHUBBY hole and lands in a strange and topsy-turvy SUN. There she discovers she can become a tall CAT or a small JELLYFISH simply by nibbling on alternate sides of a magic WALNUTS. In her travels through Wonderland, Alice RESPECTs such remarkable\ncharacters as the White ZEUS, the GRUMPY Hatter, the Cheshire VIOLIN, and even the Queen of ARMYs. Unfortunately, Alice's adventures come to a/an ABUNDANT end when Alice awakens from her ARMY.\n",
            "content_base64": null,
            "directory_permission": "0777",
            "file_permission": "0777",
            "filename": "madlibs/madlibs-9.txt",
            "id": "1f1dab73a055b1e1b13cd2239b40e3e08ced9c29",
            "sensitive_content": null,
            "source": null
          },
          "sensitive_attributes": [],
          "private": "bnVsbA==",
          "dependencies": [
            "random_shuffle.random_adjectives",
            "random_shuffle.random_adverbs",
            "random_shuffle.random_nouns",
            "random_shuffle.random_numbers",
            "random_shuffle.random_verbs"
          ]
        },
        {
          "index_key": 10,
          "schema_version": 0,
          "attributes": {
            "content": "THE OBSERVATORY\n\nOut class when on a field trip to a STICKY observatory. It was located on top of a ZEUS, and it looked like a giant BANANA with a slit down its WALNUTS. We went inside and looked through a JELLYFISH and were able to see SUNs in the sky that were millions of CATs away. The men and women who RESPECT in the observatory are called JIGSAWs, and they are always watching for comets, eclipses, and shooting MILKs. An eclipse occurs when a VIOLIN comes between the earth and the PANTHER and everything\ngets CHUBBY. Next week, we place to DANCE the Museum of Modern SANDWICH.\n",
            "content_base64": null,
            "directory_permission": "0777",
            "file_permission": "0777",
            "filename": "madlibs/madlibs-10.txt",
            "id": "df2966c87f7cc984632fc7e597fc7bff7a990471",
            "sensitive_content": null,
            "source": null
          },
          "sensitive_attributes": [],
          "private": "bnVsbA==",
          "dependencies": [
            "random_shuffle.random_adjectives",
            "random_shuffle.random_adverbs",
            "random_shuffle.random_nouns",
            "random_shuffle.random_numbers",
            "random_shuffle.random_verbs"
          ]
        },
        {
          "index_key": 11,
          "schema_version": 0,
          "attributes": {
            "content": "HOW TO BE A PHOTOGRAPHER\n\nMany CHUBBY photographers make big money\nphotographing MILKs and beautiful CATs. They sell the prints to ABUNDANT magazines or to agencies who use them in WALNUTS advertisements. To be a photographer, you have to have a JELLYFISH camera. You also need an BITTER meter and filters and a special close-up SUN. Then you either hire professional CATs or go out and snap candid pictures of ordinary ARMYs. But if you want to have a career, you must study very DELICATELY for at least 27 years.\n",
            "content_base64": null,
            "directory_permission": "0777",
            "file_permission": "0777",
            "filename": "madlibs/madlibs-11.txt",
            "id": "dcdf8e2aab689923e1f39d9f340972262e36d79a",
            "sensitive_content": null,
            "source": null
          },
          "sensitive_attributes": [],
          "private": "bnVsbA==",
          "dependencies": [
            "random_shuffle.random_adjectives",
            "random_shuffle.random_adverbs",
            "random_shuffle.random_nouns",
            "random_shuffle.random_numbers",
            "random_shuffle.random_verbs"
          ]
        },
        {
          "index_key": 12,
          "schema_version": 0,
          "attributes": {
            "content": "ALICE'S UPSIDE-DOWN WORLD\n\nLewis Carroll's classic, \"Alice's Adventures in Wonderland\", as well as its ABUNDANT sequel, \"Through the Looking SUN\", have enchanted both the young and old BANANAs for the last 101 years, Alice's BITTER adventures begin\nwhen she RUNs down a/an CHUBBY hole and lands in a strange and topsy-turvy MILK. There she discovers she can become a tall ARMY or a small JELLYFISH simply by nibbling on alternate sides of a magic JIGSAW. In her travels through Wonderland, Alice LOVEs such remarkable\ncharacters as the White WALNUTS, the THUNDERING Hatter, the Cheshire CAT, and even the Queen of SANDWICHs. Unfortunately, Alice's adventures come to a/an GRUMPY end when Alice awakens from her SANDWICH.\n",
            "content_base64": null,
            "directory_permission": "0777",
            "file_permission": "0777",
            "filename": "madlibs/madlibs-12.txt",
            "id": "ec8baef0a71483ad84b5a60553db4160de7fdc67",
            "sensitive_content": null,
            "source": null
          },
          "sensitive_attributes": [],
          "private": "bnVsbA==",
          "dependencies": [
            "random_shuffle.random_adjectives",
            "random_shuffle.random_adverbs",
            "random_shuffle.random_nouns",
            "random_shuffle.random_numbers",
            "random_shuffle.random_verbs"
          ]
        },
        {
          "index_key": 13,
          "schema_version": 0,
          "attributes": {
            "content": "THE OBSERVATORY\n\nOut class when on a field trip to a GRUMPY observatory. It was located on top of a BANANA, and it looked like a giant JIGSAW with a slit down its PANTHER. We went inside and looked through a VIOLIN and were able to see ZEUSs in the sky that were millions of WALNUTSs away. The men and women who LOVE in the observatory are called SANDWICHs, and they are always watching for comets, eclipses, and shooting MILKs. An eclipse occurs when a SUN comes between the earth and the ARMY and everything\ngets THUNDERING. Next week, we place to KICKED the Museum of Modern CAT.\n",
            "content_base64": null,
            "directory_permission": "0777",
            "file_permission": "0777",
            "filename": "madlibs/madlibs-13.txt",
            "id": "0d6864e95e988e68106e2d8d173c097ab23381a6",
            "sensitive_content": null,
            "source": null
          },
          "sensitive_attributes": [],
          "private": "bnVsbA==",
          "dependencies": [
            "random_shuffle.random_adjectives",
            "random_shuffle.random_adverbs",
            "random_shuffle.random_nouns",
            "random_shuffle.random_numbers",
            "random_shuffle.random_verbs"
          ]
        },
        {
          "index_key": 14,
          "schema_version": 0,
          "attributes": {
            "content": "HOW TO BE A PHOTOGRAPHER\n\nMany GRUMPY photographers make big money\nphotographing PANTHERs and beautiful JIGSAWs. They sell the prints to THUNDERING magazines or to agencies who use them in BANANA advertisements. To be a photographer, you have to have a WALNUTS camera. You also need an CHUBBY meter and filters and a special close-up JELLYFISH. Then you either hire professional JIGSAWs or go out and snap candid pictures of ordinary CATs. But if you want to have a career, you must study very BEAUTIFULLY for at least 42 years.\n",
            "content_base64": null,
            "directory_permission": "0777",
            "file_permission": "0777",
            "filename": "madlibs/madlibs-14.txt",
            "id": "a6cc5e6a1f931dfb329463cb0271aa6db3b6c2f1",
            "sensitive_content": null,
            "source": null
          },
          "sensitive_attributes": [],
          "private": "bnVsbA==",
          "dependencies": [
            "random_shuffle.random_adjectives",
            "random_shuffle.random_adverbs",
            "random_shuffle.random_nouns",
            "random_shuffle.random_numbers",
            "random_shuffle.random_verbs"
          ]
        },
        {
          "index_key": 15,
          "schema_version": 0,
          "attributes": {
            "content": "ALICE'S UPSIDE-DOWN WORLD\n\nLewis Carroll's classic, \"Alice's Adventures in Wonderland\", as well as its CHUBBY sequel, \"Through the Looking SANDWICH\", have enchanted both the young and old VIOLINs for the last 73 years, Alice's ABUNDANT adventures begin\nwhen she LOVEs down a/an THUNDERING hole and lands in a strange and topsy-turvy ZEUS. There she discovers she can become a tall CAT or a small SUN simply by nibbling on alternate sides of a magic JELLYFISH. In her travels through Wonderland, Alice RUNs such remarkable\ncharacters as the White WALNUTS, the STICKY Hatter, the Cheshire BANANA, and even the Queen of ARMYs. Unfortunately, Alice's adventures come to a/an BITTER end when Alice awakens from her ARMY.\n",
            "content_base64": null,
            "directory_permission": "0777",
            "file_permission": "0777",
            "filename": "madlibs/madlibs-15.txt",
            "id": "03efaa916b852915320d38c65bca22a83c64506b",
            "sensitive_content": null,
            "source": null
          },
          "sensitive_attributes": [],
          "private": "bnVsbA==",
          "dependencies": [
            "random_shuffle.random_adjectives",
            "random_shuffle.random_adverbs",
            "random_shuffle.random_nouns",
            "random_shuffle.random_numbers",
            "random_shuffle.random_verbs"
          ]
        },
        {
          "index_key": 16,
          "schema_version": 0,
          "attributes": {
            "content": "THE OBSERVATORY\n\nOut class when on a field trip to a CHUBBY observatory. It was located on top of a VIOLIN, and it looked like a giant ARMY with a slit down its BANANA. We went inside and looked through a CAT and were able to see JIGSAWs in the sky that were millions of WALNUTSs away. The men and women who LOVE in the observatory are called PANTHERs, and they are always watching for comets, eclipses, and shooting ZEUSs. An eclipse occurs when a SUN comes between the earth and the JELLYFISH and everything\ngets ABUNDANT. Next week, we place to DANCE the Museum of Modern SANDWICH.\n",
            "content_base64": null,
            "directory_permission": "0777",
            "file_permission": "0777",
            "filename": "madlibs/madlibs-16.txt",
            "id": "252b4ef6bf568986c3d53db6b80bfa0bc4eb4e6a",
            "sensitive_content": null,
            "source": null
          },
          "sensitive_attributes": [],
          "private": "bnVsbA==",
          "dependencies": [
            "random_shuffle.random_adjectives",
            "random_shuffle.random_adverbs",
            "random_shuffle.random_nouns",
            "random_shuffle.random_numbers",
            "random_shuffle.random_verbs"
          ]
        },
        {
          "index_key": 17,
          "schema_version": 0,
          "attributes": {
            "content": "HOW TO BE A PHOTOGRAPHER\n\nMany STICKY photographers make big money\nphotographing MILKs and beautiful JELLYFISHs. They sell the prints to THUNDERING magazines or to agencies who use them in ZEUS advertisements. To be a photographer, you have to have a BANANA camera. You also need an ABUNDANT meter and filters and a special close-up WALNUTS. Then you either hire professional JELLYFISHs or go out and snap candid pictures of ordinary CATs. But if you want to have a career, you must study very DELICATELY for at least 101 years.\n",
            "content_base64": null,
            "directory_permission": "0777",
            "file_permission": "0777",
            "filename": "madlibs/madlibs-17.txt",
            "id": "f5662a1ee7284b2a72f23cb94d8c4d7f3b99b7b4",
            "sensitive_content": null,
            "source": null
          },
          "sensitive_attributes": [],
          "private": "bnVsbA==",
          "dependencies": [
            "random_shuffle.random_adjectives",
            "random_shuffle.random_adverbs",
            "random_shuffle.random_nouns",
            "random_shuffle.random_numbers",
            "random_shuffle.random_verbs"
          ]
        },
        {
          "index_key": 18,
          "schema_version": 0,
          "attributes": {
            "content": "ALICE'S UPSIDE-DOWN WORLD\n\nLewis Carroll's classic, \"Alice's Adventures in Wonderland\", as well as its GRUMPY sequel, \"Through the Looking BANANA\", have enchanted both the young and old CATs for the last 73 years, Alice's THUNDERING adventures begin\nwhen she RUNs down a/an CHUBBY hole and lands in a strange and topsy-turvy VIOLIN. There she discovers she can become a tall MILK or a small ARMY simply by nibbling on alternate sides of a magic JIGSAW. In her travels through Wonderland, Alice BAKEDs such remarkable\ncharacters as the White PANTHER, the BITTER Hatter, the Cheshire JELLYFISH, and even the Queen of ZEUSs. Unfortunately, Alice's adventures come to a/an ABUNDANT end when Alice awakens from her ZEUS.\n",
            "content_base64": null,
            "directory_permission": "0777",
            "file_permission": "0777",
            "filename": "madlibs/madlibs-18.txt",
            "id": "3c2d4a9376ac8b22fc984e1e47afcfefb9c33974",
            "sensitive_content": null,
            "source": null
          },
          "sensitive_attributes": [],
          "private": "bnVsbA==",
          "dependencies": [
            "random_shuffle.random_adjectives",
            "random_shuffle.random_adverbs",
            "random_shuffle.random_nouns",
            "random_shuffle.random_numbers",
            "random_shuffle.random_verbs"
          ]
        },
        {
          "index_key": 19,
          "schema_version": 0,
          "attributes": {
            "content": "THE OBSERVATORY\n\nOut class when on a field trip to a CHUBBY observatory. It was located on top of a VIOLIN, and it looked like a giant CAT with a slit down its JELLYFISH. We went inside and looked through a ARMY and were able to see JIGSAWs in the sky that were millions of WALNUTSs away. The men and women who BAKED in the observatory are called PANTHERs, and they are always watching for comets, eclipses, and shooting BANANAs. An eclipse occurs when a ZEUS comes between the earth and the SUN and everything\ngets ABUNDANT. Next week, we place to RUN the Museum of Modern SANDWICH.\n",
            "content_base64": null,
            "directory_permission": "0777",
            "file_permission": "0777",
            "filename": "madlibs/madlibs-19.txt",
            "id": "aba8ab3c0f77fe2855bfbc15d22bfdaff6440bb2",
            "sensitive_content": null,
            "source": null
          },
          "sensitive_attributes": [],
          "private": "bnVsbA==",
          "dependencies": [
            "random_shuffle.random_adjectives",
            "random_shuffle.random_adverbs",
            "random_shuffle.random_nouns",
            "random_shuffle.random_numbers",
            "random_shuffle.random_verbs"
          ]
        },
        {
          "index_key": 20,
          "schema_version": 0,
          "attributes": {
            "content": "HOW TO BE A PHOTOGRAPHER\n\nMany THUNDERING photographers make big money\nphotographing VIOLINs and beautiful BANANAs. They sell the prints to ABUNDANT magazines or to agencies who use them in MILK advertisements. To be a photographer, you have to have a ARMY camera. You also need an STICKY meter and filters and a special close-up WALNUTS. Then you either hire professional BANANAs or go out and snap candid pictures of ordinary CATs. But if you want to have a career, you must study very TRUTHFULLY for at least 101 years.\n",
            "content_base64": null,
            "directory_permission": "0777",
            "file_permission": "0777",
            "filename": "madlibs/madlibs-20.txt",
            "id": "a03650325b137f37ee95c5c6a6751debf9c6a223",
            "sensitive_content": null,
            "source": null
          },
          "sensitive_attributes": [],
          "private": "bnVsbA==",
          "dependencies": [
            "random_shuffle.random_adjectives",
            "random_shuffle.random_adverbs",
            "random_shuffle.random_nouns",
            "random_shuffle.random_numbers",
            "random_shuffle.random_verbs"
          ]
        },
        {
          "index_key": 21,
          "schema_version": 0,
          "attributes": {
            "content": "ALICE'S UPSIDE-DOWN WORLD\n\nLewis Carroll's classic, \"Alice's Adventures in Wonderland\", as well as its BITTER sequel, \"Through the Looking MILK\", have enchanted both the young and old SANDWICHs for the last -5 years, Alice's CHUBBY adventures begin\nwhen she BAKEDs down a/an GRUMPY hole and lands in a strange and topsy-turvy CAT. There she discovers she can become a tall VIOLIN or a small JELLYFISH simply by nibbling on alternate sides of a magic ZEUS. In her travels through Wonderland, Alice LOVEs such remarkable\ncharacters as the White PANTHER, the ABUNDANT Hatter, the Cheshire SUN, and even the Queen of WALNUTSs. Unfortunately, Alice's adventures come to a/an THUNDERING end when Alice awakens from her WALNUTS.\n",
            "content_base64": null,
            "directory_permission": "0777",
            "file_permission": "0777",
            "filename": "madlibs/madlibs-21.txt",
            "id": "bb7b79c6d3292e8062be64754b3983eea0ebc1bc",
            "sensitive_content": null,
            "source": null
          },
          "sensitive_attributes": [],
          "private": "bnVsbA==",
          "dependencies": [
            "random_shuffle.random_adjectives",
            "random_shuffle.random_adverbs",
            "random_shuffle.random_nouns",
            "random_shuffle.random_numbers",
            "random_shuffle.random_verbs"
          ]
        },
        {
          "index_key": 22,
          "schema_version": 0,
          "attributes": {
            "content": "THE OBSERVATORY\n\nOut class when on a field trip to a CHUBBY observatory. It was located on top of a SANDWICH, and it looked like a giant WALNUTS with a slit down its VIOLIN. We went inside and looked through a JIGSAW and were able to see JELLYFISHs in the sky that were millions of PANTHERs away. The men and women who RESPECT in the observatory are called CATs, and they are always watching for comets, eclipses, and shooting SUNs. An eclipse occurs when a ARMY comes between the earth and the MILK and everything\ngets GRUMPY. Next week, we place to RUN the Museum of Modern BANANA.\n",
            "content_base64": null,
            "directory_permission": "0777",
            "file_permission": "0777",
            "filename": "madlibs/madlibs-22.txt",
            "id": "479fce92f5034d6504cec6ee75db79d5d20d90e4",
            "sensitive_content": null,
            "source": null
          },
          "sensitive_attributes": [],
          "private": "bnVsbA==",
          "dependencies": [
            "random_shuffle.random_adjectives",
            "random_shuffle.random_adverbs",
            "random_shuffle.random_nouns",
            "random_shuffle.random_numbers",
            "random_shuffle.random_verbs"
          ]
        },
        {
          "index_key": 23,
          "schema_version": 0,
          "attributes": {
            "content": "HOW TO BE A PHOTOGRAPHER\n\nMany ABUNDANT photographers make big money\nphotographing JIGSAWs and beautiful PANTHERs. They sell the prints to GRUMPY magazines or to agencies who use them in WALNUTS advertisements. To be a photographer, you have to have a CAT camera. You also need an CHUBBY meter and filters and a special close-up ZEUS. Then you either hire professional PANTHERs or go out and snap candid pictures of ordinary JELLYFISHs. But if you want to have a career, you must study very BEAUTIFULLY for at least 0 years.\n",
            "content_base64": null,
            "directory_permission": "0777",
            "file_permission": "0777",
            "filename": "madlibs/madlibs-23.txt",
            "id": "c48a1a7c2c6c174bc5af0b74974643344cc0ff8a",
            "sensitive_content": null,
            "source": null
          },
          "sensitive_attributes": [],
          "private": "bnVsbA==",
          "dependencies": [
            "random_shuffle.random_adjectives",
            "random_shuffle.random_adverbs",
            "random_shuffle.random_nouns",
            "random_shuffle.random_numbers",
            "random_shuffle.random_verbs"
          ]
        },
        {
          "index_key": 24,
          "schema_version": 0,
          "attributes": {
            "content": "ALICE'S UPSIDE-DOWN WORLD\n\nLewis Carroll's classic, \"Alice's Adventures in Wonderland\", as well as its ABUNDANT sequel, \"Through the Looking SANDWICH\", have enchanted both the young and old PANTHERs for the last 0 years, Alice's CHUBBY adventures begin\nwhen she DANCEs down a/an BITTER hole and lands in a strange and topsy-turvy BANANA. There she discovers she can become a tall JELLYFISH or a small MILK simply by nibbling on alternate sides of a magic ZEUS. In her travels through Wonderland, Alice BAKEDs such remarkable\ncharacters as the White SUN, the GRUMPY Hatter, the Cheshire JIGSAW, and even the Queen of ARMYs. Unfortunately, Alice's adventures come to a/an THUNDERING end when Alice awakens from her ARMY.\n",
            "content_base64": null,
            "directory_permission": "0777",
            "file_permission": "0777",
            "filename": "madlibs/madlibs-24.txt",
            "id": "846882507e0c668b468cd541b198211e9d2b5e0b",
            "sensitive_content": null,
            "source": null
          },
          "sensitive_attributes": [],
          "private": "bnVsbA==",
          "dependencies": [
            "random_shuffle.random_adjectives",
            "random_shuffle.random_adverbs",
            "random_shuffle.random_nouns",
            "random_shuffle.random_numbers",
            "random_shuffle.random_verbs"
          ]
        },
        {
          "index_key": 25,
          "schema_version": 0,
          "attributes": {
            "content": "THE OBSERVATORY\n\nOut class when on a field trip to a CHUBBY observatory. It was located on top of a BANANA, and it looked like a giant SUN with a slit down its SANDWICH. We went inside and looked through a JELLYFISH and were able to see WALNUTSs in the sky that were millions of CATs away. The men and women who RESPECT in the observatory are called PANTHERs, and they are always watching for comets, eclipses, and shooting VIOLINs. An eclipse occurs when a JIGSAW comes between the earth and the ZEUS and everything\ngets STICKY. Next week, we place to BAKED the Museum of Modern MILK.\n",
            "content_base64": null,
            "directory_permission": "0777",
            "file_permission": "0777",
            "filename": "madlibs/madlibs-25.txt",
            "id": "4c4e5d41375e7bf0a25a34e1accab3b220debd3f",
            "sensitive_content": null,
            "source": null
          },
          "sensitive_attributes": [],
          "private": "bnVsbA==",
          "dependencies": [
            "random_shuffle.random_adjectives",
            "random_shuffle.random_adverbs",
            "random_shuffle.random_nouns",
            "random_shuffle.random_numbers",
            "random_shuffle.random_verbs"
          ]
        },
        {
          "index_key": 26,
          "schema_version": 0,
          "attributes": {
            "content": "HOW TO BE A PHOTOGRAPHER\n\nMany ABUNDANT photographers make big money\nphotographing MILKs and beautiful SUNs. They sell the prints to BITTER magazines or to agencies who use them in PANTHER advertisements. To be a photographer, you have to have a VIOLIN camera. You also need an THUNDERING meter and filters and a special close-up JIGSAW. Then you either hire professional SUNs or go out and snap candid pictures of ordinary SANDWICHs. But if you want to have a career, you must study very BEAUTIFULLY for at least 42 years.\n",
            "content_base64": null,
            "directory_permission": "0777",
            "file_permission": "0777",
            "filename": "madlibs/madlibs-26.txt",
            "id": "71ceaff93889a336ebdfe49f80584f2e51431475",
            "sensitive_content": null,
            "source": null
          },
          "sensitive_attributes": [],
          "private": "bnVsbA==",
          "dependencies": [
            "random_shuffle.random_adjectives",
            "random_shuffle.random_adverbs",
            "random_shuffle.random_nouns",
            "random_shuffle.random_numbers",
            "random_shuffle.random_verbs"
          ]
        },
        {
          "index_key": 27,
          "schema_version": 0,
          "attributes": {
            "content": "ALICE'S UPSIDE-DOWN WORLD\n\nLewis Carroll's classic, \"Alice's Adventures in Wonderland\", as well as its THUNDERING sequel, \"Through the Looking PANTHER\", have enchanted both the young and old SUNs for the last 0 years, Alice's ABUNDANT adventures begin\nwhen she RUNs down a/an CHUBBY hole and lands in a strange and topsy-turvy WALNUTS. There she discovers she can become a tall JIGSAW or a small JELLYFISH simply by nibbling on alternate sides of a magic VIOLIN. In her travels through Wonderland, Alice RESPECTs such remarkable\ncharacters as the White ZEUS, the STICKY Hatter, the Cheshire BANANA, and even the Queen of CATs. Unfortunately, Alice's adventures come to a/an GRUMPY end when Alice awakens from her CAT.\n",
            "content_base64": null,
            "directory_permission": "0777",
            "file_permission": "0777",
            "filename": "madlibs/madlibs-27.txt",
            "id": "bcf919e6c9ee3c6f433bda6b43b7fe3b4d4a606c",
            "sensitive_content": null,
            "source": null
          },
          "sensitive_attributes": [],
          "private": "bnVsbA==",
          "dependencies": [
            "random_shuffle.random_adjectives",
            "random_shuffle.random_adverbs",
            "random_shuffle.random_nouns",
            "random_shuffle.random_numbers",
            "random_shuffle.random_verbs"
          ]
        },
        {
          "index_key": 28,
          "schema_version": 0,
          "attributes": {
            "content": "THE OBSERVATORY\n\nOut class when on a field trip to a BITTER observatory. It was located on top of a WALNUTS, and it looked like a giant SANDWICH with a slit down its SUN. We went inside and looked through a JIGSAW and were able to see CATs in the sky that were millions of ARMYs away. The men and women who BAKED in the observatory are called PANTHERs, and they are always watching for comets, eclipses, and shooting MILKs. An eclipse occurs when a VIOLIN comes between the earth and the JELLYFISH and everything\ngets ABUNDANT. Next week, we place to RESPECT the Museum of Modern ZEUS.\n",
            "content_base64": null,
            "directory_permission": "0777",
            "file_permission": "0777",
            "filename": "madlibs/madlibs-28.txt",
            "id": "0e4a245bddf60d8ce46fad7782dca160a9eebd29",
            "sensitive_content": null,
            "source": null
          },
          "sensitive_attributes": [],
          "private": "bnVsbA==",
          "dependencies": [
            "random_shuffle.random_adjectives",
            "random_shuffle.random_adverbs",
            "random_shuffle.random_nouns",
            "random_shuffle.random_numbers",
            "random_shuffle.random_verbs"
          ]
        },
        {
          "index_key": 29,
          "schema_version": 0,
          "attributes": {
            "content": "HOW TO BE A PHOTOGRAPHER\n\nMany BITTER photographers make big money\nphotographing ARMYs and beautiful SANDWICHs. They sell the prints to GRUMPY magazines or to agencies who use them in PANTHER advertisements. To be a photographer, you have to have a ZEUS camera. You also need an CHUBBY meter and filters and a special close-up CAT. Then you either hire professional SANDWICHs or go out and snap candid pictures of ordinary VIOLINs. But if you want to have a career, you must study very BEAUTIFULLY for at least 0 years.\n",
            "content_base64": null,
            "directory_permission": "0777",
            "file_permission": "0777",
            "filename": "madlibs/madlibs-29.txt",
            "id": "a8a2ad2940855a2b01f3fc69f3668d65f18065cb",
            "sensitive_content": null,
            "source": null
          },
          "sensitive_attributes": [],
          "private": "bnVsbA==",
          "dependencies": [
            "random_shuffle.random_adjectives",
            "random_shuffle.random_adverbs",
            "random_shuffle.random_nouns",
            "random_shuffle.random_numbers",
            "random_shuffle.random_verbs"
          ]
        },
        {
          "index_key": 30,
          "schema_version": 0,
          "attributes": {
            "content": "ALICE'S UPSIDE-DOWN WORLD\n\nLewis Carroll's classic, \"Alice's Adventures in Wonderland\", as well as its GRUMPY sequel, \"Through the Looking JIGSAW\", have enchanted both the young and old MILKs for the last 73 years, Alice's BITTER adventures begin\nwhen she DANCEs down a/an THUNDERING hole and lands in a strange and topsy-turvy WALNUTS. There she discovers she can become a tall CAT or a small JELLYFISH simply by nibbling on alternate sides of a magic BANANA. In her travels through Wonderland, Alice LOVEs such remarkable\ncharacters as the White SANDWICH, the CHUBBY Hatter, the Cheshire ZEUS, and even the Queen of PANTHERs. Unfortunately, Alice's adventures come to a/an ABUNDANT end when Alice awakens from her PANTHER.\n",
            "content_base64": null,
            "directory_permission": "0777",
            "file_permission": "0777",
            "filename": "madlibs/madlibs-30.txt",
            "id": "00b36b242cf408830bd7b8ab3c7197b0b2fe6ae5",
            "sensitive_content": null,
            "source": null
          },
          "sensitive_attributes": [],
          "private": "bnVsbA==",
          "dependencies": [
            "random_shuffle.random_adjectives",
            "random_shuffle.random_adverbs",
            "random_shuffle.random_nouns",
            "random_shuffle.random_numbers",
            "random_shuffle.random_verbs"
          ]
        },
        {
          "index_key": 31,
          "schema_version": 0,
          "attributes": {
            "content": "THE OBSERVATORY\n\nOut class when on a field trip to a BITTER observatory. It was located on top of a WALNUTS, and it looked like a giant JELLYFISH with a slit down its JIGSAW. We went inside and looked through a ARMY and were able to see ZEUSs in the sky that were millions of SUNs away. The men and women who DANCE in the observatory are called MILKs, and they are always watching for comets, eclipses, and shooting VIOLINs. An eclipse occurs when a BANANA comes between the earth and the SANDWICH and everything\ngets THUNDERING. Next week, we place to RUN the Museum of Modern PANTHER.\n",
            "content_base64": null,
            "directory_permission": "0777",
            "file_permission": "0777",
            "filename": "madlibs/madlibs-31.txt",
            "id": "dcd2f8735591eec0267f59daf34fc183705564ba",
            "sensitive_content": null,
            "source": null
          },
          "sensitive_attributes": [],
          "private": "bnVsbA==",
          "dependencies": [
            "random_shuffle.random_adjectives",
            "random_shuffle.random_adverbs",
            "random_shuffle.random_nouns",
            "random_shuffle.random_numbers",
            "random_shuffle.random_verbs"
          ]
        },
        {
          "index_key": 32,
          "schema_version": 0,
          "attributes": {
            "content": "HOW TO BE A PHOTOGRAPHER\n\nMany BITTER photographers make big money\nphotographing WALNUTSs and beautiful SUNs. They sell the prints to ABUNDANT magazines or to agencies who use them in ARMY advertisements. To be a photographer, you have to have a ZEUS camera. You also need an STICKY meter and filters and a special close-up CAT. Then you either hire professional SUNs or go out and snap candid pictures of ordinary PANTHERs. But if you want to have a career, you must study very TRUTHFULLY for at least 0 years.\n",
            "content_base64": null,
            "directory_permission": "0777",
            "file_permission": "0777",
            "filename": "madlibs/madlibs-32.txt",
            "id": "26d2310ec6c07c3ca3c4b88bc3ba9a61cb583c9c",
            "sensitive_content": null,
            "source": null
          },
          "sensitive_attributes": [],
          "private": "bnVsbA==",
          "dependencies": [
            "random_shuffle.random_adjectives",
            "random_shuffle.random_adverbs",
            "random_shuffle.random_nouns",
            "random_shuffle.random_numbers",
            "random_shuffle.random_verbs"
          ]
        },
        {
          "index_key": 33,
          "schema_version": 0,
          "attributes": {
            "content": "ALICE'S UPSIDE-DOWN WORLD\n\nLewis Carroll's classic, \"Alice's Adventures in Wonderland\", as well as its THUNDERING sequel, \"Through the Looking WALNUTS\", have enchanted both the young and old SANDWICHs for the last 73 years, Alice's CHUBBY adventures begin\nwhen she KICKEDs down a/an GRUMPY hole and lands in a strange and topsy-turvy ARMY. There she discovers she can become a tall CAT or a small SUN simply by nibbling on alternate sides of a magic PANTHER. In her travels through Wonderland, Alice RUNs such remarkable\ncharacters as the White JELLYFISH, the BITTER Hatter, the Cheshire VIOLIN, and even the Queen of ZEUSs. Unfortunately, Alice's adventures come to a/an STICKY end when Alice awakens from her ZEUS.\n",
            "content_base64": null,
            "directory_permission": "0777",
            "file_permission": "0777",
            "filename": "madlibs/madlibs-33.txt",
            "id": "f5ad6e4d29f524416ca4c57ab7d784c2ed603511",
            "sensitive_content": null,
            "source": null
          },
          "sensitive_attributes": [],
          "private": "bnVsbA==",
          "dependencies": [
            "random_shuffle.random_adjectives",
            "random_shuffle.random_adverbs",
            "random_shuffle.random_nouns",
            "random_shuffle.random_numbers",
            "random_shuffle.random_verbs"
          ]
        },
        {
          "index_key": 34,
          "schema_version": 0,
          "attributes": {
            "content": "THE OBSERVATORY\n\nOut class when on a field trip to a STICKY observatory. It was located on top of a SANDWICH, and it looked like a giant JELLYFISH with a slit down its WALNUTS. We went inside and looked through a ZEUS and were able to see VIOLINs in the sky that were millions of MILKs away. The men and women who BAKED in the observatory are called SUNs, and they are always watching for comets, eclipses, and shooting PANTHERs. An eclipse occurs when a ARMY comes between the earth and the CAT and everything\ngets ABUNDANT. Next week, we place to DANCE the Museum of Modern BANANA.\n",
            "content_base64": null,
            "directory_permission": "0777",
            "file_permission": "0777",
            "filename": "madlibs/madlibs-34.txt",
            "id": "68ac2d6f29580c40c8e99424bd4238b23e26e70f",
            "sensitive_content": null,
            "source": null
          },
          "sensitive_attributes": [],
          "private": "bnVsbA==",
          "dependencies": [
            "random_shuffle.random_adjectives",
            "random_shuffle.random_adverbs",
            "random_shuffle.random_nouns",
            "random_shuffle.random_numbers",
            "random_shuffle.random_verbs"
          ]
        },
        {
          "index_key": 35,
          "schema_version": 0,
          "attributes": {
            "content": "HOW TO BE A PHOTOGRAPHER\n\nMany ABUNDANT photographers make big money\nphotographing MILKs and beautiful ARMYs. They sell the prints to BITTER magazines or to agencies who use them in JIGSAW advertisements. To be a photographer, you have to have a CAT camera. You also need an STICKY meter and filters and a special close-up WALNUTS. Then you either hire professional ARMYs or go out and snap candid pictures of ordinary SUNs. But if you want to have a career, you must study very TRUTHFULLY for at least 42 years.\n",
            "content_base64": null,
            "directory_permission": "0777",
            "file_permission": "0777",
            "filename": "madlibs/madlibs-35.txt",
            "id": "d440c4e2a5b697c6bb6c5da3df818a85a23839ec",
            "sensitive_content": null,
            "source": null
          },
          "sensitive_attributes": [],
          "private": "bnVsbA==",
          "dependencies": [
            "random_shuffle.random_adjectives",
            "random_shuffle.random_adverbs",
            "random_shuffle.random_nouns",
            "random_shuffle.random_numbers",
            "random_shuffle.random_verbs"
          ]
        },
        {
          "index_key": 36,
          "schema_version": 0,
          "attributes": {
            "content": "ALICE'S UPSIDE-DOWN WORLD\n\nLewis Carroll's classic, \"Alice's Adventures in Wonderland\", as well as its STICKY sequel, \"Through the Looking ZEUS\", have enchanted both the young and old VIOLINs for the last -5 years, Alice's THUNDERING adventures begin\nwhen she RUNs down a/an BITTER hole and lands in a strange and topsy-turvy JELLYFISH. There she discovers she can become a tall WALNUTS or a small MILK simply by nibbling on alternate sides of a magic PANTHER. In her travels through Wonderland, Alice BAKEDs such remarkable\ncharacters as the White JIGSAW, the ABUNDANT Hatter, the Cheshire ARMY, and even the Queen of SUNs. Unfortunately, Alice's adventures come to a/an GRUMPY end when Alice awakens from her SUN.\n",
            "content_base64": null,
            "directory_permission": "0777",
            "file_permission": "0777",
            "filename": "madlibs/madlibs-36.txt",
            "id": "12cbdd0af245b652e4a17c327e817a4a92442830",
            "sensitive_content": null,
            "source": null
          },
          "sensitive_attributes": [],
          "private": "bnVsbA==",
          "dependencies": [
            "random_shuffle.random_adjectives",
            "random_shuffle.random_adverbs",
            "random_shuffle.random_nouns",
            "random_shuffle.random_numbers",
            "random_shuffle.random_verbs"
          ]
        },
        {
          "index_key": 37,
          "schema_version": 0,
          "attributes": {
            "content": "THE OBSERVATORY\n\nOut class when on a field trip to a ABUNDANT observatory. It was located on top of a ARMY, and it looked like a giant WALNUTS with a slit down its JIGSAW. We went inside and looked through a MILK and were able to see BANANAs in the sky that were millions of SANDWICHs away. The men and women who RESPECT in the observatory are called VIOLINs, and they are always watching for comets, eclipses, and shooting JELLYFISHs. An eclipse occurs when a PANTHER comes between the earth and the SUN and everything\ngets THUNDERING. Next week, we place to BAKED the Museum of Modern ZEUS.\n",
            "content_base64": null,
            "directory_permission": "0777",
            "file_permission": "0777",
            "filename": "madlibs/madlibs-37.txt",
            "id": "1b14c790e4705f017fc56192461c1c7ce0a104b9",
            "sensitive_content": null,
            "source": null
          },
          "sensitive_attributes": [],
          "private": "bnVsbA==",
          "dependencies": [
            "random_shuffle.random_adjectives",
            "random_shuffle.random_adverbs",
            "random_shuffle.random_nouns",
            "random_shuffle.random_numbers",
            "random_shuffle.random_verbs"
          ]
        },
        {
          "index_key": 38,
          "schema_version": 0,
          "attributes": {
            "content": "HOW TO BE A PHOTOGRAPHER\n\nMany ABUNDANT photographers make big money\nphotographing SUNs and beautiful WALNUTSs. They sell the prints to THUNDERING magazines or to agencies who use them in VIOLIN advertisements. To be a photographer, you have to have a CAT camera. You also need an GRUMPY meter and filters and a special close-up SANDWICH. Then you either hire professional WALNUTSs or go out and snap candid pictures of ordinary JELLYFISHs. But if you want to have a career, you must study very DELICATELY for at least 101 years.\n",
            "content_base64": null,
            "directory_permission": "0777",
            "file_permission": "0777",
            "filename": "madlibs/madlibs-38.txt",
            "id": "d19224001cc09fee700831cb4f0b63badd7b1e1e",
            "sensitive_content": null,
            "source": null
          },
          "sensitive_attributes": [],
          "private": "bnVsbA==",
          "dependencies": [
            "random_shuffle.random_adjectives",
            "random_shuffle.random_adverbs",
            "random_shuffle.random_nouns",
            "random_shuffle.random_numbers",
            "random_shuffle.random_verbs"
          ]
        },
        {
          "index_key": 39,
          "schema_version": 0,
          "attributes": {
            "content": "ALICE'S UPSIDE-DOWN WORLD\n\nLewis Carroll's classic, \"Alice's Adventures in Wonderland\", as well as its GRUMPY sequel, \"Through the Looking CAT\", have enchanted both the young and old VIOLINs for the last 101 years, Alice's THUNDERING adventures begin\nwhen she RESPECTs down a/an ABUNDANT hole and lands in a strange and topsy-turvy ZEUS. There she discovers she can become a tall PANTHER or a small JELLYFISH simply by nibbling on alternate sides of a magic SANDWICH. In her travels through Wonderland, Alice BAKEDs such remarkable\ncharacters as the White SUN, the STICKY Hatter, the Cheshire MILK, and even the Queen of BANANAs. Unfortunately, Alice's adventures come to a/an BITTER end when Alice awakens from her BANANA.\n",
            "content_base64": null,
            "directory_permission": "0777",
            "file_permission": "0777",
            "filename": "madlibs/madlibs-39.txt",
            "id": "e27dea4be09def5ee7febc7f5cbc3f9b9474be1a",
            "sensitive_content": null,
            "source": null
          },
          "sensitive_attributes": [],
          "private": "bnVsbA==",
          "dependencies": [
            "random_shuffle.random_adjectives",
            "random_shuffle.random_adverbs",
            "random_shuffle.random_nouns",
            "random_shuffle.random_numbers",
            "random_shuffle.random_verbs"
          ]
        },
        {
          "index_key": 40,
          "schema_version": 0,
          "attributes": {
            "content": "THE OBSERVATORY\n\nOut class when on a field trip to a THUNDERING observatory. It was located on top of a ARMY, and it looked like a giant SANDWICH with a slit down its MILK. We went inside and looked through a JIGSAW and were able to see BANANAs in the sky that were millions of WALNUTSs away. The men and women who KICKED in the observatory are called JELLYFISHs, and they are always watching for comets, eclipses, and shooting PANTHERs. An eclipse occurs when a ZEUS comes between the earth and the SUN and everything\ngets GRUMPY. Next week, we place to RESPECT the Museum of Modern VIOLIN.\n",
            "content_base64": null,
            "directory_permission": "0777",
            "file_permission": "0777",
            "filename": "madlibs/madlibs-40.txt",
            "id": "b910f7542254c82d9968d2cee6b5498f46fa6973",
            "sensitive_content": null,
            "source": null
          },
          "sensitive_attributes": [],
          "private": "bnVsbA==",
          "dependencies": [
            "random_shuffle.random_adjectives",
            "random_shuffle.random_adverbs",
            "random_shuffle.random_nouns",
            "random_shuffle.random_numbers",
            "random_shuffle.random_verbs"
          ]
        },
        {
          "index_key": 41,
          "schema_version": 0,
          "attributes": {
            "content": "HOW TO BE A PHOTOGRAPHER\n\nMany STICKY photographers make big money\nphotographing SANDWICHs and beautiful JIGSAWs. They sell the prints to ABUNDANT magazines or to agencies who use them in ARMY advertisements. To be a photographer, you have to have a PANTHER camera. You also need an BITTER meter and filters and a special close-up ZEUS. Then you either hire professional JIGSAWs or go out and snap candid pictures of ordinary VIOLINs. But if you want to have a career, you must study very BEAUTIFULLY for at least 42 years.\n",
            "content_base64": null,
            "directory_permission": "0777",
            "file_permission": "0777",
            "filename": "madlibs/madlibs-41.txt",
            "id": "61f9ae71936de01a68927891f7b6bc0c26cf7414",
            "sensitive_content": null,
            "source": null
          },
          "sensitive_attributes": [],
          "private": "bnVsbA==",
          "dependencies": [
            "random_shuffle.random_adjectives",
            "random_shuffle.random_adverbs",
            "random_shuffle.random_nouns",
            "random_shuffle.random_numbers",
            "random_shuffle.random_verbs"
          ]
        },
        {
          "index_key": 42,
          "schema_version": 0,
          "attributes": {
            "content": "ALICE'S UPSIDE-DOWN WORLD\n\nLewis Carroll's classic, \"Alice's Adventures in Wonderland\", as well as its ABUNDANT sequel, \"Through the Looking VIOLIN\", have enchanted both the young and old BANANAs for the last 101 years, Alice's STICKY adventures begin\nwhen she DANCEs down a/an THUNDERING hole and lands in a strange and topsy-turvy MILK. There she discovers she can become a tall ZEUS or a small SANDWICH simply by nibbling on alternate sides of a magic JIGSAW. In her travels through Wonderland, Alice RUNs such remarkable\ncharacters as the White CAT, the CHUBBY Hatter, the Cheshire WALNUTS, and even the Queen of SUNs. Unfortunately, Alice's adventures come to a/an BITTER end when Alice awakens from her SUN.\n",
            "content_base64": null,
            "directory_permission": "0777",
            "file_permission": "0777",
            "filename": "madlibs/madlibs-42.txt",
            "id": "4dd27c420f05d9f51a308aad10d5fe7fcf8f50af",
            "sensitive_content": null,
            "source": null
          },
          "sensitive_attributes": [],
          "private": "bnVsbA==",
          "dependencies": [
            "random_shuffle.random_adjectives",
            "random_shuffle.random_adverbs",
            "random_shuffle.random_nouns",
            "random_shuffle.random_numbers",
            "random_shuffle.random_verbs"
          ]
        },
        {
          "index_key": 43,
          "schema_version": 0,
          "attributes": {
            "content": "THE OBSERVATORY\n\nOut class when on a field trip to a THUNDERING observatory. It was located on top of a ZEUS, and it looked like a giant CAT with a slit down its SUN. We went inside and looked through a JELLYFISH and were able to see MILKs in the sky that were millions of JIGSAWs away. The men and women who LOVE in the observatory are called ARMYs, and they are always watching for comets, eclipses, and shooting VIOLINs. An eclipse occurs when a BANANA comes between the earth and the PANTHER and everything\ngets ABUNDANT. Next week, we place to BAKED the Museum of Modern WALNUTS.\n",
            "content_base64": null,
            "directory_permission": "0777",
            "file_permission": "0777",
            "filename": "madlibs/madlibs-43.txt",
            "id": "8bf1cf66447ad80b40d54a7136313b37ad99f075",
            "sensitive_content": null,
            "source": null
          },
          "sensitive_attributes": [],
          "private": "bnVsbA==",
          "dependencies": [
            "random_shuffle.random_adjectives",
            "random_shuffle.random_adverbs",
            "random_shuffle.random_nouns",
            "random_shuffle.random_numbers",
            "random_shuffle.random_verbs"
          ]
        },
        {
          "index_key": 44,
          "schema_version": 0,
          "attributes": {
            "content": "HOW TO BE A PHOTOGRAPHER\n\nMany BITTER photographers make big money\nphotographing ARMYs and beautiful MILKs. They sell the prints to STICKY magazines or to agencies who use them in BANANA advertisements. To be a photographer, you have to have a PANTHER camera. You also need an ABUNDANT meter and filters and a special close-up CAT. Then you either hire professional MILKs or go out and snap candid pictures of ordinary WALNUTSs. But if you want to have a career, you must study very TRUTHFULLY for at least 0 years.\n",
            "content_base64": null,
            "directory_permission": "0777",
            "file_permission": "0777",
            "filename": "madlibs/madlibs-44.txt",
            "id": "3022166750f21943f44f432d7f8ac192280078b0",
            "sensitive_content": null,
            "source": null
          },
          "sensitive_attributes": [],
          "private": "bnVsbA==",
          "dependencies": [
            "random_shuffle.random_adjectives",
            "random_shuffle.random_adverbs",
            "random_shuffle.random_nouns",
            "random_shuffle.random_numbers",
            "random_shuffle.random_verbs"
          ]
        },
        {
          "index_key": 45,
          "schema_version": 0,
          "attributes": {
            "content": "ALICE'S UPSIDE-DOWN WORLD\n\nLewis Carroll's classic, \"Alice's Adventures in Wonderland\", as well as its STICKY sequel, \"Through the Looking MILK\", have enchanted both the young and old VIOLINs for the last 27 years, Alice's BITTER adventures begin\nwhen she DANCEs down a/an CHUBBY hole and lands in a strange and topsy-turvy CAT. There she discovers she can become a tall SANDWICH or a small JELLYFISH simply by nibbling on alternate sides of a magic PANTHER. In her travels through Wonderland, Alice LOVEs such remarkable\ncharacters as the White BANANA, the ABUNDANT Hatter, the Cheshire ZEUS, and even the Queen of JIGSAWs. Unfortunately, Alice's adventures come to a/an THUNDERING end when Alice awakens from her JIGSAW.\n",
            "content_base64": null,
            "directory_permission": "0777",
            "file_permission": "0777",
            "filename": "madlibs/madlibs-45.txt",
            "id": "5cabc05553f59941716b43bcd8d83105d1779688",
            "sensitive_content": null,
            "source": null
          },
          "sensitive_attributes": [],
          "private": "bnVsbA==",
          "dependencies": [
            "random_shuffle.random_adjectives",
            "random_shuffle.random_adverbs",
            "random_shuffle.random_nouns",
            "random_shuffle.random_numbers",
            "random_shuffle.random_verbs"
          ]
        },
        {
          "index_key": 46,
          "schema_version": 0,
          "attributes": {
            "content": "THE OBSERVATORY\n\nOut class when on a field trip to a CHUBBY observatory. It was located on top of a BANANA, and it looked like a giant MILK with a slit down its WALNUTS. We went inside and looked through a JELLYFISH and were able to see CATs in the sky that were millions of VIOLINs away. The men and women who BAKED in the observatory are called SANDWICHs, and they are always watching for comets, eclipses, and shooting ZEUSs. An eclipse occurs when a JIGSAW comes between the earth and the ARMY and everything\ngets THUNDERING. Next week, we place to RUN the Museum of Modern SUN.\n",
            "content_base64": null,
            "directory_permission": "0777",
            "file_permission": "0777",
            "filename": "madlibs/madlibs-46.txt",
            "id": "f208bd2a77dd461d77900de466e8c3be5c22050f",
            "sensitive_content": null,
            "source": null
          },
          "sensitive_attributes": [],
          "private": "bnVsbA==",
          "dependencies": [
            "random_shuffle.random_adjectives",
            "random_shuffle.random_adverbs",
            "random_shuffle.random_nouns",
            "random_shuffle.random_numbers",
            "random_shuffle.random_verbs"
          ]
        },
        {
          "index_key": 47,
          "schema_version": 0,
          "attributes": {
            "content": "HOW TO BE A PHOTOGRAPHER\n\nMany STICKY photographers make big money\nphotographing JELLYFISHs and beautiful MILKs. They sell the prints to BITTER magazines or to agencies who use them in BANANA advertisements. To be a photographer, you have to have a SUN camera. You also need an THUNDERING meter and filters and a special close-up PANTHER. Then you either hire professional MILKs or go out and snap candid pictures of ordinary ARMYs. But if you want to have a career, you must study very DELICATELY for at least 42 years.\n",
            "content_base64": null,
            "directory_permission": "0777",
            "file_permission": "0777",
            "filename": "madlibs/madlibs-47.txt",
            "id": "dd0a282e7fcd24f3481e7a057291b30429392d5b",
            "sensitive_content": null,
            "source": null
          },
          "sensitive_attributes": [],
          "private": "bnVsbA==",
          "dependencies": [
            "random_shuffle.random_adjectives",
            "random_shuffle.random_adverbs",
            "random_shuffle.random_nouns",
            "random_shuffle.random_numbers",
            "random_shuffle.random_verbs"
          ]
        },
        {
          "index_key": 48,
          "schema_version": 0,
          "attributes": {
            "content": "ALICE'S UPSIDE-DOWN WORLD\n\nLewis Carroll's classic, \"Alice's Adventures in Wonderland\", as well as its THUNDERING sequel, \"Through the Looking BANANA\", have enchanted both the young and old ARMYs for the last 27 years, Alice's BITTER adventures begin\nwhen she RESPECTs down a/an CHUBBY hole and lands in a strange and topsy-turvy WALNUTS. There she discovers she can become a tall ZEUS or a small SUN simply by nibbling on alternate sides of a magic VIOLIN. In her travels through Wonderland, Alice KICKEDs such remarkable\ncharacters as the White PANTHER, the GRUMPY Hatter, the Cheshire JIGSAW, and even the Queen of MILKs. Unfortunately, Alice's adventures come to a/an ABUNDANT end when Alice awakens from her MILK.\n",
            "content_base64": null,
            "directory_permission": "0777",
            "file_permission": "0777",
            "filename": "madlibs/madlibs-48.txt",
            "id": "f391441f302f45bcb98cb4214027bd4651532b4e",
            "sensitive_content": null,
            "source": null
          },
          "sensitive_attributes": [],
          "private": "bnVsbA==",
          "dependencies": [
            "random_shuffle.random_adjectives",
            "random_shuffle.random_adverbs",
            "random_shuffle.random_nouns",
            "random_shuffle.random_numbers",
            "random_shuffle.random_verbs"
          ]
        },
        {
          "index_key": 49,
          "schema_version": 0,
          "attributes": {
            "content": "THE OBSERVATORY\n\nOut class when on a field trip to a STICKY observatory. It was located on top of a BANANA, and it looked like a giant JELLYFISH with a slit down its WALNUTS. We went inside and looked through a SANDWICH and were able to see SUNs in the sky that were millions of CATs away. The men and women who RUN in the observatory are called VIOLINs, and they are always watching for comets, eclipses, and shooting ARMYs. An eclipse occurs when a ZEUS comes between the earth and the PANTHER and everything\ngets THUNDERING. Next week, we place to DANCE the Museum of Modern MILK.\n",
            "content_base64": null,
            "directory_permission": "0777",
            "file_permission": "0777",
            "filename": "madlibs/madlibs-49.txt",
            "id": "6e37808717c7b01ff698b5ab9478ca2d01c240c4",
            "sensitive_content": null,
            "source": null
          },
          "sensitive_attributes": [],
          "private": "bnVsbA==",
          "dependencies": [
            "random_shuffle.random_adjectives",
            "random_shuffle.random_adverbs",
            "random_shuffle.random_nouns",
            "random_shuffle.random_numbers",
            "random_shuffle.random_verbs"
          ]
        },
        {
          "index_key": 50,
          "schema_version": 0,
          "attributes": {
            "content": "HOW TO BE A PHOTOGRAPHER\n\nMany ABUNDANT photographers make big money\nphotographing JIGSAWs and beautiful JELLYFISHs. They sell the prints to STICKY magazines or to agencies who use them in SANDWICH advertisements. To be a photographer, you have to have a PANTHER camera. You also need an CHUBBY meter and filters and a special close-up VIOLIN. Then you either hire professional JELLYFISHs or go out and snap candid pictures of ordinary ARMYs. But if you want to have a career, you must study very QUICKLY for at least 42 years.\n",
            "content_base64": null,
            "directory_permission": "0777",
            "file_permission": "0777",
            "filename": "madlibs/madlibs-50.txt",
            "id": "eaa0e23531fa3381d3daed542c536ed0673fd73f",
            "sensitive_content": null,
            "source": null
          },
          "sensitive_attributes": [],
          "private": "bnVsbA==",
          "dependencies": [
            "random_shuffle.random_adjectives",
            "random_shuffle.random_adverbs",
            "random_shuffle.random_nouns",
            "random_shuffle.random_numbers",
            "random_shuffle.random_verbs"
          ]
        },
        {
          "index_key": 51,
          "schema_version": 0,
          "attributes": {
            "content": "ALICE'S UPSIDE-DOWN WORLD\n\nLewis Carroll's classic, \"Alice's Adventures in Wonderland\", as well as its BITTER sequel, \"Through the Looking JELLYFISH\", have enchanted both the young and old ZEUSs for the last 42 years, Alice's STICKY adventures begin\nwhen she BAKEDs down a/an GRUMPY hole and lands in a strange and topsy-turvy VIOLIN. There she discovers she can become a tall JIGSAW or a small BANANA simply by nibbling on alternate sides of a magic WALNUTS. In her travels through Wonderland, Alice KICKEDs such remarkable\ncharacters as the White ARMY, the THUNDERING Hatter, the Cheshire CAT, and even the Queen of SUNs. Unfortunately, Alice's adventures come to a/an ABUNDANT end when Alice awakens from her SUN.\n",
            "content_base64": null,
            "directory_permission": "0777",
            "file_permission": "0777",
            "filename": "madlibs/madlibs-51.txt",
            "id": "d026a8543dc6a4e42da41b6020b9d006a9738de0",
            "sensitive_content": null,
            "source": null
          },
          "sensitive_attributes": [],
          "private": "bnVsbA==",
          "dependencies": [
            "random_shuffle.random_adjectives",
            "random_shuffle.random_adverbs",
            "random_shuffle.random_nouns",
            "random_shuffle.random_numbers",
            "random_shuffle.random_verbs"
          ]
        },
        {
          "index_key": 52,
          "schema_version": 0,
          "attributes": {
            "content": "THE OBSERVATORY\n\nOut class when on a field trip to a BITTER observatory. It was located on top of a MILK, and it looked like a giant SUN with a slit down its SANDWICH. We went inside and looked through a WALNUTS and were able to see VIOLINs in the sky that were millions of JIGSAWs away. The men and women who LOVE in the observatory are called PANTHERs, and they are always watching for comets, eclipses, and shooting ARMYs. An eclipse occurs when a ZEUS comes between the earth and the CAT and everything\ngets STICKY. Next week, we place to BAKED the Museum of Modern BANANA.\n",
            "content_base64": null,
            "directory_permission": "0777",
            "file_permission": "0777",
            "filename": "madlibs/madlibs-52.txt",
            "id": "209ec58ae89916a32a421bdd1a824ac080c0af52",
            "sensitive_content": null,
            "source": null
          },
          "sensitive_attributes": [],
          "private": "bnVsbA==",
          "dependencies": [
            "random_shuffle.random_adjectives",
            "random_shuffle.random_adverbs",
            "random_shuffle.random_nouns",
            "random_shuffle.random_numbers",
            "random_shuffle.random_verbs"
          ]
        },
        {
          "index_key": 53,
          "schema_version": 0,
          "attributes": {
            "content": "HOW TO BE A PHOTOGRAPHER\n\nMany GRUMPY photographers make big money\nphotographing JELLYFISHs and beautiful JIGSAWs. They sell the prints to CHUBBY magazines or to agencies who use them in SANDWICH advertisements. To be a photographer, you have to have a PANTHER camera. You also need an STICKY meter and filters and a special close-up CAT. Then you either hire professional JIGSAWs or go out and snap candid pictures of ordinary WALNUTSs. But if you want to have a career, you must study very QUICKLY for at least 101 years.\n",
            "content_base64": null,
            "directory_permission": "0777",
            "file_permission": "0777",
            "filename": "madlibs/madlibs-53.txt",
            "id": "dff36f8deca7b6523f288dc9e9db8630b81feac1",
            "sensitive_content": null,
            "source": null
          },
          "sensitive_attributes": [],
          "private": "bnVsbA==",
          "dependencies": [
            "random_shuffle.random_adjectives",
            "random_shuffle.random_adverbs",
            "random_shuffle.random_nouns",
            "random_shuffle.random_numbers",
            "random_shuffle.random_verbs"
          ]
        },
        {
          "index_key": 54,
          "schema_version": 0,
          "attributes": {
            "content": "ALICE'S UPSIDE-DOWN WORLD\n\nLewis Carroll's classic, \"Alice's Adventures in Wonderland\", as well as its STICKY sequel, \"Through the Looking ZEUS\", have enchanted both the young and old WALNUTSs for the last 73 years, Alice's ABUNDANT adventures begin\nwhen she RESPECTs down a/an GRUMPY hole and lands in a strange and topsy-turvy JIGSAW. There she discovers she can become a tall ARMY or a small SUN simply by nibbling on alternate sides of a magic CAT. In her travels through Wonderland, Alice BAKEDs such remarkable\ncharacters as the White VIOLIN, the BITTER Hatter, the Cheshire PANTHER, and even the Queen of SANDWICHs. Unfortunately, Alice's adventures come to a/an CHUBBY end when Alice awakens from her SANDWICH.\n",
            "content_base64": null,
            "directory_permission": "0777",
            "file_permission": "0777",
            "filename": "madlibs/madlibs-54.txt",
            "id": "2f12c916ffc66eed6eb0a1dc3c610c50793e379e",
            "sensitive_content": null,
            "source": null
          },
          "sensitive_attributes": [],
          "private": "bnVsbA==",
          "dependencies": [
            "random_shuffle.random_adjectives",
            "random_shuffle.random_adverbs",
            "random_shuffle.random_nouns",
            "random_shuffle.random_numbers",
            "random_shuffle.random_verbs"
          ]
        },
        {
          "index_key": 55,
          "schema_version": 0,
          "attributes": {
            "content": "THE OBSERVATORY\n\nOut class when on a field trip to a BITTER observatory. It was located on top of a BANANA, and it looked like a giant CAT with a slit down its VIOLIN. We went inside and looked through a ZEUS and were able to see JELLYFISHs in the sky that were millions of MILKs away. The men and women who DANCE in the observatory are called SANDWICHs, and they are always watching for comets, eclipses, and shooting SUNs. An eclipse occurs when a PANTHER comes between the earth and the JIGSAW and everything\ngets GRUMPY. Next week, we place to RESPECT the Museum of Modern ARMY.\n",
            "content_base64": null,
            "directory_permission": "0777",
            "file_permission": "0777",
            "filename": "madlibs/madlibs-55.txt",
            "id": "cab76e815caea19d56be02a5ec1e15d2e78a3aab",
            "sensitive_content": null,
            "source": null
          },
          "sensitive_attributes": [],
          "private": "bnVsbA==",
          "dependencies": [
            "random_shuffle.random_adjectives",
            "random_shuffle.random_adverbs",
            "random_shuffle.random_nouns",
            "random_shuffle.random_numbers",
            "random_shuffle.random_verbs"
          ]
        },
        {
          "index_key": 56,
          "schema_version": 0,
          "attributes": {
            "content": "HOW TO BE A PHOTOGRAPHER\n\nMany GRUMPY photographers make big money\nphotographing SUNs and beautiful JIGSAWs. They sell the prints to THUNDERING magazines or to agencies who use them in ARMY advertisements. To be a photographer, you have to have a BANANA camera. You also need an BITTER meter and filters and a special close-up MILK. Then you either hire professional JIGSAWs or go out and snap candid pictures of ordinary ZEUSs. But if you want to have a career, you must study very TRUTHFULLY for at least 27 years.\n",
            "content_base64": null,
            "directory_permission": "0777",
            "file_permission": "0777",
            "filename": "madlibs/madlibs-56.txt",
            "id": "c76466567d497c62e1f266a6408c100cd4632450",
            "sensitive_content": null,
            "source": null
          },
          "sensitive_attributes": [],
          "private": "bnVsbA==",
          "dependencies": [
            "random_shuffle.random_adjectives",
            "random_shuffle.random_adverbs",
            "random_shuffle.random_nouns",
            "random_shuffle.random_numbers",
            "random_shuffle.random_verbs"
          ]
        },
        {
          "index_key": 57,
          "schema_version": 0,
          "attributes": {
            "content": "ALICE'S UPSIDE-DOWN WORLD\n\nLewis Carroll's classic, \"Alice's Adventures in Wonderland\", as well as its CHUBBY sequel, \"Through the Looking JELLYFISH\", have enchanted both the young and old BANANAs for the last -5 years, Alice's GRUMPY adventures begin\nwhen she RUNs down a/an THUNDERING hole and lands in a strange and topsy-turvy JIGSAW. There she discovers she can become a tall VIOLIN or a small WALNUTS simply by nibbling on alternate sides of a magic PANTHER. In her travels through Wonderland, Alice KICKEDs such remarkable\ncharacters as the White ZEUS, the BITTER Hatter, the Cheshire SANDWICH, and even the Queen of SUNs. Unfortunately, Alice's adventures come to a/an ABUNDANT end when Alice awakens from her SUN.\n",
            "content_base64": null,
            "directory_permission": "0777",
            "file_permission": "0777",
            "filename": "madlibs/madlibs-57.txt",
            "id": "b4585632a98bf3d8e5d89c7bfae62723b572ebf3",
            "sensitive_content": null,
            "source": null
          },
          "sensitive_attributes": [],
          "private": "bnVsbA==",
          "dependencies": [
            "random_shuffle.random_adjectives",
            "random_shuffle.random_adverbs",
            "random_shuffle.random_nouns",
            "random_shuffle.random_numbers",
            "random_shuffle.random_verbs"
          ]
        },
        {
          "index_key": 58,
          "schema_version": 0,
          "attributes": {
            "content": "THE OBSERVATORY\n\nOut class when on a field trip to a THUNDERING observatory. It was located on top of a VIOLIN, and it looked like a giant BANANA with a slit down its ARMY. We went inside and looked through a MILK and were able to see SANDWICHs in the sky that were millions of SUNs away. The men and women who KICKED in the observatory are called JELLYFISHs, and they are always watching for comets, eclipses, and shooting CATs. An eclipse occurs when a ZEUS comes between the earth and the JIGSAW and everything\ngets CHUBBY. Next week, we place to BAKED the Museum of Modern WALNUTS.\n",
            "content_base64": null,
            "directory_permission": "0777",
            "file_permission": "0777",
            "filename": "madlibs/madlibs-58.txt",
            "id": "d0377f30d832d6ed9b24a7482e7a87c8d1c7dff0",
            "sensitive_content": null,
            "source": null
          },
          "sensitive_attributes": [],
          "private": "bnVsbA==",
          "dependencies": [
            "random_shuffle.random_adjectives",
            "random_shuffle.random_adverbs",
            "random_shuffle.random_nouns",
            "random_shuffle.random_numbers",
            "random_shuffle.random_verbs"
          ]
        },
        {
          "index_key": 59,
          "schema_version": 0,
          "attributes": {
            "content": "HOW TO BE A PHOTOGRAPHER\n\nMany CHUBBY photographers make big money\nphotographing JIGSAWs and beautiful WALNUTSs. They sell the prints to GRUMPY magazines or to agencies who use them in VIOLIN advertisements. To be a photographer, you have to have a ARMY camera. You also need an THUNDERING meter and filters and a special close-up PANTHER. Then you either hire professional WALNUTSs or go out and snap candid pictures of ordinary SUNs. But if you want to have a career, you must study very QUICKLY for at least 42 years.\n",
            "content_base64": null,
            "directory_permission": "0777",
            "file_permission": "0777",
            "filename": "madlibs/madlibs-59.txt",
            "id": "48edb4954e3cb9f941f0c117535fcd46dd611253",
            "sensitive_content": null,
            "source": null
          },
          "sensitive_attributes": [],
          "private": "bnVsbA==",
          "dependencies": [
            "random_shuffle.random_adjectives",
            "random_shuffle.random_adverbs",
            "random_shuffle.random_nouns",
            "random_shuffle.random_numbers",
            "random_shuffle.random_verbs"
          ]
        },
        {
          "index_key": 60,
          "schema_version": 0,
          "attributes": {
            "content": "ALICE'S UPSIDE-DOWN WORLD\n\nLewis Carroll's classic, \"Alice's Adventures in Wonderland\", as well as its CHUBBY sequel, \"Through the Looking SUN\", have enchanted both the young and old ARMYs for the last 73 years, Alice's BITTER adventures begin\nwhen she LOVEs down a/an GRUMPY hole and lands in a strange and topsy-turvy CAT. There she discovers she can become a tall PANTHER or a small WALNUTS simply by nibbling on alternate sides of a magic MILK. In her travels through Wonderland, Alice DANCEs such remarkable\ncharacters as the White BANANA, the THUNDERING Hatter, the Cheshire ZEUS, and even the Queen of SANDWICHs. Unfortunately, Alice's adventures come to a/an ABUNDANT end when Alice awakens from her SANDWICH.\n",
            "content_base64": null,
            "directory_permission": "0777",
            "file_permission": "0777",
            "filename": "madlibs/madlibs-60.txt",
            "id": "192451491b748cec34defa49147084456f7f184a",
            "sensitive_content": null,
            "source": null
          },
          "sensitive_attributes": [],
          "private": "bnVsbA==",
          "dependencies": [
            "random_shuffle.random_adjectives",
            "random_shuffle.random_adverbs",
            "random_shuffle.random_nouns",
            "random_shuffle.random_numbers",
            "random_shuffle.random_verbs"
          ]
        },
        {
          "index_key": 61,
          "schema_version": 0,
          "attributes": {
            "content": "THE OBSERVATORY\n\nOut class when on a field trip to a GRUMPY observatory. It was located on top of a ARMY, and it looked like a giant JELLYFISH with a slit down its SUN. We went inside and looked through a PANTHER and were able to see MILKs in the sky that were millions of JIGSAWs away. The men and women who BAKED in the observatory are called BANANAs, and they are always watching for comets, eclipses, and shooting SANDWICHs. An eclipse occurs when a WALNUTS comes between the earth and the VIOLIN and everything\ngets ABUNDANT. Next week, we place to LOVE the Museum of Modern CAT.\n",
            "content_base64": null,
            "directory_permission": "0777",
            "file_permission": "0777",
            "filename": "madlibs/madlibs-61.txt",
            "id": "a560e63d9558d42f2df4c7c6fbd1f3b1f63e75e7",
            "sensitive_content": null,
            "source": null
          },
          "sensitive_attributes": [],
          "private": "bnVsbA==",
          "dependencies": [
            "random_shuffle.random_adjectives",
            "random_shuffle.random_adverbs",
            "random_shuffle.random_nouns",
            "random_shuffle.random_numbers",
            "random_shuffle.random_verbs"
          ]
        },
        {
          "index_key": 62,
          "schema_version": 0,
          "attributes": {
            "content": "HOW TO BE A PHOTOGRAPHER\n\nMany GRUMPY photographers make big money\nphotographing JIGSAWs and beautiful ARMYs. They sell the prints to ABUNDANT magazines or to agencies who use them in MILK advertisements. To be a photographer, you have to have a WALNUTS camera. You also need an BITTER meter and filters and a special close-up SANDWICH. Then you either hire professional ARMYs or go out and snap candid pictures of ordinary JELLYFISHs. But if you want to have a career, you must study very QUICKLY for at least 101 years.\n",
            "content_base64": null,
            "directory_permission": "0777",
            "file_permission": "0777",
            "filename": "madlibs/madlibs-62.txt",
            "id": "3e6161b737a9ff1e347e39823b11d7eae8000fbf",
            "sensitive_content": null,
            "source": null
          },
          "sensitive_attributes": [],
          "private": "bnVsbA==",
          "dependencies": [
            "random_shuffle.random_adjectives",
            "random_shuffle.random_adverbs",
            "random_shuffle.random_nouns",
            "random_shuffle.random_numbers",
            "random_shuffle.random_verbs"
          ]
        },
        {
          "index_key": 63,
          "schema_version": 0,
          "attributes": {
            "content": "ALICE'S UPSIDE-DOWN WORLD\n\nLewis Carroll's classic, \"Alice's Adventures in Wonderland\", as well as its GRUMPY sequel, \"Through the Looking PANTHER\", have enchanted both the young and old SANDWICHs for the last 27 years, Alice's THUNDERING adventures begin\nwhen she DANCEs down a/an CHUBBY hole and lands in a strange and topsy-turvy JELLYFISH. There she discovers she can become a tall WALNUTS or a small JIGSAW simply by nibbling on alternate sides of a magic MILK. In her travels through Wonderland, Alice LOVEs such remarkable\ncharacters as the White BANANA, the ABUNDANT Hatter, the Cheshire ZEUS, and even the Queen of ARMYs. Unfortunately, Alice's adventures come to a/an BITTER end when Alice awakens from her ARMY.\n",
            "content_base64": null,
            "directory_permission": "0777",
            "file_permission": "0777",
            "filename": "madlibs/madlibs-63.txt",
            "id": "1c4a66f422ab3fedf36c66ba4805f760c67e85a6",
            "sensitive_content": null,
            "source": null
          },
          "sensitive_attributes": [],
          "private": "bnVsbA==",
          "dependencies": [
            "random_shuffle.random_adjectives",
            "random_shuffle.random_adverbs",
            "random_shuffle.random_nouns",
            "random_shuffle.random_numbers",
            "random_shuffle.random_verbs"
          ]
        },
        {
          "index_key": 64,
          "schema_version": 0,
          "attributes": {
            "content": "THE OBSERVATORY\n\nOut class when on a field trip to a THUNDERING observatory. It was located on top of a WALNUTS, and it looked like a giant BANANA with a slit down its VIOLIN. We went inside and looked through a JIGSAW and were able to see CATs in the sky that were millions of PANTHERs away. The men and women who LOVE in the observatory are called SUNs, and they are always watching for comets, eclipses, and shooting JELLYFISHs. An eclipse occurs when a SANDWICH comes between the earth and the MILK and everything\ngets CHUBBY. Next week, we place to RESPECT the Museum of Modern ARMY.\n",
            "content_base64": null,
            "directory_permission": "0777",
            "file_permission": "0777",
            "filename": "madlibs/madlibs-64.txt",
            "id": "cd2b8297e3e314eb6623387d4425977f0c979a7a",
            "sensitive_content": null,
            "source": null
          },
          "sensitive_attributes": [],
          "private": "bnVsbA==",
          "dependencies": [
            "random_shuffle.random_adjectives",
            "random_shuffle.random_adverbs",
            "random_shuffle.random_nouns",
            "random_shuffle.random_numbers",
            "random_shuffle.random_verbs"
          ]
        },
        {
          "index_key": 65,
          "schema_version": 0,
          "attributes": {
            "content": "HOW TO BE A PHOTOGRAPHER\n\nMany CHUBBY photographers make big money\nphotographing SANDWICHs and beautiful VIOLINs. They sell the prints to GRUMPY magazines or to agencies who use them in BANANA advertisements. To be a photographer, you have to have a MILK camera. You also need an STICKY meter and filters and a special close-up WALNUTS. Then you either hire professional VIOLINs or go out and snap candid pictures of ordinary JIGSAWs. But if you want to have a career, you must study very QUICKLY for at least 73 years.\n",
            "content_base64": null,
            "directory_permission": "0777",
            "file_permission": "0777",
            "filename": "madlibs/madlibs-65.txt",
            "id": "0be42b47af26c00f6e6305b5d4f97f2178255815",
            "sensitive_content": null,
            "source": null
          },
          "sensitive_attributes": [],
          "private": "bnVsbA==",
          "dependencies": [
            "random_shuffle.random_adjectives",
            "random_shuffle.random_adverbs",
            "random_shuffle.random_nouns",
            "random_shuffle.random_numbers",
            "random_shuffle.random_verbs"
          ]
        },
        {
          "index_key": 66,
          "schema_version": 0,
          "attributes": {
            "content": "ALICE'S UPSIDE-DOWN WORLD\n\nLewis Carroll's classic, \"Alice's Adventures in Wonderland\", as well as its THUNDERING sequel, \"Through the Looking BANANA\", have enchanted both the young and old SUNs for the last -5 years, Alice's GRUMPY adventures begin\nwhen she KICKEDs down a/an CHUBBY hole and lands in a strange and topsy-turvy JIGSAW. There she discovers she can become a tall MILK or a small ZEUS simply by nibbling on alternate sides of a magic SANDWICH. In her travels through Wonderland, Alice RESPECTs such remarkable\ncharacters as the White CAT, the ABUNDANT Hatter, the Cheshire ARMY, and even the Queen of WALNUTSs. Unfortunately, Alice's adventures come to a/an BITTER end when Alice awakens from her WALNUTS.\n",
            "content_base64": null,
            "directory_permission": "0777",
            "file_permission": "0777",
            "filename": "madlibs/madlibs-66.txt",
            "id": "b33a61f74616b67ced35156fecd74cdf3aab6634",
            "sensitive_content": null,
            "source": null
          },
          "sensitive_attributes": [],
          "private": "bnVsbA==",
          "dependencies": [
            "random_shuffle.random_adjectives",
            "random_shuffle.random_adverbs",
            "random_shuffle.random_nouns",
            "random_shuffle.random_numbers",
            "random_shuffle.random_verbs"
          ]
        },
        {
          "index_key": 67,
          "schema_version": 0,
          "attributes": {
            "content": "THE OBSERVATORY\n\nOut class when on a field trip to a BITTER observatory. It was located on top of a BANANA, and it looked like a giant SANDWICH with a slit down its MILK. We went inside and looked through a ARMY and were able to see JELLYFISHs in the sky that were millions of ZEUSs away. The men and women who LOVE in the observatory are called CATs, and they are always watching for comets, eclipses, and shooting JIGSAWs. An eclipse occurs when a SUN comes between the earth and the VIOLIN and everything\ngets ABUNDANT. Next week, we place to RUN the Museum of Modern WALNUTS.\n",
            "content_base64": null,
            "directory_permission": "0777",
            "file_permission": "0777",
            "filename": "madlibs/madlibs-67.txt",
            "id": "b8d6a4325be93e9beedc0c33544ec441640aa983",
            "sensitive_content": null,
            "source": null
          },
          "sensitive_attributes": [],
          "private": "bnVsbA==",
          "dependencies": [
            "random_shuffle.random_adjectives",
            "random_shuffle.random_adverbs",
            "random_shuffle.random_nouns",
            "random_shuffle.random_numbers",
            "random_shuffle.random_verbs"
          ]
        },
        {
          "index_key": 68,
          "schema_version": 0,
          "attributes": {
            "content": "HOW TO BE A PHOTOGRAPHER\n\nMany BITTER photographers make big money\nphotographing PANTHERs and beautiful ZEUSs. They sell the prints to STICKY magazines or to agencies who use them in SUN advertisements. To be a photographer, you have to have a MILK camera. You also need an THUNDERING meter and filters and a special close-up SANDWICH. Then you either hire professional ZEUSs or go out and snap candid pictures of ordinary CATs. But if you want to have a career, you must study very TRUTHFULLY for at least 101 years.\n",
            "content_base64": null,
            "directory_permission": "0777",
            "file_permission": "0777",
            "filename": "madlibs/madlibs-68.txt",
            "id": "e5c9130161b9b3c413bd2a9037970718f1dc5469",
            "sensitive_content": null,
            "source": null
          },
          "sensitive_attributes": [],
          "private": "bnVsbA==",
          "dependencies": [
            "random_shuffle.random_adjectives",
            "random_shuffle.random_adverbs",
            "random_shuffle.random_nouns",
            "random_shuffle.random_numbers",
            "random_shuffle.random_verbs"
          ]
        },
        {
          "index_key": 69,
          "schema_version": 0,
          "attributes": {
            "content": "ALICE'S UPSIDE-DOWN WORLD\n\nLewis Carroll's classic, \"Alice's Adventures in Wonderland\", as well as its THUNDERING sequel, \"Through the Looking ARMY\", have enchanted both the young and old PANTHERs for the last 0 years, Alice's ABUNDANT adventures begin\nwhen she BAKEDs down a/an BITTER hole and lands in a strange and topsy-turvy SANDWICH. There she discovers she can become a tall WALNUTS or a small JIGSAW simply by nibbling on alternate sides of a magic SUN. In her travels through Wonderland, Alice RESPECTs such remarkable\ncharacters as the White VIOLIN, the STICKY Hatter, the Cheshire BANANA, and even the Queen of JELLYFISHs. Unfortunately, Alice's adventures come to a/an GRUMPY end when Alice awakens from her JELLYFISH.\n",
            "content_base64": null,
            "directory_permission": "0777",
            "file_permission": "0777",
            "filename": "madlibs/madlibs-69.txt",
            "id": "96cf8523adcdbbef4b695aa9866d21eb1acb3640",
            "sensitive_content": null,
            "source": null
          },
          "sensitive_attributes": [],
          "private": "bnVsbA==",
          "dependencies": [
            "random_shuffle.random_adjectives",
            "random_shuffle.random_adverbs",
            "random_shuffle.random_nouns",
            "random_shuffle.random_numbers",
            "random_shuffle.random_verbs"
          ]
        },
        {
          "index_key": 70,
          "schema_version": 0,
          "attributes": {
            "content": "THE OBSERVATORY\n\nOut class when on a field trip to a THUNDERING observatory. It was located on top of a PANTHER, and it looked like a giant MILK with a slit down its SUN. We went inside and looked through a SANDWICH and were able to see JELLYFISHs in the sky that were millions of JIGSAWs away. The men and women who BAKED in the observatory are called WALNUTSs, and they are always watching for comets, eclipses, and shooting ARMYs. An eclipse occurs when a VIOLIN comes between the earth and the ZEUS and everything\ngets BITTER. Next week, we place to DANCE the Museum of Modern BANANA.\n",
            "content_base64": null,
            "directory_permission": "0777",
            "file_permission": "0777",
            "filename": "madlibs/madlibs-70.txt",
            "id": "9f9d75bae38b7d83eebc50c1d206875c9fcbb7a7",
            "sensitive_content": null,
            "source": null
          },
          "sensitive_attributes": [],
          "private": "bnVsbA==",
          "dependencies": [
            "random_shuffle.random_adjectives",
            "random_shuffle.random_adverbs",
            "random_shuffle.random_nouns",
            "random_shuffle.random_numbers",
            "random_shuffle.random_verbs"
          ]
        },
        {
          "index_key": 71,
          "schema_version": 0,
          "attributes": {
            "content": "HOW TO BE A PHOTOGRAPHER\n\nMany ABUNDANT photographers make big money\nphotographing ZEUSs and beautiful CATs. They sell the prints to BITTER magazines or to agencies who use them in JELLYFISH advertisements. To be a photographer, you have to have a VIOLIN camera. You also need an CHUBBY meter and filters and a special close-up BANANA. Then you either hire professional CATs or go out and snap candid pictures of ordinary WALNUTSs. But if you want to have a career, you must study very TRUTHFULLY for at least 27 years.\n",
            "content_base64": null,
            "directory_permission": "0777",
            "file_permission": "0777",
            "filename": "madlibs/madlibs-71.txt",
            "id": "8114876119be9531fdd5a76b250ddc3754d4cd0c",
            "sensitive_content": null,
            "source": null
          },
          "sensitive_attributes": [],
          "private": "bnVsbA==",
          "dependencies": [
            "random_shuffle.random_adjectives",
            "random_shuffle.random_adverbs",
            "random_shuffle.random_nouns",
            "random_shuffle.random_numbers",
            "random_shuffle.random_verbs"
          ]
        },
        {
          "index_key": 72,
          "schema_version": 0,
          "attributes": {
            "content": "ALICE'S UPSIDE-DOWN WORLD\n\nLewis Carroll's classic, \"Alice's Adventures in Wonderland\", as well as its BITTER sequel, \"Through the Looking ZEUS\", have enchanted both the young and old VIOLINs for the last 73 years, Alice's STICKY adventures begin\nwhen she RESPECTs down a/an ABUNDANT hole and lands in a strange and topsy-turvy SUN. There she discovers she can become a tall PANTHER or a small WALNUTS simply by nibbling on alternate sides of a magic JELLYFISH. In her travels through Wonderland, Alice LOVEs such remarkable\ncharacters as the White SANDWICH, the CHUBBY Hatter, the Cheshire BANANA, and even the Queen of ARMYs. Unfortunately, Alice's adventures come to a/an GRUMPY end when Alice awakens from her ARMY.\n",
            "content_base64": null,
            "directory_permission": "0777",
            "file_permission": "0777",
            "filename": "madlibs/madlibs-72.txt",
            "id": "9d59611c8f719320b50d6ef224010350a4e58aa0",
            "sensitive_content": null,
            "source": null
          },
          "sensitive_attributes": [],
          "private": "bnVsbA==",
          "dependencies": [
            "random_shuffle.random_adjectives",
            "random_shuffle.random_adverbs",
            "random_shuffle.random_nouns",
            "random_shuffle.random_numbers",
            "random_shuffle.random_verbs"
          ]
        },
        {
          "index_key": 73,
          "schema_version": 0,
          "attributes": {
            "content": "THE OBSERVATORY\n\nOut class when on a field trip to a ABUNDANT observatory. It was located on top of a ARMY, and it looked like a giant ZEUS with a slit down its CAT. We went inside and looked through a JELLYFISH and were able to see SUNs in the sky that were millions of MILKs away. The men and women who KICKED in the observatory are called VIOLINs, and they are always watching for comets, eclipses, and shooting WALNUTSs. An eclipse occurs when a JIGSAW comes between the earth and the PANTHER and everything\ngets GRUMPY. Next week, we place to LOVE the Museum of Modern BANANA.\n",
            "content_base64": null,
            "directory_permission": "0777",
            "file_permission": "0777",
            "filename": "madlibs/madlibs-73.txt",
            "id": "9809fde69cfc9c68e6a89d3f9ad0667a1ac6c637",
            "sensitive_content": null,
            "source": null
          },
          "sensitive_attributes": [],
          "private": "bnVsbA==",
          "dependencies": [
            "random_shuffle.random_adjectives",
            "random_shuffle.random_adverbs",
            "random_shuffle.random_nouns",
            "random_shuffle.random_numbers",
            "random_shuffle.random_verbs"
          ]
        },
        {
          "index_key": 74,
          "schema_version": 0,
          "attributes": {
            "content": "HOW TO BE A PHOTOGRAPHER\n\nMany ABUNDANT photographers make big money\nphotographing BANANAs and beautiful SUNs. They sell the prints to THUNDERING magazines or to agencies who use them in ZEUS advertisements. To be a photographer, you have to have a PANTHER camera. You also need an STICKY meter and filters and a special close-up VIOLIN. Then you either hire professional SUNs or go out and snap candid pictures of ordinary CATs. But if you want to have a career, you must study very QUICKLY for at least 101 years.\n",
            "content_base64": null,
            "directory_permission": "0777",
            "file_permission": "0777",
            "filename": "madlibs/madlibs-74.txt",
            "id": "a3f54bc8c0edd036ceea80e45c2e8d5a562e796f",
            "sensitive_content": null,
            "source": null
          },
          "sensitive_attributes": [],
          "private": "bnVsbA==",
          "dependencies": [
            "random_shuffle.random_adjectives",
            "random_shuffle.random_adverbs",
            "random_shuffle.random_nouns",
            "random_shuffle.random_numbers",
            "random_shuffle.random_verbs"
          ]
        },
        {
          "index_key": 75,
          "schema_version": 0,
          "attributes": {
            "content": "ALICE'S UPSIDE-DOWN WORLD\n\nLewis Carroll's classic, \"Alice's Adventures in Wonderland\", as well as its GRUMPY sequel, \"Through the Looking SUN\", have enchanted both the young and old CATs for the last 42 years, Alice's STICKY adventures begin\nwhen she KICKEDs down a/an ABUNDANT hole and lands in a strange and topsy-turvy JIGSAW. There she discovers she can become a tall MILK or a small VIOLIN simply by nibbling on alternate sides of a magic SANDWICH. In her travels through Wonderland, Alice DANCEs such remarkable\ncharacters as the White BANANA, the BITTER Hatter, the Cheshire WALNUTS, and even the Queen of ZEUSs. Unfortunately, Alice's adventures come to a/an CHUBBY end when Alice awakens from her ZEUS.\n",
            "content_base64": null,
            "directory_permission": "0777",
            "file_permission": "0777",
            "filename": "madlibs/madlibs-75.txt",
            "id": "3e641673740eab1b5c8552e9e54c6df631b89856",
            "sensitive_content": null,
            "source": null
          },
          "sensitive_attributes": [],
          "private": "bnVsbA==",
          "dependencies": [
            "random_shuffle.random_adjectives",
            "random_shuffle.random_adverbs",
            "random_shuffle.random_nouns",
            "random_shuffle.random_numbers",
            "random_shuffle.random_verbs"
          ]
        },
        {
          "index_key": 76,
          "schema_version": 0,
          "attributes": {
            "content": "THE OBSERVATORY\n\nOut class when on a field trip to a STICKY observatory. It was located on top of a CAT, and it looked like a giant JIGSAW with a slit down its JELLYFISH. We went inside and looked through a SUN and were able to see PANTHERs in the sky that were millions of WALNUTSs away. The men and women who RUN in the observatory are called VIOLINs, and they are always watching for comets, eclipses, and shooting ARMYs. An eclipse occurs when a SANDWICH comes between the earth and the BANANA and everything\ngets THUNDERING. Next week, we place to LOVE the Museum of Modern ZEUS.\n",
            "content_base64": null,
            "directory_permission": "0777",
            "file_permission": "0777",
            "filename": "madlibs/madlibs-76.txt",
            "id": "2641f3e5a7db410496b055a4f97a71f19a556a27",
            "sensitive_content": null,
            "source": null
          },
          "sensitive_attributes": [],
          "private": "bnVsbA==",
          "dependencies": [
            "random_shuffle.random_adjectives",
            "random_shuffle.random_adverbs",
            "random_shuffle.random_nouns",
            "random_shuffle.random_numbers",
            "random_shuffle.random_verbs"
          ]
        },
        {
          "index_key": 77,
          "schema_version": 0,
          "attributes": {
            "content": "HOW TO BE A PHOTOGRAPHER\n\nMany THUNDERING photographers make big money\nphotographing MILKs and beautiful CATs. They sell the prints to GRUMPY magazines or to agencies who use them in JIGSAW advertisements. To be a photographer, you have to have a ZEUS camera. You also need an BITTER meter and filters and a special close-up SUN. Then you either hire professional CATs or go out and snap candid pictures of ordinary VIOLINs. But if you want to have a career, you must study very DELICATELY for at least -5 years.\n",
            "content_base64": null,
            "directory_permission": "0777",
            "file_permission": "0777",
            "filename": "madlibs/madlibs-77.txt",
            "id": "386c86fcf8226d195d8aecd0512314abc72c5ff4",
            "sensitive_content": null,
            "source": null
          },
          "sensitive_attributes": [],
          "private": "bnVsbA==",
          "dependencies": [
            "random_shuffle.random_adjectives",
            "random_shuffle.random_adverbs",
            "random_shuffle.random_nouns",
            "random_shuffle.random_numbers",
            "random_shuffle.random_verbs"
          ]
        },
        {
          "index_key": 78,
          "schema_version": 0,
          "attributes": {
            "content": "ALICE'S UPSIDE-DOWN WORLD\n\nLewis Carroll's classic, \"Alice's Adventures in Wonderland\", as well as its GRUMPY sequel, \"Through the Looking MILK\", have enchanted both the young and old WALNUTSs for the last 27 years, Alice's BITTER adventures begin\nwhen she RESPECTs down a/an THUNDERING hole and lands in a strange and topsy-turvy JELLYFISH. There she discovers she can become a tall ARMY or a small PANTHER simply by nibbling on alternate sides of a magic JIGSAW. In her travels through Wonderland, Alice BAKEDs such remarkable\ncharacters as the White ZEUS, the STICKY Hatter, the Cheshire VIOLIN, and even the Queen of CATs. Unfortunately, Alice's adventures come to a/an CHUBBY end when Alice awakens from her CAT.\n",
            "content_base64": null,
            "directory_permission": "0777",
            "file_permission": "0777",
            "filename": "madlibs/madlibs-78.txt",
            "id": "d4720a202abfe18050da1ddc63a03250de10b1d2",
            "sensitive_content": null,
            "source": null
          },
          "sensitive_attributes": [],
          "private": "bnVsbA==",
          "dependencies": [
            "random_shuffle.random_adjectives",
            "random_shuffle.random_adverbs",
            "random_shuffle.random_nouns",
            "random_shuffle.random_numbers",
            "random_shuffle.random_verbs"
          ]
        },
        {
          "index_key": 79,
          "schema_version": 0,
          "attributes": {
            "content": "THE OBSERVATORY\n\nOut class when on a field trip to a BITTER observatory. It was located on top of a SANDWICH, and it looked like a giant SUN with a slit down its BANANA. We went inside and looked through a WALNUTS and were able to see CATs in the sky that were millions of JIGSAWs away. The men and women who RUN in the observatory are called VIOLINs, and they are always watching for comets, eclipses, and shooting ZEUSs. An eclipse occurs when a MILK comes between the earth and the ARMY and everything\ngets CHUBBY. Next week, we place to KICKED the Museum of Modern JELLYFISH.\n",
            "content_base64": null,
            "directory_permission": "0777",
            "file_permission": "0777",
            "filename": "madlibs/madlibs-79.txt",
            "id": "ddaf7abe6f4cb9ef700ab93b6dc5d90879c015c8",
            "sensitive_content": null,
            "source": null
          },
          "sensitive_attributes": [],
          "private": "bnVsbA==",
          "dependencies": [
            "random_shuffle.random_adjectives",
            "random_shuffle.random_adverbs",
            "random_shuffle.random_nouns",
            "random_shuffle.random_numbers",
            "random_shuffle.random_verbs"
          ]
        },
        {
          "index_key": 80,
          "schema_version": 0,
          "attributes": {
            "content": "HOW TO BE A PHOTOGRAPHER\n\nMany GRUMPY photographers make big money\nphotographing VIOLINs and beautiful ARMYs. They sell the prints to CHUBBY magazines or to agencies who use them in MILK advertisements. To be a photographer, you have to have a PANTHER camera. You also need an ABUNDANT meter and filters and a special close-up JELLYFISH. Then you either hire professional ARMYs or go out and snap candid pictures of ordinary BANANAs. But if you want to have a career, you must study very DELICATELY for at least 101 years.\n",
            "content_base64": null,
            "directory_permission": "0777",
            "file_permission": "0777",
            "filename": "madlibs/madlibs-80.txt",
            "id": "29bd44ca0e6c42e7f75cab3f02c0d3bfaee0bc5e",
            "sensitive_content": null,
            "source": null
          },
          "sensitive_attributes": [],
          "private": "bnVsbA==",
          "dependencies": [
            "random_shuffle.random_adjectives",
            "random_shuffle.random_adverbs",
            "random_shuffle.random_nouns",
            "random_shuffle.random_numbers",
            "random_shuffle.random_verbs"
          ]
        },
        {
          "index_key": 81,
          "schema_version": 0,
          "attributes": {
            "content": "ALICE'S UPSIDE-DOWN WORLD\n\nLewis Carroll's classic, \"Alice's Adventures in Wonderland\", as well as its CHUBBY sequel, \"Through the Looking SANDWICH\", have enchanted both the young and old ZEUSs for the last 0 years, Alice's STICKY adventures begin\nwhen she RESPECTs down a/an ABUNDANT hole and lands in a strange and topsy-turvy BANANA. There she discovers she can become a tall MILK or a small JELLYFISH simply by nibbling on alternate sides of a magic WALNUTS. In her travels through Wonderland, Alice BAKEDs such remarkable\ncharacters as the White ARMY, the THUNDERING Hatter, the Cheshire SUN, and even the Queen of CATs. Unfortunately, Alice's adventures come to a/an GRUMPY end when Alice awakens from her CAT.\n",
            "content_base64": null,
            "directory_permission": "0777",
            "file_permission": "0777",
            "filename": "madlibs/madlibs-81.txt",
            "id": "cae0116a6668c584f902bf2120893509e2af163d",
            "sensitive_content": null,
            "source": null
          },
          "sensitive_attributes": [],
          "private": "bnVsbA==",
          "dependencies": [
            "random_shuffle.random_adjectives",
            "random_shuffle.random_adverbs",
            "random_shuffle.random_nouns",
            "random_shuffle.random_numbers",
            "random_shuffle.random_verbs"
          ]
        },
        {
          "index_key": 82,
          "schema_version": 0,
          "attributes": {
            "content": "THE OBSERVATORY\n\nOut class when on a field trip to a STICKY observatory. It was located on top of a MILK, and it looked like a giant JIGSAW with a slit down its VIOLIN. We went inside and looked through a ARMY and were able to see CATs in the sky that were millions of ZEUSs away. The men and women who KICKED in the observatory are called WALNUTSs, and they are always watching for comets, eclipses, and shooting SUNs. An eclipse occurs when a SANDWICH comes between the earth and the JELLYFISH and everything\ngets ABUNDANT. Next week, we place to DANCE the Museum of Modern BANANA.\n",
            "content_base64": null,
            "directory_permission": "0777",
            "file_permission": "0777",
            "filename": "madlibs/madlibs-82.txt",
            "id": "baa66f50110379d9cd257f526f5fced5bf9cef9a",
            "sensitive_content": null,
            "source": null
          },
          "sensitive_attributes": [],
          "private": "bnVsbA==",
          "dependencies": [
            "random_shuffle.random_adjectives",
            "random_shuffle.random_adverbs",
            "random_shuffle.random_nouns",
            "random_shuffle.random_numbers",
            "random_shuffle.random_verbs"
          ]
        },
        {
          "index_key": 83,
          "schema_version": 0,
          "attributes": {
            "content": "HOW TO BE A PHOTOGRAPHER\n\nMany GRUMPY photographers make big money\nphotographing ZEUSs and beautiful VIOLINs. They sell the prints to ABUNDANT magazines or to agencies who use them in ARMY advertisements. To be a photographer, you have to have a BANANA camera. You also need an STICKY meter and filters and a special close-up CAT. Then you either hire professional VIOLINs or go out and snap candid pictures of ordinary PANTHERs. But if you want to have a career, you must study very BEAUTIFULLY for at least 27 years.\n",
            "content_base64": null,
            "directory_permission": "0777",
            "file_permission": "0777",
            "filename": "madlibs/madlibs-83.txt",
            "id": "5cc36746c3cd26132d2315b82f289457153f554b",
            "sensitive_content": null,
            "source": null
          },
          "sensitive_attributes": [],
          "private": "bnVsbA==",
          "dependencies": [
            "random_shuffle.random_adjectives",
            "random_shuffle.random_adverbs",
            "random_shuffle.random_nouns",
            "random_shuffle.random_numbers",
            "random_shuffle.random_verbs"
          ]
        },
        {
          "index_key": 84,
          "schema_version": 0,
          "attributes": {
            "content": "ALICE'S UPSIDE-DOWN WORLD\n\nLewis Carroll's classic, \"Alice's Adventures in Wonderland\", as well as its THUNDERING sequel, \"Through the Looking MILK\", have enchanted both the young and old ARMYs for the last 42 years, Alice's BITTER adventures begin\nwhen she LOVEs down a/an ABUNDANT hole and lands in a strange and topsy-turvy PANTHER. There she discovers she can become a tall ZEUS or a small BANANA simply by nibbling on alternate sides of a magic WALNUTS. In her travels through Wonderland, Alice BAKEDs such remarkable\ncharacters as the White VIOLIN, the STICKY Hatter, the Cheshire JIGSAW, and even the Queen of SUNs. Unfortunately, Alice's adventures come to a/an CHUBBY end when Alice awakens from her SUN.\n",
            "content_base64": null,
            "directory_permission": "0777",
            "file_permission": "0777",
            "filename": "madlibs/madlibs-84.txt",
            "id": "2a45f57b9b0dda6d279562a5f6e3185a2652c048",
            "sensitive_content": null,
            "source": null
          },
          "sensitive_attributes": [],
          "private": "bnVsbA==",
          "dependencies": [
            "random_shuffle.random_adjectives",
            "random_shuffle.random_adverbs",
            "random_shuffle.random_nouns",
            "random_shuffle.random_numbers",
            "random_shuffle.random_verbs"
          ]
        },
        {
          "index_key": 85,
          "schema_version": 0,
          "attributes": {
            "content": "THE OBSERVATORY\n\nOut class when on a field trip to a STICKY observatory. It was located on top of a SANDWICH, and it looked like a giant SUN with a slit down its ARMY. We went inside and looked through a ZEUS and were able to see MILKs in the sky that were millions of WALNUTSs away. The men and women who BAKED in the observatory are called BANANAs, and they are always watching for comets, eclipses, and shooting JIGSAWs. An eclipse occurs when a PANTHER comes between the earth and the VIOLIN and everything\ngets ABUNDANT. Next week, we place to LOVE the Museum of Modern CAT.\n",
            "content_base64": null,
            "directory_permission": "0777",
            "file_permission": "0777",
            "filename": "madlibs/madlibs-85.txt",
            "id": "03d299728f1de69748652e7174af14e3bc70a11d",
            "sensitive_content": null,
            "source": null
          },
          "sensitive_attributes": [],
          "private": "bnVsbA==",
          "dependencies": [
            "random_shuffle.random_adjectives",
            "random_shuffle.random_adverbs",
            "random_shuffle.random_nouns",
            "random_shuffle.random_numbers",
            "random_shuffle.random_verbs"
          ]
        },
        {
          "index_key": 86,
          "schema_version": 0,
          "attributes": {
            "content": "HOW TO BE A PHOTOGRAPHER\n\nMany STICKY photographers make big money\nphotographing VIOLINs and beautiful MILKs. They sell the prints to GRUMPY magazines or to agencies who use them in CAT advertisements. To be a photographer, you have to have a BANANA camera. You also need an ABUNDANT meter and filters and a special close-up SANDWICH. Then you either hire professional MILKs or go out and snap candid pictures of ordinary WALNUTSs. But if you want to have a career, you must study very WEARILY for at least 0 years.\n",
            "content_base64": null,
            "directory_permission": "0777",
            "file_permission": "0777",
            "filename": "madlibs/madlibs-86.txt",
            "id": "137f847f0afff4bd89d6c83626ffaff6a1224346",
            "sensitive_content": null,
            "source": null
          },
          "sensitive_attributes": [],
          "private": "bnVsbA==",
          "dependencies": [
            "random_shuffle.random_adjectives",
            "random_shuffle.random_adverbs",
            "random_shuffle.random_nouns",
            "random_shuffle.random_numbers",
            "random_shuffle.random_verbs"
          ]
        },
        {
          "index_key": 87,
          "schema_version": 0,
          "attributes": {
            "content": "ALICE'S UPSIDE-DOWN WORLD\n\nLewis Carroll's classic, \"Alice's Adventures in Wonderland\", as well as its THUNDERING sequel, \"Through the Looking CAT\", have enchanted both the young and old ARMYs for the last 101 years, Alice's STICKY adventures begin\nwhen she LOVEs down a/an CHUBBY hole and lands in a strange and topsy-turvy PANTHER. There she discovers she can become a tall JELLYFISH or a small VIOLIN simply by nibbling on alternate sides of a magic MILK. In her travels through Wonderland, Alice RUNs such remarkable\ncharacters as the White ZEUS, the BITTER Hatter, the Cheshire JIGSAW, and even the Queen of SUNs. Unfortunately, Alice's adventures come to a/an GRUMPY end when Alice awakens from her SUN.\n",
            "content_base64": null,
            "directory_permission": "0777",
            "file_permission": "0777",
            "filename": "madlibs/madlibs-87.txt",
            "id": "74a38104c625ea303bf947a5bb229371fe746a20",
            "sensitive_content": null,
            "source": null
          },
          "sensitive_attributes": [],
          "private": "bnVsbA==",
          "dependencies": [
            "random_shuffle.random_adjectives",
            "random_shuffle.random_adverbs",
            "random_shuffle.random_nouns",
            "random_shuffle.random_numbers",
            "random_shuffle.random_verbs"
          ]
        },
        {
          "index_key": 88,
          "schema_version": 0,
          "attributes": {
            "content": "THE OBSERVATORY\n\nOut class when on a field trip to a GRUMPY observatory. It was located on top of a SUN, and it looked like a giant ZEUS with a slit down its PANTHER. We went inside and looked through a ARMY and were able to see JELLYFISHs in the sky that were millions of WALNUTSs away. The men and women who RUN in the observatory are called VIOLINs, and they are always watching for comets, eclipses, and shooting SANDWICHs. An eclipse occurs when a CAT comes between the earth and the MILK and everything\ngets STICKY. Next week, we place to LOVE the Museum of Modern JIGSAW.\n",
            "content_base64": null,
            "directory_permission": "0777",
            "file_permission": "0777",
            "filename": "madlibs/madlibs-88.txt",
            "id": "3e27079df0d3634eb708467628c04a46c0de13cf",
            "sensitive_content": null,
            "source": null
          },
          "sensitive_attributes": [],
          "private": "bnVsbA==",
          "dependencies": [
            "random_shuffle.random_adjectives",
            "random_shuffle.random_adverbs",
            "random_shuffle.random_nouns",
            "random_shuffle.random_numbers",
            "random_shuffle.random_verbs"
          ]
        },
        {
          "index_key": 89,
          "schema_version": 0,
          "attributes": {
            "content": "HOW TO BE A PHOTOGRAPHER\n\nMany BITTER photographers make big money\nphotographing VIOLINs and beautiful SUNs. They sell the prints to THUNDERING magazines or to agencies who use them in JIGSAW advertisements. To be a photographer, you have to have a ZEUS camera. You also need an ABUNDANT meter and filters and a special close-up JELLYFISH. Then you either hire professional SUNs or go out and snap candid pictures of ordinary PANTHERs. But if you want to have a career, you must study very QUICKLY for at least 42 years.\n",
            "content_base64": null,
            "directory_permission": "0777",
            "file_permission": "0777",
            "filename": "madlibs/madlibs-89.txt",
            "id": "6c02dd3b571d89e56a3c771e4948850b4cf49e78",
            "sensitive_content": null,
            "source": null
          },
          "sensitive_attributes": [],
          "private": "bnVsbA==",
          "dependencies": [
            "random_shuffle.random_adjectives",
            "random_shuffle.random_adverbs",
            "random_shuffle.random_nouns",
            "random_shuffle.random_numbers",
            "random_shuffle.random_verbs"
          ]
        },
        {
          "index_key": 90,
          "schema_version": 0,
          "attributes": {
            "content": "ALICE'S UPSIDE-DOWN WORLD\n\nLewis Carroll's classic, \"Alice's Adventures in Wonderland\", as well as its BITTER sequel, \"Through the Looking JELLYFISH\", have enchanted both the young and old CATs for the last 73 years, Alice's THUNDERING adventures begin\nwhen she DANCEs down a/an ABUNDANT hole and lands in a strange and topsy-turvy ARMY. There she discovers she can become a tall MILK or a small SANDWICH simply by nibbling on alternate sides of a magic ZEUS. In her travels through Wonderland, Alice LOVEs such remarkable\ncharacters as the White WALNUTS, the CHUBBY Hatter, the Cheshire JIGSAW, and even the Queen of PANTHERs. Unfortunately, Alice's adventures come to a/an STICKY end when Alice awakens from her PANTHER.\n",
            "content_base64": null,
            "directory_permission": "0777",
            "file_permission": "0777",
            "filename": "madlibs/madlibs-90.txt",
            "id": "67d068639ff473891164c84a058b6e8f5a0759b0",
            "sensitive_content": null,
            "source": null
          },
          "sensitive_attributes": [],
          "private": "bnVsbA==",
          "dependencies": [
            "random_shuffle.random_adjectives",
            "random_shuffle.random_adverbs",
            "random_shuffle.random_nouns",
            "random_shuffle.random_numbers",
            "random_shuffle.random_verbs"
          ]
        },
        {
          "index_key": 91,
          "schema_version": 0,
          "attributes": {
            "content": "THE OBSERVATORY\n\nOut class when on a field trip to a BITTER observatory. It was located on top of a MILK, and it looked like a giant ZEUS with a slit down its WALNUTS. We went inside and looked through a VIOLIN and were able to see SANDWICHs in the sky that were millions of BANANAs away. The men and women who RUN in the observatory are called CATs, and they are always watching for comets, eclipses, and shooting JELLYFISHs. An eclipse occurs when a ARMY comes between the earth and the PANTHER and everything\ngets ABUNDANT. Next week, we place to LOVE the Museum of Modern JIGSAW.\n",
            "content_base64": null,
            "directory_permission": "0777",
            "file_permission": "0777",
            "filename": "madlibs/madlibs-91.txt",
            "id": "21f8bc6b336f3ab8b7070228bd29cfebd90b294d",
            "sensitive_content": null,
            "source": null
          },
          "sensitive_attributes": [],
          "private": "bnVsbA==",
          "dependencies": [
            "random_shuffle.random_adjectives",
            "random_shuffle.random_adverbs",
            "random_shuffle.random_nouns",
            "random_shuffle.random_numbers",
            "random_shuffle.random_verbs"
          ]
        },
        {
          "index_key": 92,
          "schema_version": 0,
          "attributes": {
            "content": "HOW TO BE A PHOTOGRAPHER\n\nMany GRUMPY photographers make big money\nphotographing JELLYFISHs and beautiful ZEUSs. They sell the prints to STICKY magazines or to agencies who use them in SANDWICH advertisements. To be a photographer, you have to have a VIOLIN camera. You also need an BITTER meter and filters and a special close-up BANANA. Then you either hire professional ZEUSs or go out and snap candid pictures of ordinary ARMYs. But if you want to have a career, you must study very TRUTHFULLY for at least -5 years.\n",
            "content_base64": null,
            "directory_permission": "0777",
            "file_permission": "0777",
            "filename": "madlibs/madlibs-92.txt",
            "id": "7b5fe4cdda508ff4f0a996eca8a952af1158f8c0",
            "sensitive_content": null,
            "source": null
          },
          "sensitive_attributes": [],
          "private": "bnVsbA==",
          "dependencies": [
            "random_shuffle.random_adjectives",
            "random_shuffle.random_adverbs",
            "random_shuffle.random_nouns",
            "random_shuffle.random_numbers",
            "random_shuffle.random_verbs"
          ]
        },
        {
          "index_key": 93,
          "schema_version": 0,
          "attributes": {
            "content": "ALICE'S UPSIDE-DOWN WORLD\n\nLewis Carroll's classic, \"Alice's Adventures in Wonderland\", as well as its BITTER sequel, \"Through the Looking PANTHER\", have enchanted both the young and old VIOLINs for the last 42 years, Alice's ABUNDANT adventures begin\nwhen she RESPECTs down a/an STICKY hole and lands in a strange and topsy-turvy CAT. There she discovers she can become a tall JELLYFISH or a small SUN simply by nibbling on alternate sides of a magic ZEUS. In her travels through Wonderland, Alice BAKEDs such remarkable\ncharacters as the White WALNUTS, the THUNDERING Hatter, the Cheshire JIGSAW, and even the Queen of MILKs. Unfortunately, Alice's adventures come to a/an CHUBBY end when Alice awakens from her MILK.\n",
            "content_base64": null,
            "directory_permission": "0777",
            "file_permission": "0777",
            "filename": "madlibs/madlibs-93.txt",
            "id": "a0f0a2c750c83c2d70f913457e156464d97db971",
            "sensitive_content": null,
            "source": null
          },
          "sensitive_attributes": [],
          "private": "bnVsbA==",
          "dependencies": [
            "random_shuffle.random_adjectives",
            "random_shuffle.random_adverbs",
            "random_shuffle.random_nouns",
            "random_shuffle.random_numbers",
            "random_shuffle.random_verbs"
          ]
        },
        {
          "index_key": 94,
          "schema_version": 0,
          "attributes": {
            "content": "THE OBSERVATORY\n\nOut class when on a field trip to a GRUMPY observatory. It was located on top of a ZEUS, and it looked like a giant ARMY with a slit down its SUN. We went inside and looked through a CAT and were able to see VIOLINs in the sky that were millions of JIGSAWs away. The men and women who KICKED in the observatory are called MILKs, and they are always watching for comets, eclipses, and shooting JELLYFISHs. An eclipse occurs when a PANTHER comes between the earth and the WALNUTS and everything\ngets BITTER. Next week, we place to BAKED the Museum of Modern SANDWICH.\n",
            "content_base64": null,
            "directory_permission": "0777",
            "file_permission": "0777",
            "filename": "madlibs/madlibs-94.txt",
            "id": "c14f1c7e9d1d9fc5b64da14b7259d12972d5105a",
            "sensitive_content": null,
            "source": null
          },
          "sensitive_attributes": [],
          "private": "bnVsbA==",
          "dependencies": [
            "random_shuffle.random_adjectives",
            "random_shuffle.random_adverbs",
            "random_shuffle.random_nouns",
            "random_shuffle.random_numbers",
            "random_shuffle.random_verbs"
          ]
        },
        {
          "index_key": 95,
          "schema_version": 0,
          "attributes": {
            "content": "HOW TO BE A PHOTOGRAPHER\n\nMany ABUNDANT photographers make big money\nphotographing BANANAs and beautiful ARMYs. They sell the prints to BITTER magazines or to agencies who use them in PANTHER advertisements. To be a photographer, you have to have a JELLYFISH camera. You also need an THUNDERING meter and filters and a special close-up VIOLIN. Then you either hire professional ARMYs or go out and snap candid pictures of ordinary SUNs. But if you want to have a career, you must study very DELICATELY for at least 42 years.\n",
            "content_base64": null,
            "directory_permission": "0777",
            "file_permission": "0777",
            "filename": "madlibs/madlibs-95.txt",
            "id": "0895af154a76841be672fec10e5b6abed98d9637",
            "sensitive_content": null,
            "source": null
          },
          "sensitive_attributes": [],
          "private": "bnVsbA==",
          "dependencies": [
            "random_shuffle.random_adjectives",
            "random_shuffle.random_adverbs",
            "random_shuffle.random_nouns",
            "random_shuffle.random_numbers",
            "random_shuffle.random_verbs"
          ]
        },
        {
          "index_key": 96,
          "schema_version": 0,
          "attributes": {
            "content": "ALICE'S UPSIDE-DOWN WORLD\n\nLewis Carroll's classic, \"Alice's Adventures in Wonderland\", as well as its THUNDERING sequel, \"Through the Looking SANDWICH\", have enchanted both the young and old PANTHERs for the last 42 years, Alice's GRUMPY adventures begin\nwhen she RUNs down a/an STICKY hole and lands in a strange and topsy-turvy WALNUTS. There she discovers she can become a tall CAT or a small BANANA simply by nibbling on alternate sides of a magic ZEUS. In her travels through Wonderland, Alice RESPECTs such remarkable\ncharacters as the White JIGSAW, the ABUNDANT Hatter, the Cheshire ARMY, and even the Queen of SUNs. Unfortunately, Alice's adventures come to a/an CHUBBY end when Alice awakens from her SUN.\n",
            "content_base64": null,
            "directory_permission": "0777",
            "file_permission": "0777",
            "filename": "madlibs/madlibs-96.txt",
            "id": "1a7a988a167ac7861df7c939efeeba9b102ce583",
            "sensitive_content": null,
            "source": null
          },
          "sensitive_attributes": [],
          "private": "bnVsbA==",
          "dependencies": [
            "random_shuffle.random_adjectives",
            "random_shuffle.random_adverbs",
            "random_shuffle.random_nouns",
            "random_shuffle.random_numbers",
            "random_shuffle.random_verbs"
          ]
        },
        {
          "index_key": 97,
          "schema_version": 0,
          "attributes": {
            "content": "THE OBSERVATORY\n\nOut class when on a field trip to a BITTER observatory. It was located on top of a SANDWICH, and it looked like a giant CAT with a slit down its JELLYFISH. We went inside and looked through a JIGSAW and were able to see WALNUTSs in the sky that were millions of SUNs away. The men and women who KICKED in the observatory are called ZEUSs, and they are always watching for comets, eclipses, and shooting BANANAs. An eclipse occurs when a PANTHER comes between the earth and the MILK and everything\ngets GRUMPY. Next week, we place to BAKED the Museum of Modern ARMY.\n",
            "content_base64": null,
            "directory_permission": "0777",
            "file_permission": "0777",
            "filename": "madlibs/madlibs-97.txt",
            "id": "a954296fe4907180ffdadeb99c41b9d5495217b1",
            "sensitive_content": null,
            "source": null
          },
          "sensitive_attributes": [],
          "private": "bnVsbA==",
          "dependencies": [
            "random_shuffle.random_adjectives",
            "random_shuffle.random_adverbs",
            "random_shuffle.random_nouns",
            "random_shuffle.random_numbers",
            "random_shuffle.random_verbs"
          ]
        },
        {
          "index_key": 98,
          "schema_version": 0,
          "attributes": {
            "content": "HOW TO BE A PHOTOGRAPHER\n\nMany THUNDERING photographers make big money\nphotographing CATs and beautiful WALNUTSs. They sell the prints to STICKY magazines or to agencies who use them in BANANA advertisements. To be a photographer, you have to have a SANDWICH camera. You also need an GRUMPY meter and filters and a special close-up JIGSAW. Then you either hire professional WALNUTSs or go out and snap candid pictures of ordinary JELLYFISHs. But if you want to have a career, you must study very DELICATELY for at least 27 years.\n",
            "content_base64": null,
            "directory_permission": "0777",
            "file_permission": "0777",
            "filename": "madlibs/madlibs-98.txt",
            "id": "cb505b102a0658f43a5b05534b30d901ee79df45",
            "sensitive_content": null,
            "source": null
          },
          "sensitive_attributes": [],
          "private": "bnVsbA==",
          "dependencies": [
            "random_shuffle.random_adjectives",
            "random_shuffle.random_adverbs",
            "random_shuffle.random_nouns",
            "random_shuffle.random_numbers",
            "random_shuffle.random_verbs"
          ]
        },
        {
          "index_key": 99,
          "schema_version": 0,
          "attributes": {
            "content": "ALICE'S UPSIDE-DOWN WORLD\n\nLewis Carroll's classic, \"Alice's Adventures in Wonderland\", as well as its STICKY sequel, \"Through the Looking JIGSAW\", have enchanted both the young and old SANDWICHs for the last 73 years, Alice's ABUNDANT adventures begin\nwhen she LOVEs down a/an BITTER hole and lands in a strange and topsy-turvy ZEUS. There she discovers she can become a tall CAT or a small SUN simply by nibbling on alternate sides of a magic MILK. In her travels through Wonderland, Alice RUNs such remarkable\ncharacters as the White ARMY, the THUNDERING Hatter, the Cheshire VIOLIN, and even the Queen of PANTHERs. Unfortunately, Alice's adventures come to a/an CHUBBY end when Alice awakens from her PANTHER.\n",
            "content_base64": null,
            "directory_permission": "0777",
            "file_permission": "0777",
            "filename": "madlibs/madlibs-99.txt",
            "id": "e15e6f1c55a7836859bbe83c416277739839ef85",
            "sensitive_content": null,
            "source": null
          },
          "sensitive_attributes": [],
          "private": "bnVsbA==",
          "dependencies": [
            "random_shuffle.random_adjectives",
            "random_shuffle.random_adverbs",
            "random_shuffle.random_nouns",
            "random_shuffle.random_numbers",
            "random_shuffle.random_verbs"
          ]
        }
      ]
    },
    {
      "mode": "managed",
      "type": "random_shuffle",
      "name": "random_adjectives",
      "provider": "provider[\"registry.terraform.io/hashicorp/random\"]",
      "instances": [
        {
          "index_key": 0,
          "schema_version": 0,
          "attributes": {
            "id": "-",
            "input": [
              "BITTER",
              "STICKY",
              "THUNDERING",
              "ABUNDANT",
              "CHUBBY",
              "GRUMPY"
            ],
            "keepers": null,
            "result": [
              "BITTER",
              "THUNDERING",
              "CHUBBY",
              "ABUNDANT",
              "GRUMPY",
              "STICKY"
            ],
            "result_count": null,
            "seed": null
          },
          "sensitive_attributes": [],
          "private": "bnVsbA=="
        },
        {
          "index_key": 1,
          "schema_version": 0,
          "attributes": {
            "id": "-",
            "input": [
              "BITTER",
              "STICKY",
              "THUNDERING",
              "ABUNDANT",
              "CHUBBY",
              "GRUMPY"
            ],
            "keepers": null,
            "result": [
              "STICKY",
              "ABUNDANT",
              "CHUBBY",
              "THUNDERING",
              "GRUMPY",
              "BITTER"
            ],
            "result_count": null,
            "seed": null
          },
          "sensitive_attributes": [],
          "private": "bnVsbA=="
        },
        {
          "index_key": 2,
          "schema_version": 0,
          "attributes": {
            "id": "-",
            "input": [
              "BITTER",
              "STICKY",
              "THUNDERING",
              "ABUNDANT",
              "CHUBBY",
              "GRUMPY"
            ],
            "keepers": null,
            "result": [
              "STICKY",
              "BITTER",
              "GRUMPY",
              "THUNDERING",
              "ABUNDANT",
              "CHUBBY"
            ],
            "result_count": null,
            "seed": null
          },
          "sensitive_attributes": [],
          "private": "bnVsbA=="
        },
        {
          "index_key": 3,
          "schema_version": 0,
          "attributes": {
            "id": "-",
            "input": [
              "BITTER",
              "STICKY",
              "THUNDERING",
              "ABUNDANT",
              "CHUBBY",
              "GRUMPY"
            ],
            "keepers": null,
            "result": [
              "CHUBBY",
              "THUNDERING",
              "STICKY",
              "BITTER",
              "ABUNDANT",
              "GRUMPY"
            ],
            "result_count": null,
            "seed": null
          },
          "sensitive_attributes": [],
          "private": "bnVsbA=="
        },
        {
          "index_key": 4,
          "schema_version": 0,
          "attributes": {
            "id": "-",
            "input": [
              "BITTER",
              "STICKY",
              "THUNDERING",
              "ABUNDANT",
              "CHUBBY",
              "GRUMPY"
            ],
            "keepers": null,
            "result": [
              "STICKY",
              "THUNDERING",
              "GRUMPY",
              "CHUBBY",
              "ABUNDANT",
              "BITTER"
            ],
            "result_count": null,
            "seed": null
          },
          "sensitive_attributes": [],
          "private": "bnVsbA=="
        },
        {
          "index_key": 5,
          "schema_version": 0,
          "attributes": {
            "id": "-",
            "input": [
              "BITTER",
              "STICKY",
              "THUNDERING",
              "ABUNDANT",
              "CHUBBY",
              "GRUMPY"
            ],
            "keepers": null,
            "result": [
              "CHUBBY",
              "THUNDERING",
              "ABUNDANT",
              "GRUMPY",
              "BITTER",
              "STICKY"
            ],
            "result_count": null,
            "seed": null
          },
          "sensitive_attributes": [],
          "private": "bnVsbA=="
        },
        {
          "index_key": 6,
          "schema_version": 0,
          "attributes": {
            "id": "-",
            "input": [
              "BITTER",
              "STICKY",
              "THUNDERING",
              "ABUNDANT",
              "CHUBBY",
              "GRUMPY"
            ],
            "keepers": null,
            "result": [
              "STICKY",
              "THUNDERING",
              "ABUNDANT",
              "GRUMPY",
              "BITTER",
              "CHUBBY"
            ],
            "result_count": null,
            "seed": null
          },
          "sensitive_attributes": [],
          "private": "bnVsbA=="
        },
        {
          "index_key": 7,
          "schema_version": 0,
          "attributes": {
            "id": "-",
            "input": [
              "BITTER",
              "STICKY",
              "THUNDERING",
              "ABUNDANT",
              "CHUBBY",
              "GRUMPY"
            ],
            "keepers": null,
            "result": [
              "CHUBBY",
              "BITTER",
              "THUNDERING",
              "GRUMPY",
              "STICKY",
              "ABUNDANT"
            ],
            "result_count": null,
            "seed": null
          },
          "sensitive_attributes": [],
          "private": "bnVsbA=="
        },
        {
          "index_key": 8,
          "schema_version": 0,
          "attributes": {
            "id": "-",
            "input": [
              "BITTER",
              "STICKY",
              "THUNDERING",
              "ABUNDANT",
              "CHUBBY",
              "GRUMPY"
            ],
            "keepers": null,
            "result": [
              "STICKY",
              "ABUNDANT",
              "GRUMPY",
              "CHUBBY",
              "BITTER",
              "THUNDERING"
            ],
            "result_count": null,
            "seed": null
          },
          "sensitive_attributes": [],
          "private": "bnVsbA=="
        },
        {
          "index_key": 9,
          "schema_version": 0,
          "attributes": {
            "id": "-",
            "input": [
              "BITTER",
              "STICKY",
              "THUNDERING",
              "ABUNDANT",
              "CHUBBY",
              "GRUMPY"
            ],
            "keepers": null,
            "result": [
              "BITTER",
              "STICKY",
              "CHUBBY",
              "GRUMPY",
              "ABUNDANT",
              "THUNDERING"
            ],
            "result_count": null,
            "seed": null
          },
          "sensitive_attributes": [],
          "private": "bnVsbA=="
        },
        {
          "index_key": 10,
          "schema_version": 0,
          "attributes": {
            "id": "-",
            "input": [
              "BITTER",
              "STICKY",
              "THUNDERING",
              "ABUNDANT",
              "CHUBBY",
              "GRUMPY"
            ],
            "keepers": null,
            "result": [
              "STICKY",
              "CHUBBY",
              "ABUNDANT",
              "BITTER",
              "GRUMPY",
              "THUNDERING"
            ],
            "result_count": null,
            "seed": null
          },
          "sensitive_attributes": [],
          "private": "bnVsbA=="
        },
        {
          "index_key": 11,
          "schema_version": 0,
          "attributes": {
            "id": "-",
            "input": [
              "BITTER",
              "STICKY",
              "THUNDERING",
              "ABUNDANT",
              "CHUBBY",
              "GRUMPY"
            ],
            "keepers": null,
            "result": [
              "CHUBBY",
              "ABUNDANT",
              "BITTER",
              "GRUMPY",
              "THUNDERING",
              "STICKY"
            ],
            "result_count": null,
            "seed": null
          },
          "sensitive_attributes": [],
          "private": "bnVsbA=="
        },
        {
          "index_key": 12,
          "schema_version": 0,
          "attributes": {
            "id": "-",
            "input": [
              "BITTER",
              "STICKY",
              "THUNDERING",
              "ABUNDANT",
              "CHUBBY",
              "GRUMPY"
            ],
            "keepers": null,
            "result": [
              "ABUNDANT",
              "BITTER",
              "CHUBBY",
              "THUNDERING",
              "GRUMPY",
              "STICKY"
            ],
            "result_count": null,
            "seed": null
          },
          "sensitive_attributes": [],
          "private": "bnVsbA=="
        },
        {
          "index_key": 13,
          "schema_version": 0,
          "attributes": {
            "id": "-",
            "input": [
              "BITTER",
              "STICKY",
              "THUNDERING",
              "ABUNDANT",
              "CHUBBY",
              "GRUMPY"
            ],
            "keepers": null,
            "result": [
              "GRUMPY",
              "THUNDERING",
              "ABUNDANT",
              "BITTER",
              "CHUBBY",
              "STICKY"
            ],
            "result_count": null,
            "seed": null
          },
          "sensitive_attributes": [],
          "private": "bnVsbA=="
        },
        {
          "index_key": 14,
          "schema_version": 0,
          "attributes": {
            "id": "-",
            "input": [
              "BITTER",
              "STICKY",
              "THUNDERING",
              "ABUNDANT",
              "CHUBBY",
              "GRUMPY"
            ],
            "keepers": null,
            "result": [
              "GRUMPY",
              "THUNDERING",
              "CHUBBY",
              "BITTER",
              "STICKY",
              "ABUNDANT"
            ],
            "result_count": null,
            "seed": null
          },
          "sensitive_attributes": [],
          "private": "bnVsbA=="
        },
        {
          "index_key": 15,
          "schema_version": 0,
          "attributes": {
            "id": "-",
            "input": [
              "BITTER",
              "STICKY",
              "THUNDERING",
              "ABUNDANT",
              "CHUBBY",
              "GRUMPY"
            ],
            "keepers": null,
            "result": [
              "CHUBBY",
              "ABUNDANT",
              "THUNDERING",
              "STICKY",
              "BITTER",
              "GRUMPY"
            ],
            "result_count": null,
            "seed": null
          },
          "sensitive_attributes": [],
          "private": "bnVsbA=="
        },
        {
          "index_key": 16,
          "schema_version": 0,
          "attributes": {
            "id": "-",
            "input": [
              "BITTER",
              "STICKY",
              "THUNDERING",
              "ABUNDANT",
              "CHUBBY",
              "GRUMPY"
            ],
            "keepers": null,
            "result": [
              "CHUBBY",
              "ABUNDANT",
              "GRUMPY",
              "BITTER",
              "THUNDERING",
              "STICKY"
            ],
            "result_count": null,
            "seed": null
          },
          "sensitive_attributes": [],
          "private": "bnVsbA=="
        },
        {
          "index_key": 17,
          "schema_version": 0,
          "attributes": {
            "id": "-",
            "input": [
              "BITTER",
              "STICKY",
              "THUNDERING",
              "ABUNDANT",
              "CHUBBY",
              "GRUMPY"
            ],
            "keepers": null,
            "result": [
              "STICKY",
              "THUNDERING",
              "ABUNDANT",
              "GRUMPY",
              "CHUBBY",
              "BITTER"
            ],
            "result_count": null,
            "seed": null
          },
          "sensitive_attributes": [],
          "private": "bnVsbA=="
        },
        {
          "index_key": 18,
          "schema_version": 0,
          "attributes": {
            "id": "-",
            "input": [
              "BITTER",
              "STICKY",
              "THUNDERING",
              "ABUNDANT",
              "CHUBBY",
              "GRUMPY"
            ],
            "keepers": null,
            "result": [
              "GRUMPY",
              "THUNDERING",
              "CHUBBY",
              "BITTER",
              "ABUNDANT",
              "STICKY"
            ],
            "result_count": null,
            "seed": null
          },
          "sensitive_attributes": [],
          "private": "bnVsbA=="
        },
        {
          "index_key": 19,
          "schema_version": 0,
          "attributes": {
            "id": "-",
            "input": [
              "BITTER",
              "STICKY",
              "THUNDERING",
              "ABUNDANT",
              "CHUBBY",
              "GRUMPY"
            ],
            "keepers": null,
            "result": [
              "CHUBBY",
              "ABUNDANT",
              "BITTER",
              "STICKY",
              "GRUMPY",
              "THUNDERING"
            ],
            "result_count": null,
            "seed": null
          },
          "sensitive_attributes": [],
          "private": "bnVsbA=="
        },
        {
          "index_key": 20,
          "schema_version": 0,
          "attributes": {
            "id": "-",
            "input": [
              "BITTER",
              "STICKY",
              "THUNDERING",
              "ABUNDANT",
              "CHUBBY",
              "GRUMPY"
            ],
            "keepers": null,
            "result": [
              "THUNDERING",
              "ABUNDANT",
              "STICKY",
              "GRUMPY",
              "BITTER",
              "CHUBBY"
            ],
            "result_count": null,
            "seed": null
          },
          "sensitive_attributes": [],
          "private": "bnVsbA=="
        },
        {
          "index_key": 21,
          "schema_version": 0,
          "attributes": {
            "id": "-",
            "input": [
              "BITTER",
              "STICKY",
              "THUNDERING",
              "ABUNDANT",
              "CHUBBY",
              "GRUMPY"
            ],
            "keepers": null,
            "result": [
              "BITTER",
              "CHUBBY",
              "GRUMPY",
              "ABUNDANT",
              "THUNDERING",
              "STICKY"
            ],
            "result_count": null,
            "seed": null
          },
          "sensitive_attributes": [],
          "private": "bnVsbA=="
        },
        {
          "index_key": 22,
          "schema_version": 0,
          "attributes": {
            "id": "-",
            "input": [
              "BITTER",
              "STICKY",
              "THUNDERING",
              "ABUNDANT",
              "CHUBBY",
              "GRUMPY"
            ],
            "keepers": null,
            "result": [
              "CHUBBY",
              "GRUMPY",
              "THUNDERING",
              "STICKY",
              "BITTER",
              "ABUNDANT"
            ],
            "result_count": null,
            "seed": null
          },
          "sensitive_attributes": [],
          "private": "bnVsbA=="
        },
        {
          "index_key": 23,
          "schema_version": 0,
          "attributes": {
            "id": "-",
            "input": [
              "BITTER",
              "STICKY",
              "THUNDERING",
              "ABUNDANT",
              "CHUBBY",
              "GRUMPY"
            ],
            "keepers": null,
            "result": [
              "ABUNDANT",
              "GRUMPY",
              "CHUBBY",
              "THUNDERING",
              "BITTER",
              "STICKY"
            ],
            "result_count": null,
            "seed": null
          },
          "sensitive_attributes": [],
          "private": "bnVsbA=="
        },
        {
          "index_key": 24,
          "schema_version": 0,
          "attributes": {
            "id": "-",
            "input": [
              "BITTER",
              "STICKY",
              "THUNDERING",
              "ABUNDANT",
              "CHUBBY",
              "GRUMPY"
            ],
            "keepers": null,
            "result": [
              "ABUNDANT",
              "CHUBBY",
              "BITTER",
              "GRUMPY",
              "THUNDERING",
              "STICKY"
            ],
            "result_count": null,
            "seed": null
          },
          "sensitive_attributes": [],
          "private": "bnVsbA=="
        },
        {
          "index_key": 25,
          "schema_version": 0,
          "attributes": {
            "id": "-",
            "input": [
              "BITTER",
              "STICKY",
              "THUNDERING",
              "ABUNDANT",
              "CHUBBY",
              "GRUMPY"
            ],
            "keepers": null,
            "result": [
              "CHUBBY",
              "STICKY",
              "ABUNDANT",
              "GRUMPY",
              "BITTER",
              "THUNDERING"
            ],
            "result_count": null,
            "seed": null
          },
          "sensitive_attributes": [],
          "private": "bnVsbA=="
        },
        {
          "index_key": 26,
          "schema_version": 0,
          "attributes": {
            "id": "-",
            "input": [
              "BITTER",
              "STICKY",
              "THUNDERING",
              "ABUNDANT",
              "CHUBBY",
              "GRUMPY"
            ],
            "keepers": null,
            "result": [
              "ABUNDANT",
              "BITTER",
              "THUNDERING",
              "GRUMPY",
              "STICKY",
              "CHUBBY"
            ],
            "result_count": null,
            "seed": null
          },
          "sensitive_attributes": [],
          "private": "bnVsbA=="
        },
        {
          "index_key": 27,
          "schema_version": 0,
          "attributes": {
            "id": "-",
            "input": [
              "BITTER",
              "STICKY",
              "THUNDERING",
              "ABUNDANT",
              "CHUBBY",
              "GRUMPY"
            ],
            "keepers": null,
            "result": [
              "THUNDERING",
              "ABUNDANT",
              "CHUBBY",
              "STICKY",
              "GRUMPY",
              "BITTER"
            ],
            "result_count": null,
            "seed": null
          },
          "sensitive_attributes": [],
          "private": "bnVsbA=="
        },
        {
          "index_key": 28,
          "schema_version": 0,
          "attributes": {
            "id": "-",
            "input": [
              "BITTER",
              "STICKY",
              "THUNDERING",
              "ABUNDANT",
              "CHUBBY",
              "GRUMPY"
            ],
            "keepers": null,
            "result": [
              "BITTER",
              "ABUNDANT",
              "GRUMPY",
              "THUNDERING",
              "STICKY",
              "CHUBBY"
            ],
            "result_count": null,
            "seed": null
          },
          "sensitive_attributes": [],
          "private": "bnVsbA=="
        },
        {
          "index_key": 29,
          "schema_version": 0,
          "attributes": {
            "id": "-",
            "input": [
              "BITTER",
              "STICKY",
              "THUNDERING",
              "ABUNDANT",
              "CHUBBY",
              "GRUMPY"
            ],
            "keepers": null,
            "result": [
              "BITTER",
              "GRUMPY",
              "CHUBBY",
              "STICKY",
              "ABUNDANT",
              "THUNDERING"
            ],
            "result_count": null,
            "seed": null
          },
          "sensitive_attributes": [],
          "private": "bnVsbA=="
        },
        {
          "index_key": 30,
          "schema_version": 0,
          "attributes": {
            "id": "-",
            "input": [
              "BITTER",
              "STICKY",
              "THUNDERING",
              "ABUNDANT",
              "CHUBBY",
              "GRUMPY"
            ],
            "keepers": null,
            "result": [
              "GRUMPY",
              "BITTER",
              "THUNDERING",
              "CHUBBY",
              "ABUNDANT",
              "STICKY"
            ],
            "result_count": null,
            "seed": null
          },
          "sensitive_attributes": [],
          "private": "bnVsbA=="
        },
        {
          "index_key": 31,
          "schema_version": 0,
          "attributes": {
            "id": "-",
            "input": [
              "BITTER",
              "STICKY",
              "THUNDERING",
              "ABUNDANT",
              "CHUBBY",
              "GRUMPY"
            ],
            "keepers": null,
            "result": [
              "BITTER",
              "THUNDERING",
              "GRUMPY",
              "CHUBBY",
              "STICKY",
              "ABUNDANT"
            ],
            "result_count": null,
            "seed": null
          },
          "sensitive_attributes": [],
          "private": "bnVsbA=="
        },
        {
          "index_key": 32,
          "schema_version": 0,
          "attributes": {
            "id": "-",
            "input": [
              "BITTER",
              "STICKY",
              "THUNDERING",
              "ABUNDANT",
              "CHUBBY",
              "GRUMPY"
            ],
            "keepers": null,
            "result": [
              "BITTER",
              "ABUNDANT",
              "STICKY",
              "THUNDERING",
              "CHUBBY",
              "GRUMPY"
            ],
            "result_count": null,
            "seed": null
          },
          "sensitive_attributes": [],
          "private": "bnVsbA=="
        },
        {
          "index_key": 33,
          "schema_version": 0,
          "attributes": {
            "id": "-",
            "input": [
              "BITTER",
              "STICKY",
              "THUNDERING",
              "ABUNDANT",
              "CHUBBY",
              "GRUMPY"
            ],
            "keepers": null,
            "result": [
              "THUNDERING",
              "CHUBBY",
              "GRUMPY",
              "BITTER",
              "STICKY",
              "ABUNDANT"
            ],
            "result_count": null,
            "seed": null
          },
          "sensitive_attributes": [],
          "private": "bnVsbA=="
        },
        {
          "index_key": 34,
          "schema_version": 0,
          "attributes": {
            "id": "-",
            "input": [
              "BITTER",
              "STICKY",
              "THUNDERING",
              "ABUNDANT",
              "CHUBBY",
              "GRUMPY"
            ],
            "keepers": null,
            "result": [
              "STICKY",
              "ABUNDANT",
              "CHUBBY",
              "GRUMPY",
              "THUNDERING",
              "BITTER"
            ],
            "result_count": null,
            "seed": null
          },
          "sensitive_attributes": [],
          "private": "bnVsbA=="
        },
        {
          "index_key": 35,
          "schema_version": 0,
          "attributes": {
            "id": "-",
            "input": [
              "BITTER",
              "STICKY",
              "THUNDERING",
              "ABUNDANT",
              "CHUBBY",
              "GRUMPY"
            ],
            "keepers": null,
            "result": [
              "ABUNDANT",
              "BITTER",
              "STICKY",
              "CHUBBY",
              "THUNDERING",
              "GRUMPY"
            ],
            "result_count": null,
            "seed": null
          },
          "sensitive_attributes": [],
          "private": "bnVsbA=="
        },
        {
          "index_key": 36,
          "schema_version": 0,
          "attributes": {
            "id": "-",
            "input": [
              "BITTER",
              "STICKY",
              "THUNDERING",
              "ABUNDANT",
              "CHUBBY",
              "GRUMPY"
            ],
            "keepers": null,
            "result": [
              "STICKY",
              "THUNDERING",
              "BITTER",
              "ABUNDANT",
              "GRUMPY",
              "CHUBBY"
            ],
            "result_count": null,
            "seed": null
          },
          "sensitive_attributes": [],
          "private": "bnVsbA=="
        },
        {
          "index_key": 37,
          "schema_version": 0,
          "attributes": {
            "id": "-",
            "input": [
              "BITTER",
              "STICKY",
              "THUNDERING",
              "ABUNDANT",
              "CHUBBY",
              "GRUMPY"
            ],
            "keepers": null,
            "result": [
              "ABUNDANT",
              "THUNDERING",
              "GRUMPY",
              "BITTER",
              "CHUBBY",
              "STICKY"
            ],
            "result_count": null,
            "seed": null
          },
          "sensitive_attributes": [],
          "private": "bnVsbA=="
        },
        {
          "index_key": 38,
          "schema_version": 0,
          "attributes": {
            "id": "-",
            "input": [
              "BITTER",
              "STICKY",
              "THUNDERING",
              "ABUNDANT",
              "CHUBBY",
              "GRUMPY"
            ],
            "keepers": null,
            "result": [
              "ABUNDANT",
              "THUNDERING",
              "GRUMPY",
              "STICKY",
              "CHUBBY",
              "BITTER"
            ],
            "result_count": null,
            "seed": null
          },
          "sensitive_attributes": [],
          "private": "bnVsbA=="
        },
        {
          "index_key": 39,
          "schema_version": 0,
          "attributes": {
            "id": "-",
            "input": [
              "BITTER",
              "STICKY",
              "THUNDERING",
              "ABUNDANT",
              "CHUBBY",
              "GRUMPY"
            ],
            "keepers": null,
            "result": [
              "GRUMPY",
              "THUNDERING",
              "ABUNDANT",
              "STICKY",
              "BITTER",
              "CHUBBY"
            ],
            "result_count": null,
            "seed": null
          },
          "sensitive_attributes": [],
          "private": "bnVsbA=="
        },
        {
          "index_key": 40,
          "schema_version": 0,
          "attributes": {
            "id": "-",
            "input": [
              "BITTER",
              "STICKY",
              "THUNDERING",
              "ABUNDANT",
              "CHUBBY",
              "GRUMPY"
            ],
            "keepers": null,
            "result": [
              "THUNDERING",
              "GRUMPY",
              "ABUNDANT",
              "STICKY",
              "BITTER",
              "CHUBBY"
            ],
            "result_count": null,
            "seed": null
          },
          "sensitive_attributes": [],
          "private": "bnVsbA=="
        },
        {
          "index_key": 41,
          "schema_version": 0,
          "attributes": {
            "id": "-",
            "input": [
              "BITTER",
              "STICKY",
              "THUNDERING",
              "ABUNDANT",
              "CHUBBY",
              "GRUMPY"
            ],
            "keepers": null,
            "result": [
              "STICKY",
              "ABUNDANT",
              "BITTER",
              "CHUBBY",
              "THUNDERING",
              "GRUMPY"
            ],
            "result_count": null,
            "seed": null
          },
          "sensitive_attributes": [],
          "private": "bnVsbA=="
        },
        {
          "index_key": 42,
          "schema_version": 0,
          "attributes": {
            "id": "-",
            "input": [
              "BITTER",
              "STICKY",
              "THUNDERING",
              "ABUNDANT",
              "CHUBBY",
              "GRUMPY"
            ],
            "keepers": null,
            "result": [
              "ABUNDANT",
              "STICKY",
              "THUNDERING",
              "CHUBBY",
              "BITTER",
              "GRUMPY"
            ],
            "result_count": null,
            "seed": null
          },
          "sensitive_attributes": [],
          "private": "bnVsbA=="
        },
        {
          "index_key": 43,
          "schema_version": 0,
          "attributes": {
            "id": "-",
            "input": [
              "BITTER",
              "STICKY",
              "THUNDERING",
              "ABUNDANT",
              "CHUBBY",
              "GRUMPY"
            ],
            "keepers": null,
            "result": [
              "THUNDERING",
              "ABUNDANT",
              "STICKY",
              "BITTER",
              "CHUBBY",
              "GRUMPY"
            ],
            "result_count": null,
            "seed": null
          },
          "sensitive_attributes": [],
          "private": "bnVsbA=="
        },
        {
          "index_key": 44,
          "schema_version": 0,
          "attributes": {
            "id": "-",
            "input": [
              "BITTER",
              "STICKY",
              "THUNDERING",
              "ABUNDANT",
              "CHUBBY",
              "GRUMPY"
            ],
            "keepers": null,
            "result": [
              "BITTER",
              "STICKY",
              "ABUNDANT",
              "CHUBBY",
              "THUNDERING",
              "GRUMPY"
            ],
            "result_count": null,
            "seed": null
          },
          "sensitive_attributes": [],
          "private": "bnVsbA=="
        },
        {
          "index_key": 45,
          "schema_version": 0,
          "attributes": {
            "id": "-",
            "input": [
              "BITTER",
              "STICKY",
              "THUNDERING",
              "ABUNDANT",
              "CHUBBY",
              "GRUMPY"
            ],
            "keepers": null,
            "result": [
              "STICKY",
              "BITTER",
              "CHUBBY",
              "ABUNDANT",
              "THUNDERING",
              "GRUMPY"
            ],
            "result_count": null,
            "seed": null
          },
          "sensitive_attributes": [],
          "private": "bnVsbA=="
        },
        {
          "index_key": 46,
          "schema_version": 0,
          "attributes": {
            "id": "-",
            "input": [
              "BITTER",
              "STICKY",
              "THUNDERING",
              "ABUNDANT",
              "CHUBBY",
              "GRUMPY"
            ],
            "keepers": null,
            "result": [
              "CHUBBY",
              "THUNDERING",
              "BITTER",
              "STICKY",
              "GRUMPY",
              "ABUNDANT"
            ],
            "result_count": null,
            "seed": null
          },
          "sensitive_attributes": [],
          "private": "bnVsbA=="
        },
        {
          "index_key": 47,
          "schema_version": 0,
          "attributes": {
            "id": "-",
            "input": [
              "BITTER",
              "STICKY",
              "THUNDERING",
              "ABUNDANT",
              "CHUBBY",
              "GRUMPY"
            ],
            "keepers": null,
            "result": [
              "STICKY",
              "BITTER",
              "THUNDERING",
              "GRUMPY",
              "CHUBBY",
              "ABUNDANT"
            ],
            "result_count": null,
            "seed": null
          },
          "sensitive_attributes": [],
          "private": "bnVsbA=="
        },
        {
          "index_key": 48,
          "schema_version": 0,
          "attributes": {
            "id": "-",
            "input": [
              "BITTER",
              "STICKY",
              "THUNDERING",
              "ABUNDANT",
              "CHUBBY",
              "GRUMPY"
            ],
            "keepers": null,
            "result": [
              "THUNDERING",
              "BITTER",
              "CHUBBY",
              "GRUMPY",
              "ABUNDANT",
              "STICKY"
            ],
            "result_count": null,
            "seed": null
          },
          "sensitive_attributes": [],
          "private": "bnVsbA=="
        },
        {
          "index_key": 49,
          "schema_version": 0,
          "attributes": {
            "id": "-",
            "input": [
              "BITTER",
              "STICKY",
              "THUNDERING",
              "ABUNDANT",
              "CHUBBY",
              "GRUMPY"
            ],
            "keepers": null,
            "result": [
              "STICKY",
              "THUNDERING",
              "GRUMPY",
              "BITTER",
              "ABUNDANT",
              "CHUBBY"
            ],
            "result_count": null,
            "seed": null
          },
          "sensitive_attributes": [],
          "private": "bnVsbA=="
        },
        {
          "index_key": 50,
          "schema_version": 0,
          "attributes": {
            "id": "-",
            "input": [
              "BITTER",
              "STICKY",
              "THUNDERING",
              "ABUNDANT",
              "CHUBBY",
              "GRUMPY"
            ],
            "keepers": null,
            "result": [
              "ABUNDANT",
              "STICKY",
              "CHUBBY",
              "BITTER",
              "GRUMPY",
              "THUNDERING"
            ],
            "result_count": null,
            "seed": null
          },
          "sensitive_attributes": [],
          "private": "bnVsbA=="
        },
        {
          "index_key": 51,
          "schema_version": 0,
          "attributes": {
            "id": "-",
            "input": [
              "BITTER",
              "STICKY",
              "THUNDERING",
              "ABUNDANT",
              "CHUBBY",
              "GRUMPY"
            ],
            "keepers": null,
            "result": [
              "BITTER",
              "STICKY",
              "GRUMPY",
              "THUNDERING",
              "ABUNDANT",
              "CHUBBY"
            ],
            "result_count": null,
            "seed": null
          },
          "sensitive_attributes": [],
          "private": "bnVsbA=="
        },
        {
          "index_key": 52,
          "schema_version": 0,
          "attributes": {
            "id": "-",
            "input": [
              "BITTER",
              "STICKY",
              "THUNDERING",
              "ABUNDANT",
              "CHUBBY",
              "GRUMPY"
            ],
            "keepers": null,
            "result": [
              "BITTER",
              "STICKY",
              "ABUNDANT",
              "GRUMPY",
              "THUNDERING",
              "CHUBBY"
            ],
            "result_count": null,
            "seed": null
          },
          "sensitive_attributes": [],
          "private": "bnVsbA=="
        },
        {
          "index_key": 53,
          "schema_version": 0,
          "attributes": {
            "id": "-",
            "input": [
              "BITTER",
              "STICKY",
              "THUNDERING",
              "ABUNDANT",
              "CHUBBY",
              "GRUMPY"
            ],
            "keepers": null,
            "result": [
              "GRUMPY",
              "CHUBBY",
              "STICKY",
              "ABUNDANT",
              "BITTER",
              "THUNDERING"
            ],
            "result_count": null,
            "seed": null
          },
          "sensitive_attributes": [],
          "private": "bnVsbA=="
        },
        {
          "index_key": 54,
          "schema_version": 0,
          "attributes": {
            "id": "-",
            "input": [
              "BITTER",
              "STICKY",
              "THUNDERING",
              "ABUNDANT",
              "CHUBBY",
              "GRUMPY"
            ],
            "keepers": null,
            "result": [
              "STICKY",
              "ABUNDANT",
              "GRUMPY",
              "BITTER",
              "CHUBBY",
              "THUNDERING"
            ],
            "result_count": null,
            "seed": null
          },
          "sensitive_attributes": [],
          "private": "bnVsbA=="
        },
        {
          "index_key": 55,
          "schema_version": 0,
          "attributes": {
            "id": "-",
            "input": [
              "BITTER",
              "STICKY",
              "THUNDERING",
              "ABUNDANT",
              "CHUBBY",
              "GRUMPY"
            ],
            "keepers": null,
            "result": [
              "BITTER",
              "GRUMPY",
              "ABUNDANT",
              "THUNDERING",
              "CHUBBY",
              "STICKY"
            ],
            "result_count": null,
            "seed": null
          },
          "sensitive_attributes": [],
          "private": "bnVsbA=="
        },
        {
          "index_key": 56,
          "schema_version": 0,
          "attributes": {
            "id": "-",
            "input": [
              "BITTER",
              "STICKY",
              "THUNDERING",
              "ABUNDANT",
              "CHUBBY",
              "GRUMPY"
            ],
            "keepers": null,
            "result": [
              "GRUMPY",
              "THUNDERING",
              "BITTER",
              "ABUNDANT",
              "CHUBBY",
              "STICKY"
            ],
            "result_count": null,
            "seed": null
          },
          "sensitive_attributes": [],
          "private": "bnVsbA=="
        },
        {
          "index_key": 57,
          "schema_version": 0,
          "attributes": {
            "id": "-",
            "input": [
              "BITTER",
              "STICKY",
              "THUNDERING",
              "ABUNDANT",
              "CHUBBY",
              "GRUMPY"
            ],
            "keepers": null,
            "result": [
              "CHUBBY",
              "GRUMPY",
              "THUNDERING",
              "BITTER",
              "ABUNDANT",
              "STICKY"
            ],
            "result_count": null,
            "seed": null
          },
          "sensitive_attributes": [],
          "private": "bnVsbA=="
        },
        {
          "index_key": 58,
          "schema_version": 0,
          "attributes": {
            "id": "-",
            "input": [
              "BITTER",
              "STICKY",
              "THUNDERING",
              "ABUNDANT",
              "CHUBBY",
              "GRUMPY"
            ],
            "keepers": null,
            "result": [
              "THUNDERING",
              "CHUBBY",
              "GRUMPY",
              "BITTER",
              "ABUNDANT",
              "STICKY"
            ],
            "result_count": null,
            "seed": null
          },
          "sensitive_attributes": [],
          "private": "bnVsbA=="
        },
        {
          "index_key": 59,
          "schema_version": 0,
          "attributes": {
            "id": "-",
            "input": [
              "BITTER",
              "STICKY",
              "THUNDERING",
              "ABUNDANT",
              "CHUBBY",
              "GRUMPY"
            ],
            "keepers": null,
            "result": [
              "CHUBBY",
              "GRUMPY",
              "THUNDERING",
              "STICKY",
              "ABUNDANT",
              "BITTER"
            ],
            "result_count": null,
            "seed": null
          },
          "sensitive_attributes": [],
          "private": "bnVsbA=="
        },
        {
          "index_key": 60,
          "schema_version": 0,
          "attributes": {
            "id": "-",
            "input": [
              "BITTER",
              "STICKY",
              "THUNDERING",
              "ABUNDANT",
              "CHUBBY",
              "GRUMPY"
            ],
            "keepers": null,
            "result": [
              "CHUBBY",
              "BITTER",
              "GRUMPY",
              "THUNDERING",
              "ABUNDANT",
              "STICKY"
            ],
            "result_count": null,
            "seed": null
          },
          "sensitive_attributes": [],
          "private": "bnVsbA=="
        },
        {
          "index_key": 61,
          "schema_version": 0,
          "attributes": {
            "id": "-",
            "input": [
              "BITTER",
              "STICKY",
              "THUNDERING",
              "ABUNDANT",
              "CHUBBY",
              "GRUMPY"
            ],
            "keepers": null,
            "result": [
              "GRUMPY",
              "ABUNDANT",
              "CHUBBY",
              "BITTER",
              "THUNDERING",
              "STICKY"
            ],
            "result_count": null,
            "seed": null
          },
          "sensitive_attributes": [],
          "private": "bnVsbA=="
        },
        {
          "index_key": 62,
          "schema_version": 0,
          "attributes": {
            "id": "-",
            "input": [
              "BITTER",
              "STICKY",
              "THUNDERING",
              "ABUNDANT",
              "CHUBBY",
              "GRUMPY"
            ],
            "keepers": null,
            "result": [
              "GRUMPY",
              "ABUNDANT",
              "BITTER",
              "STICKY",
              "CHUBBY",
              "THUNDERING"
            ],
            "result_count": null,
            "seed": null
          },
          "sensitive_attributes": [],
          "private": "bnVsbA=="
        },
        {
          "index_key": 63,
          "schema_version": 0,
          "attributes": {
            "id": "-",
            "input": [
              "BITTER",
              "STICKY",
              "THUNDERING",
              "ABUNDANT",
              "CHUBBY",
              "GRUMPY"
            ],
            "keepers": null,
            "result": [
              "GRUMPY",
              "THUNDERING",
              "CHUBBY",
              "ABUNDANT",
              "BITTER",
              "STICKY"
            ],
            "result_count": null,
            "seed": null
          },
          "sensitive_attributes": [],
          "private": "bnVsbA=="
        },
        {
          "index_key": 64,
          "schema_version": 0,
          "attributes": {
            "id": "-",
            "input": [
              "BITTER",
              "STICKY",
              "THUNDERING",
              "ABUNDANT",
              "CHUBBY",
              "GRUMPY"
            ],
            "keepers": null,
            "result": [
              "THUNDERING",
              "CHUBBY",
              "GRUMPY",
              "BITTER",
              "ABUNDANT",
              "STICKY"
            ],
            "result_count": null,
            "seed": null
          },
          "sensitive_attributes": [],
          "private": "bnVsbA=="
        },
        {
          "index_key": 65,
          "schema_version": 0,
          "attributes": {
            "id": "-",
            "input": [
              "BITTER",
              "STICKY",
              "THUNDERING",
              "ABUNDANT",
              "CHUBBY",
              "GRUMPY"
            ],
            "keepers": null,
            "result": [
              "CHUBBY",
              "GRUMPY",
              "STICKY",
              "BITTER",
              "THUNDERING",
              "ABUNDANT"
            ],
            "result_count": null,
            "seed": null
          },
          "sensitive_attributes": [],
          "private": "bnVsbA=="
        },
        {
          "index_key": 66,
          "schema_version": 0,
          "attributes": {
            "id": "-",
            "input": [
              "BITTER",
              "STICKY",
              "THUNDERING",
              "ABUNDANT",
              "CHUBBY",
              "GRUMPY"
            ],
            "keepers": null,
            "result": [
              "THUNDERING",
              "GRUMPY",
              "CHUBBY",
              "ABUNDANT",
              "BITTER",
              "STICKY"
            ],
            "result_count": null,
            "seed": null
          },
          "sensitive_attributes": [],
          "private": "bnVsbA=="
        },
        {
          "index_key": 67,
          "schema_version": 0,
          "attributes": {
            "id": "-",
            "input": [
              "BITTER",
              "STICKY",
              "THUNDERING",
              "ABUNDANT",
              "CHUBBY",
              "GRUMPY"
            ],
            "keepers": null,
            "result": [
              "BITTER",
              "ABUNDANT",
              "CHUBBY",
              "STICKY",
              "THUNDERING",
              "GRUMPY"
            ],
            "result_count": null,
            "seed": null
          },
          "sensitive_attributes": [],
          "private": "bnVsbA=="
        },
        {
          "index_key": 68,
          "schema_version": 0,
          "attributes": {
            "id": "-",
            "input": [
              "BITTER",
              "STICKY",
              "THUNDERING",
              "ABUNDANT",
              "CHUBBY",
              "GRUMPY"
            ],
            "keepers": null,
            "result": [
              "BITTER",
              "STICKY",
              "THUNDERING",
              "GRUMPY",
              "CHUBBY",
              "ABUNDANT"
            ],
            "result_count": null,
            "seed": null
          },
          "sensitive_attributes": [],
          "private": "bnVsbA=="
        },
        {
          "index_key": 69,
          "schema_version": 0,
          "attributes": {
            "id": "-",
            "input": [
              "BITTER",
              "STICKY",
              "THUNDERING",
              "ABUNDANT",
              "CHUBBY",
              "GRUMPY"
            ],
            "keepers": null,
            "result": [
              "THUNDERING",
              "ABUNDANT",
              "BITTER",
              "STICKY",
              "GRUMPY",
              "CHUBBY"
            ],
            "result_count": null,
            "seed": null
          },
          "sensitive_attributes": [],
          "private": "bnVsbA=="
        },
        {
          "index_key": 70,
          "schema_version": 0,
          "attributes": {
            "id": "-",
            "input": [
              "BITTER",
              "STICKY",
              "THUNDERING",
              "ABUNDANT",
              "CHUBBY",
              "GRUMPY"
            ],
            "keepers": null,
            "result": [
              "THUNDERING",
              "BITTER",
              "STICKY",
              "ABUNDANT",
              "CHUBBY",
              "GRUMPY"
            ],
            "result_count": null,
            "seed": null
          },
          "sensitive_attributes": [],
          "private": "bnVsbA=="
        },
        {
          "index_key": 71,
          "schema_version": 0,
          "attributes": {
            "id": "-",
            "input": [
              "BITTER",
              "STICKY",
              "THUNDERING",
              "ABUNDANT",
              "CHUBBY",
              "GRUMPY"
            ],
            "keepers": null,
            "result": [
              "ABUNDANT",
              "BITTER",
              "CHUBBY",
              "THUNDERING",
              "STICKY",
              "GRUMPY"
            ],
            "result_count": null,
            "seed": null
          },
          "sensitive_attributes": [],
          "private": "bnVsbA=="
        },
        {
          "index_key": 72,
          "schema_version": 0,
          "attributes": {
            "id": "-",
            "input": [
              "BITTER",
              "STICKY",
              "THUNDERING",
              "ABUNDANT",
              "CHUBBY",
              "GRUMPY"
            ],
            "keepers": null,
            "result": [
              "BITTER",
              "STICKY",
              "ABUNDANT",
              "CHUBBY",
              "GRUMPY",
              "THUNDERING"
            ],
            "result_count": null,
            "seed": null
          },
          "sensitive_attributes": [],
          "private": "bnVsbA=="
        },
        {
          "index_key": 73,
          "schema_version": 0,
          "attributes": {
            "id": "-",
            "input": [
              "BITTER",
              "STICKY",
              "THUNDERING",
              "ABUNDANT",
              "CHUBBY",
              "GRUMPY"
            ],
            "keepers": null,
            "result": [
              "ABUNDANT",
              "GRUMPY",
              "BITTER",
              "STICKY",
              "THUNDERING",
              "CHUBBY"
            ],
            "result_count": null,
            "seed": null
          },
          "sensitive_attributes": [],
          "private": "bnVsbA=="
        },
        {
          "index_key": 74,
          "schema_version": 0,
          "attributes": {
            "id": "-",
            "input": [
              "BITTER",
              "STICKY",
              "THUNDERING",
              "ABUNDANT",
              "CHUBBY",
              "GRUMPY"
            ],
            "keepers": null,
            "result": [
              "ABUNDANT",
              "THUNDERING",
              "STICKY",
              "GRUMPY",
              "BITTER",
              "CHUBBY"
            ],
            "result_count": null,
            "seed": null
          },
          "sensitive_attributes": [],
          "private": "bnVsbA=="
        },
        {
          "index_key": 75,
          "schema_version": 0,
          "attributes": {
            "id": "-",
            "input": [
              "BITTER",
              "STICKY",
              "THUNDERING",
              "ABUNDANT",
              "CHUBBY",
              "GRUMPY"
            ],
            "keepers": null,
            "result": [
              "GRUMPY",
              "STICKY",
              "ABUNDANT",
              "BITTER",
              "CHUBBY",
              "THUNDERING"
            ],
            "result_count": null,
            "seed": null
          },
          "sensitive_attributes": [],
          "private": "bnVsbA=="
        },
        {
          "index_key": 76,
          "schema_version": 0,
          "attributes": {
            "id": "-",
            "input": [
              "BITTER",
              "STICKY",
              "THUNDERING",
              "ABUNDANT",
              "CHUBBY",
              "GRUMPY"
            ],
            "keepers": null,
            "result": [
              "STICKY",
              "THUNDERING",
              "BITTER",
              "GRUMPY",
              "ABUNDANT",
              "CHUBBY"
            ],
            "result_count": null,
            "seed": null
          },
          "sensitive_attributes": [],
          "private": "bnVsbA=="
        },
        {
          "index_key": 77,
          "schema_version": 0,
          "attributes": {
            "id": "-",
            "input": [
              "BITTER",
              "STICKY",
              "THUNDERING",
              "ABUNDANT",
              "CHUBBY",
              "GRUMPY"
            ],
            "keepers": null,
            "result": [
              "THUNDERING",
              "GRUMPY",
              "BITTER",
              "ABUNDANT",
              "CHUBBY",
              "STICKY"
            ],
            "result_count": null,
            "seed": null
          },
          "sensitive_attributes": [],
          "private": "bnVsbA=="
        },
        {
          "index_key": 78,
          "schema_version": 0,
          "attributes": {
            "id": "-",
            "input": [
              "BITTER",
              "STICKY",
              "THUNDERING",
              "ABUNDANT",
              "CHUBBY",
              "GRUMPY"
            ],
            "keepers": null,
            "result": [
              "GRUMPY",
              "BITTER",
              "THUNDERING",
              "STICKY",
              "CHUBBY",
              "ABUNDANT"
            ],
            "result_count": null,
            "seed": null
          },
          "sensitive_attributes": [],
          "private": "bnVsbA=="
        },
        {
          "index_key": 79,
          "schema_version": 0,
          "attributes": {
            "id": "-",
            "input": [
              "BITTER",
              "STICKY",
              "THUNDERING",
              "ABUNDANT",
              "CHUBBY",
              "GRUMPY"
            ],
            "keepers": null,
            "result": [
              "BITTER",
              "CHUBBY",
              "ABUNDANT",
              "GRUMPY",
              "STICKY",
              "THUNDERING"
            ],
            "result_count": null,
            "seed": null
          },
          "sensitive_attributes": [],
          "private": "bnVsbA=="
        },
        {
          "index_key": 80,
          "schema_version": 0,
          "attributes": {
            "id": "-",
            "input": [
              "BITTER",
              "STICKY",
              "THUNDERING",
              "ABUNDANT",
              "CHUBBY",
              "GRUMPY"
            ],
            "keepers": null,
            "result": [
              "GRUMPY",
              "CHUBBY",
              "ABUNDANT",
              "BITTER",
              "THUNDERING",
              "STICKY"
            ],
            "result_count": null,
            "seed": null
          },
          "sensitive_attributes": [],
          "private": "bnVsbA=="
        },
        {
          "index_key": 81,
          "schema_version": 0,
          "attributes": {
            "id": "-",
            "input": [
              "BITTER",
              "STICKY",
              "THUNDERING",
              "ABUNDANT",
              "CHUBBY",
              "GRUMPY"
            ],
            "keepers": null,
            "result": [
              "CHUBBY",
              "STICKY",
              "ABUNDANT",
              "THUNDERING",
              "GRUMPY",
              "BITTER"
            ],
            "result_count": null,
            "seed": null
          },
          "sensitive_attributes": [],
          "private": "bnVsbA=="
        },
        {
          "index_key": 82,
          "schema_version": 0,
          "attributes": {
            "id": "-",
            "input": [
              "BITTER",
              "STICKY",
              "THUNDERING",
              "ABUNDANT",
              "CHUBBY",
              "GRUMPY"
            ],
            "keepers": null,
            "result": [
              "STICKY",
              "ABUNDANT",
              "GRUMPY",
              "THUNDERING",
              "BITTER",
              "CHUBBY"
            ],
            "result_count": null,
            "seed": null
          },
          "sensitive_attributes": [],
          "private": "bnVsbA=="
        },
        {
          "index_key": 83,
          "schema_version": 0,
          "attributes": {
            "id": "-",
            "input": [
              "BITTER",
              "STICKY",
              "THUNDERING",
              "ABUNDANT",
              "CHUBBY",
              "GRUMPY"
            ],
            "keepers": null,
            "result": [
              "GRUMPY",
              "ABUNDANT",
              "STICKY",
              "CHUBBY",
              "THUNDERING",
              "BITTER"
            ],
            "result_count": null,
            "seed": null
          },
          "sensitive_attributes": [],
          "private": "bnVsbA=="
        },
        {
          "index_key": 84,
          "schema_version": 0,
          "attributes": {
            "id": "-",
            "input": [
              "BITTER",
              "STICKY",
              "THUNDERING",
              "ABUNDANT",
              "CHUBBY",
              "GRUMPY"
            ],
            "keepers": null,
            "result": [
              "THUNDERING",
              "BITTER",
              "ABUNDANT",
              "STICKY",
              "CHUBBY",
              "GRUMPY"
            ],
            "result_count": null,
            "seed": null
          },
          "sensitive_attributes": [],
          "private": "bnVsbA=="
        },
        {
          "index_key": 85,
          "schema_version": 0,
          "attributes": {
            "id": "-",
            "input": [
              "BITTER",
              "STICKY",
              "THUNDERING",
              "ABUNDANT",
              "CHUBBY",
              "GRUMPY"
            ],
            "keepers": null,
            "result": [
              "STICKY",
              "ABUNDANT",
              "CHUBBY",
              "BITTER",
              "THUNDERING",
              "GRUMPY"
            ],
            "result_count": null,
            "seed": null
          },
          "sensitive_attributes": [],
          "private": "bnVsbA=="
        },
        {
          "index_key": 86,
          "schema_version": 0,
          "attributes": {
            "id": "-",
            "input": [
              "BITTER",
              "STICKY",
              "THUNDERING",
              "ABUNDANT",
              "CHUBBY",
              "GRUMPY"
            ],
            "keepers": null,
            "result": [
              "STICKY",
              "GRUMPY",
              "ABUNDANT",
              "BITTER",
              "THUNDERING",
              "CHUBBY"
            ],
            "result_count": null,
            "seed": null
          },
          "sensitive_attributes": [],
          "private": "bnVsbA=="
        },
        {
          "index_key": 87,
          "schema_version": 0,
          "attributes": {
            "id": "-",
            "input": [
              "BITTER",
              "STICKY",
              "THUNDERING",
              "ABUNDANT",
              "CHUBBY",
              "GRUMPY"
            ],
            "keepers": null,
            "result": [
              "THUNDERING",
              "STICKY",
              "CHUBBY",
              "BITTER",
              "GRUMPY",
              "ABUNDANT"
            ],
            "result_count": null,
            "seed": null
          },
          "sensitive_attributes": [],
          "private": "bnVsbA=="
        },
        {
          "index_key": 88,
          "schema_version": 0,
          "attributes": {
            "id": "-",
            "input": [
              "BITTER",
              "STICKY",
              "THUNDERING",
              "ABUNDANT",
              "CHUBBY",
              "GRUMPY"
            ],
            "keepers": null,
            "result": [
              "GRUMPY",
              "STICKY",
              "CHUBBY",
              "THUNDERING",
              "BITTER",
              "ABUNDANT"
            ],
            "result_count": null,
            "seed": null
          },
          "sensitive_attributes": [],
          "private": "bnVsbA=="
        },
        {
          "index_key": 89,
          "schema_version": 0,
          "attributes": {
            "id": "-",
            "input": [
              "BITTER",
              "STICKY",
              "THUNDERING",
              "ABUNDANT",
              "CHUBBY",
              "GRUMPY"
            ],
            "keepers": null,
            "result": [
              "BITTER",
              "THUNDERING",
              "ABUNDANT",
              "GRUMPY",
              "STICKY",
              "CHUBBY"
            ],
            "result_count": null,
            "seed": null
          },
          "sensitive_attributes": [],
          "private": "bnVsbA=="
        },
        {
          "index_key": 90,
          "schema_version": 0,
          "attributes": {
            "id": "-",
            "input": [
              "BITTER",
              "STICKY",
              "THUNDERING",
              "ABUNDANT",
              "CHUBBY",
              "GRUMPY"
            ],
            "keepers": null,
            "result": [
              "BITTER",
              "THUNDERING",
              "ABUNDANT",
              "CHUBBY",
              "STICKY",
              "GRUMPY"
            ],
            "result_count": null,
            "seed": null
          },
          "sensitive_attributes": [],
          "private": "bnVsbA=="
        },
        {
          "index_key": 91,
          "schema_version": 0,
          "attributes": {
            "id": "-",
            "input": [
              "BITTER",
              "STICKY",
              "THUNDERING",
              "ABUNDANT",
              "CHUBBY",
              "GRUMPY"
            ],
            "keepers": null,
            "result": [
              "BITTER",
              "ABUNDANT",
              "CHUBBY",
              "THUNDERING",
              "GRUMPY",
              "STICKY"
            ],
            "result_count": null,
            "seed": null
          },
          "sensitive_attributes": [],
          "private": "bnVsbA=="
        },
        {
          "index_key": 92,
          "schema_version": 0,
          "attributes": {
            "id": "-",
            "input": [
              "BITTER",
              "STICKY",
              "THUNDERING",
              "ABUNDANT",
              "CHUBBY",
              "GRUMPY"
            ],
            "keepers": null,
            "result": [
              "GRUMPY",
              "STICKY",
              "BITTER",
              "THUNDERING",
              "ABUNDANT",
              "CHUBBY"
            ],
            "result_count": null,
            "seed": null
          },
          "sensitive_attributes": [],
          "private": "bnVsbA=="
        },
        {
          "index_key": 93,
          "schema_version": 0,
          "attributes": {
            "id": "-",
            "input": [
              "BITTER",
              "STICKY",
              "THUNDERING",
              "ABUNDANT",
              "CHUBBY",
              "GRUMPY"
            ],
            "keepers": null,
            "result": [
              "BITTER",
              "ABUNDANT",
              "STICKY",
              "THUNDERING",
              "CHUBBY",
              "GRUMPY"
            ],
            "result_count": null,
            "seed": null
          },
          "sensitive_attributes": [],
          "private": "bnVsbA=="
        },
        {
          "index_key": 94,
          "schema_version": 0,
          "attributes": {
            "id": "-",
            "input": [
              "BITTER",
              "STICKY",
              "THUNDERING",
              "ABUNDANT",
              "CHUBBY",
              "GRUMPY"
            ],
            "keepers": null,
            "result": [
              "GRUMPY",
              "BITTER",
              "CHUBBY",
              "STICKY",
              "THUNDERING",
              "ABUNDANT"
            ],
            "result_count": null,
            "seed": null
          },
          "sensitive_attributes": [],
          "private": "bnVsbA=="
        },
        {
          "index_key": 95,
          "schema_version": 0,
          "attributes": {
            "id": "-",
            "input": [
              "BITTER",
              "STICKY",
              "THUNDERING",
              "ABUNDANT",
              "CHUBBY",
              "GRUMPY"
            ],
            "keepers": null,
            "result": [
              "ABUNDANT",
              "BITTER",
              "THUNDERING",
              "CHUBBY",
              "GRUMPY",
              "STICKY"
            ],
            "result_count": null,
            "seed": null
          },
          "sensitive_attributes": [],
          "private": "bnVsbA=="
        },
        {
          "index_key": 96,
          "schema_version": 0,
          "attributes": {
            "id": "-",
            "input": [
              "BITTER",
              "STICKY",
              "THUNDERING",
              "ABUNDANT",
              "CHUBBY",
              "GRUMPY"
            ],
            "keepers": null,
            "result": [
              "THUNDERING",
              "GRUMPY",
              "STICKY",
              "ABUNDANT",
              "CHUBBY",
              "BITTER"
            ],
            "result_count": null,
            "seed": null
          },
          "sensitive_attributes": [],
          "private": "bnVsbA=="
        },
        {
          "index_key": 97,
          "schema_version": 0,
          "attributes": {
            "id": "-",
            "input": [
              "BITTER",
              "STICKY",
              "THUNDERING",
              "ABUNDANT",
              "CHUBBY",
              "GRUMPY"
            ],
            "keepers": null,
            "result": [
              "BITTER",
              "GRUMPY",
              "THUNDERING",
              "STICKY",
              "ABUNDANT",
              "CHUBBY"
            ],
            "result_count": null,
            "seed": null
          },
          "sensitive_attributes": [],
          "private": "bnVsbA=="
        },
        {
          "index_key": 98,
          "schema_version": 0,
          "attributes": {
            "id": "-",
            "input": [
              "BITTER",
              "STICKY",
              "THUNDERING",
              "ABUNDANT",
              "CHUBBY",
              "GRUMPY"
            ],
            "keepers": null,
            "result": [
              "THUNDERING",
              "STICKY",
              "GRUMPY",
              "BITTER",
              "ABUNDANT",
              "CHUBBY"
            ],
            "result_count": null,
            "seed": null
          },
          "sensitive_attributes": [],
          "private": "bnVsbA=="
        },
        {
          "index_key": 99,
          "schema_version": 0,
          "attributes": {
            "id": "-",
            "input": [
              "BITTER",
              "STICKY",
              "THUNDERING",
              "ABUNDANT",
              "CHUBBY",
              "GRUMPY"
            ],
            "keepers": null,
            "result": [
              "STICKY",
              "ABUNDANT",
              "BITTER",
              "THUNDERING",
              "CHUBBY",
              "GRUMPY"
            ],
            "result_count": null,
            "seed": null
          },
          "sensitive_attributes": [],
          "private": "bnVsbA=="
        }
      ]
    },
    {
      "mode": "managed",
      "type": "random_shuffle",
      "name": "random_adverbs",
      "provider": "provider[\"registry.terraform.io/hashicorp/random\"]",
      "instances": [
        {
          "index_key": 0,
          "schema_version": 0,
          "attributes": {
            "id": "-",
            "input": [
              "DELICATELY",
              "BEAUTIFULLY",
              "QUICKLY",
              "TRUTHFULLY",
              "WEARILY"
            ],
            "keepers": null,
            "result": [
              "TRUTHFULLY",
              "DELICATELY",
              "QUICKLY",
              "BEAUTIFULLY",
              "WEARILY"
            ],
            "result_count": null,
            "seed": null
          },
          "sensitive_attributes": [],
          "private": "bnVsbA=="
        },
        {
          "index_key": 1,
          "schema_version": 0,
          "attributes": {
            "id": "-",
            "input": [
              "DELICATELY",
              "BEAUTIFULLY",
              "QUICKLY",
              "TRUTHFULLY",
              "WEARILY"
            ],
            "keepers": null,
            "result": [
              "TRUTHFULLY",
              "BEAUTIFULLY",
              "WEARILY",
              "QUICKLY",
              "DELICATELY"
            ],
            "result_count": null,
            "seed": null
          },
          "sensitive_attributes": [],
          "private": "bnVsbA=="
        },
        {
          "index_key": 2,
          "schema_version": 0,
          "attributes": {
            "id": "-",
            "input": [
              "DELICATELY",
              "BEAUTIFULLY",
              "QUICKLY",
              "TRUTHFULLY",
              "WEARILY"
            ],
            "keepers": null,
            "result": [
              "TRUTHFULLY",
              "BEAUTIFULLY",
              "DELICATELY",
              "WEARILY",
              "QUICKLY"
            ],
            "result_count": null,
            "seed": null
          },
          "sensitive_attributes": [],
          "private": "bnVsbA=="
        },
        {
          "index_key": 3,
          "schema_version": 0,
          "attributes": {
            "id": "-",
            "input": [
              "DELICATELY",
              "BEAUTIFULLY",
              "QUICKLY",
              "TRUTHFULLY",
              "WEARILY"
            ],
            "keepers": null,
            "result": [
              "WEARILY",
              "QUICKLY",
              "DELICATELY",
              "BEAUTIFULLY",
              "TRUTHFULLY"
            ],
            "result_count": null,
            "seed": null
          },
          "sensitive_attributes": [],
          "private": "bnVsbA=="
        },
        {
          "index_key": 4,
          "schema_version": 0,
          "attributes": {
            "id": "-",
            "input": [
              "DELICATELY",
              "BEAUTIFULLY",
              "QUICKLY",
              "TRUTHFULLY",
              "WEARILY"
            ],
            "keepers": null,
            "result": [
              "WEARILY",
              "BEAUTIFULLY",
              "QUICKLY",
              "DELICATELY",
              "TRUTHFULLY"
            ],
            "result_count": null,
            "seed": null
          },
          "sensitive_attributes": [],
          "private": "bnVsbA=="
        },
        {
          "index_key": 5,
          "schema_version": 0,
          "attributes": {
            "id": "-",
            "input": [
              "DELICATELY",
              "BEAUTIFULLY",
              "QUICKLY",
              "TRUTHFULLY",
              "WEARILY"
            ],
            "keepers": null,
            "result": [
              "DELICATELY",
              "BEAUTIFULLY",
              "TRUTHFULLY",
              "QUICKLY",
              "WEARILY"
            ],
            "result_count": null,
            "seed": null
          },
          "sensitive_attributes": [],
          "private": "bnVsbA=="
        },
        {
          "index_key": 6,
          "schema_version": 0,
          "attributes": {
            "id": "-",
            "input": [
              "DELICATELY",
              "BEAUTIFULLY",
              "QUICKLY",
              "TRUTHFULLY",
              "WEARILY"
            ],
            "keepers": null,
            "result": [
              "TRUTHFULLY",
              "BEAUTIFULLY",
              "WEARILY",
              "DELICATELY",
              "QUICKLY"
            ],
            "result_count": null,
            "seed": null
          },
          "sensitive_attributes": [],
          "private": "bnVsbA=="
        },
        {
          "index_key": 7,
          "schema_version": 0,
          "attributes": {
            "id": "-",
            "input": [
              "DELICATELY",
              "BEAUTIFULLY",
              "QUICKLY",
              "TRUTHFULLY",
              "WEARILY"
            ],
            "keepers": null,
            "result": [
              "DELICATELY",
              "WEARILY",
              "TRUTHFULLY",
              "BEAUTIFULLY",
              "QUICKLY"
            ],
            "result_count": null,
            "seed": null
          },
          "sensitive_attributes": [],
          "private": "bnVsbA=="
        },
        {
          "index_key": 8,
          "schema_version": 0,
          "attributes": {
            "id": "-",
            "input": [
              "DELICATELY",
              "BEAUTIFULLY",
              "QUICKLY",
              "TRUTHFULLY",
              "WEARILY"
            ],
            "keepers": null,
            "result": [
              "BEAUTIFULLY",
              "DELICATELY",
              "TRUTHFULLY",
              "QUICKLY",
              "WEARILY"
            ],
            "result_count": null,
            "seed": null
          },
          "sensitive_attributes": [],
          "private": "bnVsbA=="
        },
        {
          "index_key": 9,
          "schema_version": 0,
          "attributes": {
            "id": "-",
            "input": [
              "DELICATELY",
              "BEAUTIFULLY",
              "QUICKLY",
              "TRUTHFULLY",
              "WEARILY"
            ],
            "keepers": null,
            "result": [
              "QUICKLY",
              "DELICATELY",
              "TRUTHFULLY",
              "WEARILY",
              "BEAUTIFULLY"
            ],
            "result_count": null,
            "seed": null
          },
          "sensitive_attributes": [],
          "private": "bnVsbA=="
        },
        {
          "index_key": 10,
          "schema_version": 0,
          "attributes": {
            "id": "-",
            "input": [
              "DELICATELY",
              "BEAUTIFULLY",
              "QUICKLY",
              "TRUTHFULLY",
              "WEARILY"
            ],
            "keepers": null,
            "result": [
              "WEARILY",
              "DELICATELY",
              "QUICKLY",
              "BEAUTIFULLY",
              "TRUTHFULLY"
            ],
            "result_count": null,
            "seed": null
          },
          "sensitive_attributes": [],
          "private": "bnVsbA=="
        },
        {
          "index_key": 11,
          "schema_version": 0,
          "attributes": {
            "id": "-",
            "input": [
              "DELICATELY",
              "BEAUTIFULLY",
              "QUICKLY",
              "TRUTHFULLY",
              "WEARILY"
            ],
            "keepers": null,
            "result": [
              "DELICATELY",
              "BEAUTIFULLY",
              "QUICKLY",
              "WEARILY",
              "TRUTHFULLY"
            ],
            "result_count": null,
            "seed": null
          },
          "sensitive_attributes": [],
          "private": "bnVsbA=="
        },
        {
          "index_key": 12,
          "schema_version": 0,
          "attributes": {
            "id": "-",
            "input": [
              "DELICATELY",
              "BEAUTIFULLY",
              "QUICKLY",
              "TRUTHFULLY",
              "WEARILY"
            ],
            "keepers": null,
            "result": [
              "TRUTHFULLY",
              "BEAUTIFULLY",
              "DELICATELY",
              "QUICKLY",
              "WEARILY"
            ],
            "result_count": null,
            "seed": null
          },
          "sensitive_attributes": [],
          "private": "bnVsbA=="
        },
        {
          "index_key": 13,
          "schema_version": 0,
          "attributes": {
            "id": "-",
            "input": [
              "DELICATELY",
              "BEAUTIFULLY",
              "QUICKLY",
              "TRUTHFULLY",
              "WEARILY"
            ],
            "keepers": null,
            "result": [
              "WEARILY",
              "BEAUTIFULLY",
              "QUICKLY",
              "TRUTHFULLY",
              "DELICATELY"
            ],
            "result_count": null,
            "seed": null
          },
          "sensitive_attributes": [],
          "private": "bnVsbA=="
        },
        {
          "index_key": 14,
          "schema_version": 0,
          "attributes": {
            "id": "-",
            "input": [
              "DELICATELY",
              "BEAUTIFULLY",
              "QUICKLY",
              "TRUTHFULLY",
              "WEARILY"
            ],
            "keepers": null,
            "result": [
              "BEAUTIFULLY",
              "WEARILY",
              "TRUTHFULLY",
              "DELICATELY",
              "QUICKLY"
            ],
            "result_count": null,
            "seed": null
          },
          "sensitive_attributes": [],
          "private": "bnVsbA=="
        },
        {
          "index_key": 15,
          "schema_version": 0,
          "attributes": {
            "id": "-",
            "input": [
              "DELICATELY",
              "BEAUTIFULLY",
              "QUICKLY",
              "TRUTHFULLY",
              "WEARILY"
            ],
            "keepers": null,
            "result": [
              "BEAUTIFULLY",
              "WEARILY",
              "DELICATELY",
              "TRUTHFULLY",
              "QUICKLY"
            ],
            "result_count": null,
            "seed": null
          },
          "sensitive_attributes": [],
          "private": "bnVsbA=="
        },
        {
          "index_key": 16,
          "schema_version": 0,
          "attributes": {
            "id": "-",
            "input": [
              "DELICATELY",
              "BEAUTIFULLY",
              "QUICKLY",
              "TRUTHFULLY",
              "WEARILY"
            ],
            "keepers": null,
            "result": [
              "DELICATELY",
              "QUICKLY",
              "TRUTHFULLY",
              "BEAUTIFULLY",
              "WEARILY"
            ],
            "result_count": null,
            "seed": null
          },
          "sensitive_attributes": [],
          "private": "bnVsbA=="
        },
        {
          "index_key": 17,
          "schema_version": 0,
          "attributes": {
            "id": "-",
            "input": [
              "DELICATELY",
              "BEAUTIFULLY",
              "QUICKLY",
              "TRUTHFULLY",
              "WEARILY"
            ],
            "keepers": null,
            "result": [
              "DELICATELY",
              "QUICKLY",
              "WEARILY",
              "BEAUTIFULLY",
              "TRUTHFULLY"
            ],
            "result_count": null,
            "seed": null
          },
          "sensitive_attributes": [],
          "private": "bnVsbA=="
        },
        {
          "index_key": 18,
          "schema_version": 0,
          "attributes": {
            "id": "-",
            "input": [
              "DELICATELY",
              "BEAUTIFULLY",
              "QUICKLY",
              "TRUTHFULLY",
              "WEARILY"
            ],
            "keepers": null,
            "result": [
              "BEAUTIFULLY",
              "TRUTHFULLY",
              "DELICATELY",
              "QUICKLY",
              "WEARILY"
            ],
            "result_count": null,
            "seed": null
          },
          "sensitive_attributes": [],
          "private": "bnVsbA=="
        },
        {
          "index_key": 19,
          "schema_version": 0,
          "attributes": {
            "id": "-",
            "input": [
              "DELICATELY",
              "BEAUTIFULLY",
              "QUICKLY",
              "TRUTHFULLY",
              "WEARILY"
            ],
            "keepers": null,
            "result": [
              "TRUTHFULLY",
              "DELICATELY",
              "QUICKLY",
              "WEARILY",
              "BEAUTIFULLY"
            ],
            "result_count": null,
            "seed": null
          },
          "sensitive_attributes": [],
          "private": "bnVsbA=="
        },
        {
          "index_key": 20,
          "schema_version": 0,
          "attributes": {
            "id": "-",
            "input": [
              "DELICATELY",
              "BEAUTIFULLY",
              "QUICKLY",
              "TRUTHFULLY",
              "WEARILY"
            ],
            "keepers": null,
            "result": [
              "TRUTHFULLY",
              "BEAUTIFULLY",
              "QUICKLY",
              "WEARILY",
              "DELICATELY"
            ],
            "result_count": null,
            "seed": null
          },
          "sensitive_attributes": [],
          "private": "bnVsbA=="
        },
        {
          "index_key": 21,
          "schema_version": 0,
          "attributes": {
            "id": "-",
            "input": [
              "DELICATELY",
              "BEAUTIFULLY",
              "QUICKLY",
              "TRUTHFULLY",
              "WEARILY"
            ],
            "keepers": null,
            "result": [
              "QUICKLY",
              "DELICATELY",
              "TRUTHFULLY",
              "BEAUTIFULLY",
              "WEARILY"
            ],
            "result_count": null,
            "seed": null
          },
          "sensitive_attributes": [],
          "private": "bnVsbA=="
        },
        {
          "index_key": 22,
          "schema_version": 0,
          "attributes": {
            "id": "-",
            "input": [
              "DELICATELY",
              "BEAUTIFULLY",
              "QUICKLY",
              "TRUTHFULLY",
              "WEARILY"
            ],
            "keepers": null,
            "result": [
              "QUICKLY",
              "WEARILY",
              "BEAUTIFULLY",
              "TRUTHFULLY",
              "DELICATELY"
            ],
            "result_count": null,
            "seed": null
          },
          "sensitive_attributes": [],
          "private": "bnVsbA=="
        },
        {
          "index_key": 23,
          "schema_version": 0,
          "attributes": {
            "id": "-",
            "input": [
              "DELICATELY",
              "BEAUTIFULLY",
              "QUICKLY",
              "TRUTHFULLY",
              "WEARILY"
            ],
            "keepers": null,
            "result": [
              "BEAUTIFULLY",
              "DELICATELY",
              "TRUTHFULLY",
              "WEARILY",
              "QUICKLY"
            ],
            "result_count": null,
            "seed": null
          },
          "sensitive_attributes": [],
          "private": "bnVsbA=="
        },
        {
          "index_key": 24,
          "schema_version": 0,
          "attributes": {
            "id": "-",
            "input": [
              "DELICATELY",
              "BEAUTIFULLY",
              "QUICKLY",
              "TRUTHFULLY",
              "WEARILY"
            ],
            "keepers": null,
            "result": [
              "BEAUTIFULLY",
              "QUICKLY",
              "TRUTHFULLY",
              "WEARILY",
              "DELICATELY"
            ],
            "result_count": null,
            "seed": null
          },
          "sensitive_attributes": [],
          "private": "bnVsbA=="
        },
        {
          "index_key": 25,
          "schema_version": 0,
          "attributes": {
            "id": "-",
            "input": [
              "DELICATELY",
              "BEAUTIFULLY",
              "QUICKLY",
              "TRUTHFULLY",
              "WEARILY"
            ],
            "keepers": null,
            "result": [
              "QUICKLY",
              "TRUTHFULLY",
              "WEARILY",
              "BEAUTIFULLY",
              "DELICATELY"
            ],
            "result_count": null,
            "seed": null
          },
          "sensitive_attributes": [],
          "private": "bnVsbA=="
        },
        {
          "index_key": 26,
          "schema_version": 0,
          "attributes": {
            "id": "-",
            "input": [
              "DELICATELY",
              "BEAUTIFULLY",
              "QUICKLY",
              "TRUTHFULLY",
              "WEARILY"
            ],
            "keepers": null,
            "result": [
              "BEAUTIFULLY",
              "TRUTHFULLY",
              "DELICATELY",
              "WEARILY",
              "QUICKLY"
            ],
            "result_count": null,
            "seed": null
          },
          "sensitive_attributes": [],
          "private": "bnVsbA=="
        },
        {
          "index_key": 27,
          "schema_version": 0,
          "attributes": {
            "id": "-",
            "input": [
              "DELICATELY",
              "BEAUTIFULLY",
              "QUICKLY",
              "TRUTHFULLY",
              "WEARILY"
            ],
            "keepers": null,
            "result": [
              "DELICATELY",
              "BEAUTIFULLY",
              "QUICKLY",
              "WEARILY",
              "TRUTHFULLY"
            ],
            "result_count": null,
            "seed": null
          },
          "sensitive_attributes": [],
          "private": "bnVsbA=="
        },
        {
          "index_key": 28,
          "schema_version": 0,
          "attributes": {
            "id": "-",
            "input": [
              "DELICATELY",
              "BEAUTIFULLY",
              "QUICKLY",
              "TRUTHFULLY",
              "WEARILY"
            ],
            "keepers": null,
            "result": [
              "DELICATELY",
              "QUICKLY",
              "WEARILY",
              "BEAUTIFULLY",
              "TRUTHFULLY"
            ],
            "result_count": null,
            "seed": null
          },
          "sensitive_attributes": [],
          "private": "bnVsbA=="
        },
        {
          "index_key": 29,
          "schema_version": 0,
          "attributes": {
            "id": "-",
            "input": [
              "DELICATELY",
              "BEAUTIFULLY",
              "QUICKLY",
              "TRUTHFULLY",
              "WEARILY"
            ],
            "keepers": null,
            "result": [
              "BEAUTIFULLY",
              "DELICATELY",
              "WEARILY",
              "TRUTHFULLY",
              "QUICKLY"
            ],
            "result_count": null,
            "seed": null
          },
          "sensitive_attributes": [],
          "private": "bnVsbA=="
        },
        {
          "index_key": 30,
          "schema_version": 0,
          "attributes": {
            "id": "-",
            "input": [
              "DELICATELY",
              "BEAUTIFULLY",
              "QUICKLY",
              "TRUTHFULLY",
              "WEARILY"
            ],
            "keepers": null,
            "result": [
              "TRUTHFULLY",
              "WEARILY",
              "QUICKLY",
              "BEAUTIFULLY",
              "DELICATELY"
            ],
            "result_count": null,
            "seed": null
          },
          "sensitive_attributes": [],
          "private": "bnVsbA=="
        },
        {
          "index_key": 31,
          "schema_version": 0,
          "attributes": {
            "id": "-",
            "input": [
              "DELICATELY",
              "BEAUTIFULLY",
              "QUICKLY",
              "TRUTHFULLY",
              "WEARILY"
            ],
            "keepers": null,
            "result": [
              "QUICKLY",
              "BEAUTIFULLY",
              "WEARILY",
              "TRUTHFULLY",
              "DELICATELY"
            ],
            "result_count": null,
            "seed": null
          },
          "sensitive_attributes": [],
          "private": "bnVsbA=="
        },
        {
          "index_key": 32,
          "schema_version": 0,
          "attributes": {
            "id": "-",
            "input": [
              "DELICATELY",
              "BEAUTIFULLY",
              "QUICKLY",
              "TRUTHFULLY",
              "WEARILY"
            ],
            "keepers": null,
            "result": [
              "TRUTHFULLY",
              "WEARILY",
              "QUICKLY",
              "DELICATELY",
              "BEAUTIFULLY"
            ],
            "result_count": null,
            "seed": null
          },
          "sensitive_attributes": [],
          "private": "bnVsbA=="
        },
        {
          "index_key": 33,
          "schema_version": 0,
          "attributes": {
            "id": "-",
            "input": [
              "DELICATELY",
              "BEAUTIFULLY",
              "QUICKLY",
              "TRUTHFULLY",
              "WEARILY"
            ],
            "keepers": null,
            "result": [
              "TRUTHFULLY",
              "BEAUTIFULLY",
              "QUICKLY",
              "DELICATELY",
              "WEARILY"
            ],
            "result_count": null,
            "seed": null
          },
          "sensitive_attributes": [],
          "private": "bnVsbA=="
        },
        {
          "index_key": 34,
          "schema_version": 0,
          "attributes": {
            "id": "-",
            "input": [
              "DELICATELY",
              "BEAUTIFULLY",
              "QUICKLY",
              "TRUTHFULLY",
              "WEARILY"
            ],
            "keepers": null,
            "result": [
              "BEAUTIFULLY",
              "DELICATELY",
              "WEARILY",
              "TRUTHFULLY",
              "QUICKLY"
            ],
            "result_count": null,
            "seed": null
          },
          "sensitive_attributes": [],
          "private": "bnVsbA=="
        },
        {
          "index_key": 35,
          "schema_version": 0,
          "attributes": {
            "id": "-",
            "input": [
              "DELICATELY",
              "BEAUTIFULLY",
              "QUICKLY",
              "TRUTHFULLY",
              "WEARILY"
            ],
            "keepers": null,
            "result": [
              "TRUTHFULLY",
              "DELICATELY",
              "BEAUTIFULLY",
              "QUICKLY",
              "WEARILY"
            ],
            "result_count": null,
            "seed": null
          },
          "sensitive_attributes": [],
          "private": "bnVsbA=="
        },
        {
          "index_key": 36,
          "schema_version": 0,
          "attributes": {
            "id": "-",
            "input": [
              "DELICATELY",
              "BEAUTIFULLY",
              "QUICKLY",
              "TRUTHFULLY",
              "WEARILY"
            ],
            "keepers": null,
            "result": [
              "QUICKLY",
              "BEAUTIFULLY",
              "DELICATELY",
              "WEARILY",
              "TRUTHFULLY"
            ],
            "result_count": null,
            "seed": null
          },
          "sensitive_attributes": [],
          "private": "bnVsbA=="
        },
        {
          "index_key": 37,
          "schema_version": 0,
          "attributes": {
            "id": "-",
            "input": [
              "DELICATELY",
              "BEAUTIFULLY",
              "QUICKLY",
              "TRUTHFULLY",
              "WEARILY"
            ],
            "keepers": null,
            "result": [
              "DELICATELY",
              "TRUTHFULLY",
              "WEARILY",
              "QUICKLY",
              "BEAUTIFULLY"
            ],
            "result_count": null,
            "seed": null
          },
          "sensitive_attributes": [],
          "private": "bnVsbA=="
        },
        {
          "index_key": 38,
          "schema_version": 0,
          "attributes": {
            "id": "-",
            "input": [
              "DELICATELY",
              "BEAUTIFULLY",
              "QUICKLY",
              "TRUTHFULLY",
              "WEARILY"
            ],
            "keepers": null,
            "result": [
              "DELICATELY",
              "QUICKLY",
              "BEAUTIFULLY",
              "TRUTHFULLY",
              "WEARILY"
            ],
            "result_count": null,
            "seed": null
          },
          "sensitive_attributes": [],
          "private": "bnVsbA=="
        },
        {
          "index_key": 39,
          "schema_version": 0,
          "attributes": {
            "id": "-",
            "input": [
              "DELICATELY",
              "BEAUTIFULLY",
              "QUICKLY",
              "TRUTHFULLY",
              "WEARILY"
            ],
            "keepers": null,
            "result": [
              "WEARILY",
              "DELICATELY",
              "BEAUTIFULLY",
              "QUICKLY",
              "TRUTHFULLY"
            ],
            "result_count": null,
            "seed": null
          },
          "sensitive_attributes": [],
          "private": "bnVsbA=="
        },
        {
          "index_key": 40,
          "schema_version": 0,
          "attributes": {
            "id": "-",
            "input": [
              "DELICATELY",
              "BEAUTIFULLY",
              "QUICKLY",
              "TRUTHFULLY",
              "WEARILY"
            ],
            "keepers": null,
            "result": [
              "DELICATELY",
              "QUICKLY",
              "BEAUTIFULLY",
              "WEARILY",
              "TRUTHFULLY"
            ],
            "result_count": null,
            "seed": null
          },
          "sensitive_attributes": [],
          "private": "bnVsbA=="
        },
        {
          "index_key": 41,
          "schema_version": 0,
          "attributes": {
            "id": "-",
            "input": [
              "DELICATELY",
              "BEAUTIFULLY",
              "QUICKLY",
              "TRUTHFULLY",
              "WEARILY"
            ],
            "keepers": null,
            "result": [
              "BEAUTIFULLY",
              "QUICKLY",
              "TRUTHFULLY",
              "WEARILY",
              "DELICATELY"
            ],
            "result_count": null,
            "seed": null
          },
          "sensitive_attributes": [],
          "private": "bnVsbA=="
        },
        {
          "index_key": 42,
          "schema_version": 0,
          "attributes": {
            "id": "-",
            "input": [
              "DELICATELY",
              "BEAUTIFULLY",
              "QUICKLY",
              "TRUTHFULLY",
              "WEARILY"
            ],
            "keepers": null,
            "result": [
              "DELICATELY",
              "TRUTHFULLY",
              "WEARILY",
              "QUICKLY",
              "BEAUTIFULLY"
            ],
            "result_count": null,
            "seed": null
          },
          "sensitive_attributes": [],
          "private": "bnVsbA=="
        },
        {
          "index_key": 43,
          "schema_version": 0,
          "attributes": {
            "id": "-",
            "input": [
              "DELICATELY",
              "BEAUTIFULLY",
              "QUICKLY",
              "TRUTHFULLY",
              "WEARILY"
            ],
            "keepers": null,
            "result": [
              "BEAUTIFULLY",
              "DELICATELY",
              "WEARILY",
              "QUICKLY",
              "TRUTHFULLY"
            ],
            "result_count": null,
            "seed": null
          },
          "sensitive_attributes": [],
          "private": "bnVsbA=="
        },
        {
          "index_key": 44,
          "schema_version": 0,
          "attributes": {
            "id": "-",
            "input": [
              "DELICATELY",
              "BEAUTIFULLY",
              "QUICKLY",
              "TRUTHFULLY",
              "WEARILY"
            ],
            "keepers": null,
            "result": [
              "TRUTHFULLY",
              "DELICATELY",
              "WEARILY",
              "BEAUTIFULLY",
              "QUICKLY"
            ],
            "result_count": null,
            "seed": null
          },
          "sensitive_attributes": [],
          "private": "bnVsbA=="
        },
        {
          "index_key": 45,
          "schema_version": 0,
          "attributes": {
            "id": "-",
            "input": [
              "DELICATELY",
              "BEAUTIFULLY",
              "QUICKLY",
              "TRUTHFULLY",
              "WEARILY"
            ],
            "keepers": null,
            "result": [
              "BEAUTIFULLY",
              "TRUTHFULLY",
              "DELICATELY",
              "WEARILY",
              "QUICKLY"
            ],
            "result_count": null,
            "seed": null
          },
          "sensitive_attributes": [],
          "private": "bnVsbA=="
        },
        {
          "index_key": 46,
          "schema_version": 0,
          "attributes": {
            "id": "-",
            "input": [
              "DELICATELY",
              "BEAUTIFULLY",
              "QUICKLY",
              "TRUTHFULLY",
              "WEARILY"
            ],
            "keepers": null,
            "result": [
              "QUICKLY",
              "WEARILY",
              "BEAUTIFULLY",
              "TRUTHFULLY",
              "DELICATELY"
            ],
            "result_count": null,
            "seed": null
          },
          "sensitive_attributes": [],
          "private": "bnVsbA=="
        },
        {
          "index_key": 47,
          "schema_version": 0,
          "attributes": {
            "id": "-",
            "input": [
              "DELICATELY",
              "BEAUTIFULLY",
              "QUICKLY",
              "TRUTHFULLY",
              "WEARILY"
            ],
            "keepers": null,
            "result": [
              "DELICATELY",
              "QUICKLY",
              "WEARILY",
              "BEAUTIFULLY",
              "TRUTHFULLY"
            ],
            "result_count": null,
            "seed": null
          },
          "sensitive_attributes": [],
          "private": "bnVsbA=="
        },
        {
          "index_key": 48,
          "schema_version": 0,
          "attributes": {
            "id": "-",
            "input": [
              "DELICATELY",
              "BEAUTIFULLY",
              "QUICKLY",
              "TRUTHFULLY",
              "WEARILY"
            ],
            "keepers": null,
            "result": [
              "QUICKLY",
              "BEAUTIFULLY",
              "DELICATELY",
              "WEARILY",
              "TRUTHFULLY"
            ],
            "result_count": null,
            "seed": null
          },
          "sensitive_attributes": [],
          "private": "bnVsbA=="
        },
        {
          "index_key": 49,
          "schema_version": 0,
          "attributes": {
            "id": "-",
            "input": [
              "DELICATELY",
              "BEAUTIFULLY",
              "QUICKLY",
              "TRUTHFULLY",
              "WEARILY"
            ],
            "keepers": null,
            "result": [
              "QUICKLY",
              "TRUTHFULLY",
              "WEARILY",
              "DELICATELY",
              "BEAUTIFULLY"
            ],
            "result_count": null,
            "seed": null
          },
          "sensitive_attributes": [],
          "private": "bnVsbA=="
        },
        {
          "index_key": 50,
          "schema_version": 0,
          "attributes": {
            "id": "-",
            "input": [
              "DELICATELY",
              "BEAUTIFULLY",
              "QUICKLY",
              "TRUTHFULLY",
              "WEARILY"
            ],
            "keepers": null,
            "result": [
              "QUICKLY",
              "DELICATELY",
              "WEARILY",
              "TRUTHFULLY",
              "BEAUTIFULLY"
            ],
            "result_count": null,
            "seed": null
          },
          "sensitive_attributes": [],
          "private": "bnVsbA=="
        },
        {
          "index_key": 51,
          "schema_version": 0,
          "attributes": {
            "id": "-",
            "input": [
              "DELICATELY",
              "BEAUTIFULLY",
              "QUICKLY",
              "TRUTHFULLY",
              "WEARILY"
            ],
            "keepers": null,
            "result": [
              "QUICKLY",
              "BEAUTIFULLY",
              "DELICATELY",
              "WEARILY",
              "TRUTHFULLY"
            ],
            "result_count": null,
            "seed": null
          },
          "sensitive_attributes": [],
          "private": "bnVsbA=="
        },
        {
          "index_key": 52,
          "schema_version": 0,
          "attributes": {
            "id": "-",
            "input": [
              "DELICATELY",
              "BEAUTIFULLY",
              "QUICKLY",
              "TRUTHFULLY",
              "WEARILY"
            ],
            "keepers": null,
            "result": [
              "DELICATELY",
              "BEAUTIFULLY",
              "QUICKLY",
              "WEARILY",
              "TRUTHFULLY"
            ],
            "result_count": null,
            "seed": null
          },
          "sensitive_attributes": [],
          "private": "bnVsbA=="
        },
        {
          "index_key": 53,
          "schema_version": 0,
          "attributes": {
            "id": "-",
            "input": [
              "DELICATELY",
              "BEAUTIFULLY",
              "QUICKLY",
              "TRUTHFULLY",
              "WEARILY"
            ],
            "keepers": null,
            "result": [
              "QUICKLY",
              "BEAUTIFULLY",
              "TRUTHFULLY",
              "WEARILY",
              "DELICATELY"
            ],
            "result_count": null,
            "seed": null
          },
          "sensitive_attributes": [],
          "private": "bnVsbA=="
        },
        {
          "index_key": 54,
          "schema_version": 0,
          "attributes": {
            "id": "-",
            "input": [
              "DELICATELY",
              "BEAUTIFULLY",
              "QUICKLY",
              "TRUTHFULLY",
              "WEARILY"
            ],
            "keepers": null,
            "result": [
              "DELICATELY",
              "BEAUTIFULLY",
              "TRUTHFULLY",
              "QUICKLY",
              "WEARILY"
            ],
            "result_count": null,
            "seed": null
          },
          "sensitive_attributes": [],
          "private": "bnVsbA=="
        },
        {
          "index_key": 55,
          "schema_version": 0,
          "attributes": {
            "id": "-",
            "input": [
              "DELICATELY",
              "BEAUTIFULLY",
              "QUICKLY",
              "TRUTHFULLY",
              "WEARILY"
            ],
            "keepers": null,
            "result": [
              "QUICKLY",
              "WEARILY",
              "BEAUTIFULLY",
              "TRUTHFULLY",
              "DELICATELY"
            ],
            "result_count": null,
            "seed": null
          },
          "sensitive_attributes": [],
          "private": "bnVsbA=="
        },
        {
          "index_key": 56,
          "schema_version": 0,
          "attributes": {
            "id": "-",
            "input": [
              "DELICATELY",
              "BEAUTIFULLY",
              "QUICKLY",
              "TRUTHFULLY",
              "WEARILY"
            ],
            "keepers": null,
            "result": [
              "TRUTHFULLY",
              "BEAUTIFULLY",
              "DELICATELY",
              "WEARILY",
              "QUICKLY"
            ],
            "result_count": null,
            "seed": null
          },
          "sensitive_attributes": [],
          "private": "bnVsbA=="
        },
        {
          "index_key": 57,
          "schema_version": 0,
          "attributes": {
            "id": "-",
            "input": [
              "DELICATELY",
              "BEAUTIFULLY",
              "QUICKLY",
              "TRUTHFULLY",
              "WEARILY"
            ],
            "keepers": null,
            "result": [
              "WEARILY",
              "TRUTHFULLY",
              "DELICATELY",
              "QUICKLY",
              "BEAUTIFULLY"
            ],
            "result_count": null,
            "seed": null
          },
          "sensitive_attributes": [],
          "private": "bnVsbA=="
        },
        {
          "index_key": 58,
          "schema_version": 0,
          "attributes": {
            "id": "-",
            "input": [
              "DELICATELY",
              "BEAUTIFULLY",
              "QUICKLY",
              "TRUTHFULLY",
              "WEARILY"
            ],
            "keepers": null,
            "result": [
              "TRUTHFULLY",
              "DELICATELY",
              "QUICKLY",
              "WEARILY",
              "BEAUTIFULLY"
            ],
            "result_count": null,
            "seed": null
          },
          "sensitive_attributes": [],
          "private": "bnVsbA=="
        },
        {
          "index_key": 59,
          "schema_version": 0,
          "attributes": {
            "id": "-",
            "input": [
              "DELICATELY",
              "BEAUTIFULLY",
              "QUICKLY",
              "TRUTHFULLY",
              "WEARILY"
            ],
            "keepers": null,
            "result": [
              "QUICKLY",
              "DELICATELY",
              "TRUTHFULLY",
              "BEAUTIFULLY",
              "WEARILY"
            ],
            "result_count": null,
            "seed": null
          },
          "sensitive_attributes": [],
          "private": "bnVsbA=="
        },
        {
          "index_key": 60,
          "schema_version": 0,
          "attributes": {
            "id": "-",
            "input": [
              "DELICATELY",
              "BEAUTIFULLY",
              "QUICKLY",
              "TRUTHFULLY",
              "WEARILY"
            ],
            "keepers": null,
            "result": [
              "WEARILY",
              "TRUTHFULLY",
              "QUICKLY",
              "DELICATELY",
              "BEAUTIFULLY"
            ],
            "result_count": null,
            "seed": null
          },
          "sensitive_attributes": [],
          "private": "bnVsbA=="
        },
        {
          "index_key": 61,
          "schema_version": 0,
          "attributes": {
            "id": "-",
            "input": [
              "DELICATELY",
              "BEAUTIFULLY",
              "QUICKLY",
              "TRUTHFULLY",
              "WEARILY"
            ],
            "keepers": null,
            "result": [
              "TRUTHFULLY",
              "WEARILY",
              "QUICKLY",
              "BEAUTIFULLY",
              "DELICATELY"
            ],
            "result_count": null,
            "seed": null
          },
          "sensitive_attributes": [],
          "private": "bnVsbA=="
        },
        {
          "index_key": 62,
          "schema_version": 0,
          "attributes": {
            "id": "-",
            "input": [
              "DELICATELY",
              "BEAUTIFULLY",
              "QUICKLY",
              "TRUTHFULLY",
              "WEARILY"
            ],
            "keepers": null,
            "result": [
              "QUICKLY",
              "TRUTHFULLY",
              "BEAUTIFULLY",
              "DELICATELY",
              "WEARILY"
            ],
            "result_count": null,
            "seed": null
          },
          "sensitive_attributes": [],
          "private": "bnVsbA=="
        },
        {
          "index_key": 63,
          "schema_version": 0,
          "attributes": {
            "id": "-",
            "input": [
              "DELICATELY",
              "BEAUTIFULLY",
              "QUICKLY",
              "TRUTHFULLY",
              "WEARILY"
            ],
            "keepers": null,
            "result": [
              "DELICATELY",
              "QUICKLY",
              "TRUTHFULLY",
              "WEARILY",
              "BEAUTIFULLY"
            ],
            "result_count": null,
            "seed": null
          },
          "sensitive_attributes": [],
          "private": "bnVsbA=="
        },
        {
          "index_key": 64,
          "schema_version": 0,
          "attributes": {
            "id": "-",
            "input": [
              "DELICATELY",
              "BEAUTIFULLY",
              "QUICKLY",
              "TRUTHFULLY",
              "WEARILY"
            ],
            "keepers": null,
            "result": [
              "DELICATELY",
              "TRUTHFULLY",
              "WEARILY",
              "QUICKLY",
              "BEAUTIFULLY"
            ],
            "result_count": null,
            "seed": null
          },
          "sensitive_attributes": [],
          "private": "bnVsbA=="
        },
        {
          "index_key": 65,
          "schema_version": 0,
          "attributes": {
            "id": "-",
            "input": [
              "DELICATELY",
              "BEAUTIFULLY",
              "QUICKLY",
              "TRUTHFULLY",
              "WEARILY"
            ],
            "keepers": null,
            "result": [
              "QUICKLY",
              "WEARILY",
              "BEAUTIFULLY",
              "TRUTHFULLY",
              "DELICATELY"
            ],
            "result_count": null,
            "seed": null
          },
          "sensitive_attributes": [],
          "private": "bnVsbA=="
        },
        {
          "index_key": 66,
          "schema_version": 0,
          "attributes": {
            "id": "-",
            "input": [
              "DELICATELY",
              "BEAUTIFULLY",
              "QUICKLY",
              "TRUTHFULLY",
              "WEARILY"
            ],
            "keepers": null,
            "result": [
              "BEAUTIFULLY",
              "QUICKLY",
              "TRUTHFULLY",
              "DELICATELY",
              "WEARILY"
            ],
            "result_count": null,
            "seed": null
          },
          "sensitive_attributes": [],
          "private": "bnVsbA=="
        },
        {
          "index_key": 67,
          "schema_version": 0,
          "attributes": {
            "id": "-",
            "input": [
              "DELICATELY",
              "BEAUTIFULLY",
              "QUICKLY",
              "TRUTHFULLY",
              "WEARILY"
            ],
            "keepers": null,
            "result": [
              "QUICKLY",
              "WEARILY",
              "DELICATELY",
              "BEAUTIFULLY",
              "TRUTHFULLY"
            ],
            "result_count": null,
            "seed": null
          },
          "sensitive_attributes": [],
          "private": "bnVsbA=="
        },
        {
          "index_key": 68,
          "schema_version": 0,
          "attributes": {
            "id": "-",
            "input": [
              "DELICATELY",
              "BEAUTIFULLY",
              "QUICKLY",
              "TRUTHFULLY",
              "WEARILY"
            ],
            "keepers": null,
            "result": [
              "TRUTHFULLY",
              "QUICKLY",
              "WEARILY",
              "DELICATELY",
              "BEAUTIFULLY"
            ],
            "result_count": null,
            "seed": null
          },
          "sensitive_attributes": [],
          "private": "bnVsbA=="
        },
        {
          "index_key": 69,
          "schema_version": 0,
          "attributes": {
            "id": "-",
            "input": [
              "DELICATELY",
              "BEAUTIFULLY",
              "QUICKLY",
              "TRUTHFULLY",
              "WEARILY"
            ],
            "keepers": null,
            "result": [
              "TRUTHFULLY",
              "WEARILY",
              "DELICATELY",
              "QUICKLY",
              "BEAUTIFULLY"
            ],
            "result_count": null,
            "seed": null
          },
          "sensitive_attributes": [],
          "private": "bnVsbA=="
        },
        {
          "index_key": 70,
          "schema_version": 0,
          "attributes": {
            "id": "-",
            "input": [
              "DELICATELY",
              "BEAUTIFULLY",
              "QUICKLY",
              "TRUTHFULLY",
              "WEARILY"
            ],
            "keepers": null,
            "result": [
              "BEAUTIFULLY",
              "TRUTHFULLY",
              "QUICKLY",
              "WEARILY",
              "DELICATELY"
            ],
            "result_count": null,
            "seed": null
          },
          "sensitive_attributes": [],
          "private": "bnVsbA=="
        },
        {
          "index_key": 71,
          "schema_version": 0,
          "attributes": {
            "id": "-",
            "input": [
              "DELICATELY",
              "BEAUTIFULLY",
              "QUICKLY",
              "TRUTHFULLY",
              "WEARILY"
            ],
            "keepers": null,
            "result": [
              "TRUTHFULLY",
              "BEAUTIFULLY",
              "QUICKLY",
              "WEARILY",
              "DELICATELY"
            ],
            "result_count": null,
            "seed": null
          },
          "sensitive_attributes": [],
          "private": "bnVsbA=="
        },
        {
          "index_key": 72,
          "schema_version": 0,
          "attributes": {
            "id": "-",
            "input": [
              "DELICATELY",
              "BEAUTIFULLY",
              "QUICKLY",
              "TRUTHFULLY",
              "WEARILY"
            ],
            "keepers": null,
            "result": [
              "WEARILY",
              "DELICATELY",
              "BEAUTIFULLY",
              "QUICKLY",
              "TRUTHFULLY"
            ],
            "result_count": null,
            "seed": null
          },
          "sensitive_attributes": [],
          "private": "bnVsbA=="
        },
        {
          "index_key": 73,
          "schema_version": 0,
          "attributes": {
            "id": "-",
            "input": [
              "DELICATELY",
              "BEAUTIFULLY",
              "QUICKLY",
              "TRUTHFULLY",
              "WEARILY"
            ],
            "keepers": null,
            "result": [
              "WEARILY",
              "TRUTHFULLY",
              "DELICATELY",
              "QUICKLY",
              "BEAUTIFULLY"
            ],
            "result_count": null,
            "seed": null
          },
          "sensitive_attributes": [],
          "private": "bnVsbA=="
        },
        {
          "index_key": 74,
          "schema_version": 0,
          "attributes": {
            "id": "-",
            "input": [
              "DELICATELY",
              "BEAUTIFULLY",
              "QUICKLY",
              "TRUTHFULLY",
              "WEARILY"
            ],
            "keepers": null,
            "result": [
              "QUICKLY",
              "DELICATELY",
              "BEAUTIFULLY",
              "TRUTHFULLY",
              "WEARILY"
            ],
            "result_count": null,
            "seed": null
          },
          "sensitive_attributes": [],
          "private": "bnVsbA=="
        },
        {
          "index_key": 75,
          "schema_version": 0,
          "attributes": {
            "id": "-",
            "input": [
              "DELICATELY",
              "BEAUTIFULLY",
              "QUICKLY",
              "TRUTHFULLY",
              "WEARILY"
            ],
            "keepers": null,
            "result": [
              "QUICKLY",
              "DELICATELY",
              "BEAUTIFULLY",
              "TRUTHFULLY",
              "WEARILY"
            ],
            "result_count": null,
            "seed": null
          },
          "sensitive_attributes": [],
          "private": "bnVsbA=="
        },
        {
          "index_key": 76,
          "schema_version": 0,
          "attributes": {
            "id": "-",
            "input": [
              "DELICATELY",
              "BEAUTIFULLY",
              "QUICKLY",
              "TRUTHFULLY",
              "WEARILY"
            ],
            "keepers": null,
            "result": [
              "DELICATELY",
              "WEARILY",
              "TRUTHFULLY",
              "BEAUTIFULLY",
              "QUICKLY"
            ],
            "result_count": null,
            "seed": null
          },
          "sensitive_attributes": [],
          "private": "bnVsbA=="
        },
        {
          "index_key": 77,
          "schema_version": 0,
          "attributes": {
            "id": "-",
            "input": [
              "DELICATELY",
              "BEAUTIFULLY",
              "QUICKLY",
              "TRUTHFULLY",
              "WEARILY"
            ],
            "keepers": null,
            "result": [
              "DELICATELY",
              "TRUTHFULLY",
              "WEARILY",
              "BEAUTIFULLY",
              "QUICKLY"
            ],
            "result_count": null,
            "seed": null
          },
          "sensitive_attributes": [],
          "private": "bnVsbA=="
        },
        {
          "index_key": 78,
          "schema_version": 0,
          "attributes": {
            "id": "-",
            "input": [
              "DELICATELY",
              "BEAUTIFULLY",
              "QUICKLY",
              "TRUTHFULLY",
              "WEARILY"
            ],
            "keepers": null,
            "result": [
              "WEARILY",
              "TRUTHFULLY",
              "QUICKLY",
              "BEAUTIFULLY",
              "DELICATELY"
            ],
            "result_count": null,
            "seed": null
          },
          "sensitive_attributes": [],
          "private": "bnVsbA=="
        },
        {
          "index_key": 79,
          "schema_version": 0,
          "attributes": {
            "id": "-",
            "input": [
              "DELICATELY",
              "BEAUTIFULLY",
              "QUICKLY",
              "TRUTHFULLY",
              "WEARILY"
            ],
            "keepers": null,
            "result": [
              "BEAUTIFULLY",
              "DELICATELY",
              "TRUTHFULLY",
              "WEARILY",
              "QUICKLY"
            ],
            "result_count": null,
            "seed": null
          },
          "sensitive_attributes": [],
          "private": "bnVsbA=="
        },
        {
          "index_key": 80,
          "schema_version": 0,
          "attributes": {
            "id": "-",
            "input": [
              "DELICATELY",
              "BEAUTIFULLY",
              "QUICKLY",
              "TRUTHFULLY",
              "WEARILY"
            ],
            "keepers": null,
            "result": [
              "DELICATELY",
              "WEARILY",
              "BEAUTIFULLY",
              "QUICKLY",
              "TRUTHFULLY"
            ],
            "result_count": null,
            "seed": null
          },
          "sensitive_attributes": [],
          "private": "bnVsbA=="
        },
        {
          "index_key": 81,
          "schema_version": 0,
          "attributes": {
            "id": "-",
            "input": [
              "DELICATELY",
              "BEAUTIFULLY",
              "QUICKLY",
              "TRUTHFULLY",
              "WEARILY"
            ],
            "keepers": null,
            "result": [
              "BEAUTIFULLY",
              "WEARILY",
              "TRUTHFULLY",
              "DELICATELY",
              "QUICKLY"
            ],
            "result_count": null,
            "seed": null
          },
          "sensitive_attributes": [],
          "private": "bnVsbA=="
        },
        {
          "index_key": 82,
          "schema_version": 0,
          "attributes": {
            "id": "-",
            "input": [
              "DELICATELY",
              "BEAUTIFULLY",
              "QUICKLY",
              "TRUTHFULLY",
              "WEARILY"
            ],
            "keepers": null,
            "result": [
              "DELICATELY",
              "BEAUTIFULLY",
              "QUICKLY",
              "WEARILY",
              "TRUTHFULLY"
            ],
            "result_count": null,
            "seed": null
          },
          "sensitive_attributes": [],
          "private": "bnVsbA=="
        },
        {
          "index_key": 83,
          "schema_version": 0,
          "attributes": {
            "id": "-",
            "input": [
              "DELICATELY",
              "BEAUTIFULLY",
              "QUICKLY",
              "TRUTHFULLY",
              "WEARILY"
            ],
            "keepers": null,
            "result": [
              "BEAUTIFULLY",
              "TRUTHFULLY",
              "QUICKLY",
              "DELICATELY",
              "WEARILY"
            ],
            "result_count": null,
            "seed": null
          },
          "sensitive_attributes": [],
          "private": "bnVsbA=="
        },
        {
          "index_key": 84,
          "schema_version": 0,
          "attributes": {
            "id": "-",
            "input": [
              "DELICATELY",
              "BEAUTIFULLY",
              "QUICKLY",
              "TRUTHFULLY",
              "WEARILY"
            ],
            "keepers": null,
            "result": [
              "QUICKLY",
              "TRUTHFULLY",
              "DELICATELY",
              "WEARILY",
              "BEAUTIFULLY"
            ],
            "result_count": null,
            "seed": null
          },
          "sensitive_attributes": [],
          "private": "bnVsbA=="
        },
        {
          "index_key": 85,
          "schema_version": 0,
          "attributes": {
            "id": "-",
            "input": [
              "DELICATELY",
              "BEAUTIFULLY",
              "QUICKLY",
              "TRUTHFULLY",
              "WEARILY"
            ],
            "keepers": null,
            "result": [
              "QUICKLY",
              "DELICATELY",
              "WEARILY",
              "TRUTHFULLY",
              "BEAUTIFULLY"
            ],
            "result_count": null,
            "seed": null
          },
          "sensitive_attributes": [],
          "private": "bnVsbA=="
        },
        {
          "index_key": 86,
          "schema_version": 0,
          "attributes": {
            "id": "-",
            "input": [
              "DELICATELY",
              "BEAUTIFULLY",
              "QUICKLY",
              "TRUTHFULLY",
              "WEARILY"
            ],
            "keepers": null,
            "result": [
              "WEARILY",
              "TRUTHFULLY",
              "QUICKLY",
              "BEAUTIFULLY",
              "DELICATELY"
            ],
            "result_count": null,
            "seed": null
          },
          "sensitive_attributes": [],
          "private": "bnVsbA=="
        },
        {
          "index_key": 87,
          "schema_version": 0,
          "attributes": {
            "id": "-",
            "input": [
              "DELICATELY",
              "BEAUTIFULLY",
              "QUICKLY",
              "TRUTHFULLY",
              "WEARILY"
            ],
            "keepers": null,
            "result": [
              "DELICATELY",
              "BEAUTIFULLY",
              "WEARILY",
              "TRUTHFULLY",
              "QUICKLY"
            ],
            "result_count": null,
            "seed": null
          },
          "sensitive_attributes": [],
          "private": "bnVsbA=="
        },
        {
          "index_key": 88,
          "schema_version": 0,
          "attributes": {
            "id": "-",
            "input": [
              "DELICATELY",
              "BEAUTIFULLY",
              "QUICKLY",
              "TRUTHFULLY",
              "WEARILY"
            ],
            "keepers": null,
            "result": [
              "DELICATELY",
              "QUICKLY",
              "WEARILY",
              "TRUTHFULLY",
              "BEAUTIFULLY"
            ],
            "result_count": null,
            "seed": null
          },
          "sensitive_attributes": [],
          "private": "bnVsbA=="
        },
        {
          "index_key": 89,
          "schema_version": 0,
          "attributes": {
            "id": "-",
            "input": [
              "DELICATELY",
              "BEAUTIFULLY",
              "QUICKLY",
              "TRUTHFULLY",
              "WEARILY"
            ],
            "keepers": null,
            "result": [
              "QUICKLY",
              "WEARILY",
              "TRUTHFULLY",
              "DELICATELY",
              "BEAUTIFULLY"
            ],
            "result_count": null,
            "seed": null
          },
          "sensitive_attributes": [],
          "private": "bnVsbA=="
        },
        {
          "index_key": 90,
          "schema_version": 0,
          "attributes": {
            "id": "-",
            "input": [
              "DELICATELY",
              "BEAUTIFULLY",
              "QUICKLY",
              "TRUTHFULLY",
              "WEARILY"
            ],
            "keepers": null,
            "result": [
              "QUICKLY",
              "BEAUTIFULLY",
              "DELICATELY",
              "TRUTHFULLY",
              "WEARILY"
            ],
            "result_count": null,
            "seed": null
          },
          "sensitive_attributes": [],
          "private": "bnVsbA=="
        },
        {
          "index_key": 91,
          "schema_version": 0,
          "attributes": {
            "id": "-",
            "input": [
              "DELICATELY",
              "BEAUTIFULLY",
              "QUICKLY",
              "TRUTHFULLY",
              "WEARILY"
            ],
            "keepers": null,
            "result": [
              "BEAUTIFULLY",
              "DELICATELY",
              "WEARILY",
              "TRUTHFULLY",
              "QUICKLY"
            ],
            "result_count": null,
            "seed": null
          },
          "sensitive_attributes": [],
          "private": "bnVsbA=="
        },
        {
          "index_key": 92,
          "schema_version": 0,
          "attributes": {
            "id": "-",
            "input": [
              "DELICATELY",
              "BEAUTIFULLY",
              "QUICKLY",
              "TRUTHFULLY",
              "WEARILY"
            ],
            "keepers": null,
            "result": [
              "TRUTHFULLY",
              "QUICKLY",
              "BEAUTIFULLY",
              "DELICATELY",
              "WEARILY"
            ],
            "result_count": null,
            "seed": null
          },
          "sensitive_attributes": [],
          "private": "bnVsbA=="
        },
        {
          "index_key": 93,
          "schema_version": 0,
          "attributes": {
            "id": "-",
            "input": [
              "DELICATELY",
              "BEAUTIFULLY",
              "QUICKLY",
              "TRUTHFULLY",
              "WEARILY"
            ],
            "keepers": null,
            "result": [
              "QUICKLY",
              "DELICATELY",
              "WEARILY",
              "BEAUTIFULLY",
              "TRUTHFULLY"
            ],
            "result_count": null,
            "seed": null
          },
          "sensitive_attributes": [],
          "private": "bnVsbA=="
        },
        {
          "index_key": 94,
          "schema_version": 0,
          "attributes": {
            "id": "-",
            "input": [
              "DELICATELY",
              "BEAUTIFULLY",
              "QUICKLY",
              "TRUTHFULLY",
              "WEARILY"
            ],
            "keepers": null,
            "result": [
              "BEAUTIFULLY",
              "QUICKLY",
              "WEARILY",
              "TRUTHFULLY",
              "DELICATELY"
            ],
            "result_count": null,
            "seed": null
          },
          "sensitive_attributes": [],
          "private": "bnVsbA=="
        },
        {
          "index_key": 95,
          "schema_version": 0,
          "attributes": {
            "id": "-",
            "input": [
              "DELICATELY",
              "BEAUTIFULLY",
              "QUICKLY",
              "TRUTHFULLY",
              "WEARILY"
            ],
            "keepers": null,
            "result": [
              "DELICATELY",
              "TRUTHFULLY",
              "BEAUTIFULLY",
              "QUICKLY",
              "WEARILY"
            ],
            "result_count": null,
            "seed": null
          },
          "sensitive_attributes": [],
          "private": "bnVsbA=="
        },
        {
          "index_key": 96,
          "schema_version": 0,
          "attributes": {
            "id": "-",
            "input": [
              "DELICATELY",
              "BEAUTIFULLY",
              "QUICKLY",
              "TRUTHFULLY",
              "WEARILY"
            ],
            "keepers": null,
            "result": [
              "TRUTHFULLY",
              "WEARILY",
              "QUICKLY",
              "DELICATELY",
              "BEAUTIFULLY"
            ],
            "result_count": null,
            "seed": null
          },
          "sensitive_attributes": [],
          "private": "bnVsbA=="
        },
        {
          "index_key": 97,
          "schema_version": 0,
          "attributes": {
            "id": "-",
            "input": [
              "DELICATELY",
              "BEAUTIFULLY",
              "QUICKLY",
              "TRUTHFULLY",
              "WEARILY"
            ],
            "keepers": null,
            "result": [
              "TRUTHFULLY",
              "DELICATELY",
              "WEARILY",
              "QUICKLY",
              "BEAUTIFULLY"
            ],
            "result_count": null,
            "seed": null
          },
          "sensitive_attributes": [],
          "private": "bnVsbA=="
        },
        {
          "index_key": 98,
          "schema_version": 0,
          "attributes": {
            "id": "-",
            "input": [
              "DELICATELY",
              "BEAUTIFULLY",
              "QUICKLY",
              "TRUTHFULLY",
              "WEARILY"
            ],
            "keepers": null,
            "result": [
              "DELICATELY",
              "QUICKLY",
              "TRUTHFULLY",
              "WEARILY",
              "BEAUTIFULLY"
            ],
            "result_count": null,
            "seed": null
          },
          "sensitive_attributes": [],
          "private": "bnVsbA=="
        },
        {
          "index_key": 99,
          "schema_version": 0,
          "attributes": {
            "id": "-",
            "input": [
              "DELICATELY",
              "BEAUTIFULLY",
              "QUICKLY",
              "TRUTHFULLY",
              "WEARILY"
            ],
            "keepers": null,
            "result": [
              "DELICATELY",
              "QUICKLY",
              "TRUTHFULLY",
              "BEAUTIFULLY",
              "WEARILY"
            ],
            "result_count": null,
            "seed": null
          },
          "sensitive_attributes": [],
          "private": "bnVsbA=="
        }
      ]
    },
    {
      "mode": "managed",
      "type": "random_shuffle",
      "name": "random_nouns",
      "provider": "provider[\"registry.terraform.io/hashicorp/random\"]",
      "instances": [
        {
          "index_key": 0,
          "schema_version": 0,
          "attributes": {
            "id": "-",
            "input": [
              "ARMY",
              "PANTHER",
              "WALNUTS",
              "SANDWICH",
              "ZEUS",
              "BANANA",
              "CAT",
              "JELLYFISH",
              "JIGSAW",
              "VIOLIN",
              "MILK",
              "SUN"
            ],
            "keepers": null,
            "result": [
              "VIOLIN",
              "MILK",
              "PANTHER",
              "JELLYFISH",
              "SUN",
              "SANDWICH",
              "BANANA",
              "ARMY",
              "WALNUTS",
              "ZEUS",
              "CAT",
              "JIGSAW"
            ],
            "result_count": null,
            "seed": null
          },
          "sensitive_attributes": [],
          "private": "bnVsbA=="
        },
        {
          "index_key": 1,
          "schema_version": 0,
          "attributes": {
            "id": "-",
            "input": [
              "ARMY",
              "PANTHER",
              "WALNUTS",
              "SANDWICH",
              "ZEUS",
              "BANANA",
              "CAT",
              "JELLYFISH",
              "JIGSAW",
              "VIOLIN",
              "MILK",
              "SUN"
            ],
            "keepers": null,
            "result": [
              "VIOLIN",
              "CAT",
              "WALNUTS",
              "JIGSAW",
              "SUN",
              "JELLYFISH",
              "SANDWICH",
              "MILK",
              "PANTHER",
              "ARMY",
              "ZEUS",
              "BANANA"
            ],
            "result_count": null,
            "seed": null
          },
          "sensitive_attributes": [],
          "private": "bnVsbA=="
        },
        {
          "index_key": 2,
          "schema_version": 0,
          "attributes": {
            "id": "-",
            "input": [
              "ARMY",
              "PANTHER",
              "WALNUTS",
              "SANDWICH",
              "ZEUS",
              "BANANA",
              "CAT",
              "JELLYFISH",
              "JIGSAW",
              "VIOLIN",
              "MILK",
              "SUN"
            ],
            "keepers": null,
            "result": [
              "ZEUS",
              "CAT",
              "JIGSAW",
              "VIOLIN",
              "PANTHER",
              "JELLYFISH",
              "WALNUTS",
              "ARMY",
              "MILK",
              "SUN",
              "BANANA",
              "SANDWICH"
            ],
            "result_count": null,
            "seed": null
          },
          "sensitive_attributes": [],
          "private": "bnVsbA=="
        },
        {
          "index_key": 3,
          "schema_version": 0,
          "attributes": {
            "id": "-",
            "input": [
              "ARMY",
              "PANTHER",
              "WALNUTS",
              "SANDWICH",
              "ZEUS",
              "BANANA",
              "CAT",
              "JELLYFISH",
              "JIGSAW",
              "VIOLIN",
              "MILK",
              "SUN"
            ],
            "keepers": null,
            "result": [
              "ARMY",
              "VIOLIN",
              "SANDWICH",
              "MILK",
              "JELLYFISH",
              "CAT",
              "ZEUS",
              "SUN",
              "BANANA",
              "PANTHER",
              "JIGSAW",
              "WALNUTS"
            ],
            "result_count": null,
            "seed": null
          },
          "sensitive_attributes": [],
          "private": "bnVsbA=="
        },
        {
          "index_key": 4,
          "schema_version": 0,
          "attributes": {
            "id": "-",
            "input": [
              "ARMY",
              "PANTHER",
              "WALNUTS",
              "SANDWICH",
              "ZEUS",
              "BANANA",
              "CAT",
              "JELLYFISH",
              "JIGSAW",
              "VIOLIN",
              "MILK",
              "SUN"
            ],
            "keepers": null,
            "result": [
              "SUN",
              "PANTHER",
              "ZEUS",
              "MILK",
              "VIOLIN",
              "WALNUTS",
              "BANANA",
              "JELLYFISH",
              "CAT",
              "SANDWICH",
              "JIGSAW",
              "ARMY"
            ],
            "result_count": null,
            "seed": null
          },
          "sensitive_attributes": [],
          "private": "bnVsbA=="
        },
        {
          "index_key": 5,
          "schema_version": 0,
          "attributes": {
            "id": "-",
            "input": [
              "ARMY",
              "PANTHER",
              "WALNUTS",
              "SANDWICH",
              "ZEUS",
              "BANANA",
              "CAT",
              "JELLYFISH",
              "JIGSAW",
              "VIOLIN",
              "MILK",
              "SUN"
            ],
            "keepers": null,
            "result": [
              "VIOLIN",
              "WALNUTS",
              "PANTHER",
              "BANANA",
              "CAT",
              "SUN",
              "ARMY",
              "JIGSAW",
              "SANDWICH",
              "MILK",
              "ZEUS",
              "JELLYFISH"
            ],
            "result_count": null,
            "seed": null
          },
          "sensitive_attributes": [],
          "private": "bnVsbA=="
        },
        {
          "index_key": 6,
          "schema_version": 0,
          "attributes": {
            "id": "-",
            "input": [
              "ARMY",
              "PANTHER",
              "WALNUTS",
              "SANDWICH",
              "ZEUS",
              "BANANA",
              "CAT",
              "JELLYFISH",
              "JIGSAW",
              "VIOLIN",
              "MILK",
              "SUN"
            ],
            "keepers": null,
            "result": [
              "SANDWICH",
              "ZEUS",
              "PANTHER",
              "BANANA",
              "ARMY",
              "JIGSAW",
              "CAT",
              "WALNUTS",
              "SUN",
              "JELLYFISH",
              "VIOLIN",
              "MILK"
            ],
            "result_count": null,
            "seed": null
          },
          "sensitive_attributes": [],
          "private": "bnVsbA=="
        },
        {
          "index_key": 7,
          "schema_version": 0,
          "attributes": {
            "id": "-",
            "input": [
              "ARMY",
              "PANTHER",
              "WALNUTS",
              "SANDWICH",
              "ZEUS",
              "BANANA",
              "CAT",
              "JELLYFISH",
              "JIGSAW",
              "VIOLIN",
              "MILK",
              "SUN"
            ],
            "keepers": null,
            "result": [
              "ZEUS",
              "VIOLIN",
              "ARMY",
              "JELLYFISH",
              "BANANA",
              "JIGSAW",
              "MILK",
              "SANDWICH",
              "SUN",
              "CAT",
              "WALNUTS",
              "PANTHER"
            ],
            "result_count": null,
            "seed": null
          },
          "sensitive_attributes": [],
          "private": "bnVsbA=="
        },
        {
          "index_key": 8,
          "schema_version": 0,
          "attributes": {
            "id": "-",
            "input": [
              "ARMY",
              "PANTHER",
              "WALNUTS",
              "SANDWICH",
              "ZEUS",
              "BANANA",
              "CAT",
              "JELLYFISH",
              "JIGSAW",
              "VIOLIN",
              "MILK",
              "SUN"
            ],
            "keepers": null,
            "result": [
              "BANANA",
              "VIOLIN",
              "SUN",
              "SANDWICH",
              "JIGSAW",
              "MILK",
              "ARMY",
              "ZEUS",
              "PANTHER",
              "CAT",
              "WALNUTS",
              "JELLYFISH"
            ],
            "result_count": null,
            "seed": null
          },
          "sensitive_attributes": [],
          "private": "bnVsbA=="
        },
        {
          "index_key": 9,
          "schema_version": 0,
          "attributes": {
            "id": "-",
            "input": [
              "ARMY",
              "PANTHER",
              "WALNUTS",
              "SANDWICH",
              "ZEUS",
              "BANANA",
              "CAT",
              "JELLYFISH",
              "JIGSAW",
              "VIOLIN",
              "MILK",
              "SUN"
            ],
            "keepers": null,
            "result": [
              "BANANA",
              "MILK",
              "SUN",
              "CAT",
              "JELLYFISH",
              "WALNUTS",
              "ZEUS",
              "VIOLIN",
              "ARMY",
              "PANTHER",
              "JIGSAW",
              "SANDWICH"
            ],
            "result_count": null,
            "seed": null
          },
          "sensitive_attributes": [],
          "private": "bnVsbA=="
        },
        {
          "index_key": 10,
          "schema_version": 0,
          "attributes": {
            "id": "-",
            "input": [
              "ARMY",
              "PANTHER",
              "WALNUTS",
              "SANDWICH",
              "ZEUS",
              "BANANA",
              "CAT",
              "JELLYFISH",
              "JIGSAW",
              "VIOLIN",
              "MILK",
              "SUN"
            ],
            "keepers": null,
            "result": [
              "ZEUS",
              "BANANA",
              "WALNUTS",
              "JELLYFISH",
              "SUN",
              "CAT",
              "JIGSAW",
              "MILK",
              "VIOLIN",
              "PANTHER",
              "SANDWICH",
              "ARMY"
            ],
            "result_count": null,
            "seed": null
          },
          "sensitive_attributes": [],
          "private": "bnVsbA=="
        },
        {
          "index_key": 11,
          "schema_version": 0,
          "attributes": {
            "id": "-",
            "input": [
              "ARMY",
              "PANTHER",
              "WALNUTS",
              "SANDWICH",
              "ZEUS",
              "BANANA",
              "CAT",
              "JELLYFISH",
              "JIGSAW",
              "VIOLIN",
              "MILK",
              "SUN"
            ],
            "keepers": null,
            "result": [
              "MILK",
              "CAT",
              "WALNUTS",
              "JELLYFISH",
              "SUN",
              "ARMY",
              "BANANA",
              "ZEUS",
              "VIOLIN",
              "PANTHER",
              "SANDWICH",
              "JIGSAW"
            ],
            "result_count": null,
            "seed": null
          },
          "sensitive_attributes": [],
          "private": "bnVsbA=="
        },
        {
          "index_key": 12,
          "schema_version": 0,
          "attributes": {
            "id": "-",
            "input": [
              "ARMY",
              "PANTHER",
              "WALNUTS",
              "SANDWICH",
              "ZEUS",
              "BANANA",
              "CAT",
              "JELLYFISH",
              "JIGSAW",
              "VIOLIN",
              "MILK",
              "SUN"
            ],
            "keepers": null,
            "result": [
              "SUN",
              "BANANA",
              "MILK",
              "ARMY",
              "JELLYFISH",
              "JIGSAW",
              "WALNUTS",
              "CAT",
              "SANDWICH",
              "ZEUS",
              "VIOLIN",
              "PANTHER"
            ],
            "result_count": null,
            "seed": null
          },
          "sensitive_attributes": [],
          "private": "bnVsbA=="
        },
        {
          "index_key": 13,
          "schema_version": 0,
          "attributes": {
            "id": "-",
            "input": [
              "ARMY",
              "PANTHER",
              "WALNUTS",
              "SANDWICH",
              "ZEUS",
              "BANANA",
              "CAT",
              "JELLYFISH",
              "JIGSAW",
              "VIOLIN",
              "MILK",
              "SUN"
            ],
            "keepers": null,
            "result": [
              "BANANA",
              "JIGSAW",
              "PANTHER",
              "VIOLIN",
              "ZEUS",
              "WALNUTS",
              "SANDWICH",
              "MILK",
              "SUN",
              "ARMY",
              "CAT",
              "JELLYFISH"
            ],
            "result_count": null,
            "seed": null
          },
          "sensitive_attributes": [],
          "private": "bnVsbA=="
        },
        {
          "index_key": 14,
          "schema_version": 0,
          "attributes": {
            "id": "-",
            "input": [
              "ARMY",
              "PANTHER",
              "WALNUTS",
              "SANDWICH",
              "ZEUS",
              "BANANA",
              "CAT",
              "JELLYFISH",
              "JIGSAW",
              "VIOLIN",
              "MILK",
              "SUN"
            ],
            "keepers": null,
            "result": [
              "PANTHER",
              "JIGSAW",
              "BANANA",
              "WALNUTS",
              "JELLYFISH",
              "CAT",
              "VIOLIN",
              "MILK",
              "SUN",
              "ZEUS",
              "SANDWICH",
              "ARMY"
            ],
            "result_count": null,
            "seed": null
          },
          "sensitive_attributes": [],
          "private": "bnVsbA=="
        },
        {
          "index_key": 15,
          "schema_version": 0,
          "attributes": {
            "id": "-",
            "input": [
              "ARMY",
              "PANTHER",
              "WALNUTS",
              "SANDWICH",
              "ZEUS",
              "BANANA",
              "CAT",
              "JELLYFISH",
              "JIGSAW",
              "VIOLIN",
              "MILK",
              "SUN"
            ],
            "keepers": null,
            "result": [
              "SANDWICH",
              "VIOLIN",
              "ZEUS",
              "CAT",
              "SUN",
              "JELLYFISH",
              "WALNUTS",
              "BANANA",
              "ARMY",
              "MILK",
              "JIGSAW",
              "PANTHER"
            ],
            "result_count": null,
            "seed": null
          },
          "sensitive_attributes": [],
          "private": "bnVsbA=="
        },
        {
          "index_key": 16,
          "schema_version": 0,
          "attributes": {
            "id": "-",
            "input": [
              "ARMY",
              "PANTHER",
              "WALNUTS",
              "SANDWICH",
              "ZEUS",
              "BANANA",
              "CAT",
              "JELLYFISH",
              "JIGSAW",
              "VIOLIN",
              "MILK",
              "SUN"
            ],
            "keepers": null,
            "result": [
              "VIOLIN",
              "ARMY",
              "BANANA",
              "CAT",
              "JIGSAW",
              "WALNUTS",
              "PANTHER",
              "ZEUS",
              "SUN",
              "JELLYFISH",
              "SANDWICH",
              "MILK"
            ],
            "result_count": null,
            "seed": null
          },
          "sensitive_attributes": [],
          "private": "bnVsbA=="
        },
        {
          "index_key": 17,
          "schema_version": 0,
          "attributes": {
            "id": "-",
            "input": [
              "ARMY",
              "PANTHER",
              "WALNUTS",
              "SANDWICH",
              "ZEUS",
              "BANANA",
              "CAT",
              "JELLYFISH",
              "JIGSAW",
              "VIOLIN",
              "MILK",
              "SUN"
            ],
            "keepers": null,
            "result": [
              "MILK",
              "JELLYFISH",
              "ZEUS",
              "BANANA",
              "WALNUTS",
              "CAT",
              "VIOLIN",
              "SANDWICH",
              "SUN",
              "ARMY",
              "PANTHER",
              "JIGSAW"
            ],
            "result_count": null,
            "seed": null
          },
          "sensitive_attributes": [],
          "private": "bnVsbA=="
        },
        {
          "index_key": 18,
          "schema_version": 0,
          "attributes": {
            "id": "-",
            "input": [
              "ARMY",
              "PANTHER",
              "WALNUTS",
              "SANDWICH",
              "ZEUS",
              "BANANA",
              "CAT",
              "JELLYFISH",
              "JIGSAW",
              "VIOLIN",
              "MILK",
              "SUN"
            ],
            "keepers": null,
            "result": [
              "BANANA",
              "CAT",
              "VIOLIN",
              "MILK",
              "ARMY",
              "JIGSAW",
              "PANTHER",
              "JELLYFISH",
              "ZEUS",
              "WALNUTS",
              "SUN",
              "SANDWICH"
            ],
            "result_count": null,
            "seed": null
          },
          "sensitive_attributes": [],
          "private": "bnVsbA=="
        },
        {
          "index_key": 19,
          "schema_version": 0,
          "attributes": {
            "id": "-",
            "input": [
              "ARMY",
              "PANTHER",
              "WALNUTS",
              "SANDWICH",
              "ZEUS",
              "BANANA",
              "CAT",
              "JELLYFISH",
              "JIGSAW",
              "VIOLIN",
              "MILK",
              "SUN"
            ],
            "keepers": null,
            "result": [
              "VIOLIN",
              "CAT",
              "JELLYFISH",
              "ARMY",
              "JIGSAW",
              "WALNUTS",
              "PANTHER",
              "BANANA",
              "ZEUS",
              "SUN",
              "SANDWICH",
              "MILK"
            ],
            "result_count": null,
            "seed": null
          },
          "sensitive_attributes": [],
          "private": "bnVsbA=="
        },
        {
          "index_key": 20,
          "schema_version": 0,
          "attributes": {
            "id": "-",
            "input": [
              "ARMY",
              "PANTHER",
              "WALNUTS",
              "SANDWICH",
              "ZEUS",
              "BANANA",
              "CAT",
              "JELLYFISH",
              "JIGSAW",
              "VIOLIN",
              "MILK",
              "SUN"
            ],
            "keepers": null,
            "result": [
              "VIOLIN",
              "BANANA",
              "MILK",
              "ARMY",
              "WALNUTS",
              "CAT",
              "JELLYFISH",
              "PANTHER",
              "SUN",
              "ZEUS",
              "SANDWICH",
              "JIGSAW"
            ],
            "result_count": null,
            "seed": null
          },
          "sensitive_attributes": [],
          "private": "bnVsbA=="
        },
        {
          "index_key": 21,
          "schema_version": 0,
          "attributes": {
            "id": "-",
            "input": [
              "ARMY",
              "PANTHER",
              "WALNUTS",
              "SANDWICH",
              "ZEUS",
              "BANANA",
              "CAT",
              "JELLYFISH",
              "JIGSAW",
              "VIOLIN",
              "MILK",
              "SUN"
            ],
            "keepers": null,
            "result": [
              "MILK",
              "SANDWICH",
              "CAT",
              "VIOLIN",
              "JELLYFISH",
              "ZEUS",
              "PANTHER",
              "SUN",
              "WALNUTS",
              "ARMY",
              "JIGSAW",
              "BANANA"
            ],
            "result_count": null,
            "seed": null
          },
          "sensitive_attributes": [],
          "private": "bnVsbA=="
        },
        {
          "index_key": 22,
          "schema_version": 0,
          "attributes": {
            "id": "-",
            "input": [
              "ARMY",
              "PANTHER",
              "WALNUTS",
              "SANDWICH",
              "ZEUS",
              "BANANA",
              "CAT",
              "JELLYFISH",
              "JIGSAW",
              "VIOLIN",
              "MILK",
              "SUN"
            ],
            "keepers": null,
            "result": [
              "SANDWICH",
              "WALNUTS",
              "VIOLIN",
              "JIGSAW",
              "JELLYFISH",
              "PANTHER",
              "CAT",
              "SUN",
              "ARMY",
              "MILK",
              "BANANA",
              "ZEUS"
            ],
            "result_count": null,
            "seed": null
          },
          "sensitive_attributes": [],
          "private": "bnVsbA=="
        },
        {
          "index_key": 23,
          "schema_version": 0,
          "attributes": {
            "id": "-",
            "input": [
              "ARMY",
              "PANTHER",
              "WALNUTS",
              "SANDWICH",
              "ZEUS",
              "BANANA",
              "CAT",
              "JELLYFISH",
              "JIGSAW",
              "VIOLIN",
              "MILK",
              "SUN"
            ],
            "keepers": null,
            "result": [
              "JIGSAW",
              "PANTHER",
              "WALNUTS",
              "CAT",
              "ZEUS",
              "JELLYFISH",
              "ARMY",
              "SANDWICH",
              "BANANA",
              "MILK",
              "VIOLIN",
              "SUN"
            ],
            "result_count": null,
            "seed": null
          },
          "sensitive_attributes": [],
          "private": "bnVsbA=="
        },
        {
          "index_key": 24,
          "schema_version": 0,
          "attributes": {
            "id": "-",
            "input": [
              "ARMY",
              "PANTHER",
              "WALNUTS",
              "SANDWICH",
              "ZEUS",
              "BANANA",
              "CAT",
              "JELLYFISH",
              "JIGSAW",
              "VIOLIN",
              "MILK",
              "SUN"
            ],
            "keepers": null,
            "result": [
              "SANDWICH",
              "PANTHER",
              "BANANA",
              "JELLYFISH",
              "MILK",
              "ZEUS",
              "SUN",
              "JIGSAW",
              "ARMY",
              "CAT",
              "VIOLIN",
              "WALNUTS"
            ],
            "result_count": null,
            "seed": null
          },
          "sensitive_attributes": [],
          "private": "bnVsbA=="
        },
        {
          "index_key": 25,
          "schema_version": 0,
          "attributes": {
            "id": "-",
            "input": [
              "ARMY",
              "PANTHER",
              "WALNUTS",
              "SANDWICH",
              "ZEUS",
              "BANANA",
              "CAT",
              "JELLYFISH",
              "JIGSAW",
              "VIOLIN",
              "MILK",
              "SUN"
            ],
            "keepers": null,
            "result": [
              "BANANA",
              "SUN",
              "SANDWICH",
              "JELLYFISH",
              "WALNUTS",
              "CAT",
              "PANTHER",
              "VIOLIN",
              "JIGSAW",
              "ZEUS",
              "MILK",
              "ARMY"
            ],
            "result_count": null,
            "seed": null
          },
          "sensitive_attributes": [],
          "private": "bnVsbA=="
        },
        {
          "index_key": 26,
          "schema_version": 0,
          "attributes": {
            "id": "-",
            "input": [
              "ARMY",
              "PANTHER",
              "WALNUTS",
              "SANDWICH",
              "ZEUS",
              "BANANA",
              "CAT",
              "JELLYFISH",
              "JIGSAW",
              "VIOLIN",
              "MILK",
              "SUN"
            ],
            "keepers": null,
            "result": [
              "MILK",
              "SUN",
              "PANTHER",
              "VIOLIN",
              "JIGSAW",
              "SANDWICH",
              "JELLYFISH",
              "CAT",
              "ARMY",
              "ZEUS",
              "WALNUTS",
              "BANANA"
            ],
            "result_count": null,
            "seed": null
          },
          "sensitive_attributes": [],
          "private": "bnVsbA=="
        },
        {
          "index_key": 27,
          "schema_version": 0,
          "attributes": {
            "id": "-",
            "input": [
              "ARMY",
              "PANTHER",
              "WALNUTS",
              "SANDWICH",
              "ZEUS",
              "BANANA",
              "CAT",
              "JELLYFISH",
              "JIGSAW",
              "VIOLIN",
              "MILK",
              "SUN"
            ],
            "keepers": null,
            "result": [
              "PANTHER",
              "SUN",
              "WALNUTS",
              "JIGSAW",
              "JELLYFISH",
              "VIOLIN",
              "ZEUS",
              "BANANA",
              "CAT",
              "MILK",
              "SANDWICH",
              "ARMY"
            ],
            "result_count": null,
            "seed": null
          },
          "sensitive_attributes": [],
          "private": "bnVsbA=="
        },
        {
          "index_key": 28,
          "schema_version": 0,
          "attributes": {
            "id": "-",
            "input": [
              "ARMY",
              "PANTHER",
              "WALNUTS",
              "SANDWICH",
              "ZEUS",
              "BANANA",
              "CAT",
              "JELLYFISH",
              "JIGSAW",
              "VIOLIN",
              "MILK",
              "SUN"
            ],
            "keepers": null,
            "result": [
              "WALNUTS",
              "SANDWICH",
              "SUN",
              "JIGSAW",
              "CAT",
              "ARMY",
              "PANTHER",
              "MILK",
              "VIOLIN",
              "JELLYFISH",
              "ZEUS",
              "BANANA"
            ],
            "result_count": null,
            "seed": null
          },
          "sensitive_attributes": [],
          "private": "bnVsbA=="
        },
        {
          "index_key": 29,
          "schema_version": 0,
          "attributes": {
            "id": "-",
            "input": [
              "ARMY",
              "PANTHER",
              "WALNUTS",
              "SANDWICH",
              "ZEUS",
              "BANANA",
              "CAT",
              "JELLYFISH",
              "JIGSAW",
              "VIOLIN",
              "MILK",
              "SUN"
            ],
            "keepers": null,
            "result": [
              "ARMY",
              "SANDWICH",
              "PANTHER",
              "ZEUS",
              "CAT",
              "VIOLIN",
              "MILK",
              "WALNUTS",
              "BANANA",
              "JELLYFISH",
              "JIGSAW",
              "SUN"
            ],
            "result_count": null,
            "seed": null
          },
          "sensitive_attributes": [],
          "private": "bnVsbA=="
        },
        {
          "index_key": 30,
          "schema_version": 0,
          "attributes": {
            "id": "-",
            "input": [
              "ARMY",
              "PANTHER",
              "WALNUTS",
              "SANDWICH",
              "ZEUS",
              "BANANA",
              "CAT",
              "JELLYFISH",
              "JIGSAW",
              "VIOLIN",
              "MILK",
              "SUN"
            ],
            "keepers": null,
            "result": [
              "JIGSAW",
              "MILK",
              "WALNUTS",
              "CAT",
              "JELLYFISH",
              "BANANA",
              "SANDWICH",
              "ZEUS",
              "PANTHER",
              "VIOLIN",
              "SUN",
              "ARMY"
            ],
            "result_count": null,
            "seed": null
          },
          "sensitive_attributes": [],
          "private": "bnVsbA=="
        },
        {
          "index_key": 31,
          "schema_version": 0,
          "attributes": {
            "id": "-",
            "input": [
              "ARMY",
              "PANTHER",
              "WALNUTS",
              "SANDWICH",
              "ZEUS",
              "BANANA",
              "CAT",
              "JELLYFISH",
              "JIGSAW",
              "VIOLIN",
              "MILK",
              "SUN"
            ],
            "keepers": null,
            "result": [
              "WALNUTS",
              "JELLYFISH",
              "JIGSAW",
              "ARMY",
              "ZEUS",
              "SUN",
              "MILK",
              "VIOLIN",
              "BANANA",
              "SANDWICH",
              "PANTHER",
              "CAT"
            ],
            "result_count": null,
            "seed": null
          },
          "sensitive_attributes": [],
          "private": "bnVsbA=="
        },
        {
          "index_key": 32,
          "schema_version": 0,
          "attributes": {
            "id": "-",
            "input": [
              "ARMY",
              "PANTHER",
              "WALNUTS",
              "SANDWICH",
              "ZEUS",
              "BANANA",
              "CAT",
              "JELLYFISH",
              "JIGSAW",
              "VIOLIN",
              "MILK",
              "SUN"
            ],
            "keepers": null,
            "result": [
              "WALNUTS",
              "SUN",
              "ARMY",
              "ZEUS",
              "CAT",
              "PANTHER",
              "JIGSAW",
              "SANDWICH",
              "VIOLIN",
              "BANANA",
              "JELLYFISH",
              "MILK"
            ],
            "result_count": null,
            "seed": null
          },
          "sensitive_attributes": [],
          "private": "bnVsbA=="
        },
        {
          "index_key": 33,
          "schema_version": 0,
          "attributes": {
            "id": "-",
            "input": [
              "ARMY",
              "PANTHER",
              "WALNUTS",
              "SANDWICH",
              "ZEUS",
              "BANANA",
              "CAT",
              "JELLYFISH",
              "JIGSAW",
              "VIOLIN",
              "MILK",
              "SUN"
            ],
            "keepers": null,
            "result": [
              "WALNUTS",
              "SANDWICH",
              "ARMY",
              "CAT",
              "SUN",
              "PANTHER",
              "JELLYFISH",
              "VIOLIN",
              "ZEUS",
              "JIGSAW",
              "MILK",
              "BANANA"
            ],
            "result_count": null,
            "seed": null
          },
          "sensitive_attributes": [],
          "private": "bnVsbA=="
        },
        {
          "index_key": 34,
          "schema_version": 0,
          "attributes": {
            "id": "-",
            "input": [
              "ARMY",
              "PANTHER",
              "WALNUTS",
              "SANDWICH",
              "ZEUS",
              "BANANA",
              "CAT",
              "JELLYFISH",
              "JIGSAW",
              "VIOLIN",
              "MILK",
              "SUN"
            ],
            "keepers": null,
            "result": [
              "SANDWICH",
              "JELLYFISH",
              "WALNUTS",
              "ZEUS",
              "VIOLIN",
              "MILK",
              "SUN",
              "PANTHER",
              "ARMY",
              "CAT",
              "BANANA",
              "JIGSAW"
            ],
            "result_count": null,
            "seed": null
          },
          "sensitive_attributes": [],
          "private": "bnVsbA=="
        },
        {
          "index_key": 35,
          "schema_version": 0,
          "attributes": {
            "id": "-",
            "input": [
              "ARMY",
              "PANTHER",
              "WALNUTS",
              "SANDWICH",
              "ZEUS",
              "BANANA",
              "CAT",
              "JELLYFISH",
              "JIGSAW",
              "VIOLIN",
              "MILK",
              "SUN"
            ],
            "keepers": null,
            "result": [
              "MILK",
              "ARMY",
              "JIGSAW",
              "CAT",
              "WALNUTS",
              "SUN",
              "BANANA",
              "SANDWICH",
              "PANTHER",
              "JELLYFISH",
              "VIOLIN",
              "ZEUS"
            ],
            "result_count": null,
            "seed": null
          },
          "sensitive_attributes": [],
          "private": "bnVsbA=="
        },
        {
          "index_key": 36,
          "schema_version": 0,
          "attributes": {
            "id": "-",
            "input": [
              "ARMY",
              "PANTHER",
              "WALNUTS",
              "SANDWICH",
              "ZEUS",
              "BANANA",
              "CAT",
              "JELLYFISH",
              "JIGSAW",
              "VIOLIN",
              "MILK",
              "SUN"
            ],
            "keepers": null,
            "result": [
              "ZEUS",
              "VIOLIN",
              "JELLYFISH",
              "WALNUTS",
              "MILK",
              "PANTHER",
              "JIGSAW",
              "ARMY",
              "SUN",
              "CAT",
              "BANANA",
              "SANDWICH"
            ],
            "result_count": null,
            "seed": null
          },
          "sensitive_attributes": [],
          "private": "bnVsbA=="
        },
        {
          "index_key": 37,
          "schema_version": 0,
          "attributes": {
            "id": "-",
            "input": [
              "ARMY",
              "PANTHER",
              "WALNUTS",
              "SANDWICH",
              "ZEUS",
              "BANANA",
              "CAT",
              "JELLYFISH",
              "JIGSAW",
              "VIOLIN",
              "MILK",
              "SUN"
            ],
            "keepers": null,
            "result": [
              "ARMY",
              "WALNUTS",
              "JIGSAW",
              "MILK",
              "BANANA",
              "SANDWICH",
              "VIOLIN",
              "JELLYFISH",
              "PANTHER",
              "SUN",
              "ZEUS",
              "CAT"
            ],
            "result_count": null,
            "seed": null
          },
          "sensitive_attributes": [],
          "private": "bnVsbA=="
        },
        {
          "index_key": 38,
          "schema_version": 0,
          "attributes": {
            "id": "-",
            "input": [
              "ARMY",
              "PANTHER",
              "WALNUTS",
              "SANDWICH",
              "ZEUS",
              "BANANA",
              "CAT",
              "JELLYFISH",
              "JIGSAW",
              "VIOLIN",
              "MILK",
              "SUN"
            ],
            "keepers": null,
            "result": [
              "SUN",
              "WALNUTS",
              "VIOLIN",
              "CAT",
              "SANDWICH",
              "JELLYFISH",
              "JIGSAW",
              "MILK",
              "ZEUS",
              "ARMY",
              "PANTHER",
              "BANANA"
            ],
            "result_count": null,
            "seed": null
          },
          "sensitive_attributes": [],
          "private": "bnVsbA=="
        },
        {
          "index_key": 39,
          "schema_version": 0,
          "attributes": {
            "id": "-",
            "input": [
              "ARMY",
              "PANTHER",
              "WALNUTS",
              "SANDWICH",
              "ZEUS",
              "BANANA",
              "CAT",
              "JELLYFISH",
              "JIGSAW",
              "VIOLIN",
              "MILK",
              "SUN"
            ],
            "keepers": null,
            "result": [
              "CAT",
              "VIOLIN",
              "ZEUS",
              "PANTHER",
              "JELLYFISH",
              "SANDWICH",
              "SUN",
              "MILK",
              "BANANA",
              "JIGSAW",
              "ARMY",
              "WALNUTS"
            ],
            "result_count": null,
            "seed": null
          },
          "sensitive_attributes": [],
          "private": "bnVsbA=="
        },
        {
          "index_key": 40,
          "schema_version": 0,
          "attributes": {
            "id": "-",
            "input": [
              "ARMY",
              "PANTHER",
              "WALNUTS",
              "SANDWICH",
              "ZEUS",
              "BANANA",
              "CAT",
              "JELLYFISH",
              "JIGSAW",
              "VIOLIN",
              "MILK",
              "SUN"
            ],
            "keepers": null,
            "result": [
              "ARMY",
              "SANDWICH",
              "MILK",
              "JIGSAW",
              "BANANA",
              "WALNUTS",
              "JELLYFISH",
              "PANTHER",
              "ZEUS",
              "SUN",
              "VIOLIN",
              "CAT"
            ],
            "result_count": null,
            "seed": null
          },
          "sensitive_attributes": [],
          "private": "bnVsbA=="
        },
        {
          "index_key": 41,
          "schema_version": 0,
          "attributes": {
            "id": "-",
            "input": [
              "ARMY",
              "PANTHER",
              "WALNUTS",
              "SANDWICH",
              "ZEUS",
              "BANANA",
              "CAT",
              "JELLYFISH",
              "JIGSAW",
              "VIOLIN",
              "MILK",
              "SUN"
            ],
            "keepers": null,
            "result": [
              "SANDWICH",
              "JIGSAW",
              "ARMY",
              "PANTHER",
              "ZEUS",
              "VIOLIN",
              "JELLYFISH",
              "SUN",
              "WALNUTS",
              "BANANA",
              "MILK",
              "CAT"
            ],
            "result_count": null,
            "seed": null
          },
          "sensitive_attributes": [],
          "private": "bnVsbA=="
        },
        {
          "index_key": 42,
          "schema_version": 0,
          "attributes": {
            "id": "-",
            "input": [
              "ARMY",
              "PANTHER",
              "WALNUTS",
              "SANDWICH",
              "ZEUS",
              "BANANA",
              "CAT",
              "JELLYFISH",
              "JIGSAW",
              "VIOLIN",
              "MILK",
              "SUN"
            ],
            "keepers": null,
            "result": [
              "VIOLIN",
              "BANANA",
              "MILK",
              "ZEUS",
              "SANDWICH",
              "JIGSAW",
              "CAT",
              "WALNUTS",
              "SUN",
              "PANTHER",
              "ARMY",
              "JELLYFISH"
            ],
            "result_count": null,
            "seed": null
          },
          "sensitive_attributes": [],
          "private": "bnVsbA=="
        },
        {
          "index_key": 43,
          "schema_version": 0,
          "attributes": {
            "id": "-",
            "input": [
              "ARMY",
              "PANTHER",
              "WALNUTS",
              "SANDWICH",
              "ZEUS",
              "BANANA",
              "CAT",
              "JELLYFISH",
              "JIGSAW",
              "VIOLIN",
              "MILK",
              "SUN"
            ],
            "keepers": null,
            "result": [
              "ZEUS",
              "CAT",
              "SUN",
              "JELLYFISH",
              "MILK",
              "JIGSAW",
              "ARMY",
              "VIOLIN",
              "BANANA",
              "PANTHER",
              "WALNUTS",
              "SANDWICH"
            ],
            "result_count": null,
            "seed": null
          },
          "sensitive_attributes": [],
          "private": "bnVsbA=="
        },
        {
          "index_key": 44,
          "schema_version": 0,
          "attributes": {
            "id": "-",
            "input": [
              "ARMY",
              "PANTHER",
              "WALNUTS",
              "SANDWICH",
              "ZEUS",
              "BANANA",
              "CAT",
              "JELLYFISH",
              "JIGSAW",
              "VIOLIN",
              "MILK",
              "SUN"
            ],
            "keepers": null,
            "result": [
              "ARMY",
              "MILK",
              "BANANA",
              "PANTHER",
              "CAT",
              "WALNUTS",
              "JELLYFISH",
              "VIOLIN",
              "SANDWICH",
              "JIGSAW",
              "SUN",
              "ZEUS"
            ],
            "result_count": null,
            "seed": null
          },
          "sensitive_attributes": [],
          "private": "bnVsbA=="
        },
        {
          "index_key": 45,
          "schema_version": 0,
          "attributes": {
            "id": "-",
            "input": [
              "ARMY",
              "PANTHER",
              "WALNUTS",
              "SANDWICH",
              "ZEUS",
              "BANANA",
              "CAT",
              "JELLYFISH",
              "JIGSAW",
              "VIOLIN",
              "MILK",
              "SUN"
            ],
            "keepers": null,
            "result": [
              "MILK",
              "VIOLIN",
              "CAT",
              "SANDWICH",
              "JELLYFISH",
              "PANTHER",
              "BANANA",
              "ZEUS",
              "JIGSAW",
              "SUN",
              "ARMY",
              "WALNUTS"
            ],
            "result_count": null,
            "seed": null
          },
          "sensitive_attributes": [],
          "private": "bnVsbA=="
        },
        {
          "index_key": 46,
          "schema_version": 0,
          "attributes": {
            "id": "-",
            "input": [
              "ARMY",
              "PANTHER",
              "WALNUTS",
              "SANDWICH",
              "ZEUS",
              "BANANA",
              "CAT",
              "JELLYFISH",
              "JIGSAW",
              "VIOLIN",
              "MILK",
              "SUN"
            ],
            "keepers": null,
            "result": [
              "BANANA",
              "MILK",
              "WALNUTS",
              "JELLYFISH",
              "CAT",
              "VIOLIN",
              "SANDWICH",
              "ZEUS",
              "JIGSAW",
              "ARMY",
              "SUN",
              "PANTHER"
            ],
            "result_count": null,
            "seed": null
          },
          "sensitive_attributes": [],
          "private": "bnVsbA=="
        },
        {
          "index_key": 47,
          "schema_version": 0,
          "attributes": {
            "id": "-",
            "input": [
              "ARMY",
              "PANTHER",
              "WALNUTS",
              "SANDWICH",
              "ZEUS",
              "BANANA",
              "CAT",
              "JELLYFISH",
              "JIGSAW",
              "VIOLIN",
              "MILK",
              "SUN"
            ],
            "keepers": null,
            "result": [
              "JELLYFISH",
              "MILK",
              "BANANA",
              "SUN",
              "PANTHER",
              "ARMY",
              "VIOLIN",
              "WALNUTS",
              "CAT",
              "SANDWICH",
              "JIGSAW",
              "ZEUS"
            ],
            "result_count": null,
            "seed": null
          },
          "sensitive_attributes": [],
          "private": "bnVsbA=="
        },
        {
          "index_key": 48,
          "schema_version": 0,
          "attributes": {
            "id": "-",
            "input": [
              "ARMY",
              "PANTHER",
              "WALNUTS",
              "SANDWICH",
              "ZEUS",
              "BANANA",
              "CAT",
              "JELLYFISH",
              "JIGSAW",
              "VIOLIN",
              "MILK",
              "SUN"
            ],
            "keepers": null,
            "result": [
              "BANANA",
              "ARMY",
              "WALNUTS",
              "ZEUS",
              "SUN",
              "VIOLIN",
              "PANTHER",
              "JIGSAW",
              "MILK",
              "JELLYFISH",
              "SANDWICH",
              "CAT"
            ],
            "result_count": null,
            "seed": null
          },
          "sensitive_attributes": [],
          "private": "bnVsbA=="
        },
        {
          "index_key": 49,
          "schema_version": 0,
          "attributes": {
            "id": "-",
            "input": [
              "ARMY",
              "PANTHER",
              "WALNUTS",
              "SANDWICH",
              "ZEUS",
              "BANANA",
              "CAT",
              "JELLYFISH",
              "JIGSAW",
              "VIOLIN",
              "MILK",
              "SUN"
            ],
            "keepers": null,
            "result": [
              "BANANA",
              "JELLYFISH",
              "WALNUTS",
              "SANDWICH",
              "SUN",
              "CAT",
              "VIOLIN",
              "ARMY",
              "ZEUS",
              "PANTHER",
              "MILK",
              "JIGSAW"
            ],
            "result_count": null,
            "seed": null
          },
          "sensitive_attributes": [],
          "private": "bnVsbA=="
        },
        {
          "index_key": 50,
          "schema_version": 0,
          "attributes": {
            "id": "-",
            "input": [
              "ARMY",
              "PANTHER",
              "WALNUTS",
              "SANDWICH",
              "ZEUS",
              "BANANA",
              "CAT",
              "JELLYFISH",
              "JIGSAW",
              "VIOLIN",
              "MILK",
              "SUN"
            ],
            "keepers": null,
            "result": [
              "JIGSAW",
              "JELLYFISH",
              "SANDWICH",
              "PANTHER",
              "VIOLIN",
              "ARMY",
              "MILK",
              "SUN",
              "ZEUS",
              "CAT",
              "BANANA",
              "WALNUTS"
            ],
            "result_count": null,
            "seed": null
          },
          "sensitive_attributes": [],
          "private": "bnVsbA=="
        },
        {
          "index_key": 51,
          "schema_version": 0,
          "attributes": {
            "id": "-",
            "input": [
              "ARMY",
              "PANTHER",
              "WALNUTS",
              "SANDWICH",
              "ZEUS",
              "BANANA",
              "CAT",
              "JELLYFISH",
              "JIGSAW",
              "VIOLIN",
              "MILK",
              "SUN"
            ],
            "keepers": null,
            "result": [
              "JELLYFISH",
              "ZEUS",
              "VIOLIN",
              "JIGSAW",
              "BANANA",
              "WALNUTS",
              "ARMY",
              "CAT",
              "SUN",
              "SANDWICH",
              "PANTHER",
              "MILK"
            ],
            "result_count": null,
            "seed": null
          },
          "sensitive_attributes": [],
          "private": "bnVsbA=="
        },
        {
          "index_key": 52,
          "schema_version": 0,
          "attributes": {
            "id": "-",
            "input": [
              "ARMY",
              "PANTHER",
              "WALNUTS",
              "SANDWICH",
              "ZEUS",
              "BANANA",
              "CAT",
              "JELLYFISH",
              "JIGSAW",
              "VIOLIN",
              "MILK",
              "SUN"
            ],
            "keepers": null,
            "result": [
              "MILK",
              "SUN",
              "SANDWICH",
              "WALNUTS",
              "VIOLIN",
              "JIGSAW",
              "PANTHER",
              "ARMY",
              "ZEUS",
              "CAT",
              "BANANA",
              "JELLYFISH"
            ],
            "result_count": null,
            "seed": null
          },
          "sensitive_attributes": [],
          "private": "bnVsbA=="
        },
        {
          "index_key": 53,
          "schema_version": 0,
          "attributes": {
            "id": "-",
            "input": [
              "ARMY",
              "PANTHER",
              "WALNUTS",
              "SANDWICH",
              "ZEUS",
              "BANANA",
              "CAT",
              "JELLYFISH",
              "JIGSAW",
              "VIOLIN",
              "MILK",
              "SUN"
            ],
            "keepers": null,
            "result": [
              "JELLYFISH",
              "JIGSAW",
              "SANDWICH",
              "PANTHER",
              "CAT",
              "WALNUTS",
              "BANANA",
              "ZEUS",
              "SUN",
              "MILK",
              "VIOLIN",
              "ARMY"
            ],
            "result_count": null,
            "seed": null
          },
          "sensitive_attributes": [],
          "private": "bnVsbA=="
        },
        {
          "index_key": 54,
          "schema_version": 0,
          "attributes": {
            "id": "-",
            "input": [
              "ARMY",
              "PANTHER",
              "WALNUTS",
              "SANDWICH",
              "ZEUS",
              "BANANA",
              "CAT",
              "JELLYFISH",
              "JIGSAW",
              "VIOLIN",
              "MILK",
              "SUN"
            ],
            "keepers": null,
            "result": [
              "ZEUS",
              "WALNUTS",
              "JIGSAW",
              "ARMY",
              "SUN",
              "CAT",
              "VIOLIN",
              "PANTHER",
              "SANDWICH",
              "BANANA",
              "JELLYFISH",
              "MILK"
            ],
            "result_count": null,
            "seed": null
          },
          "sensitive_attributes": [],
          "private": "bnVsbA=="
        },
        {
          "index_key": 55,
          "schema_version": 0,
          "attributes": {
            "id": "-",
            "input": [
              "ARMY",
              "PANTHER",
              "WALNUTS",
              "SANDWICH",
              "ZEUS",
              "BANANA",
              "CAT",
              "JELLYFISH",
              "JIGSAW",
              "VIOLIN",
              "MILK",
              "SUN"
            ],
            "keepers": null,
            "result": [
              "BANANA",
              "CAT",
              "VIOLIN",
              "ZEUS",
              "JELLYFISH",
              "MILK",
              "SANDWICH",
              "SUN",
              "PANTHER",
              "JIGSAW",
              "ARMY",
              "WALNUTS"
            ],
            "result_count": null,
            "seed": null
          },
          "sensitive_attributes": [],
          "private": "bnVsbA=="
        },
        {
          "index_key": 56,
          "schema_version": 0,
          "attributes": {
            "id": "-",
            "input": [
              "ARMY",
              "PANTHER",
              "WALNUTS",
              "SANDWICH",
              "ZEUS",
              "BANANA",
              "CAT",
              "JELLYFISH",
              "JIGSAW",
              "VIOLIN",
              "MILK",
              "SUN"
            ],
            "keepers": null,
            "result": [
              "SUN",
              "JIGSAW",
              "ARMY",
              "BANANA",
              "MILK",
              "ZEUS",
              "JELLYFISH",
              "PANTHER",
              "SANDWICH",
              "WALNUTS",
              "CAT",
              "VIOLIN"
            ],
            "result_count": null,
            "seed": null
          },
          "sensitive_attributes": [],
          "private": "bnVsbA=="
        },
        {
          "index_key": 57,
          "schema_version": 0,
          "attributes": {
            "id": "-",
            "input": [
              "ARMY",
              "PANTHER",
              "WALNUTS",
              "SANDWICH",
              "ZEUS",
              "BANANA",
              "CAT",
              "JELLYFISH",
              "JIGSAW",
              "VIOLIN",
              "MILK",
              "SUN"
            ],
            "keepers": null,
            "result": [
              "JELLYFISH",
              "BANANA",
              "JIGSAW",
              "VIOLIN",
              "WALNUTS",
              "PANTHER",
              "ZEUS",
              "SANDWICH",
              "SUN",
              "MILK",
              "CAT",
              "ARMY"
            ],
            "result_count": null,
            "seed": null
          },
          "sensitive_attributes": [],
          "private": "bnVsbA=="
        },
        {
          "index_key": 58,
          "schema_version": 0,
          "attributes": {
            "id": "-",
            "input": [
              "ARMY",
              "PANTHER",
              "WALNUTS",
              "SANDWICH",
              "ZEUS",
              "BANANA",
              "CAT",
              "JELLYFISH",
              "JIGSAW",
              "VIOLIN",
              "MILK",
              "SUN"
            ],
            "keepers": null,
            "result": [
              "VIOLIN",
              "BANANA",
              "ARMY",
              "MILK",
              "SANDWICH",
              "SUN",
              "JELLYFISH",
              "CAT",
              "ZEUS",
              "JIGSAW",
              "WALNUTS",
              "PANTHER"
            ],
            "result_count": null,
            "seed": null
          },
          "sensitive_attributes": [],
          "private": "bnVsbA=="
        },
        {
          "index_key": 59,
          "schema_version": 0,
          "attributes": {
            "id": "-",
            "input": [
              "ARMY",
              "PANTHER",
              "WALNUTS",
              "SANDWICH",
              "ZEUS",
              "BANANA",
              "CAT",
              "JELLYFISH",
              "JIGSAW",
              "VIOLIN",
              "MILK",
              "SUN"
            ],
            "keepers": null,
            "result": [
              "JIGSAW",
              "WALNUTS",
              "VIOLIN",
              "ARMY",
              "PANTHER",
              "SUN",
              "BANANA",
              "ZEUS",
              "MILK",
              "CAT",
              "JELLYFISH",
              "SANDWICH"
            ],
            "result_count": null,
            "seed": null
          },
          "sensitive_attributes": [],
          "private": "bnVsbA=="
        },
        {
          "index_key": 60,
          "schema_version": 0,
          "attributes": {
            "id": "-",
            "input": [
              "ARMY",
              "PANTHER",
              "WALNUTS",
              "SANDWICH",
              "ZEUS",
              "BANANA",
              "CAT",
              "JELLYFISH",
              "JIGSAW",
              "VIOLIN",
              "MILK",
              "SUN"
            ],
            "keepers": null,
            "result": [
              "SUN",
              "ARMY",
              "CAT",
              "PANTHER",
              "WALNUTS",
              "MILK",
              "BANANA",
              "ZEUS",
              "SANDWICH",
              "JIGSAW",
              "VIOLIN",
              "JELLYFISH"
            ],
            "result_count": null,
            "seed": null
          },
          "sensitive_attributes": [],
          "private": "bnVsbA=="
        },
        {
          "index_key": 61,
          "schema_version": 0,
          "attributes": {
            "id": "-",
            "input": [
              "ARMY",
              "PANTHER",
              "WALNUTS",
              "SANDWICH",
              "ZEUS",
              "BANANA",
              "CAT",
              "JELLYFISH",
              "JIGSAW",
              "VIOLIN",
              "MILK",
              "SUN"
            ],
            "keepers": null,
            "result": [
              "ARMY",
              "JELLYFISH",
              "SUN",
              "PANTHER",
              "MILK",
              "JIGSAW",
              "BANANA",
              "SANDWICH",
              "WALNUTS",
              "VIOLIN",
              "CAT",
              "ZEUS"
            ],
            "result_count": null,
            "seed": null
          },
          "sensitive_attributes": [],
          "private": "bnVsbA=="
        },
        {
          "index_key": 62,
          "schema_version": 0,
          "attributes": {
            "id": "-",
            "input": [
              "ARMY",
              "PANTHER",
              "WALNUTS",
              "SANDWICH",
              "ZEUS",
              "BANANA",
              "CAT",
              "JELLYFISH",
              "JIGSAW",
              "VIOLIN",
              "MILK",
              "SUN"
            ],
            "keepers": null,
            "result": [
              "JIGSAW",
              "ARMY",
              "MILK",
              "WALNUTS",
              "SANDWICH",
              "JELLYFISH",
              "BANANA",
              "PANTHER",
              "SUN",
              "CAT",
              "VIOLIN",
              "ZEUS"
            ],
            "result_count": null,
            "seed": null
          },
          "sensitive_attributes": [],
          "private": "bnVsbA=="
        },
        {
          "index_key": 63,
          "schema_version": 0,
          "attributes": {
            "id": "-",
            "input": [
              "ARMY",
              "PANTHER",
              "WALNUTS",
              "SANDWICH",
              "ZEUS",
              "BANANA",
              "CAT",
              "JELLYFISH",
              "JIGSAW",
              "VIOLIN",
              "MILK",
              "SUN"
            ],
            "keepers": null,
            "result": [
              "PANTHER",
              "SANDWICH",
              "JELLYFISH",
              "WALNUTS",
              "JIGSAW",
              "MILK",
              "BANANA",
              "ZEUS",
              "ARMY",
              "SUN",
              "VIOLIN",
              "CAT"
            ],
            "result_count": null,
            "seed": null
          },
          "sensitive_attributes": [],
          "private": "bnVsbA=="
        },
        {
          "index_key": 64,
          "schema_version": 0,
          "attributes": {
            "id": "-",
            "input": [
              "ARMY",
              "PANTHER",
              "WALNUTS",
              "SANDWICH",
              "ZEUS",
              "BANANA",
              "CAT",
              "JELLYFISH",
              "JIGSAW",
              "VIOLIN",
              "MILK",
              "SUN"
            ],
            "keepers": null,
            "result": [
              "WALNUTS",
              "BANANA",
              "VIOLIN",
              "JIGSAW",
              "CAT",
              "PANTHER",
              "SUN",
              "JELLYFISH",
              "SANDWICH",
              "MILK",
              "ARMY",
              "ZEUS"
            ],
            "result_count": null,
            "seed": null
          },
          "sensitive_attributes": [],
          "private": "bnVsbA=="
        },
        {
          "index_key": 65,
          "schema_version": 0,
          "attributes": {
            "id": "-",
            "input": [
              "ARMY",
              "PANTHER",
              "WALNUTS",
              "SANDWICH",
              "ZEUS",
              "BANANA",
              "CAT",
              "JELLYFISH",
              "JIGSAW",
              "VIOLIN",
              "MILK",
              "SUN"
            ],
            "keepers": null,
            "result": [
              "SANDWICH",
              "VIOLIN",
              "BANANA",
              "MILK",
              "WALNUTS",
              "JIGSAW",
              "PANTHER",
              "CAT",
              "ZEUS",
              "ARMY",
              "SUN",
              "JELLYFISH"
            ],
            "result_count": null,
            "seed": null
          },
          "sensitive_attributes": [],
          "private": "bnVsbA=="
        },
        {
          "index_key": 66,
          "schema_version": 0,
          "attributes": {
            "id": "-",
            "input": [
              "ARMY",
              "PANTHER",
              "WALNUTS",
              "SANDWICH",
              "ZEUS",
              "BANANA",
              "CAT",
              "JELLYFISH",
              "JIGSAW",
              "VIOLIN",
              "MILK",
              "SUN"
            ],
            "keepers": null,
            "result": [
              "BANANA",
              "SUN",
              "JIGSAW",
              "MILK",
              "ZEUS",
              "SANDWICH",
              "CAT",
              "ARMY",
              "WALNUTS",
              "VIOLIN",
              "JELLYFISH",
              "PANTHER"
            ],
            "result_count": null,
            "seed": null
          },
          "sensitive_attributes": [],
          "private": "bnVsbA=="
        },
        {
          "index_key": 67,
          "schema_version": 0,
          "attributes": {
            "id": "-",
            "input": [
              "ARMY",
              "PANTHER",
              "WALNUTS",
              "SANDWICH",
              "ZEUS",
              "BANANA",
              "CAT",
              "JELLYFISH",
              "JIGSAW",
              "VIOLIN",
              "MILK",
              "SUN"
            ],
            "keepers": null,
            "result": [
              "BANANA",
              "SANDWICH",
              "MILK",
              "ARMY",
              "JELLYFISH",
              "ZEUS",
              "CAT",
              "JIGSAW",
              "SUN",
              "VIOLIN",
              "WALNUTS",
              "PANTHER"
            ],
            "result_count": null,
            "seed": null
          },
          "sensitive_attributes": [],
          "private": "bnVsbA=="
        },
        {
          "index_key": 68,
          "schema_version": 0,
          "attributes": {
            "id": "-",
            "input": [
              "ARMY",
              "PANTHER",
              "WALNUTS",
              "SANDWICH",
              "ZEUS",
              "BANANA",
              "CAT",
              "JELLYFISH",
              "JIGSAW",
              "VIOLIN",
              "MILK",
              "SUN"
            ],
            "keepers": null,
            "result": [
              "PANTHER",
              "ZEUS",
              "SUN",
              "MILK",
              "SANDWICH",
              "CAT",
              "ARMY",
              "WALNUTS",
              "JELLYFISH",
              "BANANA",
              "JIGSAW",
              "VIOLIN"
            ],
            "result_count": null,
            "seed": null
          },
          "sensitive_attributes": [],
          "private": "bnVsbA=="
        },
        {
          "index_key": 69,
          "schema_version": 0,
          "attributes": {
            "id": "-",
            "input": [
              "ARMY",
              "PANTHER",
              "WALNUTS",
              "SANDWICH",
              "ZEUS",
              "BANANA",
              "CAT",
              "JELLYFISH",
              "JIGSAW",
              "VIOLIN",
              "MILK",
              "SUN"
            ],
            "keepers": null,
            "result": [
              "ARMY",
              "PANTHER",
              "SANDWICH",
              "WALNUTS",
              "JIGSAW",
              "SUN",
              "VIOLIN",
              "BANANA",
              "JELLYFISH",
              "ZEUS",
              "CAT",
              "MILK"
            ],
            "result_count": null,
            "seed": null
          },
          "sensitive_attributes": [],
          "private": "bnVsbA=="
        },
        {
          "index_key": 70,
          "schema_version": 0,
          "attributes": {
            "id": "-",
            "input": [
              "ARMY",
              "PANTHER",
              "WALNUTS",
              "SANDWICH",
              "ZEUS",
              "BANANA",
              "CAT",
              "JELLYFISH",
              "JIGSAW",
              "VIOLIN",
              "MILK",
              "SUN"
            ],
            "keepers": null,
            "result": [
              "PANTHER",
              "MILK",
              "SUN",
              "SANDWICH",
              "JELLYFISH",
              "JIGSAW",
              "WALNUTS",
              "ARMY",
              "VIOLIN",
              "ZEUS",
              "BANANA",
              "CAT"
            ],
            "result_count": null,
            "seed": null
          },
          "sensitive_attributes": [],
          "private": "bnVsbA=="
        },
        {
          "index_key": 71,
          "schema_version": 0,
          "attributes": {
            "id": "-",
            "input": [
              "ARMY",
              "PANTHER",
              "WALNUTS",
              "SANDWICH",
              "ZEUS",
              "BANANA",
              "CAT",
              "JELLYFISH",
              "JIGSAW",
              "VIOLIN",
              "MILK",
              "SUN"
            ],
            "keepers": null,
            "result": [
              "ZEUS",
              "CAT",
              "JELLYFISH",
              "VIOLIN",
              "BANANA",
              "WALNUTS",
              "ARMY",
              "JIGSAW",
              "MILK",
              "SUN",
              "SANDWICH",
              "PANTHER"
            ],
            "result_count": null,
            "seed": null
          },
          "sensitive_attributes": [],
          "private": "bnVsbA=="
        },
        {
          "index_key": 72,
          "schema_version": 0,
          "attributes": {
            "id": "-",
            "input": [
              "ARMY",
              "PANTHER",
              "WALNUTS",
              "SANDWICH",
              "ZEUS",
              "BANANA",
              "CAT",
              "JELLYFISH",
              "JIGSAW",
              "VIOLIN",
              "MILK",
              "SUN"
            ],
            "keepers": null,
            "result": [
              "ZEUS",
              "VIOLIN",
              "SUN",
              "PANTHER",
              "WALNUTS",
              "JELLYFISH",
              "SANDWICH",
              "BANANA",
              "ARMY",
              "MILK",
              "JIGSAW",
              "CAT"
            ],
            "result_count": null,
            "seed": null
          },
          "sensitive_attributes": [],
          "private": "bnVsbA=="
        },
        {
          "index_key": 73,
          "schema_version": 0,
          "attributes": {
            "id": "-",
            "input": [
              "ARMY",
              "PANTHER",
              "WALNUTS",
              "SANDWICH",
              "ZEUS",
              "BANANA",
              "CAT",
              "JELLYFISH",
              "JIGSAW",
              "VIOLIN",
              "MILK",
              "SUN"
            ],
            "keepers": null,
            "result": [
              "ARMY",
              "ZEUS",
              "CAT",
              "JELLYFISH",
              "SUN",
              "MILK",
              "VIOLIN",
              "WALNUTS",
              "JIGSAW",
              "PANTHER",
              "BANANA",
              "SANDWICH"
            ],
            "result_count": null,
            "seed": null
          },
          "sensitive_attributes": [],
          "private": "bnVsbA=="
        },
        {
          "index_key": 74,
          "schema_version": 0,
          "attributes": {
            "id": "-",
            "input": [
              "ARMY",
              "PANTHER",
              "WALNUTS",
              "SANDWICH",
              "ZEUS",
              "BANANA",
              "CAT",
              "JELLYFISH",
              "JIGSAW",
              "VIOLIN",
              "MILK",
              "SUN"
            ],
            "keepers": null,
            "result": [
              "BANANA",
              "SUN",
              "ZEUS",
              "PANTHER",
              "VIOLIN",
              "CAT",
              "JIGSAW",
              "JELLYFISH",
              "ARMY",
              "SANDWICH",
              "WALNUTS",
              "MILK"
            ],
            "result_count": null,
            "seed": null
          },
          "sensitive_attributes": [],
          "private": "bnVsbA=="
        },
        {
          "index_key": 75,
          "schema_version": 0,
          "attributes": {
            "id": "-",
            "input": [
              "ARMY",
              "PANTHER",
              "WALNUTS",
              "SANDWICH",
              "ZEUS",
              "BANANA",
              "CAT",
              "JELLYFISH",
              "JIGSAW",
              "VIOLIN",
              "MILK",
              "SUN"
            ],
            "keepers": null,
            "result": [
              "SUN",
              "CAT",
              "JIGSAW",
              "MILK",
              "VIOLIN",
              "SANDWICH",
              "BANANA",
              "WALNUTS",
              "ZEUS",
              "JELLYFISH",
              "ARMY",
              "PANTHER"
            ],
            "result_count": null,
            "seed": null
          },
          "sensitive_attributes": [],
          "private": "bnVsbA=="
        },
        {
          "index_key": 76,
          "schema_version": 0,
          "attributes": {
            "id": "-",
            "input": [
              "ARMY",
              "PANTHER",
              "WALNUTS",
              "SANDWICH",
              "ZEUS",
              "BANANA",
              "CAT",
              "JELLYFISH",
              "JIGSAW",
              "VIOLIN",
              "MILK",
              "SUN"
            ],
            "keepers": null,
            "result": [
              "CAT",
              "JIGSAW",
              "JELLYFISH",
              "SUN",
              "PANTHER",
              "WALNUTS",
              "VIOLIN",
              "ARMY",
              "SANDWICH",
              "BANANA",
              "ZEUS",
              "MILK"
            ],
            "result_count": null,
            "seed": null
          },
          "sensitive_attributes": [],
          "private": "bnVsbA=="
        },
        {
          "index_key": 77,
          "schema_version": 0,
          "attributes": {
            "id": "-",
            "input": [
              "ARMY",
              "PANTHER",
              "WALNUTS",
              "SANDWICH",
              "ZEUS",
              "BANANA",
              "CAT",
              "JELLYFISH",
              "JIGSAW",
              "VIOLIN",
              "MILK",
              "SUN"
            ],
            "keepers": null,
            "result": [
              "MILK",
              "CAT",
              "JIGSAW",
              "ZEUS",
              "SUN",
              "VIOLIN",
              "PANTHER",
              "BANANA",
              "SANDWICH",
              "WALNUTS",
              "ARMY",
              "JELLYFISH"
            ],
            "result_count": null,
            "seed": null
          },
          "sensitive_attributes": [],
          "private": "bnVsbA=="
        },
        {
          "index_key": 78,
          "schema_version": 0,
          "attributes": {
            "id": "-",
            "input": [
              "ARMY",
              "PANTHER",
              "WALNUTS",
              "SANDWICH",
              "ZEUS",
              "BANANA",
              "CAT",
              "JELLYFISH",
              "JIGSAW",
              "VIOLIN",
              "MILK",
              "SUN"
            ],
            "keepers": null,
            "result": [
              "MILK",
              "WALNUTS",
              "JELLYFISH",
              "ARMY",
              "PANTHER",
              "JIGSAW",
              "ZEUS",
              "VIOLIN",
              "CAT",
              "SUN",
              "BANANA",
              "SANDWICH"
            ],
            "result_count": null,
            "seed": null
          },
          "sensitive_attributes": [],
          "private": "bnVsbA=="
        },
        {
          "index_key": 79,
          "schema_version": 0,
          "attributes": {
            "id": "-",
            "input": [
              "ARMY",
              "PANTHER",
              "WALNUTS",
              "SANDWICH",
              "ZEUS",
              "BANANA",
              "CAT",
              "JELLYFISH",
              "JIGSAW",
              "VIOLIN",
              "MILK",
              "SUN"
            ],
            "keepers": null,
            "result": [
              "SANDWICH",
              "SUN",
              "BANANA",
              "WALNUTS",
              "CAT",
              "JIGSAW",
              "VIOLIN",
              "ZEUS",
              "MILK",
              "ARMY",
              "JELLYFISH",
              "PANTHER"
            ],
            "result_count": null,
            "seed": null
          },
          "sensitive_attributes": [],
          "private": "bnVsbA=="
        },
        {
          "index_key": 80,
          "schema_version": 0,
          "attributes": {
            "id": "-",
            "input": [
              "ARMY",
              "PANTHER",
              "WALNUTS",
              "SANDWICH",
              "ZEUS",
              "BANANA",
              "CAT",
              "JELLYFISH",
              "JIGSAW",
              "VIOLIN",
              "MILK",
              "SUN"
            ],
            "keepers": null,
            "result": [
              "VIOLIN",
              "ARMY",
              "MILK",
              "PANTHER",
              "JELLYFISH",
              "BANANA",
              "SUN",
              "WALNUTS",
              "SANDWICH",
              "ZEUS",
              "JIGSAW",
              "CAT"
            ],
            "result_count": null,
            "seed": null
          },
          "sensitive_attributes": [],
          "private": "bnVsbA=="
        },
        {
          "index_key": 81,
          "schema_version": 0,
          "attributes": {
            "id": "-",
            "input": [
              "ARMY",
              "PANTHER",
              "WALNUTS",
              "SANDWICH",
              "ZEUS",
              "BANANA",
              "CAT",
              "JELLYFISH",
              "JIGSAW",
              "VIOLIN",
              "MILK",
              "SUN"
            ],
            "keepers": null,
            "result": [
              "SANDWICH",
              "ZEUS",
              "BANANA",
              "MILK",
              "JELLYFISH",
              "WALNUTS",
              "ARMY",
              "SUN",
              "CAT",
              "JIGSAW",
              "VIOLIN",
              "PANTHER"
            ],
            "result_count": null,
            "seed": null
          },
          "sensitive_attributes": [],
          "private": "bnVsbA=="
        },
        {
          "index_key": 82,
          "schema_version": 0,
          "attributes": {
            "id": "-",
            "input": [
              "ARMY",
              "PANTHER",
              "WALNUTS",
              "SANDWICH",
              "ZEUS",
              "BANANA",
              "CAT",
              "JELLYFISH",
              "JIGSAW",
              "VIOLIN",
              "MILK",
              "SUN"
            ],
            "keepers": null,
            "result": [
              "MILK",
              "JIGSAW",
              "VIOLIN",
              "ARMY",
              "CAT",
              "ZEUS",
              "WALNUTS",
              "SUN",
              "SANDWICH",
              "JELLYFISH",
              "BANANA",
              "PANTHER"
            ],
            "result_count": null,
            "seed": null
          },
          "sensitive_attributes": [],
          "private": "bnVsbA=="
        },
        {
          "index_key": 83,
          "schema_version": 0,
          "attributes": {
            "id": "-",
            "input": [
              "ARMY",
              "PANTHER",
              "WALNUTS",
              "SANDWICH",
              "ZEUS",
              "BANANA",
              "CAT",
              "JELLYFISH",
              "JIGSAW",
              "VIOLIN",
              "MILK",
              "SUN"
            ],
            "keepers": null,
            "result": [
              "ZEUS",
              "VIOLIN",
              "ARMY",
              "BANANA",
              "CAT",
              "PANTHER",
              "JIGSAW",
              "SANDWICH",
              "JELLYFISH",
              "WALNUTS",
              "SUN",
              "MILK"
            ],
            "result_count": null,
            "seed": null
          },
          "sensitive_attributes": [],
          "private": "bnVsbA=="
        },
        {
          "index_key": 84,
          "schema_version": 0,
          "attributes": {
            "id": "-",
            "input": [
              "ARMY",
              "PANTHER",
              "WALNUTS",
              "SANDWICH",
              "ZEUS",
              "BANANA",
              "CAT",
              "JELLYFISH",
              "JIGSAW",
              "VIOLIN",
              "MILK",
              "SUN"
            ],
            "keepers": null,
            "result": [
              "MILK",
              "ARMY",
              "PANTHER",
              "ZEUS",
              "BANANA",
              "WALNUTS",
              "VIOLIN",
              "JIGSAW",
              "SUN",
              "SANDWICH",
              "JELLYFISH",
              "CAT"
            ],
            "result_count": null,
            "seed": null
          },
          "sensitive_attributes": [],
          "private": "bnVsbA=="
        },
        {
          "index_key": 85,
          "schema_version": 0,
          "attributes": {
            "id": "-",
            "input": [
              "ARMY",
              "PANTHER",
              "WALNUTS",
              "SANDWICH",
              "ZEUS",
              "BANANA",
              "CAT",
              "JELLYFISH",
              "JIGSAW",
              "VIOLIN",
              "MILK",
              "SUN"
            ],
            "keepers": null,
            "result": [
              "SANDWICH",
              "SUN",
              "ARMY",
              "ZEUS",
              "MILK",
              "WALNUTS",
              "BANANA",
              "JIGSAW",
              "PANTHER",
              "VIOLIN",
              "CAT",
              "JELLYFISH"
            ],
            "result_count": null,
            "seed": null
          },
          "sensitive_attributes": [],
          "private": "bnVsbA=="
        },
        {
          "index_key": 86,
          "schema_version": 0,
          "attributes": {
            "id": "-",
            "input": [
              "ARMY",
              "PANTHER",
              "WALNUTS",
              "SANDWICH",
              "ZEUS",
              "BANANA",
              "CAT",
              "JELLYFISH",
              "JIGSAW",
              "VIOLIN",
              "MILK",
              "SUN"
            ],
            "keepers": null,
            "result": [
              "VIOLIN",
              "MILK",
              "CAT",
              "BANANA",
              "SANDWICH",
              "WALNUTS",
              "JELLYFISH",
              "ARMY",
              "ZEUS",
              "SUN",
              "JIGSAW",
              "PANTHER"
            ],
            "result_count": null,
            "seed": null
          },
          "sensitive_attributes": [],
          "private": "bnVsbA=="
        },
        {
          "index_key": 87,
          "schema_version": 0,
          "attributes": {
            "id": "-",
            "input": [
              "ARMY",
              "PANTHER",
              "WALNUTS",
              "SANDWICH",
              "ZEUS",
              "BANANA",
              "CAT",
              "JELLYFISH",
              "JIGSAW",
              "VIOLIN",
              "MILK",
              "SUN"
            ],
            "keepers": null,
            "result": [
              "CAT",
              "ARMY",
              "PANTHER",
              "JELLYFISH",
              "VIOLIN",
              "MILK",
              "ZEUS",
              "JIGSAW",
              "SUN",
              "SANDWICH",
              "BANANA",
              "WALNUTS"
            ],
            "result_count": null,
            "seed": null
          },
          "sensitive_attributes": [],
          "private": "bnVsbA=="
        },
        {
          "index_key": 88,
          "schema_version": 0,
          "attributes": {
            "id": "-",
            "input": [
              "ARMY",
              "PANTHER",
              "WALNUTS",
              "SANDWICH",
              "ZEUS",
              "BANANA",
              "CAT",
              "JELLYFISH",
              "JIGSAW",
              "VIOLIN",
              "MILK",
              "SUN"
            ],
            "keepers": null,
            "result": [
              "SUN",
              "ZEUS",
              "PANTHER",
              "ARMY",
              "JELLYFISH",
              "WALNUTS",
              "VIOLIN",
              "SANDWICH",
              "CAT",
              "MILK",
              "JIGSAW",
              "BANANA"
            ],
            "result_count": null,
            "seed": null
          },
          "sensitive_attributes": [],
          "private": "bnVsbA=="
        },
        {
          "index_key": 89,
          "schema_version": 0,
          "attributes": {
            "id": "-",
            "input": [
              "ARMY",
              "PANTHER",
              "WALNUTS",
              "SANDWICH",
              "ZEUS",
              "BANANA",
              "CAT",
              "JELLYFISH",
              "JIGSAW",
              "VIOLIN",
              "MILK",
              "SUN"
            ],
            "keepers": null,
            "result": [
              "VIOLIN",
              "SUN",
              "JIGSAW",
              "ZEUS",
              "JELLYFISH",
              "PANTHER",
              "MILK",
              "CAT",
              "WALNUTS",
              "BANANA",
              "ARMY",
              "SANDWICH"
            ],
            "result_count": null,
            "seed": null
          },
          "sensitive_attributes": [],
          "private": "bnVsbA=="
        },
        {
          "index_key": 90,
          "schema_version": 0,
          "attributes": {
            "id": "-",
            "input": [
              "ARMY",
              "PANTHER",
              "WALNUTS",
              "SANDWICH",
              "ZEUS",
              "BANANA",
              "CAT",
              "JELLYFISH",
              "JIGSAW",
              "VIOLIN",
              "MILK",
              "SUN"
            ],
            "keepers": null,
            "result": [
              "JELLYFISH",
              "CAT",
              "ARMY",
              "MILK",
              "SANDWICH",
              "ZEUS",
              "WALNUTS",
              "JIGSAW",
              "PANTHER",
              "BANANA",
              "VIOLIN",
              "SUN"
            ],
            "result_count": null,
            "seed": null
          },
          "sensitive_attributes": [],
          "private": "bnVsbA=="
        },
        {
          "index_key": 91,
          "schema_version": 0,
          "attributes": {
            "id": "-",
            "input": [
              "ARMY",
              "PANTHER",
              "WALNUTS",
              "SANDWICH",
              "ZEUS",
              "BANANA",
              "CAT",
              "JELLYFISH",
              "JIGSAW",
              "VIOLIN",
              "MILK",
              "SUN"
            ],
            "keepers": null,
            "result": [
              "MILK",
              "ZEUS",
              "WALNUTS",
              "VIOLIN",
              "SANDWICH",
              "BANANA",
              "CAT",
              "JELLYFISH",
              "ARMY",
              "PANTHER",
              "JIGSAW",
              "SUN"
            ],
            "result_count": null,
            "seed": null
          },
          "sensitive_attributes": [],
          "private": "bnVsbA=="
        },
        {
          "index_key": 92,
          "schema_version": 0,
          "attributes": {
            "id": "-",
            "input": [
              "ARMY",
              "PANTHER",
              "WALNUTS",
              "SANDWICH",
              "ZEUS",
              "BANANA",
              "CAT",
              "JELLYFISH",
              "JIGSAW",
              "VIOLIN",
              "MILK",
              "SUN"
            ],
            "keepers": null,
            "result": [
              "JELLYFISH",
              "ZEUS",
              "SANDWICH",
              "VIOLIN",
              "BANANA",
              "ARMY",
              "WALNUTS",
              "SUN",
              "MILK",
              "CAT",
              "PANTHER",
              "JIGSAW"
            ],
            "result_count": null,
            "seed": null
          },
          "sensitive_attributes": [],
          "private": "bnVsbA=="
        },
        {
          "index_key": 93,
          "schema_version": 0,
          "attributes": {
            "id": "-",
            "input": [
              "ARMY",
              "PANTHER",
              "WALNUTS",
              "SANDWICH",
              "ZEUS",
              "BANANA",
              "CAT",
              "JELLYFISH",
              "JIGSAW",
              "VIOLIN",
              "MILK",
              "SUN"
            ],
            "keepers": null,
            "result": [
              "PANTHER",
              "VIOLIN",
              "CAT",
              "JELLYFISH",
              "SUN",
              "ZEUS",
              "WALNUTS",
              "JIGSAW",
              "MILK",
              "SANDWICH",
              "BANANA",
              "ARMY"
            ],
            "result_count": null,
            "seed": null
          },
          "sensitive_attributes": [],
          "private": "bnVsbA=="
        },
        {
          "index_key": 94,
          "schema_version": 0,
          "attributes": {
            "id": "-",
            "input": [
              "ARMY",
              "PANTHER",
              "WALNUTS",
              "SANDWICH",
              "ZEUS",
              "BANANA",
              "CAT",
              "JELLYFISH",
              "JIGSAW",
              "VIOLIN",
              "MILK",
              "SUN"
            ],
            "keepers": null,
            "result": [
              "ZEUS",
              "ARMY",
              "SUN",
              "CAT",
              "VIOLIN",
              "JIGSAW",
              "MILK",
              "JELLYFISH",
              "PANTHER",
              "WALNUTS",
              "SANDWICH",
              "BANANA"
            ],
            "result_count": null,
            "seed": null
          },
          "sensitive_attributes": [],
          "private": "bnVsbA=="
        },
        {
          "index_key": 95,
          "schema_version": 0,
          "attributes": {
            "id": "-",
            "input": [
              "ARMY",
              "PANTHER",
              "WALNUTS",
              "SANDWICH",
              "ZEUS",
              "BANANA",
              "CAT",
              "JELLYFISH",
              "JIGSAW",
              "VIOLIN",
              "MILK",
              "SUN"
            ],
            "keepers": null,
            "result": [
              "BANANA",
              "ARMY",
              "PANTHER",
              "JELLYFISH",
              "VIOLIN",
              "SUN",
              "MILK",
              "ZEUS",
              "SANDWICH",
              "WALNUTS",
              "JIGSAW",
              "CAT"
            ],
            "result_count": null,
            "seed": null
          },
          "sensitive_attributes": [],
          "private": "bnVsbA=="
        },
        {
          "index_key": 96,
          "schema_version": 0,
          "attributes": {
            "id": "-",
            "input": [
              "ARMY",
              "PANTHER",
              "WALNUTS",
              "SANDWICH",
              "ZEUS",
              "BANANA",
              "CAT",
              "JELLYFISH",
              "JIGSAW",
              "VIOLIN",
              "MILK",
              "SUN"
            ],
            "keepers": null,
            "result": [
              "SANDWICH",
              "PANTHER",
              "WALNUTS",
              "CAT",
              "BANANA",
              "ZEUS",
              "JIGSAW",
              "ARMY",
              "SUN",
              "JELLYFISH",
              "MILK",
              "VIOLIN"
            ],
            "result_count": null,
            "seed": null
          },
          "sensitive_attributes": [],
          "private": "bnVsbA=="
        },
        {
          "index_key": 97,
          "schema_version": 0,
          "attributes": {
            "id": "-",
            "input": [
              "ARMY",
              "PANTHER",
              "WALNUTS",
              "SANDWICH",
              "ZEUS",
              "BANANA",
              "CAT",
              "JELLYFISH",
              "JIGSAW",
              "VIOLIN",
              "MILK",
              "SUN"
            ],
            "keepers": null,
            "result": [
              "SANDWICH",
              "CAT",
              "JELLYFISH",
              "JIGSAW",
              "WALNUTS",
              "SUN",
              "ZEUS",
              "BANANA",
              "PANTHER",
              "MILK",
              "ARMY",
              "VIOLIN"
            ],
            "result_count": null,
            "seed": null
          },
          "sensitive_attributes": [],
          "private": "bnVsbA=="
        },
        {
          "index_key": 98,
          "schema_version": 0,
          "attributes": {
            "id": "-",
            "input": [
              "ARMY",
              "PANTHER",
              "WALNUTS",
              "SANDWICH",
              "ZEUS",
              "BANANA",
              "CAT",
              "JELLYFISH",
              "JIGSAW",
              "VIOLIN",
              "MILK",
              "SUN"
            ],
            "keepers": null,
            "result": [
              "CAT",
              "WALNUTS",
              "BANANA",
              "SANDWICH",
              "JIGSAW",
              "JELLYFISH",
              "PANTHER",
              "MILK",
              "ZEUS",
              "ARMY",
              "VIOLIN",
              "SUN"
            ],
            "result_count": null,
            "seed": null
          },
          "sensitive_attributes": [],
          "private": "bnVsbA=="
        },
        {
          "index_key": 99,
          "schema_version": 0,
          "attributes": {
            "id": "-",
            "input": [
              "ARMY",
              "PANTHER",
              "WALNUTS",
              "SANDWICH",
              "ZEUS",
              "BANANA",
              "CAT",
              "JELLYFISH",
              "JIGSAW",
              "VIOLIN",
              "MILK",
              "SUN"
            ],
            "keepers": null,
            "result": [
              "JIGSAW",
              "SANDWICH",
              "ZEUS",
              "CAT",
              "SUN",
              "MILK",
              "ARMY",
              "VIOLIN",
              "PANTHER",
              "BANANA",
              "JELLYFISH",
              "WALNUTS"
            ],
            "result_count": null,
            "seed": null
          },
          "sensitive_attributes": [],
          "private": "bnVsbA=="
        }
      ]
    },
    {
      "mode": "managed",
      "type": "random_shuffle",
      "name": "random_numbers",
      "provider": "provider[\"registry.terraform.io/hashicorp/random\"]",
      "instances": [
        {
          "index_key": 0,
          "schema_version": 0,
          "attributes": {
            "id": "-",
            "input": [
              "42",
              "27",
              "101",
              "73",
              "-5",
              "0"
            ],
            "keepers": null,
            "result": [
              "27",
              "0",
              "-5",
              "73",
              "101",
              "42"
            ],
            "result_count": null,
            "seed": null
          },
          "sensitive_attributes": [],
          "private": "bnVsbA=="
        },
        {
          "index_key": 1,
          "schema_version": 0,
          "attributes": {
            "id": "-",
            "input": [
              "42",
              "27",
              "101",
              "73",
              "-5",
              "0"
            ],
            "keepers": null,
            "result": [
              "101",
              "0",
              "42",
              "73",
              "-5",
              "27"
            ],
            "result_count": null,
            "seed": null
          },
          "sensitive_attributes": [],
          "private": "bnVsbA=="
        },
        {
          "index_key": 2,
          "schema_version": 0,
          "attributes": {
            "id": "-",
            "input": [
              "42",
              "27",
              "101",
              "73",
              "-5",
              "0"
            ],
            "keepers": null,
            "result": [
              "-5",
              "73",
              "42",
              "101",
              "0",
              "27"
            ],
            "result_count": null,
            "seed": null
          },
          "sensitive_attributes": [],
          "private": "bnVsbA=="
        },
        {
          "index_key": 3,
          "schema_version": 0,
          "attributes": {
            "id": "-",
            "input": [
              "42",
              "27",
              "101",
              "73",
              "-5",
              "0"
            ],
            "keepers": null,
            "result": [
              "27",
              "42",
              "-5",
              "73",
              "101",
              "0"
            ],
            "result_count": null,
            "seed": null
          },
          "sensitive_attributes": [],
          "private": "bnVsbA=="
        },
        {
          "index_key": 4,
          "schema_version": 0,
          "attributes": {
            "id": "-",
            "input": [
              "42",
              "27",
              "101",
              "73",
              "-5",
              "0"
            ],
            "keepers": null,
            "result": [
              "42",
              "101",
              "-5",
              "73",
              "27",
              "0"
            ],
            "result_count": null,
            "seed": null
          },
          "sensitive_attributes": [],
          "private": "bnVsbA=="
        },
        {
          "index_key": 5,
          "schema_version": 0,
          "attributes": {
            "id": "-",
            "input": [
              "42",
              "27",
              "101",
              "73",
              "-5",
              "0"
            ],
            "keepers": null,
            "result": [
              "73",
              "0",
              "42",
              "101",
              "27",
              "-5"
            ],
            "result_count": null,
            "seed": null
          },
          "sensitive_attributes": [],
          "private": "bnVsbA=="
        },
        {
          "index_key": 6,
          "schema_version": 0,
          "attributes": {
            "id": "-",
            "input": [
              "42",
              "27",
              "101",
              "73",
              "-5",
              "0"
            ],
            "keepers": null,
            "result": [
              "27",
              "101",
              "0",
              "42",
              "-5",
              "73"
            ],
            "result_count": null,
            "seed": null
          },
          "sensitive_attributes": [],
          "private": "bnVsbA=="
        },
        {
          "index_key": 7,
          "schema_version": 0,
          "attributes": {
            "id": "-",
            "input": [
              "42",
              "27",
              "101",
              "73",
              "-5",
              "0"
            ],
            "keepers": null,
            "result": [
              "42",
              "73",
              "27",
              "0",
              "101",
              "-5"
            ],
            "result_count": null,
            "seed": null
          },
          "sensitive_attributes": [],
          "private": "bnVsbA=="
        },
        {
          "index_key": 8,
          "schema_version": 0,
          "attributes": {
            "id": "-",
            "input": [
              "42",
              "27",
              "101",
              "73",
              "-5",
              "0"
            ],
            "keepers": null,
            "result": [
              "42",
              "-5",
              "27",
              "101",
              "0",
              "73"
            ],
            "result_count": null,
            "seed": null
          },
          "sensitive_attributes": [],
          "private": "bnVsbA=="
        },
        {
          "index_key": 9,
          "schema_version": 0,
          "attributes": {
            "id": "-",
            "input": [
              "42",
              "27",
              "101",
              "73",
              "-5",
              "0"
            ],
            "keepers": null,
            "result": [
              "73",
              "-5",
              "101",
              "0",
              "27",
              "42"
            ],
            "result_count": null,
            "seed": null
          },
          "sensitive_attributes": [],
          "private": "bnVsbA=="
        },
        {
          "index_key": 10,
          "schema_version": 0,
          "attributes": {
            "id": "-",
            "input": [
              "42",
              "27",
              "101",
              "73",
              "-5",
              "0"
            ],
            "keepers": null,
            "result": [
              "-5",
              "73",
              "27",
              "101",
              "42",
              "0"
            ],
            "result_count": null,
            "seed": null
          },
          "sensitive_attributes": [],
          "private": "bnVsbA=="
        },
        {
          "index_key": 11,
          "schema_version": 0,
          "attributes": {
            "id": "-",
            "input": [
              "42",
              "27",
              "101",
              "73",
              "-5",
              "0"
            ],
            "keepers": null,
            "result": [
              "27",
              "-5",
              "101",
              "73",
              "42",
              "0"
            ],
            "result_count": null,
            "seed": null
          },
          "sensitive_attributes": [],
          "private": "bnVsbA=="
        },
        {
          "index_key": 12,
          "schema_version": 0,
          "attributes": {
            "id": "-",
            "input": [
              "42",
              "27",
              "101",
              "73",
              "-5",
              "0"
            ],
            "keepers": null,
            "result": [
              "101",
              "0",
              "42",
              "-5",
              "73",
              "27"
            ],
            "result_count": null,
            "seed": null
          },
          "sensitive_attributes": [],
          "private": "bnVsbA=="
        },
        {
          "index_key": 13,
          "schema_version": 0,
          "attributes": {
            "id": "-",
            "input": [
              "42",
              "27",
              "101",
              "73",
              "-5",
              "0"
            ],
            "keepers": null,
            "result": [
              "27",
              "-5",
              "73",
              "101",
              "42",
              "0"
            ],
            "result_count": null,
            "seed": null
          },
          "sensitive_attributes": [],
          "private": "bnVsbA=="
        },
        {
          "index_key": 14,
          "schema_version": 0,
          "attributes": {
            "id": "-",
            "input": [
              "42",
              "27",
              "101",
              "73",
              "-5",
              "0"
            ],
            "keepers": null,
            "result": [
              "42",
              "-5",
              "27",
              "73",
              "0",
              "101"
            ],
            "result_count": null,
            "seed": null
          },
          "sensitive_attributes": [],
          "private": "bnVsbA=="
        },
        {
          "index_key": 15,
          "schema_version": 0,
          "attributes": {
            "id": "-",
            "input": [
              "42",
              "27",
              "101",
              "73",
              "-5",
              "0"
            ],
            "keepers": null,
            "result": [
              "73",
              "-5",
              "0",
              "27",
              "42",
              "101"
            ],
            "result_count": null,
            "seed": null
          },
          "sensitive_attributes": [],
          "private": "bnVsbA=="
        },
        {
          "index_key": 16,
          "schema_version": 0,
          "attributes": {
            "id": "-",
            "input": [
              "42",
              "27",
              "101",
              "73",
              "-5",
              "0"
            ],
            "keepers": null,
            "result": [
              "42",
              "73",
              "101",
              "0",
              "27",
              "-5"
            ],
            "result_count": null,
            "seed": null
          },
          "sensitive_attributes": [],
          "private": "bnVsbA=="
        },
        {
          "index_key": 17,
          "schema_version": 0,
          "attributes": {
            "id": "-",
            "input": [
              "42",
              "27",
              "101",
              "73",
              "-5",
              "0"
            ],
            "keepers": null,
            "result": [
              "101",
              "-5",
              "0",
              "27",
              "42",
              "73"
            ],
            "result_count": null,
            "seed": null
          },
          "sensitive_attributes": [],
          "private": "bnVsbA=="
        },
        {
          "index_key": 18,
          "schema_version": 0,
          "attributes": {
            "id": "-",
            "input": [
              "42",
              "27",
              "101",
              "73",
              "-5",
              "0"
            ],
            "keepers": null,
            "result": [
              "73",
              "42",
              "-5",
              "0",
              "101",
              "27"
            ],
            "result_count": null,
            "seed": null
          },
          "sensitive_attributes": [],
          "private": "bnVsbA=="
        },
        {
          "index_key": 19,
          "schema_version": 0,
          "attributes": {
            "id": "-",
            "input": [
              "42",
              "27",
              "101",
              "73",
              "-5",
              "0"
            ],
            "keepers": null,
            "result": [
              "-5",
              "0",
              "42",
              "73",
              "27",
              "101"
            ],
            "result_count": null,
            "seed": null
          },
          "sensitive_attributes": [],
          "private": "bnVsbA=="
        },
        {
          "index_key": 20,
          "schema_version": 0,
          "attributes": {
            "id": "-",
            "input": [
              "42",
              "27",
              "101",
              "73",
              "-5",
              "0"
            ],
            "keepers": null,
            "result": [
              "101",
              "27",
              "73",
              "-5",
              "0",
              "42"
            ],
            "result_count": null,
            "seed": null
          },
          "sensitive_attributes": [],
          "private": "bnVsbA=="
        },
        {
          "index_key": 21,
          "schema_version": 0,
          "attributes": {
            "id": "-",
            "input": [
              "42",
              "27",
              "101",
              "73",
              "-5",
              "0"
            ],
            "keepers": null,
            "result": [
              "-5",
              "101",
              "73",
              "42",
              "27",
              "0"
            ],
            "result_count": null,
            "seed": null
          },
          "sensitive_attributes": [],
          "private": "bnVsbA=="
        },
        {
          "index_key": 22,
          "schema_version": 0,
          "attributes": {
            "id": "-",
            "input": [
              "42",
              "27",
              "101",
              "73",
              "-5",
              "0"
            ],
            "keepers": null,
            "result": [
              "73",
              "0",
              "101",
              "42",
              "-5",
              "27"
            ],
            "result_count": null,
            "seed": null
          },
          "sensitive_attributes": [],
          "private": "bnVsbA=="
        },
        {
          "index_key": 23,
          "schema_version": 0,
          "attributes": {
            "id": "-",
            "input": [
              "42",
              "27",
              "101",
              "73",
              "-5",
              "0"
            ],
            "keepers": null,
            "result": [
              "0",
              "-5",
              "101",
              "42",
              "73",
              "27"
            ],
            "result_count": null,
            "seed": null
          },
          "sensitive_attributes": [],
          "private": "bnVsbA=="
        },
        {
          "index_key": 24,
          "schema_version": 0,
          "attributes": {
            "id": "-",
            "input": [
              "42",
              "27",
              "101",
              "73",
              "-5",
              "0"
            ],
            "keepers": null,
            "result": [
              "0",
              "-5",
              "42",
              "27",
              "73",
              "101"
            ],
            "result_count": null,
            "seed": null
          },
          "sensitive_attributes": [],
          "private": "bnVsbA=="
        },
        {
          "index_key": 25,
          "schema_version": 0,
          "attributes": {
            "id": "-",
            "input": [
              "42",
              "27",
              "101",
              "73",
              "-5",
              "0"
            ],
            "keepers": null,
            "result": [
              "73",
              "42",
              "27",
              "-5",
              "0",
              "101"
            ],
            "result_count": null,
            "seed": null
          },
          "sensitive_attributes": [],
          "private": "bnVsbA=="
        },
        {
          "index_key": 26,
          "schema_version": 0,
          "attributes": {
            "id": "-",
            "input": [
              "42",
              "27",
              "101",
              "73",
              "-5",
              "0"
            ],
            "keepers": null,
            "result": [
              "42",
              "0",
              "73",
              "27",
              "-5",
              "101"
            ],
            "result_count": null,
            "seed": null
          },
          "sensitive_attributes": [],
          "private": "bnVsbA=="
        },
        {
          "index_key": 27,
          "schema_version": 0,
          "attributes": {
            "id": "-",
            "input": [
              "42",
              "27",
              "101",
              "73",
              "-5",
              "0"
            ],
            "keepers": null,
            "result": [
              "0",
              "73",
              "27",
              "-5",
              "42",
              "101"
            ],
            "result_count": null,
            "seed": null
          },
          "sensitive_attributes": [],
          "private": "bnVsbA=="
        },
        {
          "index_key": 28,
          "schema_version": 0,
          "attributes": {
            "id": "-",
            "input": [
              "42",
              "27",
              "101",
              "73",
              "-5",
              "0"
            ],
            "keepers": null,
            "result": [
              "42",
              "-5",
              "27",
              "101",
              "73",
              "0"
            ],
            "result_count": null,
            "seed": null
          },
          "sensitive_attributes": [],
          "private": "bnVsbA=="
        },
        {
          "index_key": 29,
          "schema_version": 0,
          "attributes": {
            "id": "-",
            "input": [
              "42",
              "27",
              "101",
              "73",
              "-5",
              "0"
            ],
            "keepers": null,
            "result": [
              "0",
              "27",
              "-5",
              "101",
              "73",
              "42"
            ],
            "result_count": null,
            "seed": null
          },
          "sensitive_attributes": [],
          "private": "bnVsbA=="
        },
        {
          "index_key": 30,
          "schema_version": 0,
          "attributes": {
            "id": "-",
            "input": [
              "42",
              "27",
              "101",
              "73",
              "-5",
              "0"
            ],
            "keepers": null,
            "result": [
              "73",
              "-5",
              "42",
              "27",
              "0",
              "101"
            ],
            "result_count": null,
            "seed": null
          },
          "sensitive_attributes": [],
          "private": "bnVsbA=="
        },
        {
          "index_key": 31,
          "schema_version": 0,
          "attributes": {
            "id": "-",
            "input": [
              "42",
              "27",
              "101",
              "73",
              "-5",
              "0"
            ],
            "keepers": null,
            "result": [
              "-5",
              "42",
              "0",
              "101",
              "27",
              "73"
            ],
            "result_count": null,
            "seed": null
          },
          "sensitive_attributes": [],
          "private": "bnVsbA=="
        },
        {
          "index_key": 32,
          "schema_version": 0,
          "attributes": {
            "id": "-",
            "input": [
              "42",
              "27",
              "101",
              "73",
              "-5",
              "0"
            ],
            "keepers": null,
            "result": [
              "0",
              "27",
              "73",
              "101",
              "42",
              "-5"
            ],
            "result_count": null,
            "seed": null
          },
          "sensitive_attributes": [],
          "private": "bnVsbA=="
        },
        {
          "index_key": 33,
          "schema_version": 0,
          "attributes": {
            "id": "-",
            "input": [
              "42",
              "27",
              "101",
              "73",
              "-5",
              "0"
            ],
            "keepers": null,
            "result": [
              "73",
              "27",
              "0",
              "101",
              "42",
              "-5"
            ],
            "result_count": null,
            "seed": null
          },
          "sensitive_attributes": [],
          "private": "bnVsbA=="
        },
        {
          "index_key": 34,
          "schema_version": 0,
          "attributes": {
            "id": "-",
            "input": [
              "42",
              "27",
              "101",
              "73",
              "-5",
              "0"
            ],
            "keepers": null,
            "result": [
              "42",
              "0",
              "73",
              "27",
              "101",
              "-5"
            ],
            "result_count": null,
            "seed": null
          },
          "sensitive_attributes": [],
          "private": "bnVsbA=="
        },
        {
          "index_key": 35,
          "schema_version": 0,
          "attributes": {
            "id": "-",
            "input": [
              "42",
              "27",
              "101",
              "73",
              "-5",
              "0"
            ],
            "keepers": null,
            "result": [
              "42",
              "27",
              "101",
              "73",
              "-5",
              "0"
            ],
            "result_count": null,
            "seed": null
          },
          "sensitive_attributes": [],
          "private": "bnVsbA=="
        },
        {
          "index_key": 36,
          "schema_version": 0,
          "attributes": {
            "id": "-",
            "input": [
              "42",
              "27",
              "101",
              "73",
              "-5",
              "0"
            ],
            "keepers": null,
            "result": [
              "-5",
              "73",
              "0",
              "101",
              "27",
              "42"
            ],
            "result_count": null,
            "seed": null
          },
          "sensitive_attributes": [],
          "private": "bnVsbA=="
        },
        {
          "index_key": 37,
          "schema_version": 0,
          "attributes": {
            "id": "-",
            "input": [
              "42",
              "27",
              "101",
              "73",
              "-5",
              "0"
            ],
            "keepers": null,
            "result": [
              "0",
              "101",
              "-5",
              "73",
              "27",
              "42"
            ],
            "result_count": null,
            "seed": null
          },
          "sensitive_attributes": [],
          "private": "bnVsbA=="
        },
        {
          "index_key": 38,
          "schema_version": 0,
          "attributes": {
            "id": "-",
            "input": [
              "42",
              "27",
              "101",
              "73",
              "-5",
              "0"
            ],
            "keepers": null,
            "result": [
              "101",
              "27",
              "73",
              "0",
              "42",
              "-5"
            ],
            "result_count": null,
            "seed": null
          },
          "sensitive_attributes": [],
          "private": "bnVsbA=="
        },
        {
          "index_key": 39,
          "schema_version": 0,
          "attributes": {
            "id": "-",
            "input": [
              "42",
              "27",
              "101",
              "73",
              "-5",
              "0"
            ],
            "keepers": null,
            "result": [
              "101",
              "0",
              "73",
              "27",
              "-5",
              "42"
            ],
            "result_count": null,
            "seed": null
          },
          "sensitive_attributes": [],
          "private": "bnVsbA=="
        },
        {
          "index_key": 40,
          "schema_version": 0,
          "attributes": {
            "id": "-",
            "input": [
              "42",
              "27",
              "101",
              "73",
              "-5",
              "0"
            ],
            "keepers": null,
            "result": [
              "27",
              "-5",
              "101",
              "42",
              "73",
              "0"
            ],
            "result_count": null,
            "seed": null
          },
          "sensitive_attributes": [],
          "private": "bnVsbA=="
        },
        {
          "index_key": 41,
          "schema_version": 0,
          "attributes": {
            "id": "-",
            "input": [
              "42",
              "27",
              "101",
              "73",
              "-5",
              "0"
            ],
            "keepers": null,
            "result": [
              "42",
              "101",
              "73",
              "0",
              "-5",
              "27"
            ],
            "result_count": null,
            "seed": null
          },
          "sensitive_attributes": [],
          "private": "bnVsbA=="
        },
        {
          "index_key": 42,
          "schema_version": 0,
          "attributes": {
            "id": "-",
            "input": [
              "42",
              "27",
              "101",
              "73",
              "-5",
              "0"
            ],
            "keepers": null,
            "result": [
              "101",
              "-5",
              "27",
              "73",
              "0",
              "42"
            ],
            "result_count": null,
            "seed": null
          },
          "sensitive_attributes": [],
          "private": "bnVsbA=="
        },
        {
          "index_key": 43,
          "schema_version": 0,
          "attributes": {
            "id": "-",
            "input": [
              "42",
              "27",
              "101",
              "73",
              "-5",
              "0"
            ],
            "keepers": null,
            "result": [
              "27",
              "0",
              "42",
              "-5",
              "73",
              "101"
            ],
            "result_count": null,
            "seed": null
          },
          "sensitive_attributes": [],
          "private": "bnVsbA=="
        },
        {
          "index_key": 44,
          "schema_version": 0,
          "attributes": {
            "id": "-",
            "input": [
              "42",
              "27",
              "101",
              "73",
              "-5",
              "0"
            ],
            "keepers": null,
            "result": [
              "0",
              "42",
              "-5",
              "27",
              "101",
              "73"
            ],
            "result_count": null,
            "seed": null
          },
          "sensitive_attributes": [],
          "private": "bnVsbA=="
        },
        {
          "index_key": 45,
          "schema_version": 0,
          "attributes": {
            "id": "-",
            "input": [
              "42",
              "27",
              "101",
              "73",
              "-5",
              "0"
            ],
            "keepers": null,
            "result": [
              "27",
              "-5",
              "42",
              "73",
              "0",
              "101"
            ],
            "result_count": null,
            "seed": null
          },
          "sensitive_attributes": [],
          "private": "bnVsbA=="
        },
        {
          "index_key": 46,
          "schema_version": 0,
          "attributes": {
            "id": "-",
            "input": [
              "42",
              "27",
              "101",
              "73",
              "-5",
              "0"
            ],
            "keepers": null,
            "result": [
              "73",
              "-5",
              "101",
              "0",
              "42",
              "27"
            ],
            "result_count": null,
            "seed": null
          },
          "sensitive_attributes": [],
          "private": "bnVsbA=="
        },
        {
          "index_key": 47,
          "schema_version": 0,
          "attributes": {
            "id": "-",
            "input": [
              "42",
              "27",
              "101",
              "73",
              "-5",
              "0"
            ],
            "keepers": null,
            "result": [
              "42",
              "101",
              "27",
              "73",
              "0",
              "-5"
            ],
            "result_count": null,
            "seed": null
          },
          "sensitive_attributes": [],
          "private": "bnVsbA=="
        },
        {
          "index_key": 48,
          "schema_version": 0,
          "attributes": {
            "id": "-",
            "input": [
              "42",
              "27",
              "101",
              "73",
              "-5",
              "0"
            ],
            "keepers": null,
            "result": [
              "27",
              "42",
              "0",
              "101",
              "73",
              "-5"
            ],
            "result_count": null,
            "seed": null
          },
          "sensitive_attributes": [],
          "private": "bnVsbA=="
        },
        {
          "index_key": 49,
          "schema_version": 0,
          "attributes": {
            "id": "-",
            "input": [
              "42",
              "27",
              "101",
              "73",
              "-5",
              "0"
            ],
            "keepers": null,
            "result": [
              "42",
              "73",
              "0",
              "101",
              "27",
              "-5"
            ],
            "result_count": null,
            "seed": null
          },
          "sensitive_attributes": [],
          "private": "bnVsbA=="
        },
        {
          "index_key": 50,
          "schema_version": 0,
          "attributes": {
            "id": "-",
            "input": [
              "42",
              "27",
              "101",
              "73",
              "-5",
              "0"
            ],
            "keepers": null,
            "result": [
              "42",
              "27",
              "73",
              "-5",
              "101",
              "0"
            ],
            "result_count": null,
            "seed": null
          },
          "sensitive_attributes": [],
          "private": "bnVsbA=="
        },
        {
          "index_key": 51,
          "schema_version": 0,
          "attributes": {
            "id": "-",
            "input": [
              "42",
              "27",
              "101",
              "73",
              "-5",
              "0"
            ],
            "keepers": null,
            "result": [
              "42",
              "73",
              "27",
              "-5",
              "0",
              "101"
            ],
            "result_count": null,
            "seed": null
          },
          "sensitive_attributes": [],
          "private": "bnVsbA=="
        },
        {
          "index_key": 52,
          "schema_version": 0,
          "attributes": {
            "id": "-",
            "input": [
              "42",
              "27",
              "101",
              "73",
              "-5",
              "0"
            ],
            "keepers": null,
            "result": [
              "-5",
              "101",
              "27",
              "73",
              "0",
              "42"
            ],
            "result_count": null,
            "seed": null
          },
          "sensitive_attributes": [],
          "private": "bnVsbA=="
        },
        {
          "index_key": 53,
          "schema_version": 0,
          "attributes": {
            "id": "-",
            "input": [
              "42",
              "27",
              "101",
              "73",
              "-5",
              "0"
            ],
            "keepers": null,
            "result": [
              "101",
              "27",
              "73",
              "0",
              "-5",
              "42"
            ],
            "result_count": null,
            "seed": null
          },
          "sensitive_attributes": [],
          "private": "bnVsbA=="
        },
        {
          "index_key": 54,
          "schema_version": 0,
          "attributes": {
            "id": "-",
            "input": [
              "42",
              "27",
              "101",
              "73",
              "-5",
              "0"
            ],
            "keepers": null,
            "result": [
              "73",
              "-5",
              "42",
              "27",
              "0",
              "101"
            ],
            "result_count": null,
            "seed": null
          },
          "sensitive_attributes": [],
          "private": "bnVsbA=="
        },
        {
          "index_key": 55,
          "schema_version": 0,
          "attributes": {
            "id": "-",
            "input": [
              "42",
              "27",
              "101",
              "73",
              "-5",
              "0"
            ],
            "keepers": null,
            "result": [
              "73",
              "27",
              "0",
              "42",
              "-5",
              "101"
            ],
            "result_count": null,
            "seed": null
          },
          "sensitive_attributes": [],
          "private": "bnVsbA=="
        },
        {
          "index_key": 56,
          "schema_version": 0,
          "attributes": {
            "id": "-",
            "input": [
              "42",
              "27",
              "101",
              "73",
              "-5",
              "0"
            ],
            "keepers": null,
            "result": [
              "27",
              "73",
              "101",
              "0",
              "42",
              "-5"
            ],
            "result_count": null,
            "seed": null
          },
          "sensitive_attributes": [],
          "private": "bnVsbA=="
        },
        {
          "index_key": 57,
          "schema_version": 0,
          "attributes": {
            "id": "-",
            "input": [
              "42",
              "27",
              "101",
              "73",
              "-5",
              "0"
            ],
            "keepers": null,
            "result": [
              "-5",
              "42",
              "27",
              "0",
              "73",
              "101"
            ],
            "result_count": null,
            "seed": null
          },
          "sensitive_attributes": [],
          "private": "bnVsbA=="
        },
        {
          "index_key": 58,
          "schema_version": 0,
          "attributes": {
            "id": "-",
            "input": [
              "42",
              "27",
              "101",
              "73",
              "-5",
              "0"
            ],
            "keepers": null,
            "result": [
              "73",
              "42",
              "-5",
              "101",
              "27",
              "0"
            ],
            "result_count": null,
            "seed": null
          },
          "sensitive_attributes": [],
          "private": "bnVsbA=="
        },
        {
          "index_key": 59,
          "schema_version": 0,
          "attributes": {
            "id": "-",
            "input": [
              "42",
              "27",
              "101",
              "73",
              "-5",
              "0"
            ],
            "keepers": null,
            "result": [
              "42",
              "73",
              "0",
              "101",
              "-5",
              "27"
            ],
            "result_count": null,
            "seed": null
          },
          "sensitive_attributes": [],
          "private": "bnVsbA=="
        },
        {
          "index_key": 60,
          "schema_version": 0,
          "attributes": {
            "id": "-",
            "input": [
              "42",
              "27",
              "101",
              "73",
              "-5",
              "0"
            ],
            "keepers": null,
            "result": [
              "73",
              "27",
              "-5",
              "0",
              "42",
              "101"
            ],
            "result_count": null,
            "seed": null
          },
          "sensitive_attributes": [],
          "private": "bnVsbA=="
        },
        {
          "index_key": 61,
          "schema_version": 0,
          "attributes": {
            "id": "-",
            "input": [
              "42",
              "27",
              "101",
              "73",
              "-5",
              "0"
            ],
            "keepers": null,
            "result": [
              "101",
              "-5",
              "0",
              "73",
              "27",
              "42"
            ],
            "result_count": null,
            "seed": null
          },
          "sensitive_attributes": [],
          "private": "bnVsbA=="
        },
        {
          "index_key": 62,
          "schema_version": 0,
          "attributes": {
            "id": "-",
            "input": [
              "42",
              "27",
              "101",
              "73",
              "-5",
              "0"
            ],
            "keepers": null,
            "result": [
              "101",
              "-5",
              "0",
              "42",
              "27",
              "73"
            ],
            "result_count": null,
            "seed": null
          },
          "sensitive_attributes": [],
          "private": "bnVsbA=="
        },
        {
          "index_key": 63,
          "schema_version": 0,
          "attributes": {
            "id": "-",
            "input": [
              "42",
              "27",
              "101",
              "73",
              "-5",
              "0"
            ],
            "keepers": null,
            "result": [
              "27",
              "0",
              "101",
              "73",
              "42",
              "-5"
            ],
            "result_count": null,
            "seed": null
          },
          "sensitive_attributes": [],
          "private": "bnVsbA=="
        },
        {
          "index_key": 64,
          "schema_version": 0,
          "attributes": {
            "id": "-",
            "input": [
              "42",
              "27",
              "101",
              "73",
              "-5",
              "0"
            ],
            "keepers": null,
            "result": [
              "73",
              "-5",
              "27",
              "101",
              "42",
              "0"
            ],
            "result_count": null,
            "seed": null
          },
          "sensitive_attributes": [],
          "private": "bnVsbA=="
        },
        {
          "index_key": 65,
          "schema_version": 0,
          "attributes": {
            "id": "-",
            "input": [
              "42",
              "27",
              "101",
              "73",
              "-5",
              "0"
            ],
            "keepers": null,
            "result": [
              "73",
              "-5",
              "101",
              "42",
              "27",
              "0"
            ],
            "result_count": null,
            "seed": null
          },
          "sensitive_attributes": [],
          "private": "bnVsbA=="
        },
        {
          "index_key": 66,
          "schema_version": 0,
          "attributes": {
            "id": "-",
            "input": [
              "42",
              "27",
              "101",
              "73",
              "-5",
              "0"
            ],
            "keepers": null,
            "result": [
              "-5",
              "27",
              "73",
              "101",
              "0",
              "42"
            ],
            "result_count": null,
            "seed": null
          },
          "sensitive_attributes": [],
          "private": "bnVsbA=="
        },
        {
          "index_key": 67,
          "schema_version": 0,
          "attributes": {
            "id": "-",
            "input": [
              "42",
              "27",
              "101",
              "73",
              "-5",
              "0"
            ],
            "keepers": null,
            "result": [
              "0",
              "42",
              "101",
              "73",
              "27",
              "-5"
            ],
            "result_count": null,
            "seed": null
          },
          "sensitive_attributes": [],
          "private": "bnVsbA=="
        },
        {
          "index_key": 68,
          "schema_version": 0,
          "attributes": {
            "id": "-",
            "input": [
              "42",
              "27",
              "101",
              "73",
              "-5",
              "0"
            ],
            "keepers": null,
            "result": [
              "101",
              "42",
              "-5",
              "27",
              "73",
              "0"
            ],
            "result_count": null,
            "seed": null
          },
          "sensitive_attributes": [],
          "private": "bnVsbA=="
        },
        {
          "index_key": 69,
          "schema_version": 0,
          "attributes": {
            "id": "-",
            "input": [
              "42",
              "27",
              "101",
              "73",
              "-5",
              "0"
            ],
            "keepers": null,
            "result": [
              "0",
              "42",
              "-5",
              "101",
              "73",
              "27"
            ],
            "result_count": null,
            "seed": null
          },
          "sensitive_attributes": [],
          "private": "bnVsbA=="
        },
        {
          "index_key": 70,
          "schema_version": 0,
          "attributes": {
            "id": "-",
            "input": [
              "42",
              "27",
              "101",
              "73",
              "-5",
              "0"
            ],
            "keepers": null,
            "result": [
              "0",
              "42",
              "-5",
              "27",
              "73",
              "101"
            ],
            "result_count": null,
            "seed": null
          },
          "sensitive_attributes": [],
          "private": "bnVsbA=="
        },
        {
          "index_key": 71,
          "schema_version": 0,
          "attributes": {
            "id": "-",
            "input": [
              "42",
              "27",
              "101",
              "73",
              "-5",
              "0"
            ],
            "keepers": null,
            "result": [
              "27",
              "0",
              "42",
              "73",
              "101",
              "-5"
            ],
            "result_count": null,
            "seed": null
          },
          "sensitive_attributes": [],
          "private": "bnVsbA=="
        },
        {
          "index_key": 72,
          "schema_version": 0,
          "attributes": {
            "id": "-",
            "input": [
              "42",
              "27",
              "101",
              "73",
              "-5",
              "0"
            ],
            "keepers": null,
            "result": [
              "73",
              "-5",
              "27",
              "42",
              "0",
              "101"
            ],
            "result_count": null,
            "seed": null
          },
          "sensitive_attributes": [],
          "private": "bnVsbA=="
        },
        {
          "index_key": 73,
          "schema_version": 0,
          "attributes": {
            "id": "-",
            "input": [
              "42",
              "27",
              "101",
              "73",
              "-5",
              "0"
            ],
            "keepers": null,
            "result": [
              "-5",
              "0",
              "73",
              "42",
              "101",
              "27"
            ],
            "result_count": null,
            "seed": null
          },
          "sensitive_attributes": [],
          "private": "bnVsbA=="
        },
        {
          "index_key": 74,
          "schema_version": 0,
          "attributes": {
            "id": "-",
            "input": [
              "42",
              "27",
              "101",
              "73",
              "-5",
              "0"
            ],
            "keepers": null,
            "result": [
              "101",
              "42",
              "73",
              "0",
              "27",
              "-5"
            ],
            "result_count": null,
            "seed": null
          },
          "sensitive_attributes": [],
          "private": "bnVsbA=="
        },
        {
          "index_key": 75,
          "schema_version": 0,
          "attributes": {
            "id": "-",
            "input": [
              "42",
              "27",
              "101",
              "73",
              "-5",
              "0"
            ],
            "keepers": null,
            "result": [
              "42",
              "-5",
              "27",
              "101",
              "0",
              "73"
            ],
            "result_count": null,
            "seed": null
          },
          "sensitive_attributes": [],
          "private": "bnVsbA=="
        },
        {
          "index_key": 76,
          "schema_version": 0,
          "attributes": {
            "id": "-",
            "input": [
              "42",
              "27",
              "101",
              "73",
              "-5",
              "0"
            ],
            "keepers": null,
            "result": [
              "42",
              "0",
              "73",
              "101",
              "27",
              "-5"
            ],
            "result_count": null,
            "seed": null
          },
          "sensitive_attributes": [],
          "private": "bnVsbA=="
        },
        {
          "index_key": 77,
          "schema_version": 0,
          "attributes": {
            "id": "-",
            "input": [
              "42",
              "27",
              "101",
              "73",
              "-5",
              "0"
            ],
            "keepers": null,
            "result": [
              "-5",
              "101",
              "42",
              "73",
              "0",
              "27"
            ],
            "result_count": null,
            "seed": null
          },
          "sensitive_attributes": [],
          "private": "bnVsbA=="
        },
        {
          "index_key": 78,
          "schema_version": 0,
          "attributes": {
            "id": "-",
            "input": [
              "42",
              "27",
              "101",
              "73",
              "-5",
              "0"
            ],
            "keepers": null,
            "result": [
              "27",
              "42",
              "0",
              "73",
              "-5",
              "101"
            ],
            "result_count": null,
            "seed": null
          },
          "sensitive_attributes": [],
          "private": "bnVsbA=="
        },
        {
          "index_key": 79,
          "schema_version": 0,
          "attributes": {
            "id": "-",
            "input": [
              "42",
              "27",
              "101",
              "73",
              "-5",
              "0"
            ],
            "keepers": null,
            "result": [
              "42",
              "-5",
              "27",
              "73",
              "0",
              "101"
            ],
            "result_count": null,
            "seed": null
          },
          "sensitive_attributes": [],
          "private": "bnVsbA=="
        },
        {
          "index_key": 80,
          "schema_version": 0,
          "attributes": {
            "id": "-",
            "input": [
              "42",
              "27",
              "101",
              "73",
              "-5",
              "0"
            ],
            "keepers": null,
            "result": [
              "101",
              "73",
              "-5",
              "27",
              "0",
              "42"
            ],
            "result_count": null,
            "seed": null
          },
          "sensitive_attributes": [],
          "private": "bnVsbA=="
        },
        {
          "index_key": 81,
          "schema_version": 0,
          "attributes": {
            "id": "-",
            "input": [
              "42",
              "27",
              "101",
              "73",
              "-5",
              "0"
            ],
            "keepers": null,
            "result": [
              "0",
              "42",
              "27",
              "101",
              "-5",
              "73"
            ],
            "result_count": null,
            "seed": null
          },
          "sensitive_attributes": [],
          "private": "bnVsbA=="
        },
        {
          "index_key": 82,
          "schema_version": 0,
          "attributes": {
            "id": "-",
            "input": [
              "42",
              "27",
              "101",
              "73",
              "-5",
              "0"
            ],
            "keepers": null,
            "result": [
              "-5",
              "0",
              "73",
              "101",
              "42",
              "27"
            ],
            "result_count": null,
            "seed": null
          },
          "sensitive_attributes": [],
          "private": "bnVsbA=="
        },
        {
          "index_key": 83,
          "schema_version": 0,
          "attributes": {
            "id": "-",
            "input": [
              "42",
              "27",
              "101",
              "73",
              "-5",
              "0"
            ],
            "keepers": null,
            "result": [
              "27",
              "42",
              "101",
              "73",
              "0",
              "-5"
            ],
            "result_count": null,
            "seed": null
          },
          "sensitive_attributes": [],
          "private": "bnVsbA=="
        },
        {
          "index_key": 84,
          "schema_version": 0,
          "attributes": {
            "id": "-",
            "input": [
              "42",
              "27",
              "101",
              "73",
              "-5",
              "0"
            ],
            "keepers": null,
            "result": [
              "42",
              "101",
              "27",
              "-5",
              "0",
              "73"
            ],
            "result_count": null,
            "seed": null
          },
          "sensitive_attributes": [],
          "private": "bnVsbA=="
        },
        {
          "index_key": 85,
          "schema_version": 0,
          "attributes": {
            "id": "-",
            "input": [
              "42",
              "27",
              "101",
              "73",
              "-5",
              "0"
            ],
            "keepers": null,
            "result": [
              "73",
              "0",
              "101",
              "-5",
              "42",
              "27"
            ],
            "result_count": null,
            "seed": null
          },
          "sensitive_attributes": [],
          "private": "bnVsbA=="
        },
        {
          "index_key": 86,
          "schema_version": 0,
          "attributes": {
            "id": "-",
            "input": [
              "42",
              "27",
              "101",
              "73",
              "-5",
              "0"
            ],
            "keepers": null,
            "result": [
              "0",
              "101",
              "73",
              "-5",
              "42",
              "27"
            ],
            "result_count": null,
            "seed": null
          },
          "sensitive_attributes": [],
          "private": "bnVsbA=="
        },
        {
          "index_key": 87,
          "schema_version": 0,
          "attributes": {
            "id": "-",
            "input": [
              "42",
              "27",
              "101",
              "73",
              "-5",
              "0"
            ],
            "keepers": null,
            "result": [
              "101",
              "0",
              "27",
              "73",
              "42",
              "-5"
            ],
            "result_count": null,
            "seed": null
          },
          "sensitive_attributes": [],
          "private": "bnVsbA=="
        },
        {
          "index_key": 88,
          "schema_version": 0,
          "attributes": {
            "id": "-",
            "input": [
              "42",
              "27",
              "101",
              "73",
              "-5",
              "0"
            ],
            "keepers": null,
            "result": [
              "42",
              "101",
              "0",
              "73",
              "27",
              "-5"
            ],
            "result_count": null,
            "seed": null
          },
          "sensitive_attributes": [],
          "private": "bnVsbA=="
        },
        {
          "index_key": 89,
          "schema_version": 0,
          "attributes": {
            "id": "-",
            "input": [
              "42",
              "27",
              "101",
              "73",
              "-5",
              "0"
            ],
            "keepers": null,
            "result": [
              "42",
              "-5",
              "73",
              "101",
              "27",
              "0"
            ],
            "result_count": null,
            "seed": null
          },
          "sensitive_attributes": [],
          "private": "bnVsbA=="
        },
        {
          "index_key": 90,
          "schema_version": 0,
          "attributes": {
            "id": "-",
            "input": [
              "42",
              "27",
              "101",
              "73",
              "-5",
              "0"
            ],
            "keepers": null,
            "result": [
              "73",
              "42",
              "101",
              "27",
              "-5",
              "0"
            ],
            "result_count": null,
            "seed": null
          },
          "sensitive_attributes": [],
          "private": "bnVsbA=="
        },
        {
          "index_key": 91,
          "schema_version": 0,
          "attributes": {
            "id": "-",
            "input": [
              "42",
              "27",
              "101",
              "73",
              "-5",
              "0"
            ],
            "keepers": null,
            "result": [
              "-5",
              "73",
              "42",
              "0",
              "101",
              "27"
            ],
            "result_count": null,
            "seed": null
          },
          "sensitive_attributes": [],
          "private": "bnVsbA=="
        },
        {
          "index_key": 92,
          "schema_version": 0,
          "attributes": {
            "id": "-",
            "input": [
              "42",
              "27",
              "101",
              "73",
              "-5",
              "0"
            ],
            "keepers": null,
            "result": [
              "-5",
              "0",
              "73",
              "42",
              "27",
              "101"
            ],
            "result_count": null,
            "seed": null
          },
          "sensitive_attributes": [],
          "private": "bnVsbA=="
        },
        {
          "index_key": 93,
          "schema_version": 0,
          "attributes": {
            "id": "-",
            "input": [
              "42",
              "27",
              "101",
              "73",
              "-5",
              "0"
            ],
            "keepers": null,
            "result": [
              "42",
              "101",
              "-5",
              "27",
              "0",
              "73"
            ],
            "result_count": null,
            "seed": null
          },
          "sensitive_attributes": [],
          "private": "bnVsbA=="
        },
        {
          "index_key": 94,
          "schema_version": 0,
          "attributes": {
            "id": "-",
            "input": [
              "42",
              "27",
              "101",
              "73",
              "-5",
              "0"
            ],
            "keepers": null,
            "result": [
              "101",
              "42",
              "-5",
              "73",
              "0",
              "27"
            ],
            "result_count": null,
            "seed": null
          },
          "sensitive_attributes": [],
          "private": "bnVsbA=="
        },
        {
          "index_key": 95,
          "schema_version": 0,
          "attributes": {
            "id": "-",
            "input": [
              "42",
              "27",
              "101",
              "73",
              "-5",
              "0"
            ],
            "keepers": null,
            "result": [
              "42",
              "27",
              "101",
              "0",
              "73",
              "-5"
            ],
            "result_count": null,
            "seed": null
          },
          "sensitive_attributes": [],
          "private": "bnVsbA=="
        },
        {
          "index_key": 96,
          "schema_version": 0,
          "attributes": {
            "id": "-",
            "input": [
              "42",
              "27",
              "101",
              "73",
              "-5",
              "0"
            ],
            "keepers": null,
            "result": [
              "42",
              "-5",
              "101",
              "27",
              "73",
              "0"
            ],
            "result_count": null,
            "seed": null
          },
          "sensitive_attributes": [],
          "private": "bnVsbA=="
        },
        {
          "index_key": 97,
          "schema_version": 0,
          "attributes": {
            "id": "-",
            "input": [
              "42",
              "27",
              "101",
              "73",
              "-5",
              "0"
            ],
            "keepers": null,
            "result": [
              "42",
              "0",
              "73",
              "27",
              "-5",
              "101"
            ],
            "result_count": null,
            "seed": null
          },
          "sensitive_attributes": [],
          "private": "bnVsbA=="
        },
        {
          "index_key": 98,
          "schema_version": 0,
          "attributes": {
            "id": "-",
            "input": [
              "42",
              "27",
              "101",
              "73",
              "-5",
              "0"
            ],
            "keepers": null,
            "result": [
              "27",
              "0",
              "101",
              "42",
              "-5",
              "73"
            ],
            "result_count": null,
            "seed": null
          },
          "sensitive_attributes": [],
          "private": "bnVsbA=="
        },
        {
          "index_key": 99,
          "schema_version": 0,
          "attributes": {
            "id": "-",
            "input": [
              "42",
              "27",
              "101",
              "73",
              "-5",
              "0"
            ],
            "keepers": null,
            "result": [
              "73",
              "27",
              "-5",
              "0",
              "42",
              "101"
            ],
            "result_count": null,
            "seed": null
          },
          "sensitive_attributes": [],
          "private": "bnVsbA=="
        }
      ]
    },
    {
      "mode": "managed",
      "type": "random_shuffle",
      "name": "random_verbs",
      "provider": "provider[\"registry.terraform.io/hashicorp/random\"]",
      "instances": [
        {
          "index_key": 0,
          "schema_version": 0,
          "attributes": {
            "id": "-",
            "input": [
              "RUN",
              "DANCE",
              "LOVE",
              "RESPECT",
              "KICKED",
              "BAKED"
            ],
            "keepers": null,
            "result": [
              "RUN",
              "RESPECT",
              "LOVE",
              "DANCE",
              "KICKED",
              "BAKED"
            ],
            "result_count": null,
            "seed": null
          },
          "sensitive_attributes": [],
          "private": "bnVsbA=="
        },
        {
          "index_key": 1,
          "schema_version": 0,
          "attributes": {
            "id": "-",
            "input": [
              "RUN",
              "DANCE",
              "LOVE",
              "RESPECT",
              "KICKED",
              "BAKED"
            ],
            "keepers": null,
            "result": [
              "RESPECT",
              "KICKED",
              "DANCE",
              "BAKED",
              "LOVE",
              "RUN"
            ],
            "result_count": null,
            "seed": null
          },
          "sensitive_attributes": [],
          "private": "bnVsbA=="
        },
        {
          "index_key": 2,
          "schema_version": 0,
          "attributes": {
            "id": "-",
            "input": [
              "RUN",
              "DANCE",
              "LOVE",
              "RESPECT",
              "KICKED",
              "BAKED"
            ],
            "keepers": null,
            "result": [
              "RUN",
              "BAKED",
              "RESPECT",
              "LOVE",
              "DANCE",
              "KICKED"
            ],
            "result_count": null,
            "seed": null
          },
          "sensitive_attributes": [],
          "private": "bnVsbA=="
        },
        {
          "index_key": 3,
          "schema_version": 0,
          "attributes": {
            "id": "-",
            "input": [
              "RUN",
              "DANCE",
              "LOVE",
              "RESPECT",
              "KICKED",
              "BAKED"
            ],
            "keepers": null,
            "result": [
              "BAKED",
              "RUN",
              "RESPECT",
              "DANCE",
              "LOVE",
              "KICKED"
            ],
            "result_count": null,
            "seed": null
          },
          "sensitive_attributes": [],
          "private": "bnVsbA=="
        },
        {
          "index_key": 4,
          "schema_version": 0,
          "attributes": {
            "id": "-",
            "input": [
              "RUN",
              "DANCE",
              "LOVE",
              "RESPECT",
              "KICKED",
              "BAKED"
            ],
            "keepers": null,
            "result": [
              "DANCE",
              "BAKED",
              "RUN",
              "LOVE",
              "RESPECT",
              "KICKED"
            ],
            "result_count": null,
            "seed": null
          },
          "sensitive_attributes": [],
          "private": "bnVsbA=="
        },
        {
          "index_key": 5,
          "schema_version": 0,
          "attributes": {
            "id": "-",
            "input": [
              "RUN",
              "DANCE",
              "LOVE",
              "RESPECT",
              "KICKED",
              "BAKED"
            ],
            "keepers": null,
            "result": [
              "BAKED",
              "KICKED",
              "RESPECT",
              "DANCE",
              "RUN",
              "LOVE"
            ],
            "result_count": null,
            "seed": null
          },
          "sensitive_attributes": [],
          "private": "bnVsbA=="
        },
        {
          "index_key": 6,
          "schema_version": 0,
          "attributes": {
            "id": "-",
            "input": [
              "RUN",
              "DANCE",
              "LOVE",
              "RESPECT",
              "KICKED",
              "BAKED"
            ],
            "keepers": null,
            "result": [
              "DANCE",
              "RESPECT",
              "RUN",
              "KICKED",
              "LOVE",
              "BAKED"
            ],
            "result_count": null,
            "seed": null
          },
          "sensitive_attributes": [],
          "private": "bnVsbA=="
        },
        {
          "index_key": 7,
          "schema_version": 0,
          "attributes": {
            "id": "-",
            "input": [
              "RUN",
              "DANCE",
              "LOVE",
              "RESPECT",
              "KICKED",
              "BAKED"
            ],
            "keepers": null,
            "result": [
              "KICKED",
              "DANCE",
              "LOVE",
              "RUN",
              "BAKED",
              "RESPECT"
            ],
            "result_count": null,
            "seed": null
          },
          "sensitive_attributes": [],
          "private": "bnVsbA=="
        },
        {
          "index_key": 8,
          "schema_version": 0,
          "attributes": {
            "id": "-",
            "input": [
              "RUN",
              "DANCE",
              "LOVE",
              "RESPECT",
              "KICKED",
              "BAKED"
            ],
            "keepers": null,
            "result": [
              "LOVE",
              "DANCE",
              "RESPECT",
              "BAKED",
              "RUN",
              "KICKED"
            ],
            "result_count": null,
            "seed": null
          },
          "sensitive_attributes": [],
          "private": "bnVsbA=="
        },
        {
          "index_key": 9,
          "schema_version": 0,
          "attributes": {
            "id": "-",
            "input": [
              "RUN",
              "DANCE",
              "LOVE",
              "RESPECT",
              "KICKED",
              "BAKED"
            ],
            "keepers": null,
            "result": [
              "DANCE",
              "RESPECT",
              "KICKED",
              "RUN",
              "LOVE",
              "BAKED"
            ],
            "result_count": null,
            "seed": null
          },
          "sensitive_attributes": [],
          "private": "bnVsbA=="
        },
        {
          "index_key": 10,
          "schema_version": 0,
          "attributes": {
            "id": "-",
            "input": [
              "RUN",
              "DANCE",
              "LOVE",
              "RESPECT",
              "KICKED",
              "BAKED"
            ],
            "keepers": null,
            "result": [
              "RESPECT",
              "DANCE",
              "RUN",
              "BAKED",
              "KICKED",
              "LOVE"
            ],
            "result_count": null,
            "seed": null
          },
          "sensitive_attributes": [],
          "private": "bnVsbA=="
        },
        {
          "index_key": 11,
          "schema_version": 0,
          "attributes": {
            "id": "-",
            "input": [
              "RUN",
              "DANCE",
              "LOVE",
              "RESPECT",
              "KICKED",
              "BAKED"
            ],
            "keepers": null,
            "result": [
              "LOVE",
              "DANCE",
              "RUN",
              "RESPECT",
              "KICKED",
              "BAKED"
            ],
            "result_count": null,
            "seed": null
          },
          "sensitive_attributes": [],
          "private": "bnVsbA=="
        },
        {
          "index_key": 12,
          "schema_version": 0,
          "attributes": {
            "id": "-",
            "input": [
              "RUN",
              "DANCE",
              "LOVE",
              "RESPECT",
              "KICKED",
              "BAKED"
            ],
            "keepers": null,
            "result": [
              "RUN",
              "LOVE",
              "KICKED",
              "BAKED",
              "RESPECT",
              "DANCE"
            ],
            "result_count": null,
            "seed": null
          },
          "sensitive_attributes": [],
          "private": "bnVsbA=="
        },
        {
          "index_key": 13,
          "schema_version": 0,
          "attributes": {
            "id": "-",
            "input": [
              "RUN",
              "DANCE",
              "LOVE",
              "RESPECT",
              "KICKED",
              "BAKED"
            ],
            "keepers": null,
            "result": [
              "LOVE",
              "KICKED",
              "RESPECT",
              "RUN",
              "BAKED",
              "DANCE"
            ],
            "result_count": null,
            "seed": null
          },
          "sensitive_attributes": [],
          "private": "bnVsbA=="
        },
        {
          "index_key": 14,
          "schema_version": 0,
          "attributes": {
            "id": "-",
            "input": [
              "RUN",
              "DANCE",
              "LOVE",
              "RESPECT",
              "KICKED",
              "BAKED"
            ],
            "keepers": null,
            "result": [
              "DANCE",
              "RUN",
              "RESPECT",
              "BAKED",
              "KICKED",
              "LOVE"
            ],
            "result_count": null,
            "seed": null
          },
          "sensitive_attributes": [],
          "private": "bnVsbA=="
        },
        {
          "index_key": 15,
          "schema_version": 0,
          "attributes": {
            "id": "-",
            "input": [
              "RUN",
              "DANCE",
              "LOVE",
              "RESPECT",
              "KICKED",
              "BAKED"
            ],
            "keepers": null,
            "result": [
              "LOVE",
              "RUN",
              "KICKED",
              "DANCE",
              "BAKED",
              "RESPECT"
            ],
            "result_count": null,
            "seed": null
          },
          "sensitive_attributes": [],
          "private": "bnVsbA=="
        },
        {
          "index_key": 16,
          "schema_version": 0,
          "attributes": {
            "id": "-",
            "input": [
              "RUN",
              "DANCE",
              "LOVE",
              "RESPECT",
              "KICKED",
              "BAKED"
            ],
            "keepers": null,
            "result": [
              "LOVE",
              "DANCE",
              "RESPECT",
              "RUN",
              "BAKED",
              "KICKED"
            ],
            "result_count": null,
            "seed": null
          },
          "sensitive_attributes": [],
          "private": "bnVsbA=="
        },
        {
          "index_key": 17,
          "schema_version": 0,
          "attributes": {
            "id": "-",
            "input": [
              "RUN",
              "DANCE",
              "LOVE",
              "RESPECT",
              "KICKED",
              "BAKED"
            ],
            "keepers": null,
            "result": [
              "BAKED",
              "DANCE",
              "RESPECT",
              "RUN",
              "KICKED",
              "LOVE"
            ],
            "result_count": null,
            "seed": null
          },
          "sensitive_attributes": [],
          "private": "bnVsbA=="
        },
        {
          "index_key": 18,
          "schema_version": 0,
          "attributes": {
            "id": "-",
            "input": [
              "RUN",
              "DANCE",
              "LOVE",
              "RESPECT",
              "KICKED",
              "BAKED"
            ],
            "keepers": null,
            "result": [
              "RUN",
              "BAKED",
              "RESPECT",
              "LOVE",
              "DANCE",
              "KICKED"
            ],
            "result_count": null,
            "seed": null
          },
          "sensitive_attributes": [],
          "private": "bnVsbA=="
        },
        {
          "index_key": 19,
          "schema_version": 0,
          "attributes": {
            "id": "-",
            "input": [
              "RUN",
              "DANCE",
              "LOVE",
              "RESPECT",
              "KICKED",
              "BAKED"
            ],
            "keepers": null,
            "result": [
              "BAKED",
              "RUN",
              "RESPECT",
              "DANCE",
              "LOVE",
              "KICKED"
            ],
            "result_count": null,
            "seed": null
          },
          "sensitive_attributes": [],
          "private": "bnVsbA=="
        },
        {
          "index_key": 20,
          "schema_version": 0,
          "attributes": {
            "id": "-",
            "input": [
              "RUN",
              "DANCE",
              "LOVE",
              "RESPECT",
              "KICKED",
              "BAKED"
            ],
            "keepers": null,
            "result": [
              "RUN",
              "BAKED",
              "DANCE",
              "KICKED",
              "RESPECT",
              "LOVE"
            ],
            "result_count": null,
            "seed": null
          },
          "sensitive_attributes": [],
          "private": "bnVsbA=="
        },
        {
          "index_key": 21,
          "schema_version": 0,
          "attributes": {
            "id": "-",
            "input": [
              "RUN",
              "DANCE",
              "LOVE",
              "RESPECT",
              "KICKED",
              "BAKED"
            ],
            "keepers": null,
            "result": [
              "BAKED",
              "LOVE",
              "DANCE",
              "RUN",
              "KICKED",
              "RESPECT"
            ],
            "result_count": null,
            "seed": null
          },
          "sensitive_attributes": [],
          "private": "bnVsbA=="
        },
        {
          "index_key": 22,
          "schema_version": 0,
          "attributes": {
            "id": "-",
            "input": [
              "RUN",
              "DANCE",
              "LOVE",
              "RESPECT",
              "KICKED",
              "BAKED"
            ],
            "keepers": null,
            "result": [
              "RESPECT",
              "RUN",
              "BAKED",
              "DANCE",
              "KICKED",
              "LOVE"
            ],
            "result_count": null,
            "seed": null
          },
          "sensitive_attributes": [],
          "private": "bnVsbA=="
        },
        {
          "index_key": 23,
          "schema_version": 0,
          "attributes": {
            "id": "-",
            "input": [
              "RUN",
              "DANCE",
              "LOVE",
              "RESPECT",
              "KICKED",
              "BAKED"
            ],
            "keepers": null,
            "result": [
              "LOVE",
              "RESPECT",
              "DANCE",
              "KICKED",
              "RUN",
              "BAKED"
            ],
            "result_count": null,
            "seed": null
          },
          "sensitive_attributes": [],
          "private": "bnVsbA=="
        },
        {
          "index_key": 24,
          "schema_version": 0,
          "attributes": {
            "id": "-",
            "input": [
              "RUN",
              "DANCE",
              "LOVE",
              "RESPECT",
              "KICKED",
              "BAKED"
            ],
            "keepers": null,
            "result": [
              "DANCE",
              "BAKED",
              "RUN",
              "RESPECT",
              "LOVE",
              "KICKED"
            ],
            "result_count": null,
            "seed": null
          },
          "sensitive_attributes": [],
          "private": "bnVsbA=="
        },
        {
          "index_key": 25,
          "schema_version": 0,
          "attributes": {
            "id": "-",
            "input": [
              "RUN",
              "DANCE",
              "LOVE",
              "RESPECT",
              "KICKED",
              "BAKED"
            ],
            "keepers": null,
            "result": [
              "RESPECT",
              "BAKED",
              "RUN",
              "LOVE",
              "DANCE",
              "KICKED"
            ],
            "result_count": null,
            "seed": null
          },
          "sensitive_attributes": [],
          "private": "bnVsbA=="
        },
        {
          "index_key": 26,
          "schema_version": 0,
          "attributes": {
            "id": "-",
            "input": [
              "RUN",
              "DANCE",
              "LOVE",
              "RESPECT",
              "KICKED",
              "BAKED"
            ],
            "keepers": null,
            "result": [
              "BAKED",
              "LOVE",
              "RUN",
              "RESPECT",
              "DANCE",
              "KICKED"
            ],
            "result_count": null,
            "seed": null
          },
          "sensitive_attributes": [],
          "private": "bnVsbA=="
        },
        {
          "index_key": 27,
          "schema_version": 0,
          "attributes": {
            "id": "-",
            "input": [
              "RUN",
              "DANCE",
              "LOVE",
              "RESPECT",
              "KICKED",
              "BAKED"
            ],
            "keepers": null,
            "result": [
              "RUN",
              "RESPECT",
              "BAKED",
              "DANCE",
              "KICKED",
              "LOVE"
            ],
            "result_count": null,
            "seed": null
          },
          "sensitive_attributes": [],
          "private": "bnVsbA=="
        },
        {
          "index_key": 28,
          "schema_version": 0,
          "attributes": {
            "id": "-",
            "input": [
              "RUN",
              "DANCE",
              "LOVE",
              "RESPECT",
              "KICKED",
              "BAKED"
            ],
            "keepers": null,
            "result": [
              "BAKED",
              "RESPECT",
              "LOVE",
              "KICKED",
              "DANCE",
              "RUN"
            ],
            "result_count": null,
            "seed": null
          },
          "sensitive_attributes": [],
          "private": "bnVsbA=="
        },
        {
          "index_key": 29,
          "schema_version": 0,
          "attributes": {
            "id": "-",
            "input": [
              "RUN",
              "DANCE",
              "LOVE",
              "RESPECT",
              "KICKED",
              "BAKED"
            ],
            "keepers": null,
            "result": [
              "RESPECT",
              "KICKED",
              "DANCE",
              "LOVE",
              "RUN",
              "BAKED"
            ],
            "result_count": null,
            "seed": null
          },
          "sensitive_attributes": [],
          "private": "bnVsbA=="
        },
        {
          "index_key": 30,
          "schema_version": 0,
          "attributes": {
            "id": "-",
            "input": [
              "RUN",
              "DANCE",
              "LOVE",
              "RESPECT",
              "KICKED",
              "BAKED"
            ],
            "keepers": null,
            "result": [
              "DANCE",
              "LOVE",
              "RUN",
              "RESPECT",
              "BAKED",
              "KICKED"
            ],
            "result_count": null,
            "seed": null
          },
          "sensitive_attributes": [],
          "private": "bnVsbA=="
        },
        {
          "index_key": 31,
          "schema_version": 0,
          "attributes": {
            "id": "-",
            "input": [
              "RUN",
              "DANCE",
              "LOVE",
              "RESPECT",
              "KICKED",
              "BAKED"
            ],
            "keepers": null,
            "result": [
              "DANCE",
              "RUN",
              "LOVE",
              "BAKED",
              "KICKED",
              "RESPECT"
            ],
            "result_count": null,
            "seed": null
          },
          "sensitive_attributes": [],
          "private": "bnVsbA=="
        },
        {
          "index_key": 32,
          "schema_version": 0,
          "attributes": {
            "id": "-",
            "input": [
              "RUN",
              "DANCE",
              "LOVE",
              "RESPECT",
              "KICKED",
              "BAKED"
            ],
            "keepers": null,
            "result": [
              "BAKED",
              "LOVE",
              "RESPECT",
              "RUN",
              "KICKED",
              "DANCE"
            ],
            "result_count": null,
            "seed": null
          },
          "sensitive_attributes": [],
          "private": "bnVsbA=="
        },
        {
          "index_key": 33,
          "schema_version": 0,
          "attributes": {
            "id": "-",
            "input": [
              "RUN",
              "DANCE",
              "LOVE",
              "RESPECT",
              "KICKED",
              "BAKED"
            ],
            "keepers": null,
            "result": [
              "KICKED",
              "RUN",
              "BAKED",
              "RESPECT",
              "DANCE",
              "LOVE"
            ],
            "result_count": null,
            "seed": null
          },
          "sensitive_attributes": [],
          "private": "bnVsbA=="
        },
        {
          "index_key": 34,
          "schema_version": 0,
          "attributes": {
            "id": "-",
            "input": [
              "RUN",
              "DANCE",
              "LOVE",
              "RESPECT",
              "KICKED",
              "BAKED"
            ],
            "keepers": null,
            "result": [
              "BAKED",
              "DANCE",
              "RESPECT",
              "RUN",
              "KICKED",
              "LOVE"
            ],
            "result_count": null,
            "seed": null
          },
          "sensitive_attributes": [],
          "private": "bnVsbA=="
        },
        {
          "index_key": 35,
          "schema_version": 0,
          "attributes": {
            "id": "-",
            "input": [
              "RUN",
              "DANCE",
              "LOVE",
              "RESPECT",
              "KICKED",
              "BAKED"
            ],
            "keepers": null,
            "result": [
              "DANCE",
              "RUN",
              "KICKED",
              "RESPECT",
              "LOVE",
              "BAKED"
            ],
            "result_count": null,
            "seed": null
          },
          "sensitive_attributes": [],
          "private": "bnVsbA=="
        },
        {
          "index_key": 36,
          "schema_version": 0,
          "attributes": {
            "id": "-",
            "input": [
              "RUN",
              "DANCE",
              "LOVE",
              "RESPECT",
              "KICKED",
              "BAKED"
            ],
            "keepers": null,
            "result": [
              "RUN",
              "BAKED",
              "LOVE",
              "KICKED",
              "RESPECT",
              "DANCE"
            ],
            "result_count": null,
            "seed": null
          },
          "sensitive_attributes": [],
          "private": "bnVsbA=="
        },
        {
          "index_key": 37,
          "schema_version": 0,
          "attributes": {
            "id": "-",
            "input": [
              "RUN",
              "DANCE",
              "LOVE",
              "RESPECT",
              "KICKED",
              "BAKED"
            ],
            "keepers": null,
            "result": [
              "RESPECT",
              "BAKED",
              "DANCE",
              "RUN",
              "KICKED",
              "LOVE"
            ],
            "result_count": null,
            "seed": null
          },
          "sensitive_attributes": [],
          "private": "bnVsbA=="
        },
        {
          "index_key": 38,
          "schema_version": 0,
          "attributes": {
            "id": "-",
            "input": [
              "RUN",
              "DANCE",
              "LOVE",
              "RESPECT",
              "KICKED",
              "BAKED"
            ],
            "keepers": null,
            "result": [
              "RUN",
              "DANCE",
              "BAKED",
              "KICKED",
              "LOVE",
              "RESPECT"
            ],
            "result_count": null,
            "seed": null
          },
          "sensitive_attributes": [],
          "private": "bnVsbA=="
        },
        {
          "index_key": 39,
          "schema_version": 0,
          "attributes": {
            "id": "-",
            "input": [
              "RUN",
              "DANCE",
              "LOVE",
              "RESPECT",
              "KICKED",
              "BAKED"
            ],
            "keepers": null,
            "result": [
              "RESPECT",
              "BAKED",
              "LOVE",
              "DANCE",
              "RUN",
              "KICKED"
            ],
            "result_count": null,
            "seed": null
          },
          "sensitive_attributes": [],
          "private": "bnVsbA=="
        },
        {
          "index_key": 40,
          "schema_version": 0,
          "attributes": {
            "id": "-",
            "input": [
              "RUN",
              "DANCE",
              "LOVE",
              "RESPECT",
              "KICKED",
              "BAKED"
            ],
            "keepers": null,
            "result": [
              "KICKED",
              "RESPECT",
              "DANCE",
              "LOVE",
              "BAKED",
              "RUN"
            ],
            "result_count": null,
            "seed": null
          },
          "sensitive_attributes": [],
          "private": "bnVsbA=="
        },
        {
          "index_key": 41,
          "schema_version": 0,
          "attributes": {
            "id": "-",
            "input": [
              "RUN",
              "DANCE",
              "LOVE",
              "RESPECT",
              "KICKED",
              "BAKED"
            ],
            "keepers": null,
            "result": [
              "LOVE",
              "KICKED",
              "RESPECT",
              "BAKED",
              "RUN",
              "DANCE"
            ],
            "result_count": null,
            "seed": null
          },
          "sensitive_attributes": [],
          "private": "bnVsbA=="
        },
        {
          "index_key": 42,
          "schema_version": 0,
          "attributes": {
            "id": "-",
            "input": [
              "RUN",
              "DANCE",
              "LOVE",
              "RESPECT",
              "KICKED",
              "BAKED"
            ],
            "keepers": null,
            "result": [
              "DANCE",
              "RUN",
              "LOVE",
              "KICKED",
              "RESPECT",
              "BAKED"
            ],
            "result_count": null,
            "seed": null
          },
          "sensitive_attributes": [],
          "private": "bnVsbA=="
        },
        {
          "index_key": 43,
          "schema_version": 0,
          "attributes": {
            "id": "-",
            "input": [
              "RUN",
              "DANCE",
              "LOVE",
              "RESPECT",
              "KICKED",
              "BAKED"
            ],
            "keepers": null,
            "result": [
              "LOVE",
              "BAKED",
              "DANCE",
              "RESPECT",
              "KICKED",
              "RUN"
            ],
            "result_count": null,
            "seed": null
          },
          "sensitive_attributes": [],
          "private": "bnVsbA=="
        },
        {
          "index_key": 44,
          "schema_version": 0,
          "attributes": {
            "id": "-",
            "input": [
              "RUN",
              "DANCE",
              "LOVE",
              "RESPECT",
              "KICKED",
              "BAKED"
            ],
            "keepers": null,
            "result": [
              "RUN",
              "RESPECT",
              "KICKED",
              "LOVE",
              "DANCE",
              "BAKED"
            ],
            "result_count": null,
            "seed": null
          },
          "sensitive_attributes": [],
          "private": "bnVsbA=="
        },
        {
          "index_key": 45,
          "schema_version": 0,
          "attributes": {
            "id": "-",
            "input": [
              "RUN",
              "DANCE",
              "LOVE",
              "RESPECT",
              "KICKED",
              "BAKED"
            ],
            "keepers": null,
            "result": [
              "DANCE",
              "LOVE",
              "BAKED",
              "KICKED",
              "RUN",
              "RESPECT"
            ],
            "result_count": null,
            "seed": null
          },
          "sensitive_attributes": [],
          "private": "bnVsbA=="
        },
        {
          "index_key": 46,
          "schema_version": 0,
          "attributes": {
            "id": "-",
            "input": [
              "RUN",
              "DANCE",
              "LOVE",
              "RESPECT",
              "KICKED",
              "BAKED"
            ],
            "keepers": null,
            "result": [
              "BAKED",
              "RUN",
              "DANCE",
              "RESPECT",
              "KICKED",
              "LOVE"
            ],
            "result_count": null,
            "seed": null
          },
          "sensitive_attributes": [],
          "private": "bnVsbA=="
        },
        {
          "index_key": 47,
          "schema_version": 0,
          "attributes": {
            "id": "-",
            "input": [
              "RUN",
              "DANCE",
              "LOVE",
              "RESPECT",
              "KICKED",
              "BAKED"
            ],
            "keepers": null,
            "result": [
              "BAKED",
              "KICKED",
              "RESPECT",
              "LOVE",
              "RUN",
              "DANCE"
            ],
            "result_count": null,
            "seed": null
          },
          "sensitive_attributes": [],
          "private": "bnVsbA=="
        },
        {
          "index_key": 48,
          "schema_version": 0,
          "attributes": {
            "id": "-",
            "input": [
              "RUN",
              "DANCE",
              "LOVE",
              "RESPECT",
              "KICKED",
              "BAKED"
            ],
            "keepers": null,
            "result": [
              "RESPECT",
              "KICKED",
              "BAKED",
              "LOVE",
              "DANCE",
              "RUN"
            ],
            "result_count": null,
            "seed": null
          },
          "sensitive_attributes": [],
          "private": "bnVsbA=="
        },
        {
          "index_key": 49,
          "schema_version": 0,
          "attributes": {
            "id": "-",
            "input": [
              "RUN",
              "DANCE",
              "LOVE",
              "RESPECT",
              "KICKED",
              "BAKED"
            ],
            "keepers": null,
            "result": [
              "RUN",
              "DANCE",
              "KICKED",
              "LOVE",
              "BAKED",
              "RESPECT"
            ],
            "result_count": null,
            "seed": null
          },
          "sensitive_attributes": [],
          "private": "bnVsbA=="
        },
        {
          "index_key": 50,
          "schema_version": 0,
          "attributes": {
            "id": "-",
            "input": [
              "RUN",
              "DANCE",
              "LOVE",
              "RESPECT",
              "KICKED",
              "BAKED"
            ],
            "keepers": null,
            "result": [
              "KICKED",
              "RESPECT",
              "RUN",
              "DANCE",
              "LOVE",
              "BAKED"
            ],
            "result_count": null,
            "seed": null
          },
          "sensitive_attributes": [],
          "private": "bnVsbA=="
        },
        {
          "index_key": 51,
          "schema_version": 0,
          "attributes": {
            "id": "-",
            "input": [
              "RUN",
              "DANCE",
              "LOVE",
              "RESPECT",
              "KICKED",
              "BAKED"
            ],
            "keepers": null,
            "result": [
              "BAKED",
              "KICKED",
              "LOVE",
              "RUN",
              "DANCE",
              "RESPECT"
            ],
            "result_count": null,
            "seed": null
          },
          "sensitive_attributes": [],
          "private": "bnVsbA=="
        },
        {
          "index_key": 52,
          "schema_version": 0,
          "attributes": {
            "id": "-",
            "input": [
              "RUN",
              "DANCE",
              "LOVE",
              "RESPECT",
              "KICKED",
              "BAKED"
            ],
            "keepers": null,
            "result": [
              "LOVE",
              "BAKED",
              "KICKED",
              "DANCE",
              "RUN",
              "RESPECT"
            ],
            "result_count": null,
            "seed": null
          },
          "sensitive_attributes": [],
          "private": "bnVsbA=="
        },
        {
          "index_key": 53,
          "schema_version": 0,
          "attributes": {
            "id": "-",
            "input": [
              "RUN",
              "DANCE",
              "LOVE",
              "RESPECT",
              "KICKED",
              "BAKED"
            ],
            "keepers": null,
            "result": [
              "RUN",
              "DANCE",
              "BAKED",
              "RESPECT",
              "KICKED",
              "LOVE"
            ],
            "result_count": null,
            "seed": null
          },
          "sensitive_attributes": [],
          "private": "bnVsbA=="
        },
        {
          "index_key": 54,
          "schema_version": 0,
          "attributes": {
            "id": "-",
            "input": [
              "RUN",
              "DANCE",
              "LOVE",
              "RESPECT",
              "KICKED",
              "BAKED"
            ],
            "keepers": null,
            "result": [
              "RESPECT",
              "BAKED",
              "LOVE",
              "DANCE",
              "KICKED",
              "RUN"
            ],
            "result_count": null,
            "seed": null
          },
          "sensitive_attributes": [],
          "private": "bnVsbA=="
        },
        {
          "index_key": 55,
          "schema_version": 0,
          "attributes": {
            "id": "-",
            "input": [
              "RUN",
              "DANCE",
              "LOVE",
              "RESPECT",
              "KICKED",
              "BAKED"
            ],
            "keepers": null,
            "result": [
              "DANCE",
              "RESPECT",
              "BAKED",
              "KICKED",
              "RUN",
              "LOVE"
            ],
            "result_count": null,
            "seed": null
          },
          "sensitive_attributes": [],
          "private": "bnVsbA=="
        },
        {
          "index_key": 56,
          "schema_version": 0,
          "attributes": {
            "id": "-",
            "input": [
              "RUN",
              "DANCE",
              "LOVE",
              "RESPECT",
              "KICKED",
              "BAKED"
            ],
            "keepers": null,
            "result": [
              "RUN",
              "RESPECT",
              "DANCE",
              "LOVE",
              "BAKED",
              "KICKED"
            ],
            "result_count": null,
            "seed": null
          },
          "sensitive_attributes": [],
          "private": "bnVsbA=="
        },
        {
          "index_key": 57,
          "schema_version": 0,
          "attributes": {
            "id": "-",
            "input": [
              "RUN",
              "DANCE",
              "LOVE",
              "RESPECT",
              "KICKED",
              "BAKED"
            ],
            "keepers": null,
            "result": [
              "RUN",
              "KICKED",
              "BAKED",
              "LOVE",
              "RESPECT",
              "DANCE"
            ],
            "result_count": null,
            "seed": null
          },
          "sensitive_attributes": [],
          "private": "bnVsbA=="
        },
        {
          "index_key": 58,
          "schema_version": 0,
          "attributes": {
            "id": "-",
            "input": [
              "RUN",
              "DANCE",
              "LOVE",
              "RESPECT",
              "KICKED",
              "BAKED"
            ],
            "keepers": null,
            "result": [
              "KICKED",
              "BAKED",
              "LOVE",
              "RUN",
              "RESPECT",
              "DANCE"
            ],
            "result_count": null,
            "seed": null
          },
          "sensitive_attributes": [],
          "private": "bnVsbA=="
        },
        {
          "index_key": 59,
          "schema_version": 0,
          "attributes": {
            "id": "-",
            "input": [
              "RUN",
              "DANCE",
              "LOVE",
              "RESPECT",
              "KICKED",
              "BAKED"
            ],
            "keepers": null,
            "result": [
              "BAKED",
              "LOVE",
              "KICKED",
              "DANCE",
              "RUN",
              "RESPECT"
            ],
            "result_count": null,
            "seed": null
          },
          "sensitive_attributes": [],
          "private": "bnVsbA=="
        },
        {
          "index_key": 60,
          "schema_version": 0,
          "attributes": {
            "id": "-",
            "input": [
              "RUN",
              "DANCE",
              "LOVE",
              "RESPECT",
              "KICKED",
              "BAKED"
            ],
            "keepers": null,
            "result": [
              "LOVE",
              "DANCE",
              "RESPECT",
              "BAKED",
              "RUN",
              "KICKED"
            ],
            "result_count": null,
            "seed": null
          },
          "sensitive_attributes": [],
          "private": "bnVsbA=="
        },
        {
          "index_key": 61,
          "schema_version": 0,
          "attributes": {
            "id": "-",
            "input": [
              "RUN",
              "DANCE",
              "LOVE",
              "RESPECT",
              "KICKED",
              "BAKED"
            ],
            "keepers": null,
            "result": [
              "BAKED",
              "LOVE",
              "RESPECT",
              "KICKED",
              "DANCE",
              "RUN"
            ],
            "result_count": null,
            "seed": null
          },
          "sensitive_attributes": [],
          "private": "bnVsbA=="
        },
        {
          "index_key": 62,
          "schema_version": 0,
          "attributes": {
            "id": "-",
            "input": [
              "RUN",
              "DANCE",
              "LOVE",
              "RESPECT",
              "KICKED",
              "BAKED"
            ],
            "keepers": null,
            "result": [
              "KICKED",
              "RUN",
              "RESPECT",
              "LOVE",
              "DANCE",
              "BAKED"
            ],
            "result_count": null,
            "seed": null
          },
          "sensitive_attributes": [],
          "private": "bnVsbA=="
        },
        {
          "index_key": 63,
          "schema_version": 0,
          "attributes": {
            "id": "-",
            "input": [
              "RUN",
              "DANCE",
              "LOVE",
              "RESPECT",
              "KICKED",
              "BAKED"
            ],
            "keepers": null,
            "result": [
              "DANCE",
              "LOVE",
              "KICKED",
              "RUN",
              "BAKED",
              "RESPECT"
            ],
            "result_count": null,
            "seed": null
          },
          "sensitive_attributes": [],
          "private": "bnVsbA=="
        },
        {
          "index_key": 64,
          "schema_version": 0,
          "attributes": {
            "id": "-",
            "input": [
              "RUN",
              "DANCE",
              "LOVE",
              "RESPECT",
              "KICKED",
              "BAKED"
            ],
            "keepers": null,
            "result": [
              "LOVE",
              "RESPECT",
              "KICKED",
              "BAKED",
              "DANCE",
              "RUN"
            ],
            "result_count": null,
            "seed": null
          },
          "sensitive_attributes": [],
          "private": "bnVsbA=="
        },
        {
          "index_key": 65,
          "schema_version": 0,
          "attributes": {
            "id": "-",
            "input": [
              "RUN",
              "DANCE",
              "LOVE",
              "RESPECT",
              "KICKED",
              "BAKED"
            ],
            "keepers": null,
            "result": [
              "BAKED",
              "LOVE",
              "RUN",
              "KICKED",
              "RESPECT",
              "DANCE"
            ],
            "result_count": null,
            "seed": null
          },
          "sensitive_attributes": [],
          "private": "bnVsbA=="
        },
        {
          "index_key": 66,
          "schema_version": 0,
          "attributes": {
            "id": "-",
            "input": [
              "RUN",
              "DANCE",
              "LOVE",
              "RESPECT",
              "KICKED",
              "BAKED"
            ],
            "keepers": null,
            "result": [
              "KICKED",
              "RESPECT",
              "BAKED",
              "RUN",
              "DANCE",
              "LOVE"
            ],
            "result_count": null,
            "seed": null
          },
          "sensitive_attributes": [],
          "private": "bnVsbA=="
        },
        {
          "index_key": 67,
          "schema_version": 0,
          "attributes": {
            "id": "-",
            "input": [
              "RUN",
              "DANCE",
              "LOVE",
              "RESPECT",
              "KICKED",
              "BAKED"
            ],
            "keepers": null,
            "result": [
              "LOVE",
              "RUN",
              "BAKED",
              "RESPECT",
              "DANCE",
              "KICKED"
            ],
            "result_count": null,
            "seed": null
          },
          "sensitive_attributes": [],
          "private": "bnVsbA=="
        },
        {
          "index_key": 68,
          "schema_version": 0,
          "attributes": {
            "id": "-",
            "input": [
              "RUN",
              "DANCE",
              "LOVE",
              "RESPECT",
              "KICKED",
              "BAKED"
            ],
            "keepers": null,
            "result": [
              "BAKED",
              "LOVE",
              "RESPECT",
              "KICKED",
              "RUN",
              "DANCE"
            ],
            "result_count": null,
            "seed": null
          },
          "sensitive_attributes": [],
          "private": "bnVsbA=="
        },
        {
          "index_key": 69,
          "schema_version": 0,
          "attributes": {
            "id": "-",
            "input": [
              "RUN",
              "DANCE",
              "LOVE",
              "RESPECT",
              "KICKED",
              "BAKED"
            ],
            "keepers": null,
            "result": [
              "BAKED",
              "RESPECT",
              "RUN",
              "LOVE",
              "KICKED",
              "DANCE"
            ],
            "result_count": null,
            "seed": null
          },
          "sensitive_attributes": [],
          "private": "bnVsbA=="
        },
        {
          "index_key": 70,
          "schema_version": 0,
          "attributes": {
            "id": "-",
            "input": [
              "RUN",
              "DANCE",
              "LOVE",
              "RESPECT",
              "KICKED",
              "BAKED"
            ],
            "keepers": null,
            "result": [
              "BAKED",
              "DANCE",
              "KICKED",
              "RUN",
              "RESPECT",
              "LOVE"
            ],
            "result_count": null,
            "seed": null
          },
          "sensitive_attributes": [],
          "private": "bnVsbA=="
        },
        {
          "index_key": 71,
          "schema_version": 0,
          "attributes": {
            "id": "-",
            "input": [
              "RUN",
              "DANCE",
              "LOVE",
              "RESPECT",
              "KICKED",
              "BAKED"
            ],
            "keepers": null,
            "result": [
              "RUN",
              "LOVE",
              "KICKED",
              "BAKED",
              "RESPECT",
              "DANCE"
            ],
            "result_count": null,
            "seed": null
          },
          "sensitive_attributes": [],
          "private": "bnVsbA=="
        },
        {
          "index_key": 72,
          "schema_version": 0,
          "attributes": {
            "id": "-",
            "input": [
              "RUN",
              "DANCE",
              "LOVE",
              "RESPECT",
              "KICKED",
              "BAKED"
            ],
            "keepers": null,
            "result": [
              "RESPECT",
              "LOVE",
              "RUN",
              "BAKED",
              "KICKED",
              "DANCE"
            ],
            "result_count": null,
            "seed": null
          },
          "sensitive_attributes": [],
          "private": "bnVsbA=="
        },
        {
          "index_key": 73,
          "schema_version": 0,
          "attributes": {
            "id": "-",
            "input": [
              "RUN",
              "DANCE",
              "LOVE",
              "RESPECT",
              "KICKED",
              "BAKED"
            ],
            "keepers": null,
            "result": [
              "KICKED",
              "LOVE",
              "DANCE",
              "RUN",
              "RESPECT",
              "BAKED"
            ],
            "result_count": null,
            "seed": null
          },
          "sensitive_attributes": [],
          "private": "bnVsbA=="
        },
        {
          "index_key": 74,
          "schema_version": 0,
          "attributes": {
            "id": "-",
            "input": [
              "RUN",
              "DANCE",
              "LOVE",
              "RESPECT",
              "KICKED",
              "BAKED"
            ],
            "keepers": null,
            "result": [
              "RESPECT",
              "KICKED",
              "LOVE",
              "BAKED",
              "RUN",
              "DANCE"
            ],
            "result_count": null,
            "seed": null
          },
          "sensitive_attributes": [],
          "private": "bnVsbA=="
        },
        {
          "index_key": 75,
          "schema_version": 0,
          "attributes": {
            "id": "-",
            "input": [
              "RUN",
              "DANCE",
              "LOVE",
              "RESPECT",
              "KICKED",
              "BAKED"
            ],
            "keepers": null,
            "result": [
              "KICKED",
              "DANCE",
              "LOVE",
              "RESPECT",
              "RUN",
              "BAKED"
            ],
            "result_count": null,
            "seed": null
          },
          "sensitive_attributes": [],
          "private": "bnVsbA=="
        },
        {
          "index_key": 76,
          "schema_version": 0,
          "attributes": {
            "id": "-",
            "input": [
              "RUN",
              "DANCE",
              "LOVE",
              "RESPECT",
              "KICKED",
              "BAKED"
            ],
            "keepers": null,
            "result": [
              "RUN",
              "LOVE",
              "BAKED",
              "DANCE",
              "RESPECT",
              "KICKED"
            ],
            "result_count": null,
            "seed": null
          },
          "sensitive_attributes": [],
          "private": "bnVsbA=="
        },
        {
          "index_key": 77,
          "schema_version": 0,
          "attributes": {
            "id": "-",
            "input": [
              "RUN",
              "DANCE",
              "LOVE",
              "RESPECT",
              "KICKED",
              "BAKED"
            ],
            "keepers": null,
            "result": [
              "LOVE",
              "BAKED",
              "DANCE",
              "RESPECT",
              "KICKED",
              "RUN"
            ],
            "result_count": null,
            "seed": null
          },
          "sensitive_attributes": [],
          "private": "bnVsbA=="
        },
        {
          "index_key": 78,
          "schema_version": 0,
          "attributes": {
            "id": "-",
            "input": [
              "RUN",
              "DANCE",
              "LOVE",
              "RESPECT",
              "KICKED",
              "BAKED"
            ],
            "keepers": null,
            "result": [
              "RESPECT",
              "BAKED",
              "LOVE",
              "RUN",
              "KICKED",
              "DANCE"
            ],
            "result_count": null,
            "seed": null
          },
          "sensitive_attributes": [],
          "private": "bnVsbA=="
        },
        {
          "index_key": 79,
          "schema_version": 0,
          "attributes": {
            "id": "-",
            "input": [
              "RUN",
              "DANCE",
              "LOVE",
              "RESPECT",
              "KICKED",
              "BAKED"
            ],
            "keepers": null,
            "result": [
              "RUN",
              "KICKED",
              "RESPECT",
              "DANCE",
              "LOVE",
              "BAKED"
            ],
            "result_count": null,
            "seed": null
          },
          "sensitive_attributes": [],
          "private": "bnVsbA=="
        },
        {
          "index_key": 80,
          "schema_version": 0,
          "attributes": {
            "id": "-",
            "input": [
              "RUN",
              "DANCE",
              "LOVE",
              "RESPECT",
              "KICKED",
              "BAKED"
            ],
            "keepers": null,
            "result": [
              "RESPECT",
              "RUN",
              "LOVE",
              "KICKED",
              "BAKED",
              "DANCE"
            ],
            "result_count": null,
            "seed": null
          },
          "sensitive_attributes": [],
          "private": "bnVsbA=="
        },
        {
          "index_key": 81,
          "schema_version": 0,
          "attributes": {
            "id": "-",
            "input": [
              "RUN",
              "DANCE",
              "LOVE",
              "RESPECT",
              "KICKED",
              "BAKED"
            ],
            "keepers": null,
            "result": [
              "RESPECT",
              "BAKED",
              "KICKED",
              "RUN",
              "LOVE",
              "DANCE"
            ],
            "result_count": null,
            "seed": null
          },
          "sensitive_attributes": [],
          "private": "bnVsbA=="
        },
        {
          "index_key": 82,
          "schema_version": 0,
          "attributes": {
            "id": "-",
            "input": [
              "RUN",
              "DANCE",
              "LOVE",
              "RESPECT",
              "KICKED",
              "BAKED"
            ],
            "keepers": null,
            "result": [
              "KICKED",
              "DANCE",
              "RESPECT",
              "LOVE",
              "BAKED",
              "RUN"
            ],
            "result_count": null,
            "seed": null
          },
          "sensitive_attributes": [],
          "private": "bnVsbA=="
        },
        {
          "index_key": 83,
          "schema_version": 0,
          "attributes": {
            "id": "-",
            "input": [
              "RUN",
              "DANCE",
              "LOVE",
              "RESPECT",
              "KICKED",
              "BAKED"
            ],
            "keepers": null,
            "result": [
              "BAKED",
              "RUN",
              "LOVE",
              "KICKED",
              "DANCE",
              "RESPECT"
            ],
            "result_count": null,
            "seed": null
          },
          "sensitive_attributes": [],
          "private": "bnVsbA=="
        },
        {
          "index_key": 84,
          "schema_version": 0,
          "attributes": {
            "id": "-",
            "input": [
              "RUN",
              "DANCE",
              "LOVE",
              "RESPECT",
              "KICKED",
              "BAKED"
            ],
            "keepers": null,
            "result": [
              "LOVE",
              "BAKED",
              "DANCE",
              "RESPECT",
              "RUN",
              "KICKED"
            ],
            "result_count": null,
            "seed": null
          },
          "sensitive_attributes": [],
          "private": "bnVsbA=="
        },
        {
          "index_key": 85,
          "schema_version": 0,
          "attributes": {
            "id": "-",
            "input": [
              "RUN",
              "DANCE",
              "LOVE",
              "RESPECT",
              "KICKED",
              "BAKED"
            ],
            "keepers": null,
            "result": [
              "BAKED",
              "LOVE",
              "RUN",
              "DANCE",
              "KICKED",
              "RESPECT"
            ],
            "result_count": null,
            "seed": null
          },
          "sensitive_attributes": [],
          "private": "bnVsbA=="
        },
        {
          "index_key": 86,
          "schema_version": 0,
          "attributes": {
            "id": "-",
            "input": [
              "RUN",
              "DANCE",
              "LOVE",
              "RESPECT",
              "KICKED",
              "BAKED"
            ],
            "keepers": null,
            "result": [
              "KICKED",
              "LOVE",
              "DANCE",
              "RESPECT",
              "BAKED",
              "RUN"
            ],
            "result_count": null,
            "seed": null
          },
          "sensitive_attributes": [],
          "private": "bnVsbA=="
        },
        {
          "index_key": 87,
          "schema_version": 0,
          "attributes": {
            "id": "-",
            "input": [
              "RUN",
              "DANCE",
              "LOVE",
              "RESPECT",
              "KICKED",
              "BAKED"
            ],
            "keepers": null,
            "result": [
              "LOVE",
              "RUN",
              "RESPECT",
              "BAKED",
              "KICKED",
              "DANCE"
            ],
            "result_count": null,
            "seed": null
          },
          "sensitive_attributes": [],
          "private": "bnVsbA=="
        },
        {
          "index_key": 88,
          "schema_version": 0,
          "attributes": {
            "id": "-",
            "input": [
              "RUN",
              "DANCE",
              "LOVE",
              "RESPECT",
              "KICKED",
              "BAKED"
            ],
            "keepers": null,
            "result": [
              "RUN",
              "LOVE",
              "DANCE",
              "RESPECT",
              "KICKED",
              "BAKED"
            ],
            "result_count": null,
            "seed": null
          },
          "sensitive_attributes": [],
          "private": "bnVsbA=="
        },
        {
          "index_key": 89,
          "schema_version": 0,
          "attributes": {
            "id": "-",
            "input": [
              "RUN",
              "DANCE",
              "LOVE",
              "RESPECT",
              "KICKED",
              "BAKED"
            ],
            "keepers": null,
            "result": [
              "BAKED",
              "RUN",
              "KICKED",
              "RESPECT",
              "LOVE",
              "DANCE"
            ],
            "result_count": null,
            "seed": null
          },
          "sensitive_attributes": [],
          "private": "bnVsbA=="
        },
        {
          "index_key": 90,
          "schema_version": 0,
          "attributes": {
            "id": "-",
            "input": [
              "RUN",
              "DANCE",
              "LOVE",
              "RESPECT",
              "KICKED",
              "BAKED"
            ],
            "keepers": null,
            "result": [
              "DANCE",
              "LOVE",
              "KICKED",
              "RUN",
              "RESPECT",
              "BAKED"
            ],
            "result_count": null,
            "seed": null
          },
          "sensitive_attributes": [],
          "private": "bnVsbA=="
        },
        {
          "index_key": 91,
          "schema_version": 0,
          "attributes": {
            "id": "-",
            "input": [
              "RUN",
              "DANCE",
              "LOVE",
              "RESPECT",
              "KICKED",
              "BAKED"
            ],
            "keepers": null,
            "result": [
              "RUN",
              "LOVE",
              "BAKED",
              "RESPECT",
              "DANCE",
              "KICKED"
            ],
            "result_count": null,
            "seed": null
          },
          "sensitive_attributes": [],
          "private": "bnVsbA=="
        },
        {
          "index_key": 92,
          "schema_version": 0,
          "attributes": {
            "id": "-",
            "input": [
              "RUN",
              "DANCE",
              "LOVE",
              "RESPECT",
              "KICKED",
              "BAKED"
            ],
            "keepers": null,
            "result": [
              "KICKED",
              "DANCE",
              "RESPECT",
              "BAKED",
              "LOVE",
              "RUN"
            ],
            "result_count": null,
            "seed": null
          },
          "sensitive_attributes": [],
          "private": "bnVsbA=="
        },
        {
          "index_key": 93,
          "schema_version": 0,
          "attributes": {
            "id": "-",
            "input": [
              "RUN",
              "DANCE",
              "LOVE",
              "RESPECT",
              "KICKED",
              "BAKED"
            ],
            "keepers": null,
            "result": [
              "RESPECT",
              "BAKED",
              "RUN",
              "LOVE",
              "DANCE",
              "KICKED"
            ],
            "result_count": null,
            "seed": null
          },
          "sensitive_attributes": [],
          "private": "bnVsbA=="
        },
        {
          "index_key": 94,
          "schema_version": 0,
          "attributes": {
            "id": "-",
            "input": [
              "RUN",
              "DANCE",
              "LOVE",
              "RESPECT",
              "KICKED",
              "BAKED"
            ],
            "keepers": null,
            "result": [
              "KICKED",
              "BAKED",
              "RUN",
              "DANCE",
              "RESPECT",
              "LOVE"
            ],
            "result_count": null,
            "seed": null
          },
          "sensitive_attributes": [],
          "private": "bnVsbA=="
        },
        {
          "index_key": 95,
          "schema_version": 0,
          "attributes": {
            "id": "-",
            "input": [
              "RUN",
              "DANCE",
              "LOVE",
              "RESPECT",
              "KICKED",
              "BAKED"
            ],
            "keepers": null,
            "result": [
              "RUN",
              "LOVE",
              "KICKED",
              "DANCE",
              "RESPECT",
              "BAKED"
            ],
            "result_count": null,
            "seed": null
          },
          "sensitive_attributes": [],
          "private": "bnVsbA=="
        },
        {
          "index_key": 96,
          "schema_version": 0,
          "attributes": {
            "id": "-",
            "input": [
              "RUN",
              "DANCE",
              "LOVE",
              "RESPECT",
              "KICKED",
              "BAKED"
            ],
            "keepers": null,
            "result": [
              "RUN",
              "RESPECT",
              "BAKED",
              "LOVE",
              "KICKED",
              "DANCE"
            ],
            "result_count": null,
            "seed": null
          },
          "sensitive_attributes": [],
          "private": "bnVsbA=="
        },
        {
          "index_key": 97,
          "schema_version": 0,
          "attributes": {
            "id": "-",
            "input": [
              "RUN",
              "DANCE",
              "LOVE",
              "RESPECT",
              "KICKED",
              "BAKED"
            ],
            "keepers": null,
            "result": [
              "KICKED",
              "BAKED",
              "DANCE",
              "LOVE",
              "RESPECT",
              "RUN"
            ],
            "result_count": null,
            "seed": null
          },
          "sensitive_attributes": [],
          "private": "bnVsbA=="
        },
        {
          "index_key": 98,
          "schema_version": 0,
          "attributes": {
            "id": "-",
            "input": [
              "RUN",
              "DANCE",
              "LOVE",
              "RESPECT",
              "KICKED",
              "BAKED"
            ],
            "keepers": null,
            "result": [
              "KICKED",
              "LOVE",
              "DANCE",
              "BAKED",
              "RUN",
              "RESPECT"
            ],
            "result_count": null,
            "seed": null
          },
          "sensitive_attributes": [],
          "private": "bnVsbA=="
        },
        {
          "index_key": 99,
          "schema_version": 0,
          "attributes": {
            "id": "-",
            "input": [
              "RUN",
              "DANCE",
              "LOVE",
              "RESPECT",
              "KICKED",
              "BAKED"
            ],
            "keepers": null,
            "result": [
              "LOVE",
              "RUN",
              "DANCE",
              "BAKED",
              "RESPECT",
              "KICKED"
            ],
            "result_count": null,
            "seed": null
          },
          "sensitive_attributes": [],
          "private": "bnVsbA=="
        }
      ]
    }
  ]
}
