{
  "version": 4,
  "terraform_version": "0.15.4",
  "serial": 9,
  "lineage": "cd4e39ee-266a-9d70-0062-106bed542f90",
  "outputs": {},
  "resources": [
    {
      "mode": "managed",
      "type": "local_file",
      "name": "literature",
      "provider": "provider[\"registry.terraform.io/hashicorp/local\"]",
      "instances": [
        {
          "schema_version": 0,
          "attributes": {
            "content": "Sun Tzu said: The art of war is of vital importance to the State.\n\nIt is a matter of life and death, a road either to safety or to ruin.\nHence it is a subject of inquiry which can on no account be neglected.\n",
            "content_base64": null,
            "directory_permission": "0777",
            "file_permission": "0777",
            "filename": "art_of_war.txt",
            "id": "73cac8b7b1fbe8f6483543a5acd0474622b5b346",
            "sensitive_content": null,
            "source": null
          },
          "sensitive_attributes": [],
          "private": "bnVsbA=="
        }
      ]
    }
  ]
}
